{
  "version": 4,
  "terraform_version": "1.15.8",
  "serial": 49,
  "lineage": "097f9554-ed24-117a-8a69-139918586ff5",
  "outputs": {},
  "resources": [
    {
      "mode": "data",
      "type": "aws_eks_cluster_auth",
      "name": "this",
      "provider": "provider[\"registry.terraform.io/hashicorp/aws\"]",
      "instances": [
        {
          "schema_version": 0,
          "attributes": {
            "id": "ztap-bridge",
            "name": "ztap-bridge",
            "region": "us-east-1",
            "token": "k8s-aws-v1.aHR0cHM6Ly9zdHMudXMtZWFzdC0xLmFtYXpvbmF3cy5jb20vP0FjdGlvbj1HZXRDYWxsZXJJZGVudGl0eSZWZXJzaW9uPTIwMTEtMDYtMTUmWC1BbXotQWxnb3JpdGhtPUFXUzQtSE1BQy1TSEEyNTYmWC1BbXotQ3JlZGVudGlhbD1BS0lBM1BSS0hSN1czTU1PVFdWRCUyRjIwMjYwOTE2JTJGdXMtZWFzdC0xJTJGc3RzJTJGYXdzNF9yZXF1ZXN0JlgtQW16LURhdGU9MjAyNjA5MTZUMjI0MDI2WiZYLUFtei1FeHBpcmVzPTAmWC1BbXotU2lnbmVkSGVhZGVycz1ob3N0JTNCeC1rOHMtYXdzLWlkJlgtQW16LVNpZ25hdHVyZT1hNDMzYTFjMDU0OTZiNmZmMGU0NGE5MDk0YjYzNjU4ZmFmNjk5ZGRhNWQzNDY2ZjRmNjhiN2QxOWJkOGQ3YTc1"
          },
          "sensitive_attributes": [
            [
              {
                "type": "get_attr",
                "value": "token"
              }
            ]
          ],
          "identity_schema_version": 0
        }
      ]
    },
    {
      "module": "module.cilium",
      "mode": "managed",
      "type": "helm_release",
      "name": "cilium",
      "provider": "provider[\"registry.terraform.io/hashicorp/helm\"]",
      "instances": [
        {
          "schema_version": 2,
          "attributes": {
            "atomic": false,
            "chart": "cilium",
            "cleanup_on_fail": false,
            "create_namespace": false,
            "dependency_update": false,
            "description": null,
            "devel": null,
            "disable_crd_hooks": false,
            "disable_openapi_validation": false,
            "disable_webhooks": false,
            "force_update": false,
            "id": "cilium",
            "keyring": null,
            "lint": false,
            "manifest": null,
            "max_history": 0,
            "metadata": {
              "app_version": "1.20.2",
              "chart": "cilium",
              "first_deployed": 1789596889,
              "last_deployed": 1789596889,
              "name": "cilium",
              "namespace": "kube-system",
              "notes": "\n        You have successfully installed Cilium with Hubble Relay and Hubble UI.\n\nWARNINGS:\n- WARNING: TLS is not enabled for the Hubble Relay server (hubble.relay.tls.server.enabled=false).\n  This means Hubble Relay communications may not be encrypted. For more information about the security\n  implications and suggested controls, please see: https://docs.cilium.io/en/stable/security/threat-model/#hubble-data-attacker\n\nYour release version is 1.20.2.\n\nFor any further help, visit https://docs.cilium.io/en/v1.20/gettinghelp\n",
              "revision": 1,
              "values": "{\"egressMasqueradeInterfaces\":\"eth0\",\"eni\":{\"enabled\":true},\"hubble\":{\"enabled\":true,\"relay\":{\"enabled\":true},\"ui\":{\"enabled\":true}},\"ipam\":{\"mode\":\"eni\"},\"routingMode\":\"native\"}",
              "version": "1.20.2"
            },
            "name": "cilium",
            "namespace": "kube-system",
            "pass_credentials": false,
            "postrender": null,
            "recreate_pods": false,
            "render_subchart_notes": true,
            "replace": false,
            "repository": "https://helm.cilium.io/",
            "repository_ca_file": null,
            "repository_cert_file": null,
            "repository_key_file": null,
            "repository_password": null,
            "repository_username": null,
            "reset_values": false,
            "resources": null,
            "reuse_values": false,
            "set": [
              {
                "name": "eni.enabled",
                "type": "",
                "value": "true"
              },
              {
                "name": "ipam.mode",
                "type": "",
                "value": "eni"
              },
              {
                "name": "egressMasqueradeInterfaces",
                "type": "",
                "value": "eth0"
              },
              {
                "name": "routingMode",
                "type": "",
                "value": "native"
              },
              {
                "name": "hubble.enabled",
                "type": "",
                "value": "true"
              },
              {
                "name": "hubble.relay.enabled",
                "type": "",
                "value": "true"
              },
              {
                "name": "hubble.ui.enabled",
                "type": "",
                "value": "true"
              }
            ],
            "set_list": null,
            "set_sensitive": null,
            "set_wo": null,
            "set_wo_revision": null,
            "skip_crds": false,
            "status": "deployed",
            "take_ownership": false,
            "timeout": 300,
            "timeouts": null,
            "upgrade_install": false,
            "values": null,
            "verify": false,
            "version": "1.20.2",
            "wait": true,
            "wait_for_jobs": false
          },
          "sensitive_attributes": [
            [
              {
                "type": "get_attr",
                "value": "repository_password"
              }
            ]
          ],
          "identity_schema_version": 0,
          "identity": {
            "namespace": "kube-system",
            "release_name": "cilium"
          },
          "dependencies": [
            "data.aws_eks_cluster_auth.this",
            "module.eks_cluster.aws_eks_cluster.this",
            "module.eks_cluster.aws_iam_role.cluster",
            "module.eks_cluster.aws_iam_role_policy_attachment.cluster_policy",
            "module.node_group.aws_eks_node_group.this",
            "module.node_group.aws_iam_role.node",
            "module.node_group.aws_iam_role_policy_attachment.cni",
            "module.node_group.aws_iam_role_policy_attachment.ecr_read",
            "module.node_group.aws_iam_role_policy_attachment.worker_node",
            "module.vpc.aws_subnet.this",
            "module.vpc.aws_vpc.this"
          ]
        }
      ]
    },
    {
      "module": "module.cilium",
      "mode": "managed",
      "type": "kubernetes_manifest",
      "name": "tenant_default_deny",
      "provider": "provider[\"registry.terraform.io/hashicorp/kubernetes\"]",
      "instances": [
        {
          "index_key": "tenant-a",
          "schema_version": 1,
          "attributes": {
            "computed_fields": null,
            "field_manager": [],
            "manifest": {
              "value": {
                "apiVersion": "cilium.io/v2",
                "kind": "CiliumNetworkPolicy",
                "metadata": {
                  "name": "default-deny-cross-tenant",
                  "namespace": "tenant-a"
                },
                "spec": {
                  "endpointSelector": {},
                  "ingress": [
                    {
                      "fromEndpoints": [
                        {
                          "matchLabels": {
                            "k8s:io.kubernetes.pod.namespace": "tenant-a"
                          }
                        }
                      ]
                    }
                  ]
                }
              },
              "type": [
                "object",
                {
                  "apiVersion": "string",
                  "kind": "string",
                  "metadata": [
                    "object",
                    {
                      "name": "string",
                      "namespace": "string"
                    }
                  ],
                  "spec": [
                    "object",
                    {
                      "endpointSelector": [
                        "object",
                        {}
                      ],
                      "ingress": [
                        "tuple",
                        [
                          [
                            "object",
                            {
                              "fromEndpoints": [
                                "tuple",
                                [
                                  [
                                    "object",
                                    {
                                      "matchLabels": [
                                        "object",
                                        {
                                          "k8s:io.kubernetes.pod.namespace": "string"
                                        }
                                      ]
                                    }
                                  ]
                                ]
                              ]
                            }
                          ]
                        ]
                      ]
                    }
                  ]
                }
              ]
            },
            "object": {
              "value": {
                "apiVersion": "cilium.io/v2",
                "kind": "CiliumNetworkPolicy",
                "metadata": {
                  "annotations": null,
                  "creationTimestamp": null,
                  "deletionGracePeriodSeconds": null,
                  "deletionTimestamp": null,
                  "finalizers": null,
                  "generateName": null,
                  "generation": null,
                  "labels": null,
                  "managedFields": null,
                  "name": "default-deny-cross-tenant",
                  "namespace": "tenant-a",
                  "ownerReferences": null,
                  "resourceVersion": null,
                  "selfLink": null,
                  "uid": null
                },
                "spec": {
                  "description": null,
                  "egress": null,
                  "egressDeny": null,
                  "enableDefaultDeny": {
                    "egress": null,
                    "ingress": null
                  },
                  "endpointSelector": {
                    "matchExpressions": null,
                    "matchLabels": null
                  },
                  "ingress": [
                    {
                      "authentication": {
                        "mode": null
                      },
                      "fromCIDR": null,
                      "fromCIDRSet": null,
                      "fromEndpoints": [
                        {
                          "matchExpressions": null,
                          "matchLabels": {
                            "k8s:io.kubernetes.pod.namespace": "tenant-a"
                          }
                        }
                      ],
                      "fromEntities": null,
                      "fromGroups": null,
                      "fromNodes": null,
                      "fromRequires": null,
                      "icmps": null,
                      "toPorts": null
                    }
                  ],
                  "ingressDeny": null,
                  "labels": null,
                  "log": {
                    "value": null
                  },
                  "nodeSelector": {
                    "matchExpressions": null,
                    "matchLabels": null
                  }
                },
                "specs": null
              },
              "type": [
                "object",
                {
                  "apiVersion": "string",
                  "kind": "string",
                  "metadata": [
                    "object",
                    {
                      "annotations": [
                        "map",
                        "string"
                      ],
                      "creationTimestamp": "string",
                      "deletionGracePeriodSeconds": "number",
                      "deletionTimestamp": "string",
                      "finalizers": [
                        "list",
                        "string"
                      ],
                      "generateName": "string",
                      "generation": "number",
                      "labels": [
                        "map",
                        "string"
                      ],
                      "managedFields": [
                        "tuple",
                        [
                          [
                            "object",
                            {
                              "apiVersion": "string",
                              "fieldsType": "string",
                              "fieldsV1": "dynamic",
                              "manager": "string",
                              "operation": "string",
                              "subresource": "string",
                              "time": "string"
                            }
                          ]
                        ]
                      ],
                      "name": "string",
                      "namespace": "string",
                      "ownerReferences": [
                        "list",
                        [
                          "object",
                          {
                            "apiVersion": "string",
                            "blockOwnerDeletion": "bool",
                            "controller": "bool",
                            "kind": "string",
                            "name": "string",
                            "uid": "string"
                          }
                        ]
                      ],
                      "resourceVersion": "string",
                      "selfLink": "string",
                      "uid": "string"
                    }
                  ],
                  "spec": [
                    "object",
                    {
                      "description": "string",
                      "egress": [
                        "list",
                        [
                          "object",
                          {
                            "authentication": [
                              "object",
                              {
                                "mode": "string"
                              }
                            ],
                            "icmps": [
                              "list",
                              [
                                "object",
                                {
                                  "fields": [
                                    "list",
                                    [
                                      "object",
                                      {
                                        "family": "string",
                                        "type": "string"
                                      }
                                    ]
                                  ]
                                }
                              ]
                            ],
                            "toCIDR": [
                              "list",
                              "string"
                            ],
                            "toCIDRSet": [
                              "list",
                              [
                                "object",
                                {
                                  "cidr": "string",
                                  "cidrGroupRef": "string",
                                  "cidrGroupSelector": [
                                    "object",
                                    {
                                      "matchExpressions": [
                                        "list",
                                        [
                                          "object",
                                          {
                                            "key": "string",
                                            "operator": "string",
                                            "values": [
                                              "list",
                                              "string"
                                            ]
                                          }
                                        ]
                                      ],
                                      "matchLabels": [
                                        "map",
                                        "string"
                                      ]
                                    }
                                  ],
                                  "except": [
                                    "list",
                                    "string"
                                  ]
                                }
                              ]
                            ],
                            "toEndpoints": [
                              "list",
                              [
                                "object",
                                {
                                  "matchExpressions": [
                                    "list",
                                    [
                                      "object",
                                      {
                                        "key": "string",
                                        "operator": "string",
                                        "values": [
                                          "list",
                                          "string"
                                        ]
                                      }
                                    ]
                                  ],
                                  "matchLabels": [
                                    "map",
                                    "string"
                                  ]
                                }
                              ]
                            ],
                            "toEntities": [
                              "list",
                              "string"
                            ],
                            "toFQDNs": [
                              "list",
                              [
                                "object",
                                {
                                  "matchName": "string",
                                  "matchPattern": "string"
                                }
                              ]
                            ],
                            "toGroups": [
                              "list",
                              [
                                "object",
                                {
                                  "aws": [
                                    "object",
                                    {
                                      "labels": [
                                        "map",
                                        "string"
                                      ],
                                      "region": "string",
                                      "securityGroupsIds": [
                                        "list",
                                        "string"
                                      ],
                                      "securityGroupsNames": [
                                        "list",
                                        "string"
                                      ]
                                    }
                                  ]
                                }
                              ]
                            ],
                            "toNodes": [
                              "list",
                              [
                                "object",
                                {
                                  "matchExpressions": [
                                    "list",
                                    [
                                      "object",
                                      {
                                        "key": "string",
                                        "operator": "string",
                                        "values": [
                                          "list",
                                          "string"
                                        ]
                                      }
                                    ]
                                  ],
                                  "matchLabels": [
                                    "map",
                                    "string"
                                  ]
                                }
                              ]
                            ],
                            "toPorts": [
                              "list",
                              [
                                "object",
                                {
                                  "listener": [
                                    "object",
                                    {
                                      "envoyConfig": [
                                        "object",
                                        {
                                          "kind": "string",
                                          "name": "string"
                                        }
                                      ],
                                      "name": "string",
                                      "priority": "number"
                                    }
                                  ],
                                  "originatingTLS": [
                                    "object",
                                    {
                                      "certificate": "string",
                                      "privateKey": "string",
                                      "secret": [
                                        "object",
                                        {
                                          "name": "string",
                                          "namespace": "string"
                                        }
                                      ],
                                      "trustedCA": "string"
                                    }
                                  ],
                                  "ports": [
                                    "list",
                                    [
                                      "object",
                                      {
                                        "endPort": "number",
                                        "port": "string",
                                        "protocol": "string"
                                      }
                                    ]
                                  ],
                                  "rules": [
                                    "object",
                                    {
                                      "dns": [
                                        "list",
                                        [
                                          "object",
                                          {
                                            "matchName": "string",
                                            "matchPattern": "string"
                                          }
                                        ]
                                      ],
                                      "http": [
                                        "list",
                                        [
                                          "object",
                                          {
                                            "headerMatches": [
                                              "list",
                                              [
                                                "object",
                                                {
                                                  "mismatch": "string",
                                                  "name": "string",
                                                  "secret": [
                                                    "object",
                                                    {
                                                      "name": "string",
                                                      "namespace": "string"
                                                    }
                                                  ],
                                                  "value": "string"
                                                }
                                              ]
                                            ],
                                            "headers": [
                                              "list",
                                              "string"
                                            ],
                                            "host": "string",
                                            "method": "string",
                                            "path": "string"
                                          }
                                        ]
                                      ]
                                    }
                                  ],
                                  "serverNames": [
                                    "list",
                                    "string"
                                  ],
                                  "terminatingTLS": [
                                    "object",
                                    {
                                      "certificate": "string",
                                      "privateKey": "string",
                                      "secret": [
                                        "object",
                                        {
                                          "name": "string",
                                          "namespace": "string"
                                        }
                                      ],
                                      "trustedCA": "string"
                                    }
                                  ]
                                }
                              ]
                            ],
                            "toRequires": [
                              "list",
                              "string"
                            ],
                            "toServices": [
                              "list",
                              [
                                "object",
                                {
                                  "k8sService": [
                                    "object",
                                    {
                                      "namespace": "string",
                                      "serviceName": "string"
                                    }
                                  ],
                                  "k8sServiceSelector": [
                                    "object",
                                    {
                                      "namespace": "string",
                                      "selector": [
                                        "object",
                                        {
                                          "matchExpressions": [
                                            "list",
                                            [
                                              "object",
                                              {
                                                "key": "string",
                                                "operator": "string",
                                                "values": [
                                                  "list",
                                                  "string"
                                                ]
                                              }
                                            ]
                                          ],
                                          "matchLabels": [
                                            "map",
                                            "string"
                                          ]
                                        }
                                      ]
                                    }
                                  ]
                                }
                              ]
                            ]
                          }
                        ]
                      ],
                      "egressDeny": [
                        "list",
                        [
                          "object",
                          {
                            "icmps": [
                              "list",
                              [
                                "object",
                                {
                                  "fields": [
                                    "list",
                                    [
                                      "object",
                                      {
                                        "family": "string",
                                        "type": "string"
                                      }
                                    ]
                                  ]
                                }
                              ]
                            ],
                            "toCIDR": [
                              "list",
                              "string"
                            ],
                            "toCIDRSet": [
                              "list",
                              [
                                "object",
                                {
                                  "cidr": "string",
                                  "cidrGroupRef": "string",
                                  "cidrGroupSelector": [
                                    "object",
                                    {
                                      "matchExpressions": [
                                        "list",
                                        [
                                          "object",
                                          {
                                            "key": "string",
                                            "operator": "string",
                                            "values": [
                                              "list",
                                              "string"
                                            ]
                                          }
                                        ]
                                      ],
                                      "matchLabels": [
                                        "map",
                                        "string"
                                      ]
                                    }
                                  ],
                                  "except": [
                                    "list",
                                    "string"
                                  ]
                                }
                              ]
                            ],
                            "toEndpoints": [
                              "list",
                              [
                                "object",
                                {
                                  "matchExpressions": [
                                    "list",
                                    [
                                      "object",
                                      {
                                        "key": "string",
                                        "operator": "string",
                                        "values": [
                                          "list",
                                          "string"
                                        ]
                                      }
                                    ]
                                  ],
                                  "matchLabels": [
                                    "map",
                                    "string"
                                  ]
                                }
                              ]
                            ],
                            "toEntities": [
                              "list",
                              "string"
                            ],
                            "toGroups": [
                              "list",
                              [
                                "object",
                                {
                                  "aws": [
                                    "object",
                                    {
                                      "labels": [
                                        "map",
                                        "string"
                                      ],
                                      "region": "string",
                                      "securityGroupsIds": [
                                        "list",
                                        "string"
                                      ],
                                      "securityGroupsNames": [
                                        "list",
                                        "string"
                                      ]
                                    }
                                  ]
                                }
                              ]
                            ],
                            "toNodes": [
                              "list",
                              [
                                "object",
                                {
                                  "matchExpressions": [
                                    "list",
                                    [
                                      "object",
                                      {
                                        "key": "string",
                                        "operator": "string",
                                        "values": [
                                          "list",
                                          "string"
                                        ]
                                      }
                                    ]
                                  ],
                                  "matchLabels": [
                                    "map",
                                    "string"
                                  ]
                                }
                              ]
                            ],
                            "toPorts": [
                              "list",
                              [
                                "object",
                                {
                                  "ports": [
                                    "list",
                                    [
                                      "object",
                                      {
                                        "endPort": "number",
                                        "port": "string",
                                        "protocol": "string"
                                      }
                                    ]
                                  ]
                                }
                              ]
                            ],
                            "toRequires": [
                              "list",
                              "string"
                            ],
                            "toServices": [
                              "list",
                              [
                                "object",
                                {
                                  "k8sService": [
                                    "object",
                                    {
                                      "namespace": "string",
                                      "serviceName": "string"
                                    }
                                  ],
                                  "k8sServiceSelector": [
                                    "object",
                                    {
                                      "namespace": "string",
                                      "selector": [
                                        "object",
                                        {
                                          "matchExpressions": [
                                            "list",
                                            [
                                              "object",
                                              {
                                                "key": "string",
                                                "operator": "string",
                                                "values": [
                                                  "list",
                                                  "string"
                                                ]
                                              }
                                            ]
                                          ],
                                          "matchLabels": [
                                            "map",
                                            "string"
                                          ]
                                        }
                                      ]
                                    }
                                  ]
                                }
                              ]
                            ]
                          }
                        ]
                      ],
                      "enableDefaultDeny": [
                        "object",
                        {
                          "egress": "bool",
                          "ingress": "bool"
                        }
                      ],
                      "endpointSelector": [
                        "object",
                        {
                          "matchExpressions": [
                            "list",
                            [
                              "object",
                              {
                                "key": "string",
                                "operator": "string",
                                "values": [
                                  "list",
                                  "string"
                                ]
                              }
                            ]
                          ],
                          "matchLabels": [
                            "map",
                            "string"
                          ]
                        }
                      ],
                      "ingress": [
                        "list",
                        [
                          "object",
                          {
                            "authentication": [
                              "object",
                              {
                                "mode": "string"
                              }
                            ],
                            "fromCIDR": [
                              "list",
                              "string"
                            ],
                            "fromCIDRSet": [
                              "list",
                              [
                                "object",
                                {
                                  "cidr": "string",
                                  "cidrGroupRef": "string",
                                  "cidrGroupSelector": [
                                    "object",
                                    {
                                      "matchExpressions": [
                                        "list",
                                        [
                                          "object",
                                          {
                                            "key": "string",
                                            "operator": "string",
                                            "values": [
                                              "list",
                                              "string"
                                            ]
                                          }
                                        ]
                                      ],
                                      "matchLabels": [
                                        "map",
                                        "string"
                                      ]
                                    }
                                  ],
                                  "except": [
                                    "list",
                                    "string"
                                  ]
                                }
                              ]
                            ],
                            "fromEndpoints": [
                              "list",
                              [
                                "object",
                                {
                                  "matchExpressions": [
                                    "list",
                                    [
                                      "object",
                                      {
                                        "key": "string",
                                        "operator": "string",
                                        "values": [
                                          "list",
                                          "string"
                                        ]
                                      }
                                    ]
                                  ],
                                  "matchLabels": [
                                    "map",
                                    "string"
                                  ]
                                }
                              ]
                            ],
                            "fromEntities": [
                              "list",
                              "string"
                            ],
                            "fromGroups": [
                              "list",
                              [
                                "object",
                                {
                                  "aws": [
                                    "object",
                                    {
                                      "labels": [
                                        "map",
                                        "string"
                                      ],
                                      "region": "string",
                                      "securityGroupsIds": [
                                        "list",
                                        "string"
                                      ],
                                      "securityGroupsNames": [
                                        "list",
                                        "string"
                                      ]
                                    }
                                  ]
                                }
                              ]
                            ],
                            "fromNodes": [
                              "list",
                              [
                                "object",
                                {
                                  "matchExpressions": [
                                    "list",
                                    [
                                      "object",
                                      {
                                        "key": "string",
                                        "operator": "string",
                                        "values": [
                                          "list",
                                          "string"
                                        ]
                                      }
                                    ]
                                  ],
                                  "matchLabels": [
                                    "map",
                                    "string"
                                  ]
                                }
                              ]
                            ],
                            "fromRequires": [
                              "list",
                              "string"
                            ],
                            "icmps": [
                              "list",
                              [
                                "object",
                                {
                                  "fields": [
                                    "list",
                                    [
                                      "object",
                                      {
                                        "family": "string",
                                        "type": "string"
                                      }
                                    ]
                                  ]
                                }
                              ]
                            ],
                            "toPorts": [
                              "list",
                              [
                                "object",
                                {
                                  "listener": [
                                    "object",
                                    {
                                      "envoyConfig": [
                                        "object",
                                        {
                                          "kind": "string",
                                          "name": "string"
                                        }
                                      ],
                                      "name": "string",
                                      "priority": "number"
                                    }
                                  ],
                                  "originatingTLS": [
                                    "object",
                                    {
                                      "certificate": "string",
                                      "privateKey": "string",
                                      "secret": [
                                        "object",
                                        {
                                          "name": "string",
                                          "namespace": "string"
                                        }
                                      ],
                                      "trustedCA": "string"
                                    }
                                  ],
                                  "ports": [
                                    "list",
                                    [
                                      "object",
                                      {
                                        "endPort": "number",
                                        "port": "string",
                                        "protocol": "string"
                                      }
                                    ]
                                  ],
                                  "rules": [
                                    "object",
                                    {
                                      "dns": [
                                        "list",
                                        [
                                          "object",
                                          {
                                            "matchName": "string",
                                            "matchPattern": "string"
                                          }
                                        ]
                                      ],
                                      "http": [
                                        "list",
                                        [
                                          "object",
                                          {
                                            "headerMatches": [
                                              "list",
                                              [
                                                "object",
                                                {
                                                  "mismatch": "string",
                                                  "name": "string",
                                                  "secret": [
                                                    "object",
                                                    {
                                                      "name": "string",
                                                      "namespace": "string"
                                                    }
                                                  ],
                                                  "value": "string"
                                                }
                                              ]
                                            ],
                                            "headers": [
                                              "list",
                                              "string"
                                            ],
                                            "host": "string",
                                            "method": "string",
                                            "path": "string"
                                          }
                                        ]
                                      ]
                                    }
                                  ],
                                  "serverNames": [
                                    "list",
                                    "string"
                                  ],
                                  "terminatingTLS": [
                                    "object",
                                    {
                                      "certificate": "string",
                                      "privateKey": "string",
                                      "secret": [
                                        "object",
                                        {
                                          "name": "string",
                                          "namespace": "string"
                                        }
                                      ],
                                      "trustedCA": "string"
                                    }
                                  ]
                                }
                              ]
                            ]
                          }
                        ]
                      ],
                      "ingressDeny": [
                        "list",
                        [
                          "object",
                          {
                            "fromCIDR": [
                              "list",
                              "string"
                            ],
                            "fromCIDRSet": [
                              "list",
                              [
                                "object",
                                {
                                  "cidr": "string",
                                  "cidrGroupRef": "string",
                                  "cidrGroupSelector": [
                                    "object",
                                    {
                                      "matchExpressions": [
                                        "list",
                                        [
                                          "object",
                                          {
                                            "key": "string",
                                            "operator": "string",
                                            "values": [
                                              "list",
                                              "string"
                                            ]
                                          }
                                        ]
                                      ],
                                      "matchLabels": [
                                        "map",
                                        "string"
                                      ]
                                    }
                                  ],
                                  "except": [
                                    "list",
                                    "string"
                                  ]
                                }
                              ]
                            ],
                            "fromEndpoints": [
                              "list",
                              [
                                "object",
                                {
                                  "matchExpressions": [
                                    "list",
                                    [
                                      "object",
                                      {
                                        "key": "string",
                                        "operator": "string",
                                        "values": [
                                          "list",
                                          "string"
                                        ]
                                      }
                                    ]
                                  ],
                                  "matchLabels": [
                                    "map",
                                    "string"
                                  ]
                                }
                              ]
                            ],
                            "fromEntities": [
                              "list",
                              "string"
                            ],
                            "fromGroups": [
                              "list",
                              [
                                "object",
                                {
                                  "aws": [
                                    "object",
                                    {
                                      "labels": [
                                        "map",
                                        "string"
                                      ],
                                      "region": "string",
                                      "securityGroupsIds": [
                                        "list",
                                        "string"
                                      ],
                                      "securityGroupsNames": [
                                        "list",
                                        "string"
                                      ]
                                    }
                                  ]
                                }
                              ]
                            ],
                            "fromNodes": [
                              "list",
                              [
                                "object",
                                {
                                  "matchExpressions": [
                                    "list",
                                    [
                                      "object",
                                      {
                                        "key": "string",
                                        "operator": "string",
                                        "values": [
                                          "list",
                                          "string"
                                        ]
                                      }
                                    ]
                                  ],
                                  "matchLabels": [
                                    "map",
                                    "string"
                                  ]
                                }
                              ]
                            ],
                            "fromRequires": [
                              "list",
                              "string"
                            ],
                            "icmps": [
                              "list",
                              [
                                "object",
                                {
                                  "fields": [
                                    "list",
                                    [
                                      "object",
                                      {
                                        "family": "string",
                                        "type": "string"
                                      }
                                    ]
                                  ]
                                }
                              ]
                            ],
                            "toPorts": [
                              "list",
                              [
                                "object",
                                {
                                  "ports": [
                                    "list",
                                    [
                                      "object",
                                      {
                                        "endPort": "number",
                                        "port": "string",
                                        "protocol": "string"
                                      }
                                    ]
                                  ]
                                }
                              ]
                            ]
                          }
                        ]
                      ],
                      "labels": [
                        "list",
                        [
                          "object",
                          {
                            "key": "string",
                            "source": "string",
                            "value": "string"
                          }
                        ]
                      ],
                      "log": [
                        "object",
                        {
                          "value": "string"
                        }
                      ],
                      "nodeSelector": [
                        "object",
                        {
                          "matchExpressions": [
                            "list",
                            [
                              "object",
                              {
                                "key": "string",
                                "operator": "string",
                                "values": [
                                  "list",
                                  "string"
                                ]
                              }
                            ]
                          ],
                          "matchLabels": [
                            "map",
                            "string"
                          ]
                        }
                      ]
                    }
                  ],
                  "specs": [
                    "list",
                    [
                      "object",
                      {
                        "description": "string",
                        "egress": [
                          "list",
                          [
                            "object",
                            {
                              "authentication": [
                                "object",
                                {
                                  "mode": "string"
                                }
                              ],
                              "icmps": [
                                "list",
                                [
                                  "object",
                                  {
                                    "fields": [
                                      "list",
                                      [
                                        "object",
                                        {
                                          "family": "string",
                                          "type": "string"
                                        }
                                      ]
                                    ]
                                  }
                                ]
                              ],
                              "toCIDR": [
                                "list",
                                "string"
                              ],
                              "toCIDRSet": [
                                "list",
                                [
                                  "object",
                                  {
                                    "cidr": "string",
                                    "cidrGroupRef": "string",
                                    "cidrGroupSelector": [
                                      "object",
                                      {
                                        "matchExpressions": [
                                          "list",
                                          [
                                            "object",
                                            {
                                              "key": "string",
                                              "operator": "string",
                                              "values": [
                                                "list",
                                                "string"
                                              ]
                                            }
                                          ]
                                        ],
                                        "matchLabels": [
                                          "map",
                                          "string"
                                        ]
                                      }
                                    ],
                                    "except": [
                                      "list",
                                      "string"
                                    ]
                                  }
                                ]
                              ],
                              "toEndpoints": [
                                "list",
                                [
                                  "object",
                                  {
                                    "matchExpressions": [
                                      "list",
                                      [
                                        "object",
                                        {
                                          "key": "string",
                                          "operator": "string",
                                          "values": [
                                            "list",
                                            "string"
                                          ]
                                        }
                                      ]
                                    ],
                                    "matchLabels": [
                                      "map",
                                      "string"
                                    ]
                                  }
                                ]
                              ],
                              "toEntities": [
                                "list",
                                "string"
                              ],
                              "toFQDNs": [
                                "list",
                                [
                                  "object",
                                  {
                                    "matchName": "string",
                                    "matchPattern": "string"
                                  }
                                ]
                              ],
                              "toGroups": [
                                "list",
                                [
                                  "object",
                                  {
                                    "aws": [
                                      "object",
                                      {
                                        "labels": [
                                          "map",
                                          "string"
                                        ],
                                        "region": "string",
                                        "securityGroupsIds": [
                                          "list",
                                          "string"
                                        ],
                                        "securityGroupsNames": [
                                          "list",
                                          "string"
                                        ]
                                      }
                                    ]
                                  }
                                ]
                              ],
                              "toNodes": [
                                "list",
                                [
                                  "object",
                                  {
                                    "matchExpressions": [
                                      "list",
                                      [
                                        "object",
                                        {
                                          "key": "string",
                                          "operator": "string",
                                          "values": [
                                            "list",
                                            "string"
                                          ]
                                        }
                                      ]
                                    ],
                                    "matchLabels": [
                                      "map",
                                      "string"
                                    ]
                                  }
                                ]
                              ],
                              "toPorts": [
                                "list",
                                [
                                  "object",
                                  {
                                    "listener": [
                                      "object",
                                      {
                                        "envoyConfig": [
                                          "object",
                                          {
                                            "kind": "string",
                                            "name": "string"
                                          }
                                        ],
                                        "name": "string",
                                        "priority": "number"
                                      }
                                    ],
                                    "originatingTLS": [
                                      "object",
                                      {
                                        "certificate": "string",
                                        "privateKey": "string",
                                        "secret": [
                                          "object",
                                          {
                                            "name": "string",
                                            "namespace": "string"
                                          }
                                        ],
                                        "trustedCA": "string"
                                      }
                                    ],
                                    "ports": [
                                      "list",
                                      [
                                        "object",
                                        {
                                          "endPort": "number",
                                          "port": "string",
                                          "protocol": "string"
                                        }
                                      ]
                                    ],
                                    "rules": [
                                      "object",
                                      {
                                        "dns": [
                                          "list",
                                          [
                                            "object",
                                            {
                                              "matchName": "string",
                                              "matchPattern": "string"
                                            }
                                          ]
                                        ],
                                        "http": [
                                          "list",
                                          [
                                            "object",
                                            {
                                              "headerMatches": [
                                                "list",
                                                [
                                                  "object",
                                                  {
                                                    "mismatch": "string",
                                                    "name": "string",
                                                    "secret": [
                                                      "object",
                                                      {
                                                        "name": "string",
                                                        "namespace": "string"
                                                      }
                                                    ],
                                                    "value": "string"
                                                  }
                                                ]
                                              ],
                                              "headers": [
                                                "list",
                                                "string"
                                              ],
                                              "host": "string",
                                              "method": "string",
                                              "path": "string"
                                            }
                                          ]
                                        ]
                                      }
                                    ],
                                    "serverNames": [
                                      "list",
                                      "string"
                                    ],
                                    "terminatingTLS": [
                                      "object",
                                      {
                                        "certificate": "string",
                                        "privateKey": "string",
                                        "secret": [
                                          "object",
                                          {
                                            "name": "string",
                                            "namespace": "string"
                                          }
                                        ],
                                        "trustedCA": "string"
                                      }
                                    ]
                                  }
                                ]
                              ],
                              "toRequires": [
                                "list",
                                "string"
                              ],
                              "toServices": [
                                "list",
                                [
                                  "object",
                                  {
                                    "k8sService": [
                                      "object",
                                      {
                                        "namespace": "string",
                                        "serviceName": "string"
                                      }
                                    ],
                                    "k8sServiceSelector": [
                                      "object",
                                      {
                                        "namespace": "string",
                                        "selector": [
                                          "object",
                                          {
                                            "matchExpressions": [
                                              "list",
                                              [
                                                "object",
                                                {
                                                  "key": "string",
                                                  "operator": "string",
                                                  "values": [
                                                    "list",
                                                    "string"
                                                  ]
                                                }
                                              ]
                                            ],
                                            "matchLabels": [
                                              "map",
                                              "string"
                                            ]
                                          }
                                        ]
                                      }
                                    ]
                                  }
                                ]
                              ]
                            }
                          ]
                        ],
                        "egressDeny": [
                          "list",
                          [
                            "object",
                            {
                              "icmps": [
                                "list",
                                [
                                  "object",
                                  {
                                    "fields": [
                                      "list",
                                      [
                                        "object",
                                        {
                                          "family": "string",
                                          "type": "string"
                                        }
                                      ]
                                    ]
                                  }
                                ]
                              ],
                              "toCIDR": [
                                "list",
                                "string"
                              ],
                              "toCIDRSet": [
                                "list",
                                [
                                  "object",
                                  {
                                    "cidr": "string",
                                    "cidrGroupRef": "string",
                                    "cidrGroupSelector": [
                                      "object",
                                      {
                                        "matchExpressions": [
                                          "list",
                                          [
                                            "object",
                                            {
                                              "key": "string",
                                              "operator": "string",
                                              "values": [
                                                "list",
                                                "string"
                                              ]
                                            }
                                          ]
                                        ],
                                        "matchLabels": [
                                          "map",
                                          "string"
                                        ]
                                      }
                                    ],
                                    "except": [
                                      "list",
                                      "string"
                                    ]
                                  }
                                ]
                              ],
                              "toEndpoints": [
                                "list",
                                [
                                  "object",
                                  {
                                    "matchExpressions": [
                                      "list",
                                      [
                                        "object",
                                        {
                                          "key": "string",
                                          "operator": "string",
                                          "values": [
                                            "list",
                                            "string"
                                          ]
                                        }
                                      ]
                                    ],
                                    "matchLabels": [
                                      "map",
                                      "string"
                                    ]
                                  }
                                ]
                              ],
                              "toEntities": [
                                "list",
                                "string"
                              ],
                              "toGroups": [
                                "list",
                                [
                                  "object",
                                  {
                                    "aws": [
                                      "object",
                                      {
                                        "labels": [
                                          "map",
                                          "string"
                                        ],
                                        "region": "string",
                                        "securityGroupsIds": [
                                          "list",
                                          "string"
                                        ],
                                        "securityGroupsNames": [
                                          "list",
                                          "string"
                                        ]
                                      }
                                    ]
                                  }
                                ]
                              ],
                              "toNodes": [
                                "list",
                                [
                                  "object",
                                  {
                                    "matchExpressions": [
                                      "list",
                                      [
                                        "object",
                                        {
                                          "key": "string",
                                          "operator": "string",
                                          "values": [
                                            "list",
                                            "string"
                                          ]
                                        }
                                      ]
                                    ],
                                    "matchLabels": [
                                      "map",
                                      "string"
                                    ]
                                  }
                                ]
                              ],
                              "toPorts": [
                                "list",
                                [
                                  "object",
                                  {
                                    "ports": [
                                      "list",
                                      [
                                        "object",
                                        {
                                          "endPort": "number",
                                          "port": "string",
                                          "protocol": "string"
                                        }
                                      ]
                                    ]
                                  }
                                ]
                              ],
                              "toRequires": [
                                "list",
                                "string"
                              ],
                              "toServices": [
                                "list",
                                [
                                  "object",
                                  {
                                    "k8sService": [
                                      "object",
                                      {
                                        "namespace": "string",
                                        "serviceName": "string"
                                      }
                                    ],
                                    "k8sServiceSelector": [
                                      "object",
                                      {
                                        "namespace": "string",
                                        "selector": [
                                          "object",
                                          {
                                            "matchExpressions": [
                                              "list",
                                              [
                                                "object",
                                                {
                                                  "key": "string",
                                                  "operator": "string",
                                                  "values": [
                                                    "list",
                                                    "string"
                                                  ]
                                                }
                                              ]
                                            ],
                                            "matchLabels": [
                                              "map",
                                              "string"
                                            ]
                                          }
                                        ]
                                      }
                                    ]
                                  }
                                ]
                              ]
                            }
                          ]
                        ],
                        "enableDefaultDeny": [
                          "object",
                          {
                            "egress": "bool",
                            "ingress": "bool"
                          }
                        ],
                        "endpointSelector": [
                          "object",
                          {
                            "matchExpressions": [
                              "list",
                              [
                                "object",
                                {
                                  "key": "string",
                                  "operator": "string",
                                  "values": [
                                    "list",
                                    "string"
                                  ]
                                }
                              ]
                            ],
                            "matchLabels": [
                              "map",
                              "string"
                            ]
                          }
                        ],
                        "ingress": [
                          "list",
                          [
                            "object",
                            {
                              "authentication": [
                                "object",
                                {
                                  "mode": "string"
                                }
                              ],
                              "fromCIDR": [
                                "list",
                                "string"
                              ],
                              "fromCIDRSet": [
                                "list",
                                [
                                  "object",
                                  {
                                    "cidr": "string",
                                    "cidrGroupRef": "string",
                                    "cidrGroupSelector": [
                                      "object",
                                      {
                                        "matchExpressions": [
                                          "list",
                                          [
                                            "object",
                                            {
                                              "key": "string",
                                              "operator": "string",
                                              "values": [
                                                "list",
                                                "string"
                                              ]
                                            }
                                          ]
                                        ],
                                        "matchLabels": [
                                          "map",
                                          "string"
                                        ]
                                      }
                                    ],
                                    "except": [
                                      "list",
                                      "string"
                                    ]
                                  }
                                ]
                              ],
                              "fromEndpoints": [
                                "list",
                                [
                                  "object",
                                  {
                                    "matchExpressions": [
                                      "list",
                                      [
                                        "object",
                                        {
                                          "key": "string",
                                          "operator": "string",
                                          "values": [
                                            "list",
                                            "string"
                                          ]
                                        }
                                      ]
                                    ],
                                    "matchLabels": [
                                      "map",
                                      "string"
                                    ]
                                  }
                                ]
                              ],
                              "fromEntities": [
                                "list",
                                "string"
                              ],
                              "fromGroups": [
                                "list",
                                [
                                  "object",
                                  {
                                    "aws": [
                                      "object",
                                      {
                                        "labels": [
                                          "map",
                                          "string"
                                        ],
                                        "region": "string",
                                        "securityGroupsIds": [
                                          "list",
                                          "string"
                                        ],
                                        "securityGroupsNames": [
                                          "list",
                                          "string"
                                        ]
                                      }
                                    ]
                                  }
                                ]
                              ],
                              "fromNodes": [
                                "list",
                                [
                                  "object",
                                  {
                                    "matchExpressions": [
                                      "list",
                                      [
                                        "object",
                                        {
                                          "key": "string",
                                          "operator": "string",
                                          "values": [
                                            "list",
                                            "string"
                                          ]
                                        }
                                      ]
                                    ],
                                    "matchLabels": [
                                      "map",
                                      "string"
                                    ]
                                  }
                                ]
                              ],
                              "fromRequires": [
                                "list",
                                "string"
                              ],
                              "icmps": [
                                "list",
                                [
                                  "object",
                                  {
                                    "fields": [
                                      "list",
                                      [
                                        "object",
                                        {
                                          "family": "string",
                                          "type": "string"
                                        }
                                      ]
                                    ]
                                  }
                                ]
                              ],
                              "toPorts": [
                                "list",
                                [
                                  "object",
                                  {
                                    "listener": [
                                      "object",
                                      {
                                        "envoyConfig": [
                                          "object",
                                          {
                                            "kind": "string",
                                            "name": "string"
                                          }
                                        ],
                                        "name": "string",
                                        "priority": "number"
                                      }
                                    ],
                                    "originatingTLS": [
                                      "object",
                                      {
                                        "certificate": "string",
                                        "privateKey": "string",
                                        "secret": [
                                          "object",
                                          {
                                            "name": "string",
                                            "namespace": "string"
                                          }
                                        ],
                                        "trustedCA": "string"
                                      }
                                    ],
                                    "ports": [
                                      "list",
                                      [
                                        "object",
                                        {
                                          "endPort": "number",
                                          "port": "string",
                                          "protocol": "string"
                                        }
                                      ]
                                    ],
                                    "rules": [
                                      "object",
                                      {
                                        "dns": [
                                          "list",
                                          [
                                            "object",
                                            {
                                              "matchName": "string",
                                              "matchPattern": "string"
                                            }
                                          ]
                                        ],
                                        "http": [
                                          "list",
                                          [
                                            "object",
                                            {
                                              "headerMatches": [
                                                "list",
                                                [
                                                  "object",
                                                  {
                                                    "mismatch": "string",
                                                    "name": "string",
                                                    "secret": [
                                                      "object",
                                                      {
                                                        "name": "string",
                                                        "namespace": "string"
                                                      }
                                                    ],
                                                    "value": "string"
                                                  }
                                                ]
                                              ],
                                              "headers": [
                                                "list",
                                                "string"
                                              ],
                                              "host": "string",
                                              "method": "string",
                                              "path": "string"
                                            }
                                          ]
                                        ]
                                      }
                                    ],
                                    "serverNames": [
                                      "list",
                                      "string"
                                    ],
                                    "terminatingTLS": [
                                      "object",
                                      {
                                        "certificate": "string",
                                        "privateKey": "string",
                                        "secret": [
                                          "object",
                                          {
                                            "name": "string",
                                            "namespace": "string"
                                          }
                                        ],
                                        "trustedCA": "string"
                                      }
                                    ]
                                  }
                                ]
                              ]
                            }
                          ]
                        ],
                        "ingressDeny": [
                          "list",
                          [
                            "object",
                            {
                              "fromCIDR": [
                                "list",
                                "string"
                              ],
                              "fromCIDRSet": [
                                "list",
                                [
                                  "object",
                                  {
                                    "cidr": "string",
                                    "cidrGroupRef": "string",
                                    "cidrGroupSelector": [
                                      "object",
                                      {
                                        "matchExpressions": [
                                          "list",
                                          [
                                            "object",
                                            {
                                              "key": "string",
                                              "operator": "string",
                                              "values": [
                                                "list",
                                                "string"
                                              ]
                                            }
                                          ]
                                        ],
                                        "matchLabels": [
                                          "map",
                                          "string"
                                        ]
                                      }
                                    ],
                                    "except": [
                                      "list",
                                      "string"
                                    ]
                                  }
                                ]
                              ],
                              "fromEndpoints": [
                                "list",
                                [
                                  "object",
                                  {
                                    "matchExpressions": [
                                      "list",
                                      [
                                        "object",
                                        {
                                          "key": "string",
                                          "operator": "string",
                                          "values": [
                                            "list",
                                            "string"
                                          ]
                                        }
                                      ]
                                    ],
                                    "matchLabels": [
                                      "map",
                                      "string"
                                    ]
                                  }
                                ]
                              ],
                              "fromEntities": [
                                "list",
                                "string"
                              ],
                              "fromGroups": [
                                "list",
                                [
                                  "object",
                                  {
                                    "aws": [
                                      "object",
                                      {
                                        "labels": [
                                          "map",
                                          "string"
                                        ],
                                        "region": "string",
                                        "securityGroupsIds": [
                                          "list",
                                          "string"
                                        ],
                                        "securityGroupsNames": [
                                          "list",
                                          "string"
                                        ]
                                      }
                                    ]
                                  }
                                ]
                              ],
                              "fromNodes": [
                                "list",
                                [
                                  "object",
                                  {
                                    "matchExpressions": [
                                      "list",
                                      [
                                        "object",
                                        {
                                          "key": "string",
                                          "operator": "string",
                                          "values": [
                                            "list",
                                            "string"
                                          ]
                                        }
                                      ]
                                    ],
                                    "matchLabels": [
                                      "map",
                                      "string"
                                    ]
                                  }
                                ]
                              ],
                              "fromRequires": [
                                "list",
                                "string"
                              ],
                              "icmps": [
                                "list",
                                [
                                  "object",
                                  {
                                    "fields": [
                                      "list",
                                      [
                                        "object",
                                        {
                                          "family": "string",
                                          "type": "string"
                                        }
                                      ]
                                    ]
                                  }
                                ]
                              ],
                              "toPorts": [
                                "list",
                                [
                                  "object",
                                  {
                                    "ports": [
                                      "list",
                                      [
                                        "object",
                                        {
                                          "endPort": "number",
                                          "port": "string",
                                          "protocol": "string"
                                        }
                                      ]
                                    ]
                                  }
                                ]
                              ]
                            }
                          ]
                        ],
                        "labels": [
                          "list",
                          [
                            "object",
                            {
                              "key": "string",
                              "source": "string",
                              "value": "string"
                            }
                          ]
                        ],
                        "log": [
                          "object",
                          {
                            "value": "string"
                          }
                        ],
                        "nodeSelector": [
                          "object",
                          {
                            "matchExpressions": [
                              "list",
                              [
                                "object",
                                {
                                  "key": "string",
                                  "operator": "string",
                                  "values": [
                                    "list",
                                    "string"
                                  ]
                                }
                              ]
                            ],
                            "matchLabels": [
                              "map",
                              "string"
                            ]
                          }
                        ]
                      }
                    ]
                  ]
                }
              ]
            },
            "timeouts": [],
            "wait": [],
            "wait_for": null
          },
          "sensitive_attributes": [],
          "identity_schema_version": 1,
          "identity": {
            "api_version": "cilium.io/v2",
            "kind": "CiliumNetworkPolicy",
            "name": "default-deny-cross-tenant",
            "namespace": "tenant-a"
          },
          "dependencies": [
            "data.aws_eks_cluster_auth.this",
            "module.cilium.helm_release.cilium",
            "module.cilium.kubernetes_namespace_v1.tenant",
            "module.eks_cluster.aws_eks_cluster.this",
            "module.eks_cluster.aws_iam_role.cluster",
            "module.eks_cluster.aws_iam_role_policy_attachment.cluster_policy",
            "module.node_group.aws_eks_node_group.this",
            "module.node_group.aws_iam_role.node",
            "module.node_group.aws_iam_role_policy_attachment.cni",
            "module.node_group.aws_iam_role_policy_attachment.ecr_read",
            "module.node_group.aws_iam_role_policy_attachment.worker_node",
            "module.vpc.aws_subnet.this",
            "module.vpc.aws_vpc.this"
          ]
        },
        {
          "index_key": "tenant-b",
          "schema_version": 1,
          "attributes": {
            "computed_fields": null,
            "field_manager": [],
            "manifest": {
              "value": {
                "apiVersion": "cilium.io/v2",
                "kind": "CiliumNetworkPolicy",
                "metadata": {
                  "name": "default-deny-cross-tenant",
                  "namespace": "tenant-b"
                },
                "spec": {
                  "endpointSelector": {},
                  "ingress": [
                    {
                      "fromEndpoints": [
                        {
                          "matchLabels": {
                            "k8s:io.kubernetes.pod.namespace": "tenant-b"
                          }
                        }
                      ]
                    }
                  ]
                }
              },
              "type": [
                "object",
                {
                  "apiVersion": "string",
                  "kind": "string",
                  "metadata": [
                    "object",
                    {
                      "name": "string",
                      "namespace": "string"
                    }
                  ],
                  "spec": [
                    "object",
                    {
                      "endpointSelector": [
                        "object",
                        {}
                      ],
                      "ingress": [
                        "tuple",
                        [
                          [
                            "object",
                            {
                              "fromEndpoints": [
                                "tuple",
                                [
                                  [
                                    "object",
                                    {
                                      "matchLabels": [
                                        "object",
                                        {
                                          "k8s:io.kubernetes.pod.namespace": "string"
                                        }
                                      ]
                                    }
                                  ]
                                ]
                              ]
                            }
                          ]
                        ]
                      ]
                    }
                  ]
                }
              ]
            },
            "object": {
              "value": {
                "apiVersion": "cilium.io/v2",
                "kind": "CiliumNetworkPolicy",
                "metadata": {
                  "annotations": null,
                  "creationTimestamp": null,
                  "deletionGracePeriodSeconds": null,
                  "deletionTimestamp": null,
                  "finalizers": null,
                  "generateName": null,
                  "generation": null,
                  "labels": null,
                  "managedFields": null,
                  "name": "default-deny-cross-tenant",
                  "namespace": "tenant-b",
                  "ownerReferences": null,
                  "resourceVersion": null,
                  "selfLink": null,
                  "uid": null
                },
                "spec": {
                  "description": null,
                  "egress": null,
                  "egressDeny": null,
                  "enableDefaultDeny": {
                    "egress": null,
                    "ingress": null
                  },
                  "endpointSelector": {
                    "matchExpressions": null,
                    "matchLabels": null
                  },
                  "ingress": [
                    {
                      "authentication": {
                        "mode": null
                      },
                      "fromCIDR": null,
                      "fromCIDRSet": null,
                      "fromEndpoints": [
                        {
                          "matchExpressions": null,
                          "matchLabels": {
                            "k8s:io.kubernetes.pod.namespace": "tenant-b"
                          }
                        }
                      ],
                      "fromEntities": null,
                      "fromGroups": null,
                      "fromNodes": null,
                      "fromRequires": null,
                      "icmps": null,
                      "toPorts": null
                    }
                  ],
                  "ingressDeny": null,
                  "labels": null,
                  "log": {
                    "value": null
                  },
                  "nodeSelector": {
                    "matchExpressions": null,
                    "matchLabels": null
                  }
                },
                "specs": null
              },
              "type": [
                "object",
                {
                  "apiVersion": "string",
                  "kind": "string",
                  "metadata": [
                    "object",
                    {
                      "annotations": [
                        "map",
                        "string"
                      ],
                      "creationTimestamp": "string",
                      "deletionGracePeriodSeconds": "number",
                      "deletionTimestamp": "string",
                      "finalizers": [
                        "list",
                        "string"
                      ],
                      "generateName": "string",
                      "generation": "number",
                      "labels": [
                        "map",
                        "string"
                      ],
                      "managedFields": [
                        "tuple",
                        [
                          [
                            "object",
                            {
                              "apiVersion": "string",
                              "fieldsType": "string",
                              "fieldsV1": "dynamic",
                              "manager": "string",
                              "operation": "string",
                              "subresource": "string",
                              "time": "string"
                            }
                          ]
                        ]
                      ],
                      "name": "string",
                      "namespace": "string",
                      "ownerReferences": [
                        "list",
                        [
                          "object",
                          {
                            "apiVersion": "string",
                            "blockOwnerDeletion": "bool",
                            "controller": "bool",
                            "kind": "string",
                            "name": "string",
                            "uid": "string"
                          }
                        ]
                      ],
                      "resourceVersion": "string",
                      "selfLink": "string",
                      "uid": "string"
                    }
                  ],
                  "spec": [
                    "object",
                    {
                      "description": "string",
                      "egress": [
                        "list",
                        [
                          "object",
                          {
                            "authentication": [
                              "object",
                              {
                                "mode": "string"
                              }
                            ],
                            "icmps": [
                              "list",
                              [
                                "object",
                                {
                                  "fields": [
                                    "list",
                                    [
                                      "object",
                                      {
                                        "family": "string",
                                        "type": "string"
                                      }
                                    ]
                                  ]
                                }
                              ]
                            ],
                            "toCIDR": [
                              "list",
                              "string"
                            ],
                            "toCIDRSet": [
                              "list",
                              [
                                "object",
                                {
                                  "cidr": "string",
                                  "cidrGroupRef": "string",
                                  "cidrGroupSelector": [
                                    "object",
                                    {
                                      "matchExpressions": [
                                        "list",
                                        [
                                          "object",
                                          {
                                            "key": "string",
                                            "operator": "string",
                                            "values": [
                                              "list",
                                              "string"
                                            ]
                                          }
                                        ]
                                      ],
                                      "matchLabels": [
                                        "map",
                                        "string"
                                      ]
                                    }
                                  ],
                                  "except": [
                                    "list",
                                    "string"
                                  ]
                                }
                              ]
                            ],
                            "toEndpoints": [
                              "list",
                              [
                                "object",
                                {
                                  "matchExpressions": [
                                    "list",
                                    [
                                      "object",
                                      {
                                        "key": "string",
                                        "operator": "string",
                                        "values": [
                                          "list",
                                          "string"
                                        ]
                                      }
                                    ]
                                  ],
                                  "matchLabels": [
                                    "map",
                                    "string"
                                  ]
                                }
                              ]
                            ],
                            "toEntities": [
                              "list",
                              "string"
                            ],
                            "toFQDNs": [
                              "list",
                              [
                                "object",
                                {
                                  "matchName": "string",
                                  "matchPattern": "string"
                                }
                              ]
                            ],
                            "toGroups": [
                              "list",
                              [
                                "object",
                                {
                                  "aws": [
                                    "object",
                                    {
                                      "labels": [
                                        "map",
                                        "string"
                                      ],
                                      "region": "string",
                                      "securityGroupsIds": [
                                        "list",
                                        "string"
                                      ],
                                      "securityGroupsNames": [
                                        "list",
                                        "string"
                                      ]
                                    }
                                  ]
                                }
                              ]
                            ],
                            "toNodes": [
                              "list",
                              [
                                "object",
                                {
                                  "matchExpressions": [
                                    "list",
                                    [
                                      "object",
                                      {
                                        "key": "string",
                                        "operator": "string",
                                        "values": [
                                          "list",
                                          "string"
                                        ]
                                      }
                                    ]
                                  ],
                                  "matchLabels": [
                                    "map",
                                    "string"
                                  ]
                                }
                              ]
                            ],
                            "toPorts": [
                              "list",
                              [
                                "object",
                                {
                                  "listener": [
                                    "object",
                                    {
                                      "envoyConfig": [
                                        "object",
                                        {
                                          "kind": "string",
                                          "name": "string"
                                        }
                                      ],
                                      "name": "string",
                                      "priority": "number"
                                    }
                                  ],
                                  "originatingTLS": [
                                    "object",
                                    {
                                      "certificate": "string",
                                      "privateKey": "string",
                                      "secret": [
                                        "object",
                                        {
                                          "name": "string",
                                          "namespace": "string"
                                        }
                                      ],
                                      "trustedCA": "string"
                                    }
                                  ],
                                  "ports": [
                                    "list",
                                    [
                                      "object",
                                      {
                                        "endPort": "number",
                                        "port": "string",
                                        "protocol": "string"
                                      }
                                    ]
                                  ],
                                  "rules": [
                                    "object",
                                    {
                                      "dns": [
                                        "list",
                                        [
                                          "object",
                                          {
                                            "matchName": "string",
                                            "matchPattern": "string"
                                          }
                                        ]
                                      ],
                                      "http": [
                                        "list",
                                        [
                                          "object",
                                          {
                                            "headerMatches": [
                                              "list",
                                              [
                                                "object",
                                                {
                                                  "mismatch": "string",
                                                  "name": "string",
                                                  "secret": [
                                                    "object",
                                                    {
                                                      "name": "string",
                                                      "namespace": "string"
                                                    }
                                                  ],
                                                  "value": "string"
                                                }
                                              ]
                                            ],
                                            "headers": [
                                              "list",
                                              "string"
                                            ],
                                            "host": "string",
                                            "method": "string",
                                            "path": "string"
                                          }
                                        ]
                                      ]
                                    }
                                  ],
                                  "serverNames": [
                                    "list",
                                    "string"
                                  ],
                                  "terminatingTLS": [
                                    "object",
                                    {
                                      "certificate": "string",
                                      "privateKey": "string",
                                      "secret": [
                                        "object",
                                        {
                                          "name": "string",
                                          "namespace": "string"
                                        }
                                      ],
                                      "trustedCA": "string"
                                    }
                                  ]
                                }
                              ]
                            ],
                            "toRequires": [
                              "list",
                              "string"
                            ],
                            "toServices": [
                              "list",
                              [
                                "object",
                                {
                                  "k8sService": [
                                    "object",
                                    {
                                      "namespace": "string",
                                      "serviceName": "string"
                                    }
                                  ],
                                  "k8sServiceSelector": [
                                    "object",
                                    {
                                      "namespace": "string",
                                      "selector": [
                                        "object",
                                        {
                                          "matchExpressions": [
                                            "list",
                                            [
                                              "object",
                                              {
                                                "key": "string",
                                                "operator": "string",
                                                "values": [
                                                  "list",
                                                  "string"
                                                ]
                                              }
                                            ]
                                          ],
                                          "matchLabels": [
                                            "map",
                                            "string"
                                          ]
                                        }
                                      ]
                                    }
                                  ]
                                }
                              ]
                            ]
                          }
                        ]
                      ],
                      "egressDeny": [
                        "list",
                        [
                          "object",
                          {
                            "icmps": [
                              "list",
                              [
                                "object",
                                {
                                  "fields": [
                                    "list",
                                    [
                                      "object",
                                      {
                                        "family": "string",
                                        "type": "string"
                                      }
                                    ]
                                  ]
                                }
                              ]
                            ],
                            "toCIDR": [
                              "list",
                              "string"
                            ],
                            "toCIDRSet": [
                              "list",
                              [
                                "object",
                                {
                                  "cidr": "string",
                                  "cidrGroupRef": "string",
                                  "cidrGroupSelector": [
                                    "object",
                                    {
                                      "matchExpressions": [
                                        "list",
                                        [
                                          "object",
                                          {
                                            "key": "string",
                                            "operator": "string",
                                            "values": [
                                              "list",
                                              "string"
                                            ]
                                          }
                                        ]
                                      ],
                                      "matchLabels": [
                                        "map",
                                        "string"
                                      ]
                                    }
                                  ],
                                  "except": [
                                    "list",
                                    "string"
                                  ]
                                }
                              ]
                            ],
                            "toEndpoints": [
                              "list",
                              [
                                "object",
                                {
                                  "matchExpressions": [
                                    "list",
                                    [
                                      "object",
                                      {
                                        "key": "string",
                                        "operator": "string",
                                        "values": [
                                          "list",
                                          "string"
                                        ]
                                      }
                                    ]
                                  ],
                                  "matchLabels": [
                                    "map",
                                    "string"
                                  ]
                                }
                              ]
                            ],
                            "toEntities": [
                              "list",
                              "string"
                            ],
                            "toGroups": [
                              "list",
                              [
                                "object",
                                {
                                  "aws": [
                                    "object",
                                    {
                                      "labels": [
                                        "map",
                                        "string"
                                      ],
                                      "region": "string",
                                      "securityGroupsIds": [
                                        "list",
                                        "string"
                                      ],
                                      "securityGroupsNames": [
                                        "list",
                                        "string"
                                      ]
                                    }
                                  ]
                                }
                              ]
                            ],
                            "toNodes": [
                              "list",
                              [
                                "object",
                                {
                                  "matchExpressions": [
                                    "list",
                                    [
                                      "object",
                                      {
                                        "key": "string",
                                        "operator": "string",
                                        "values": [
                                          "list",
                                          "string"
                                        ]
                                      }
                                    ]
                                  ],
                                  "matchLabels": [
                                    "map",
                                    "string"
                                  ]
                                }
                              ]
                            ],
                            "toPorts": [
                              "list",
                              [
                                "object",
                                {
                                  "ports": [
                                    "list",
                                    [
                                      "object",
                                      {
                                        "endPort": "number",
                                        "port": "string",
                                        "protocol": "string"
                                      }
                                    ]
                                  ]
                                }
                              ]
                            ],
                            "toRequires": [
                              "list",
                              "string"
                            ],
                            "toServices": [
                              "list",
                              [
                                "object",
                                {
                                  "k8sService": [
                                    "object",
                                    {
                                      "namespace": "string",
                                      "serviceName": "string"
                                    }
                                  ],
                                  "k8sServiceSelector": [
                                    "object",
                                    {
                                      "namespace": "string",
                                      "selector": [
                                        "object",
                                        {
                                          "matchExpressions": [
                                            "list",
                                            [
                                              "object",
                                              {
                                                "key": "string",
                                                "operator": "string",
                                                "values": [
                                                  "list",
                                                  "string"
                                                ]
                                              }
                                            ]
                                          ],
                                          "matchLabels": [
                                            "map",
                                            "string"
                                          ]
                                        }
                                      ]
                                    }
                                  ]
                                }
                              ]
                            ]
                          }
                        ]
                      ],
                      "enableDefaultDeny": [
                        "object",
                        {
                          "egress": "bool",
                          "ingress": "bool"
                        }
                      ],
                      "endpointSelector": [
                        "object",
                        {
                          "matchExpressions": [
                            "list",
                            [
                              "object",
                              {
                                "key": "string",
                                "operator": "string",
                                "values": [
                                  "list",
                                  "string"
                                ]
                              }
                            ]
                          ],
                          "matchLabels": [
                            "map",
                            "string"
                          ]
                        }
                      ],
                      "ingress": [
                        "list",
                        [
                          "object",
                          {
                            "authentication": [
                              "object",
                              {
                                "mode": "string"
                              }
                            ],
                            "fromCIDR": [
                              "list",
                              "string"
                            ],
                            "fromCIDRSet": [
                              "list",
                              [
                                "object",
                                {
                                  "cidr": "string",
                                  "cidrGroupRef": "string",
                                  "cidrGroupSelector": [
                                    "object",
                                    {
                                      "matchExpressions": [
                                        "list",
                                        [
                                          "object",
                                          {
                                            "key": "string",
                                            "operator": "string",
                                            "values": [
                                              "list",
                                              "string"
                                            ]
                                          }
                                        ]
                                      ],
                                      "matchLabels": [
                                        "map",
                                        "string"
                                      ]
                                    }
                                  ],
                                  "except": [
                                    "list",
                                    "string"
                                  ]
                                }
                              ]
                            ],
                            "fromEndpoints": [
                              "list",
                              [
                                "object",
                                {
                                  "matchExpressions": [
                                    "list",
                                    [
                                      "object",
                                      {
                                        "key": "string",
                                        "operator": "string",
                                        "values": [
                                          "list",
                                          "string"
                                        ]
                                      }
                                    ]
                                  ],
                                  "matchLabels": [
                                    "map",
                                    "string"
                                  ]
                                }
                              ]
                            ],
                            "fromEntities": [
                              "list",
                              "string"
                            ],
                            "fromGroups": [
                              "list",
                              [
                                "object",
                                {
                                  "aws": [
                                    "object",
                                    {
                                      "labels": [
                                        "map",
                                        "string"
                                      ],
                                      "region": "string",
                                      "securityGroupsIds": [
                                        "list",
                                        "string"
                                      ],
                                      "securityGroupsNames": [
                                        "list",
                                        "string"
                                      ]
                                    }
                                  ]
                                }
                              ]
                            ],
                            "fromNodes": [
                              "list",
                              [
                                "object",
                                {
                                  "matchExpressions": [
                                    "list",
                                    [
                                      "object",
                                      {
                                        "key": "string",
                                        "operator": "string",
                                        "values": [
                                          "list",
                                          "string"
                                        ]
                                      }
                                    ]
                                  ],
                                  "matchLabels": [
                                    "map",
                                    "string"
                                  ]
                                }
                              ]
                            ],
                            "fromRequires": [
                              "list",
                              "string"
                            ],
                            "icmps": [
                              "list",
                              [
                                "object",
                                {
                                  "fields": [
                                    "list",
                                    [
                                      "object",
                                      {
                                        "family": "string",
                                        "type": "string"
                                      }
                                    ]
                                  ]
                                }
                              ]
                            ],
                            "toPorts": [
                              "list",
                              [
                                "object",
                                {
                                  "listener": [
                                    "object",
                                    {
                                      "envoyConfig": [
                                        "object",
                                        {
                                          "kind": "string",
                                          "name": "string"
                                        }
                                      ],
                                      "name": "string",
                                      "priority": "number"
                                    }
                                  ],
                                  "originatingTLS": [
                                    "object",
                                    {
                                      "certificate": "string",
                                      "privateKey": "string",
                                      "secret": [
                                        "object",
                                        {
                                          "name": "string",
                                          "namespace": "string"
                                        }
                                      ],
                                      "trustedCA": "string"
                                    }
                                  ],
                                  "ports": [
                                    "list",
                                    [
                                      "object",
                                      {
                                        "endPort": "number",
                                        "port": "string",
                                        "protocol": "string"
                                      }
                                    ]
                                  ],
                                  "rules": [
                                    "object",
                                    {
                                      "dns": [
                                        "list",
                                        [
                                          "object",
                                          {
                                            "matchName": "string",
                                            "matchPattern": "string"
                                          }
                                        ]
                                      ],
                                      "http": [
                                        "list",
                                        [
                                          "object",
                                          {
                                            "headerMatches": [
                                              "list",
                                              [
                                                "object",
                                                {
                                                  "mismatch": "string",
                                                  "name": "string",
                                                  "secret": [
                                                    "object",
                                                    {
                                                      "name": "string",
                                                      "namespace": "string"
                                                    }
                                                  ],
                                                  "value": "string"
                                                }
                                              ]
                                            ],
                                            "headers": [
                                              "list",
                                              "string"
                                            ],
                                            "host": "string",
                                            "method": "string",
                                            "path": "string"
                                          }
                                        ]
                                      ]
                                    }
                                  ],
                                  "serverNames": [
                                    "list",
                                    "string"
                                  ],
                                  "terminatingTLS": [
                                    "object",
                                    {
                                      "certificate": "string",
                                      "privateKey": "string",
                                      "secret": [
                                        "object",
                                        {
                                          "name": "string",
                                          "namespace": "string"
                                        }
                                      ],
                                      "trustedCA": "string"
                                    }
                                  ]
                                }
                              ]
                            ]
                          }
                        ]
                      ],
                      "ingressDeny": [
                        "list",
                        [
                          "object",
                          {
                            "fromCIDR": [
                              "list",
                              "string"
                            ],
                            "fromCIDRSet": [
                              "list",
                              [
                                "object",
                                {
                                  "cidr": "string",
                                  "cidrGroupRef": "string",
                                  "cidrGroupSelector": [
                                    "object",
                                    {
                                      "matchExpressions": [
                                        "list",
                                        [
                                          "object",
                                          {
                                            "key": "string",
                                            "operator": "string",
                                            "values": [
                                              "list",
                                              "string"
                                            ]
                                          }
                                        ]
                                      ],
                                      "matchLabels": [
                                        "map",
                                        "string"
                                      ]
                                    }
                                  ],
                                  "except": [
                                    "list",
                                    "string"
                                  ]
                                }
                              ]
                            ],
                            "fromEndpoints": [
                              "list",
                              [
                                "object",
                                {
                                  "matchExpressions": [
                                    "list",
                                    [
                                      "object",
                                      {
                                        "key": "string",
                                        "operator": "string",
                                        "values": [
                                          "list",
                                          "string"
                                        ]
                                      }
                                    ]
                                  ],
                                  "matchLabels": [
                                    "map",
                                    "string"
                                  ]
                                }
                              ]
                            ],
                            "fromEntities": [
                              "list",
                              "string"
                            ],
                            "fromGroups": [
                              "list",
                              [
                                "object",
                                {
                                  "aws": [
                                    "object",
                                    {
                                      "labels": [
                                        "map",
                                        "string"
                                      ],
                                      "region": "string",
                                      "securityGroupsIds": [
                                        "list",
                                        "string"
                                      ],
                                      "securityGroupsNames": [
                                        "list",
                                        "string"
                                      ]
                                    }
                                  ]
                                }
                              ]
                            ],
                            "fromNodes": [
                              "list",
                              [
                                "object",
                                {
                                  "matchExpressions": [
                                    "list",
                                    [
                                      "object",
                                      {
                                        "key": "string",
                                        "operator": "string",
                                        "values": [
                                          "list",
                                          "string"
                                        ]
                                      }
                                    ]
                                  ],
                                  "matchLabels": [
                                    "map",
                                    "string"
                                  ]
                                }
                              ]
                            ],
                            "fromRequires": [
                              "list",
                              "string"
                            ],
                            "icmps": [
                              "list",
                              [
                                "object",
                                {
                                  "fields": [
                                    "list",
                                    [
                                      "object",
                                      {
                                        "family": "string",
                                        "type": "string"
                                      }
                                    ]
                                  ]
                                }
                              ]
                            ],
                            "toPorts": [
                              "list",
                              [
                                "object",
                                {
                                  "ports": [
                                    "list",
                                    [
                                      "object",
                                      {
                                        "endPort": "number",
                                        "port": "string",
                                        "protocol": "string"
                                      }
                                    ]
                                  ]
                                }
                              ]
                            ]
                          }
                        ]
                      ],
                      "labels": [
                        "list",
                        [
                          "object",
                          {
                            "key": "string",
                            "source": "string",
                            "value": "string"
                          }
                        ]
                      ],
                      "log": [
                        "object",
                        {
                          "value": "string"
                        }
                      ],
                      "nodeSelector": [
                        "object",
                        {
                          "matchExpressions": [
                            "list",
                            [
                              "object",
                              {
                                "key": "string",
                                "operator": "string",
                                "values": [
                                  "list",
                                  "string"
                                ]
                              }
                            ]
                          ],
                          "matchLabels": [
                            "map",
                            "string"
                          ]
                        }
                      ]
                    }
                  ],
                  "specs": [
                    "list",
                    [
                      "object",
                      {
                        "description": "string",
                        "egress": [
                          "list",
                          [
                            "object",
                            {
                              "authentication": [
                                "object",
                                {
                                  "mode": "string"
                                }
                              ],
                              "icmps": [
                                "list",
                                [
                                  "object",
                                  {
                                    "fields": [
                                      "list",
                                      [
                                        "object",
                                        {
                                          "family": "string",
                                          "type": "string"
                                        }
                                      ]
                                    ]
                                  }
                                ]
                              ],
                              "toCIDR": [
                                "list",
                                "string"
                              ],
                              "toCIDRSet": [
                                "list",
                                [
                                  "object",
                                  {
                                    "cidr": "string",
                                    "cidrGroupRef": "string",
                                    "cidrGroupSelector": [
                                      "object",
                                      {
                                        "matchExpressions": [
                                          "list",
                                          [
                                            "object",
                                            {
                                              "key": "string",
                                              "operator": "string",
                                              "values": [
                                                "list",
                                                "string"
                                              ]
                                            }
                                          ]
                                        ],
                                        "matchLabels": [
                                          "map",
                                          "string"
                                        ]
                                      }
                                    ],
                                    "except": [
                                      "list",
                                      "string"
                                    ]
                                  }
                                ]
                              ],
                              "toEndpoints": [
                                "list",
                                [
                                  "object",
                                  {
                                    "matchExpressions": [
                                      "list",
                                      [
                                        "object",
                                        {
                                          "key": "string",
                                          "operator": "string",
                                          "values": [
                                            "list",
                                            "string"
                                          ]
                                        }
                                      ]
                                    ],
                                    "matchLabels": [
                                      "map",
                                      "string"
                                    ]
                                  }
                                ]
                              ],
                              "toEntities": [
                                "list",
                                "string"
                              ],
                              "toFQDNs": [
                                "list",
                                [
                                  "object",
                                  {
                                    "matchName": "string",
                                    "matchPattern": "string"
                                  }
                                ]
                              ],
                              "toGroups": [
                                "list",
                                [
                                  "object",
                                  {
                                    "aws": [
                                      "object",
                                      {
                                        "labels": [
                                          "map",
                                          "string"
                                        ],
                                        "region": "string",
                                        "securityGroupsIds": [
                                          "list",
                                          "string"
                                        ],
                                        "securityGroupsNames": [
                                          "list",
                                          "string"
                                        ]
                                      }
                                    ]
                                  }
                                ]
                              ],
                              "toNodes": [
                                "list",
                                [
                                  "object",
                                  {
                                    "matchExpressions": [
                                      "list",
                                      [
                                        "object",
                                        {
                                          "key": "string",
                                          "operator": "string",
                                          "values": [
                                            "list",
                                            "string"
                                          ]
                                        }
                                      ]
                                    ],
                                    "matchLabels": [
                                      "map",
                                      "string"
                                    ]
                                  }
                                ]
                              ],
                              "toPorts": [
                                "list",
                                [
                                  "object",
                                  {
                                    "listener": [
                                      "object",
                                      {
                                        "envoyConfig": [
                                          "object",
                                          {
                                            "kind": "string",
                                            "name": "string"
                                          }
                                        ],
                                        "name": "string",
                                        "priority": "number"
                                      }
                                    ],
                                    "originatingTLS": [
                                      "object",
                                      {
                                        "certificate": "string",
                                        "privateKey": "string",
                                        "secret": [
                                          "object",
                                          {
                                            "name": "string",
                                            "namespace": "string"
                                          }
                                        ],
                                        "trustedCA": "string"
                                      }
                                    ],
                                    "ports": [
                                      "list",
                                      [
                                        "object",
                                        {
                                          "endPort": "number",
                                          "port": "string",
                                          "protocol": "string"
                                        }
                                      ]
                                    ],
                                    "rules": [
                                      "object",
                                      {
                                        "dns": [
                                          "list",
                                          [
                                            "object",
                                            {
                                              "matchName": "string",
                                              "matchPattern": "string"
                                            }
                                          ]
                                        ],
                                        "http": [
                                          "list",
                                          [
                                            "object",
                                            {
                                              "headerMatches": [
                                                "list",
                                                [
                                                  "object",
                                                  {
                                                    "mismatch": "string",
                                                    "name": "string",
                                                    "secret": [
                                                      "object",
                                                      {
                                                        "name": "string",
                                                        "namespace": "string"
                                                      }
                                                    ],
                                                    "value": "string"
                                                  }
                                                ]
                                              ],
                                              "headers": [
                                                "list",
                                                "string"
                                              ],
                                              "host": "string",
                                              "method": "string",
                                              "path": "string"
                                            }
                                          ]
                                        ]
                                      }
                                    ],
                                    "serverNames": [
                                      "list",
                                      "string"
                                    ],
                                    "terminatingTLS": [
                                      "object",
                                      {
                                        "certificate": "string",
                                        "privateKey": "string",
                                        "secret": [
                                          "object",
                                          {
                                            "name": "string",
                                            "namespace": "string"
                                          }
                                        ],
                                        "trustedCA": "string"
                                      }
                                    ]
                                  }
                                ]
                              ],
                              "toRequires": [
                                "list",
                                "string"
                              ],
                              "toServices": [
                                "list",
                                [
                                  "object",
                                  {
                                    "k8sService": [
                                      "object",
                                      {
                                        "namespace": "string",
                                        "serviceName": "string"
                                      }
                                    ],
                                    "k8sServiceSelector": [
                                      "object",
                                      {
                                        "namespace": "string",
                                        "selector": [
                                          "object",
                                          {
                                            "matchExpressions": [
                                              "list",
                                              [
                                                "object",
                                                {
                                                  "key": "string",
                                                  "operator": "string",
                                                  "values": [
                                                    "list",
                                                    "string"
                                                  ]
                                                }
                                              ]
                                            ],
                                            "matchLabels": [
                                              "map",
                                              "string"
                                            ]
                                          }
                                        ]
                                      }
                                    ]
                                  }
                                ]
                              ]
                            }
                          ]
                        ],
                        "egressDeny": [
                          "list",
                          [
                            "object",
                            {
                              "icmps": [
                                "list",
                                [
                                  "object",
                                  {
                                    "fields": [
                                      "list",
                                      [
                                        "object",
                                        {
                                          "family": "string",
                                          "type": "string"
                                        }
                                      ]
                                    ]
                                  }
                                ]
                              ],
                              "toCIDR": [
                                "list",
                                "string"
                              ],
                              "toCIDRSet": [
                                "list",
                                [
                                  "object",
                                  {
                                    "cidr": "string",
                                    "cidrGroupRef": "string",
                                    "cidrGroupSelector": [
                                      "object",
                                      {
                                        "matchExpressions": [
                                          "list",
                                          [
                                            "object",
                                            {
                                              "key": "string",
                                              "operator": "string",
                                              "values": [
                                                "list",
                                                "string"
                                              ]
                                            }
                                          ]
                                        ],
                                        "matchLabels": [
                                          "map",
                                          "string"
                                        ]
                                      }
                                    ],
                                    "except": [
                                      "list",
                                      "string"
                                    ]
                                  }
                                ]
                              ],
                              "toEndpoints": [
                                "list",
                                [
                                  "object",
                                  {
                                    "matchExpressions": [
                                      "list",
                                      [
                                        "object",
                                        {
                                          "key": "string",
                                          "operator": "string",
                                          "values": [
                                            "list",
                                            "string"
                                          ]
                                        }
                                      ]
                                    ],
                                    "matchLabels": [
                                      "map",
                                      "string"
                                    ]
                                  }
                                ]
                              ],
                              "toEntities": [
                                "list",
                                "string"
                              ],
                              "toGroups": [
                                "list",
                                [
                                  "object",
                                  {
                                    "aws": [
                                      "object",
                                      {
                                        "labels": [
                                          "map",
                                          "string"
                                        ],
                                        "region": "string",
                                        "securityGroupsIds": [
                                          "list",
                                          "string"
                                        ],
                                        "securityGroupsNames": [
                                          "list",
                                          "string"
                                        ]
                                      }
                                    ]
                                  }
                                ]
                              ],
                              "toNodes": [
                                "list",
                                [
                                  "object",
                                  {
                                    "matchExpressions": [
                                      "list",
                                      [
                                        "object",
                                        {
                                          "key": "string",
                                          "operator": "string",
                                          "values": [
                                            "list",
                                            "string"
                                          ]
                                        }
                                      ]
                                    ],
                                    "matchLabels": [
                                      "map",
                                      "string"
                                    ]
                                  }
                                ]
                              ],
                              "toPorts": [
                                "list",
                                [
                                  "object",
                                  {
                                    "ports": [
                                      "list",
                                      [
                                        "object",
                                        {
                                          "endPort": "number",
                                          "port": "string",
                                          "protocol": "string"
                                        }
                                      ]
                                    ]
                                  }
                                ]
                              ],
                              "toRequires": [
                                "list",
                                "string"
                              ],
                              "toServices": [
                                "list",
                                [
                                  "object",
                                  {
                                    "k8sService": [
                                      "object",
                                      {
                                        "namespace": "string",
                                        "serviceName": "string"
                                      }
                                    ],
                                    "k8sServiceSelector": [
                                      "object",
                                      {
                                        "namespace": "string",
                                        "selector": [
                                          "object",
                                          {
                                            "matchExpressions": [
                                              "list",
                                              [
                                                "object",
                                                {
                                                  "key": "string",
                                                  "operator": "string",
                                                  "values": [
                                                    "list",
                                                    "string"
                                                  ]
                                                }
                                              ]
                                            ],
                                            "matchLabels": [
                                              "map",
                                              "string"
                                            ]
                                          }
                                        ]
                                      }
                                    ]
                                  }
                                ]
                              ]
                            }
                          ]
                        ],
                        "enableDefaultDeny": [
                          "object",
                          {
                            "egress": "bool",
                            "ingress": "bool"
                          }
                        ],
                        "endpointSelector": [
                          "object",
                          {
                            "matchExpressions": [
                              "list",
                              [
                                "object",
                                {
                                  "key": "string",
                                  "operator": "string",
                                  "values": [
                                    "list",
                                    "string"
                                  ]
                                }
                              ]
                            ],
                            "matchLabels": [
                              "map",
                              "string"
                            ]
                          }
                        ],
                        "ingress": [
                          "list",
                          [
                            "object",
                            {
                              "authentication": [
                                "object",
                                {
                                  "mode": "string"
                                }
                              ],
                              "fromCIDR": [
                                "list",
                                "string"
                              ],
                              "fromCIDRSet": [
                                "list",
                                [
                                  "object",
                                  {
                                    "cidr": "string",
                                    "cidrGroupRef": "string",
                                    "cidrGroupSelector": [
                                      "object",
                                      {
                                        "matchExpressions": [
                                          "list",
                                          [
                                            "object",
                                            {
                                              "key": "string",
                                              "operator": "string",
                                              "values": [
                                                "list",
                                                "string"
                                              ]
                                            }
                                          ]
                                        ],
                                        "matchLabels": [
                                          "map",
                                          "string"
                                        ]
                                      }
                                    ],
                                    "except": [
                                      "list",
                                      "string"
                                    ]
                                  }
                                ]
                              ],
                              "fromEndpoints": [
                                "list",
                                [
                                  "object",
                                  {
                                    "matchExpressions": [
                                      "list",
                                      [
                                        "object",
                                        {
                                          "key": "string",
                                          "operator": "string",
                                          "values": [
                                            "list",
                                            "string"
                                          ]
                                        }
                                      ]
                                    ],
                                    "matchLabels": [
                                      "map",
                                      "string"
                                    ]
                                  }
                                ]
                              ],
                              "fromEntities": [
                                "list",
                                "string"
                              ],
                              "fromGroups": [
                                "list",
                                [
                                  "object",
                                  {
                                    "aws": [
                                      "object",
                                      {
                                        "labels": [
                                          "map",
                                          "string"
                                        ],
                                        "region": "string",
                                        "securityGroupsIds": [
                                          "list",
                                          "string"
                                        ],
                                        "securityGroupsNames": [
                                          "list",
                                          "string"
                                        ]
                                      }
                                    ]
                                  }
                                ]
                              ],
                              "fromNodes": [
                                "list",
                                [
                                  "object",
                                  {
                                    "matchExpressions": [
                                      "list",
                                      [
                                        "object",
                                        {
                                          "key": "string",
                                          "operator": "string",
                                          "values": [
                                            "list",
                                            "string"
                                          ]
                                        }
                                      ]
                                    ],
                                    "matchLabels": [
                                      "map",
                                      "string"
                                    ]
                                  }
                                ]
                              ],
                              "fromRequires": [
                                "list",
                                "string"
                              ],
                              "icmps": [
                                "list",
                                [
                                  "object",
                                  {
                                    "fields": [
                                      "list",
                                      [
                                        "object",
                                        {
                                          "family": "string",
                                          "type": "string"
                                        }
                                      ]
                                    ]
                                  }
                                ]
                              ],
                              "toPorts": [
                                "list",
                                [
                                  "object",
                                  {
                                    "listener": [
                                      "object",
                                      {
                                        "envoyConfig": [
                                          "object",
                                          {
                                            "kind": "string",
                                            "name": "string"
                                          }
                                        ],
                                        "name": "string",
                                        "priority": "number"
                                      }
                                    ],
                                    "originatingTLS": [
                                      "object",
                                      {
                                        "certificate": "string",
                                        "privateKey": "string",
                                        "secret": [
                                          "object",
                                          {
                                            "name": "string",
                                            "namespace": "string"
                                          }
                                        ],
                                        "trustedCA": "string"
                                      }
                                    ],
                                    "ports": [
                                      "list",
                                      [
                                        "object",
                                        {
                                          "endPort": "number",
                                          "port": "string",
                                          "protocol": "string"
                                        }
                                      ]
                                    ],
                                    "rules": [
                                      "object",
                                      {
                                        "dns": [
                                          "list",
                                          [
                                            "object",
                                            {
                                              "matchName": "string",
                                              "matchPattern": "string"
                                            }
                                          ]
                                        ],
                                        "http": [
                                          "list",
                                          [
                                            "object",
                                            {
                                              "headerMatches": [
                                                "list",
                                                [
                                                  "object",
                                                  {
                                                    "mismatch": "string",
                                                    "name": "string",
                                                    "secret": [
                                                      "object",
                                                      {
                                                        "name": "string",
                                                        "namespace": "string"
                                                      }
                                                    ],
                                                    "value": "string"
                                                  }
                                                ]
                                              ],
                                              "headers": [
                                                "list",
                                                "string"
                                              ],
                                              "host": "string",
                                              "method": "string",
                                              "path": "string"
                                            }
                                          ]
                                        ]
                                      }
                                    ],
                                    "serverNames": [
                                      "list",
                                      "string"
                                    ],
                                    "terminatingTLS": [
                                      "object",
                                      {
                                        "certificate": "string",
                                        "privateKey": "string",
                                        "secret": [
                                          "object",
                                          {
                                            "name": "string",
                                            "namespace": "string"
                                          }
                                        ],
                                        "trustedCA": "string"
                                      }
                                    ]
                                  }
                                ]
                              ]
                            }
                          ]
                        ],
                        "ingressDeny": [
                          "list",
                          [
                            "object",
                            {
                              "fromCIDR": [
                                "list",
                                "string"
                              ],
                              "fromCIDRSet": [
                                "list",
                                [
                                  "object",
                                  {
                                    "cidr": "string",
                                    "cidrGroupRef": "string",
                                    "cidrGroupSelector": [
                                      "object",
                                      {
                                        "matchExpressions": [
                                          "list",
                                          [
                                            "object",
                                            {
                                              "key": "string",
                                              "operator": "string",
                                              "values": [
                                                "list",
                                                "string"
                                              ]
                                            }
                                          ]
                                        ],
                                        "matchLabels": [
                                          "map",
                                          "string"
                                        ]
                                      }
                                    ],
                                    "except": [
                                      "list",
                                      "string"
                                    ]
                                  }
                                ]
                              ],
                              "fromEndpoints": [
                                "list",
                                [
                                  "object",
                                  {
                                    "matchExpressions": [
                                      "list",
                                      [
                                        "object",
                                        {
                                          "key": "string",
                                          "operator": "string",
                                          "values": [
                                            "list",
                                            "string"
                                          ]
                                        }
                                      ]
                                    ],
                                    "matchLabels": [
                                      "map",
                                      "string"
                                    ]
                                  }
                                ]
                              ],
                              "fromEntities": [
                                "list",
                                "string"
                              ],
                              "fromGroups": [
                                "list",
                                [
                                  "object",
                                  {
                                    "aws": [
                                      "object",
                                      {
                                        "labels": [
                                          "map",
                                          "string"
                                        ],
                                        "region": "string",
                                        "securityGroupsIds": [
                                          "list",
                                          "string"
                                        ],
                                        "securityGroupsNames": [
                                          "list",
                                          "string"
                                        ]
                                      }
                                    ]
                                  }
                                ]
                              ],
                              "fromNodes": [
                                "list",
                                [
                                  "object",
                                  {
                                    "matchExpressions": [
                                      "list",
                                      [
                                        "object",
                                        {
                                          "key": "string",
                                          "operator": "string",
                                          "values": [
                                            "list",
                                            "string"
                                          ]
                                        }
                                      ]
                                    ],
                                    "matchLabels": [
                                      "map",
                                      "string"
                                    ]
                                  }
                                ]
                              ],
                              "fromRequires": [
                                "list",
                                "string"
                              ],
                              "icmps": [
                                "list",
                                [
                                  "object",
                                  {
                                    "fields": [
                                      "list",
                                      [
                                        "object",
                                        {
                                          "family": "string",
                                          "type": "string"
                                        }
                                      ]
                                    ]
                                  }
                                ]
                              ],
                              "toPorts": [
                                "list",
                                [
                                  "object",
                                  {
                                    "ports": [
                                      "list",
                                      [
                                        "object",
                                        {
                                          "endPort": "number",
                                          "port": "string",
                                          "protocol": "string"
                                        }
                                      ]
                                    ]
                                  }
                                ]
                              ]
                            }
                          ]
                        ],
                        "labels": [
                          "list",
                          [
                            "object",
                            {
                              "key": "string",
                              "source": "string",
                              "value": "string"
                            }
                          ]
                        ],
                        "log": [
                          "object",
                          {
                            "value": "string"
                          }
                        ],
                        "nodeSelector": [
                          "object",
                          {
                            "matchExpressions": [
                              "list",
                              [
                                "object",
                                {
                                  "key": "string",
                                  "operator": "string",
                                  "values": [
                                    "list",
                                    "string"
                                  ]
                                }
                              ]
                            ],
                            "matchLabels": [
                              "map",
                              "string"
                            ]
                          }
                        ]
                      }
                    ]
                  ]
                }
              ]
            },
            "timeouts": [],
            "wait": [],
            "wait_for": null
          },
          "sensitive_attributes": [],
          "identity_schema_version": 1,
          "identity": {
            "api_version": "cilium.io/v2",
            "kind": "CiliumNetworkPolicy",
            "name": "default-deny-cross-tenant",
            "namespace": "tenant-b"
          },
          "dependencies": [
            "data.aws_eks_cluster_auth.this",
            "module.cilium.helm_release.cilium",
            "module.cilium.kubernetes_namespace_v1.tenant",
            "module.eks_cluster.aws_eks_cluster.this",
            "module.eks_cluster.aws_iam_role.cluster",
            "module.eks_cluster.aws_iam_role_policy_attachment.cluster_policy",
            "module.node_group.aws_eks_node_group.this",
            "module.node_group.aws_iam_role.node",
            "module.node_group.aws_iam_role_policy_attachment.cni",
            "module.node_group.aws_iam_role_policy_attachment.ecr_read",
            "module.node_group.aws_iam_role_policy_attachment.worker_node",
            "module.vpc.aws_subnet.this",
            "module.vpc.aws_vpc.this"
          ]
        }
      ]
    },
    {
      "module": "module.eks_cluster",
      "mode": "data",
      "type": "tls_certificate",
      "name": "oidc",
      "provider": "provider[\"registry.terraform.io/hashicorp/tls\"]",
      "instances": [
        {
          "schema_version": 0,
          "attributes": {
            "certificates": [
              {
                "cert_pem": "-----BEGIN CERTIFICATE-----\nMIIEkjCCA3qgAwIBAgITBn+USionzfP6wq4rAfkI7rnExjANBgkqhkiG9w0BAQsF\nADCBmDELMAkGA1UEBhMCVVMxEDAOBgNVBAgTB0FyaXpvbmExEzARBgNVBAcTClNj\nb3R0c2RhbGUxJTAjBgNVBAoTHFN0YXJmaWVsZCBUZWNobm9sb2dpZXMsIEluYy4x\nOzA5BgNVBAMTMlN0YXJmaWVsZCBTZXJ2aWNlcyBSb290IENlcnRpZmljYXRlIEF1\ndGhvcml0eSAtIEcyMB4XDTE1MDUyNTEyMDAwMFoXDTM3MTIzMTAxMDAwMFowOTEL\nMAkGA1UEBhMCVVMxDzANBgNVBAoTBkFtYXpvbjEZMBcGA1UEAxMQQW1hem9uIFJv\nb3QgQ0EgMTCCASIwDQYJKoZIhvcNAQEBBQADggEPADCCAQoCggEBALJ4gHHKeNXj\nca9HgFB0fW7Y14h29Jlo91ghYPl0hAEvrAIthtOgQ3pOsqTQNroBvo3bSMgHFzZM\n9O6II8c+6zf1tRn4SWiw3te5djgdYZ6k/oI2peVKVuRF4fn9tBb6dNqcmzU5L/qw\nIFAGbHrQgLKm+a/sRxmPUDgH3KKHOVj4utWp+UhnMJbulHheb4mjUcAwhmahRWa6\nVOujw5H5SNz/0egwLX0tdHA114gk957EWW67c4cX8jJGKLhD+rcdqsq08p8kDi1L\n93FcXmn/6pUCyziKrlA4b9v7LWIbxcceVOF34GfID5yHI9Y/QCB/IIDEgEw+OyQm\njgSubJrIqg0CAwEAAaOCATEwggEtMA8GA1UdEwEB/wQFMAMBAf8wDgYDVR0PAQH/\nBAQDAgGGMB0GA1UdDgQWBBSEGMyFNOy8DJSULghZnMeyEE4KCDAfBgNVHSMEGDAW\ngBScXwDfqgHXMCs4iKK4bUqc8hGRgzB4BggrBgEFBQcBAQRsMGowLgYIKwYBBQUH\nMAGGImh0dHA6Ly9vY3NwLnJvb3RnMi5hbWF6b250cnVzdC5jb20wOAYIKwYBBQUH\nMAKGLGh0dHA6Ly9jcnQucm9vdGcyLmFtYXpvbnRydXN0LmNvbS9yb290ZzIuY2Vy\nMD0GA1UdHwQ2MDQwMqAwoC6GLGh0dHA6Ly9jcmwucm9vdGcyLmFtYXpvbnRydXN0\nLmNvbS9yb290ZzIuY3JsMBEGA1UdIAQKMAgwBgYEVR0gADANBgkqhkiG9w0BAQsF\nAAOCAQEAYjdCXLwQtT6LLOkMm2xF4gcAevnFWAu5CIw+7bMlPLVvUOTNNWqnkzSW\nMiGpSESrnO09tKpzbeR/FoCJbM8oAxiDR3mjEH4wW6w7sGDgd9QIpuEdfF7Au/ma\neyKdpwAJfqxGF4PcnCZXmTA5YpaP7dreqsXMGz7KQ2hsVxa81Q4gLv7/wmpdLqBK\nbRRYh5TmOTFffHPLkIhqhBGWJ6bt2YFGpn6jcgAKUj6DiAdjd4lpFw85hdKrCEVN\n0FE6/V1dN2RMfjCyVSRCnTawXZwXgWHxyvkQAiSr6w10kY17RSlQOYiypok1JR4U\nakcjMS9cmvqtmg5iUaQqqcT5NJ0hGA==\n-----END CERTIFICATE-----\n",
                "is_ca": true,
                "issuer": "CN=Starfield Services Root Certificate Authority - G2,O=Starfield Technologies\\, Inc.,L=Scottsdale,ST=Arizona,C=US",
                "max_path_length": -1,
                "not_after": "2037-12-31T01:00:00Z",
                "not_before": "2015-05-25T12:00:00Z",
                "public_key_algorithm": "RSA",
                "serial_number": "144918191876577076464031512351042010504348870",
                "sha1_fingerprint": "06b25927c42a721631c1efd9431e648fa62e1e39",
                "signature_algorithm": "SHA256-RSA",
                "subject": "CN=Amazon Root CA 1,O=Amazon,C=US",
                "version": 3
              },
              {
                "cert_pem": "-----BEGIN CERTIFICATE-----\nMIIEXjCCA0agAwIBAgITB3MSOAudZoijOx7Zv5zNpo4ODzANBgkqhkiG9w0BAQsF\nADA5MQswCQYDVQQGEwJVUzEPMA0GA1UEChMGQW1hem9uMRkwFwYDVQQDExBBbWF6\nb24gUm9vdCBDQSAxMB4XDTIyMDgyMzIyMjEyOFoXDTMwMDgyMzIyMjEyOFowPDEL\nMAkGA1UEBhMCVVMxDzANBgNVBAoTBkFtYXpvbjEcMBoGA1UEAxMTQW1hem9uIFJT\nQSAyMDQ4IE0wMTCCASIwDQYJKoZIhvcNAQEBBQADggEPADCCAQoCggEBAOtxLKnL\nH4gokjIwr4pXD3i3NyWVVYesZ1yX0yLI2qIUZ2t88Gfa4gMqs1YSXca1R/lnCKeT\nepWSGA+0+fkQNpp/L4C2T7oTTsddUx7g3ZYzByDTlrwS5HRQQqEFE3O1T5tEJP4t\nf+28IoXsNiEzl3UGzicYgtzj2cWCB41eJgEmJmcf2T8TzzK6a614ZPyq/w4CPAff\nnAV4coz96nW3AyiE2uhuB4zQUIXvgVSycW7sbWLvj5TDXunEpNCRwC4kkZjK7rol\njtT2cbb7W2s4Bkg3R42G3PLqBvt2N32e/0JOTViCk8/iccJ4sXqrS1uUN4iB5Nmv\nJK74csVl+0u0UecCAwEAAaOCAVowggFWMBIGA1UdEwEB/wQIMAYBAf8CAQAwDgYD\nVR0PAQH/BAQDAgGGMB0GA1UdJQQWMBQGCCsGAQUFBwMBBggrBgEFBQcDAjAdBgNV\nHQ4EFgQUgbgOY4qJEhjl+js7UJWf5uWQE4UwHwYDVR0jBBgwFoAUhBjMhTTsvAyU\nlC4IWZzHshBOCggwewYIKwYBBQUHAQEEbzBtMC8GCCsGAQUFBzABhiNodHRwOi8v\nb2NzcC5yb290Y2ExLmFtYXpvbnRydXN0LmNvbTA6BggrBgEFBQcwAoYuaHR0cDov\nL2NydC5yb290Y2ExLmFtYXpvbnRydXN0LmNvbS9yb290Y2ExLmNlcjA/BgNVHR8E\nODA2MDSgMqAwhi5odHRwOi8vY3JsLnJvb3RjYTEuYW1hem9udHJ1c3QuY29tL3Jv\nb3RjYTEuY3JsMBMGA1UdIAQMMAowCAYGZ4EMAQIBMA0GCSqGSIb3DQEBCwUAA4IB\nAQCtAN4CBSMuBjJitGuxlBbkEUDeK/pZwTXv4KqPK0G50fOHOQAd8j21p0cMBgbG\nkfMHVwLU7b0XwZCav0h1ogdPMN1KakK1DT0VwA/+hFvGPJnMV1Kx2G4S1ZaSk0uU\n5QfoiYIIano01J5k4T2HapKQmmOhS/iPtuo00wW+IMLeBuKMn3OLn005hcrOGTad\nhcmeyfhQP7Z+iKHvyoQGi1C0ClymHETx/chhQGDyYSWqB/THwnN15AwLQo0E5V9E\nSJlbe4mBlqeInUsNYugExNf+tOiybcrswBy8OFsd34XOW3rjSUtsuafd9AWySa3h\nxRRrwszrzX/WWGm6wyB+f7C4\n-----END CERTIFICATE-----\n",
                "is_ca": true,
                "issuer": "CN=Amazon Root CA 1,O=Amazon,C=US",
                "max_path_length": 0,
                "not_after": "2030-08-23T22:21:28Z",
                "not_before": "2022-08-23T22:21:28Z",
                "public_key_algorithm": "RSA",
                "serial_number": "166129328851546858514271303855646110030630415",
                "sha1_fingerprint": "2ad974a775f73cbdbbd8f5ac3a49255fa8fb1f8c",
                "signature_algorithm": "SHA256-RSA",
                "subject": "CN=Amazon RSA 2048 M01,O=Amazon,C=US",
                "version": 3
              },
              {
                "cert_pem": "-----BEGIN CERTIFICATE-----\nMIIF3DCCBMSgAwIBAgIQDWSUrLO5Y9qkm2y4CpQ/CTANBgkqhkiG9w0BAQsFADA8\nMQswCQYDVQQGEwJVUzEPMA0GA1UEChMGQW1hem9uMRwwGgYDVQQDExNBbWF6b24g\nUlNBIDIwNDggTTAxMB4XDTI2MDEyNzAwMDAwMFoXDTI3MDIyNTIzNTk1OVowKDEm\nMCQGA1UEAwwdKi5la3MudXMtZWFzdC0xLmFtYXpvbmF3cy5jb20wggEiMA0GCSqG\nSIb3DQEBAQUAA4IBDwAwggEKAoIBAQDjfWC3ScmP3Yt3ENQgpvZzbXg3ZqdR+F5k\n/SIXqF2RRdrDIu3B0CivVPkNbZxS4dUjum7WHRV3+cjhne679pLBzKp/aCqycyVr\nqiGvPsCOywSNgCQ7KGZ7fR9L0o4eQ5vsotNTjF1HDkoVGdjDt8qjFedVngnnLZ2f\n9E/tACJHoCXLbg1BLI/0xXQKZqLiLGUgcLhnZjYn6AW8QgXgGyJMwHo6n13wf8uY\n3RAaOWMsTglOfMrPMKclQBwh4OaWzHD3SLXnjAvdtuErZGWSz01pRY89FfxZWtSf\nxGG+ERvHMAoM2lIbV74Bs0B+qVVAxP658rpMbPevtRrlj+fYkFzvAgMBAAGjggLs\nMIIC6DAfBgNVHSMEGDAWgBSBuA5jiokSGOX6OztQlZ/m5ZAThTAdBgNVHQ4EFgQU\npzXKZp4CIP0/n8bNGf3YAZVaFtIwKAYDVR0RBCEwH4IdKi5la3MudXMtZWFzdC0x\nLmFtYXpvbmF3cy5jb20wEwYDVR0gBAwwCjAIBgZngQwBAgEwDgYDVR0PAQH/BAQD\nAgWgMBMGA1UdJQQMMAoGCCsGAQUFBwMBMDsGA1UdHwQ0MDIwMKAuoCyGKmh0dHA6\nLy9jcmwucjJtMDEuYW1hem9udHJ1c3QuY29tL3IybTAxLmNybDB1BggrBgEFBQcB\nAQRpMGcwLQYIKwYBBQUHMAGGIWh0dHA6Ly9vY3NwLnIybTAxLmFtYXpvbnRydXN0\nLmNvbTA2BggrBgEFBQcwAoYqaHR0cDovL2NydC5yMm0wMS5hbWF6b250cnVzdC5j\nb20vcjJtMDEuY2VyMAwGA1UdEwEB/wQCMAAwggF+BgorBgEEAdZ5AgQCBIIBbgSC\nAWoBaAB1AExj3JjlnB2riPYeij3ero+rRKM3e1+blMP7oZz8wb4mAAABm/3p2vcA\nAAQDAEYwRAIgOCwhiOx8FXqVNu1L+Mv2q8pJCKzIqLFwCE6VAugMkb0CIBu7W9o8\nRWfC1A9XjVWFxJ0uIquBPcEycQMNc8pRKAJFAHcAHJ9oLOn68EVpUPgbloqH3dsy\nENhM5siy44JSSsTPWZ8AAAGb/ena3wAABAMASDBGAiEAjAu69L5N17FqPfmXSt1v\ngM+df4yz50M/fb2LDfmx+xECIQC3B3aoHVNsjqYMmqwQgR4ViKIREwNzCYKBm+W0\nGnlwnwB2AGBMmq96f3dfAdQG/JINyJnrCxx9+MlSG/r6F3c7l4vJAAABm/3p28gA\nAAQDAEcwRQIgMiBVCk6C4EylG885QJIv8X2wpplMtdWJxyt3JVQ56NUCIQC6uZDM\nw0VrwTXkW4eLg73D5Z89Z8tadQwizoXyjBAaYjANBgkqhkiG9w0BAQsFAAOCAQEA\nHMEZInJfTjgc0JTF+C7ZR/8rk1c511SMI9RcmNjnrkoP3pBPQTSEU92bGaCYvOYO\nRMB1bAOk/Ql9kDBSRDcKiOz8wPWZBgyJZRMSVyO5WbLM//8jsP83vmvFNbSo7Tuk\n5R6KAtzOMOymwITZeM6k4saoyB847rmlPDIkD/RRM0Col+Ik8+V3HSdHsnrA/3Ep\n1ICdUJvE0M9oEnbO2DWrCz6yOuz0AcfcmMGTBLqlsFdoJpcXj7c1QcCJaK1B7qaQ\nuQXdywqElVO6BrBxHQROLxjLHXMNblOzvrXYWGkhiQ+0cYYCMBtbhpphhebxnUBV\nuCxvp9/yY1GmsG6lwzLYEw==\n-----END CERTIFICATE-----\n",
                "is_ca": false,
                "issuer": "CN=Amazon RSA 2048 M01,O=Amazon,C=US",
                "max_path_length": -1,
                "not_after": "2027-02-25T23:59:59Z",
                "not_before": "2026-01-27T00:00:00Z",
                "public_key_algorithm": "RSA",
                "serial_number": "17802209110544621593474031143248740105",
                "sha1_fingerprint": "37647fee5fc063960139521aa2400c75db27825b",
                "signature_algorithm": "SHA256-RSA",
                "subject": "CN=*.eks.us-east-1.amazonaws.com",
                "version": 3
              }
            ],
            "content": null,
            "id": "b1b539daa206035ae3c3e28288b0681fa1b462f3",
            "url": "https://oidc.eks.us-east-1.amazonaws.com/id/2C35D6C58512E15B0F2910E4A16FF4C0",
            "verify_chain": true
          },
          "sensitive_attributes": [],
          "identity_schema_version": 0
        }
      ]
    },
    {
      "module": "module.eks_cluster",
      "mode": "managed",
      "type": "aws_eks_cluster",
      "name": "this",
      "provider": "provider[\"registry.terraform.io/hashicorp/aws\"]",
      "instances": [
        {
          "schema_version": 1,
          "attributes": {
            "access_config": [
              {
                "authentication_mode": "CONFIG_MAP",
                "bootstrap_cluster_creator_admin_permissions": true
              }
            ],
            "arn": "arn:aws:eks:us-east-1:789288816621:cluster/ztap-bridge",
            "bootstrap_self_managed_addons": true,
            "certificate_authority": [
              {
                "data": "LS0tLS1CRUdJTiBDRVJUSUZJQ0FURS0tLS0tCk1JSURNakNDQWhxZ0F3SUJBZ0lSQVBieHRlSlorTUwyc1BwQVZTNlhhYk13RFFZSktvWklodmNOQVFFTEJRQXcKSnpFUU1BNEdBMVVFQ2hNSFFWZFRJRVZMVXpFVE1CRUdBMVVFQXhNS2EzVmlaWEp1WlhSbGN6QWVGdzB5TmpBNQpNVFV5TVRNNU5UaGFGdzB6TVRBNU1UUXlNVE01TlRoYU1DY3hFREFPQmdOVkJBb1RCMEZYVXlCRlMxTXhFekFSCkJnTlZCQU1UQ210MVltVnlibVYwWlhNd2dnRWlNQTBHQ1NxR1NJYjNEUUVCQVFVQUE0SUJEd0F3Z2dFS0FvSUIKQVFEVHpNaWFBT3pBR1B2M2V4YVZWTzU1Q01aMVljbEFXTnVwWUFSQTlKZzJKVGJabGIwQWFsWlprc3lJVUxiTgp6czV6QUdia29jRXhka3NaeHhUbU5RMFpCa1pWVDV6SHBzbVVPSSs4clptZ0V5VDhBQlBYQUtxTmJVcC8zZVp4Ckd1dDJQdFpVcG1ZeGRYUEZRSC9OSlU4VFFzTjI2N3o0WHczbGJDNjBaakZlM2Fadk96ZnlBNEZ0N3RrYmFSKzQKaTVtR1Y3Tllqb1M2dE03WWJpY0pRaGRSM04yaVRIUHMrUGFSMjNUZ3RkZ1ZxWXMvT25Zby96R01aZjVMbUZRdApybkFEcWVaL0JjOG1TWEJxSnpQVy9LMEticTJvMDZocnFTZURIOUtkeTlVbnBtZWU1RTh2R3VMZ0VNelpUVFdTCjdqQ1ppZkZVVVlPbGNLVjZoYldRdnJQdkFnTUJBQUdqV1RCWE1BNEdBMVVkRHdFQi93UUVBd0lDcERBUEJnTlYKSFJNQkFmOEVCVEFEQVFIL01CMEdBMVVkRGdRV0JCVDZyWlBIZk9qRDh2L05RMXdualJKdWdqK2pvekFWQmdOVgpIUkVFRGpBTWdncHJkV0psY201bGRHVnpNQTBHQ1NxR1NJYjNEUUVCQ3dVQUE0SUJBUUNzUlRjTitqTkJpeDk5CjNNbi9rdXltZ25XaWdhSEllMlRLZk1jUXZvQ1N1NzYvWTJlcWdWMUNjL2dRMVJlVzhCOEdocTExd2p3RmFHSE4KaEhNWHBQcXY5QU9YWURRZ3RLcDY1dkxadUtsZjNuUEVzQTk3TmZWQXljbXRkYTIzMXo3WkY3WHoxTXhlajZOZgppNmQ3S2ZESDB3REJWdmNwSGtPZy95Nlpsd2FxWWIrVzNnOFgzbm4xbEJMSnJsWnpBRDNiTEJPMHB0ZCt4MXBiCnVUbXQvSzE5THBsVHZxenMveHowRDFSZVIwbVpTejYzYUxkMmY1b0F5SU9VcE5ENWNib29kdks1L2pFN2hLR3MKdWk4NE52NVcrV3FNaS9LY3lyUmJBbVBWUUdEcDQyNTlPSVhZVll0Qkp3TEFNUVBPekI3QTRONXVWZlErSXU5dgpBMm93YzJLRgotLS0tLUVORCBDRVJUSUZJQ0FURS0tLS0tCg=="
              }
            ],
            "cluster_id": null,
            "compute_config": [
              {
                "enabled": false,
                "node_pools": [],
                "node_role_arn": ""
              }
            ],
            "control_plane_scaling_config": [
              {
                "tier": "standard"
              }
            ],
            "created_at": "2026-09-15T21:39:42Z",
            "deletion_protection": false,
            "enabled_cluster_log_types": [],
            "encryption_config": [],
            "endpoint": "https://2C35D6C58512E15B0F2910E4A16FF4C0.yl4.us-east-1.eks.amazonaws.com",
            "force_update_version": null,
            "id": "ztap-bridge",
            "identity": [
              {
                "oidc": [
                  {
                    "issuer": "https://oidc.eks.us-east-1.amazonaws.com/id/2C35D6C58512E15B0F2910E4A16FF4C0"
                  }
                ]
              }
            ],
            "kube_api_server_config": [
              {
                "event_ttl": "60m",
                "service_node_port_range": [
                  {
                    "max_port": 32767,
                    "min_port": 30000
                  }
                ]
              }
            ],
            "kube_controller_manager_config": [
              {
                "horizontal_pod_autoscaler_controller_config": [
                  {
                    "horizontal_pod_autoscaler_sync_period": "15s"
                  }
                ],
                "pod_gc_controller_config": [
                  {
                    "terminated_pod_gc_threshold": 12500
                  }
                ]
              }
            ],
            "kube_scheduler_config": [
              {
                "node_resources_fit": [
                  {
                    "scoring_strategy": [
                      {
                        "resource": [
                          {
                            "name": "cpu",
                            "weight": 1
                          },
                          {
                            "name": "memory",
                            "weight": 1
                          }
                        ],
                        "type": "LeastAllocated"
                      }
                    ]
                  }
                ]
              }
            ],
            "kubernetes_network_config": [
              {
                "elastic_load_balancing": [
                  {
                    "enabled": false
                  }
                ],
                "ip_family": "ipv4",
                "service_ipv4_cidr": "172.20.0.0/16",
                "service_ipv6_cidr": ""
              }
            ],
            "name": "ztap-bridge",
            "outpost_config": [],
            "platform_version": "eks.70",
            "region": "us-east-1",
            "remote_network_config": [],
            "role_arn": "arn:aws:iam::789288816621:role/ztap-bridge-cluster-role",
            "status": "ACTIVE",
            "storage_config": [
              {
                "block_storage": [
                  {
                    "enabled": false
                  }
                ]
              }
            ],
            "tags": {},
            "tags_all": {},
            "timeouts": null,
            "upgrade_policy": [
              {
                "support_type": "EXTENDED"
              }
            ],
            "version": "1.31",
            "vpc_config": [
              {
                "cluster_security_group_id": "sg-09e5606702b6a9120",
                "control_plane_egress_mode": "AWS_MANAGED",
                "endpoint_private_access": false,
                "endpoint_public_access": true,
                "public_access_cidrs": [
                  "0.0.0.0/0"
                ],
                "security_group_ids": [],
                "subnet_ids": [
                  "subnet-0372bcb3974a249e0",
                  "subnet-0760a1ccfccfbd12e"
                ],
                "vpc_id": "vpc-058b10507160622b9"
              }
            ],
            "zonal_shift_config": []
          },
          "sensitive_attributes": [],
          "identity_schema_version": 0,
          "identity": {
            "account_id": "789288816621",
            "name": "ztap-bridge",
            "region": "us-east-1"
          },
          "private": "eyJlMmJmYjczMC1lY2FhLTExZTYtOGY4OC0zNDM2M2JjN2M0YzAiOnsiY3JlYXRlIjoxODAwMDAwMDAwMDAwLCJkZWxldGUiOjkwMDAwMDAwMDAwMCwidXBkYXRlIjozNjAwMDAwMDAwMDAwfSwic2NoZW1hX3ZlcnNpb24iOiIxIn0=",
          "dependencies": [
            "module.eks_cluster.aws_iam_role.cluster",
            "module.eks_cluster.aws_iam_role_policy_attachment.cluster_policy",
            "module.vpc.aws_subnet.this",
            "module.vpc.aws_vpc.this"
          ]
        }
      ]
    },
    {
      "module": "module.eks_cluster",
      "mode": "managed",
      "type": "aws_iam_openid_connect_provider",
      "name": "this",
      "provider": "provider[\"registry.terraform.io/hashicorp/aws\"]",
      "instances": [
        {
          "schema_version": 0,
          "attributes": {
            "arn": "arn:aws:iam::789288816621:oidc-provider/oidc.eks.us-east-1.amazonaws.com/id/2C35D6C58512E15B0F2910E4A16FF4C0",
            "client_id_list": [
              "sts.amazonaws.com"
            ],
            "id": "arn:aws:iam::789288816621:oidc-provider/oidc.eks.us-east-1.amazonaws.com/id/2C35D6C58512E15B0F2910E4A16FF4C0",
            "tags": {},
            "tags_all": {},
            "thumbprint_list": [
              "06b25927c42a721631c1efd9431e648fa62e1e39"
            ],
            "url": "oidc.eks.us-east-1.amazonaws.com/id/2C35D6C58512E15B0F2910E4A16FF4C0"
          },
          "sensitive_attributes": [],
          "identity_schema_version": 0,
          "identity": {
            "arn": "arn:aws:iam::789288816621:oidc-provider/oidc.eks.us-east-1.amazonaws.com/id/2C35D6C58512E15B0F2910E4A16FF4C0"
          },
          "private": "bnVsbA==",
          "dependencies": [
            "module.eks_cluster.aws_eks_cluster.this",
            "module.eks_cluster.aws_iam_role.cluster",
            "module.eks_cluster.aws_iam_role_policy_attachment.cluster_policy",
            "module.eks_cluster.data.tls_certificate.oidc",
            "module.vpc.aws_subnet.this",
            "module.vpc.aws_vpc.this"
          ]
        }
      ]
    },
    {
      "module": "module.eks_cluster",
      "mode": "managed",
      "type": "aws_iam_role",
      "name": "cluster",
      "provider": "provider[\"registry.terraform.io/hashicorp/aws\"]",
      "instances": [
        {
          "schema_version": 0,
          "attributes": {
            "arn": "arn:aws:iam::789288816621:role/ztap-bridge-cluster-role",
            "assume_role_policy": "{\"Statement\":[{\"Action\":\"sts:AssumeRole\",\"Effect\":\"Allow\",\"Principal\":{\"Service\":\"eks.amazonaws.com\"}}],\"Version\":\"2012-10-17\"}",
            "create_date": "2026-09-15T21:07:40Z",
            "description": "",
            "force_detach_policies": false,
            "id": "ztap-bridge-cluster-role",
            "inline_policy": [],
            "managed_policy_arns": [
              "arn:aws:iam::aws:policy/AmazonEKSClusterPolicy"
            ],
            "max_session_duration": 3600,
            "name": "ztap-bridge-cluster-role",
            "name_prefix": "",
            "path": "/",
            "permissions_boundary": "",
            "tags": {},
            "tags_all": {},
            "unique_id": "AROA3PRKHR7WTV5KMHJJ6"
          },
          "sensitive_attributes": [],
          "identity_schema_version": 0,
          "identity": {
            "account_id": "789288816621",
            "name": "ztap-bridge-cluster-role"
          },
          "private": "bnVsbA=="
        }
      ]
    },
    {
      "module": "module.eks_cluster",
      "mode": "managed",
      "type": "aws_iam_role_policy_attachment",
      "name": "cluster_policy",
      "provider": "provider[\"registry.terraform.io/hashicorp/aws\"]",
      "instances": [
        {
          "schema_version": 0,
          "attributes": {
            "id": "ztap-bridge-cluster-role/arn:aws:iam::aws:policy/AmazonEKSClusterPolicy",
            "policy_arn": "arn:aws:iam::aws:policy/AmazonEKSClusterPolicy",
            "role": "ztap-bridge-cluster-role"
          },
          "sensitive_attributes": [],
          "identity_schema_version": 0,
          "identity": {
            "account_id": "789288816621",
            "policy_arn": "arn:aws:iam::aws:policy/AmazonEKSClusterPolicy",
            "role": "ztap-bridge-cluster-role"
          },
          "private": "bnVsbA==",
          "dependencies": [
            "module.eks_cluster.aws_iam_role.cluster"
          ]
        }
      ]
    },
    {
      "module": "module.node_group",
      "mode": "managed",
      "type": "aws_eks_node_group",
      "name": "this",
      "provider": "provider[\"registry.terraform.io/hashicorp/aws\"]",
      "instances": [
        {
          "schema_version": 0,
          "attributes": {
            "ami_type": "AL2023_x86_64_STANDARD",
            "arn": "arn:aws:eks:us-east-1:789288816621:nodegroup/ztap-bridge/ztap-bridge-nodes/ead05618-f079-ac0d-faaa-1bd3420041e1",
            "capacity_type": "SPOT",
            "cluster_name": "ztap-bridge",
            "disk_size": 20,
            "force_update_version": null,
            "id": "ztap-bridge:ztap-bridge-nodes",
            "instance_types": [
              "t3.xlarge"
            ],
            "labels": {},
            "launch_template": [],
            "node_group_name": "ztap-bridge-nodes",
            "node_group_name_prefix": "",
            "node_repair_config": [],
            "node_role_arn": "arn:aws:iam::789288816621:role/ztap-bridge-node-role",
            "region": "us-east-1",
            "release_version": "1.31.14-20260911",
            "remote_access": [],
            "resources": [
              {
                "autoscaling_groups": [
                  {
                    "name": "eks-ztap-bridge-nodes-ead05618-f079-ac0d-faaa-1bd3420041e1"
                  }
                ],
                "remote_access_security_group_id": ""
              }
            ],
            "scaling_config": [
              {
                "desired_size": 2,
                "max_size": 4,
                "min_size": 2
              }
            ],
            "status": "ACTIVE",
            "subnet_ids": [
              "subnet-0372bcb3974a249e0",
              "subnet-0760a1ccfccfbd12e"
            ],
            "tags": {},
            "tags_all": {},
            "taint": [],
            "timeouts": null,
            "update_config": [
              {
                "max_unavailable": 1,
                "max_unavailable_percentage": 0,
                "update_strategy": ""
              }
            ],
            "version": "1.31",
            "warm_pool_config": []
          },
          "sensitive_attributes": [],
          "identity_schema_version": 0,
          "identity": {
            "account_id": "789288816621",
            "cluster_name": "ztap-bridge",
            "node_group_name": "ztap-bridge-nodes",
            "region": "us-east-1"
          },
          "private": "eyJlMmJmYjczMC1lY2FhLTExZTYtOGY4OC0zNDM2M2JjN2M0YzAiOnsiY3JlYXRlIjozNjAwMDAwMDAwMDAwLCJkZWxldGUiOjM2MDAwMDAwMDAwMDAsInVwZGF0ZSI6MzYwMDAwMDAwMDAwMH19",
          "dependencies": [
            "module.eks_cluster.aws_eks_cluster.this",
            "module.eks_cluster.aws_iam_role.cluster",
            "module.eks_cluster.aws_iam_role_policy_attachment.cluster_policy",
            "module.node_group.aws_iam_role.node",
            "module.node_group.aws_iam_role_policy_attachment.cni",
            "module.node_group.aws_iam_role_policy_attachment.ecr_read",
            "module.node_group.aws_iam_role_policy_attachment.worker_node",
            "module.vpc.aws_subnet.this",
            "module.vpc.aws_vpc.this"
          ]
        }
      ]
    },
    {
      "module": "module.node_group",
      "mode": "managed",
      "type": "aws_iam_role",
      "name": "node",
      "provider": "provider[\"registry.terraform.io/hashicorp/aws\"]",
      "instances": [
        {
          "schema_version": 0,
          "attributes": {
            "arn": "arn:aws:iam::789288816621:role/ztap-bridge-node-role",
            "assume_role_policy": "{\"Statement\":[{\"Action\":\"sts:AssumeRole\",\"Effect\":\"Allow\",\"Principal\":{\"Service\":\"ec2.amazonaws.com\"}}],\"Version\":\"2012-10-17\"}",
            "create_date": "2026-09-15T21:48:49Z",
            "description": "",
            "force_detach_policies": false,
            "id": "ztap-bridge-node-role",
            "inline_policy": [],
            "managed_policy_arns": [
              "arn:aws:iam::aws:policy/AmazonEC2ContainerRegistryReadOnly",
              "arn:aws:iam::aws:policy/AmazonEKSWorkerNodePolicy",
              "arn:aws:iam::aws:policy/AmazonEKS_CNI_Policy"
            ],
            "max_session_duration": 3600,
            "name": "ztap-bridge-node-role",
            "name_prefix": "",
            "path": "/",
            "permissions_boundary": "",
            "tags": {},
            "tags_all": {},
            "unique_id": "AROA3PRKHR7WWIJJS2OHZ"
          },
          "sensitive_attributes": [],
          "identity_schema_version": 0,
          "identity": {
            "account_id": "789288816621",
            "name": "ztap-bridge-node-role"
          },
          "private": "bnVsbA==",
          "dependencies": [
            "module.eks_cluster.aws_eks_cluster.this",
            "module.eks_cluster.aws_iam_role.cluster",
            "module.eks_cluster.aws_iam_role_policy_attachment.cluster_policy",
            "module.vpc.aws_subnet.this",
            "module.vpc.aws_vpc.this"
          ]
        }
      ]
    },
    {
      "module": "module.node_group",
      "mode": "managed",
      "type": "aws_iam_role_policy_attachment",
      "name": "cni",
      "provider": "provider[\"registry.terraform.io/hashicorp/aws\"]",
      "instances": [
        {
          "schema_version": 0,
          "attributes": {
            "id": "ztap-bridge-node-role/arn:aws:iam::aws:policy/AmazonEKS_CNI_Policy",
            "policy_arn": "arn:aws:iam::aws:policy/AmazonEKS_CNI_Policy",
            "role": "ztap-bridge-node-role"
          },
          "sensitive_attributes": [],
          "identity_schema_version": 0,
          "identity": {
            "account_id": "789288816621",
            "policy_arn": "arn:aws:iam::aws:policy/AmazonEKS_CNI_Policy",
            "role": "ztap-bridge-node-role"
          },
          "private": "bnVsbA==",
          "dependencies": [
            "module.eks_cluster.aws_eks_cluster.this",
            "module.eks_cluster.aws_iam_role.cluster",
            "module.eks_cluster.aws_iam_role_policy_attachment.cluster_policy",
            "module.node_group.aws_iam_role.node",
            "module.vpc.aws_subnet.this",
            "module.vpc.aws_vpc.this"
          ]
        }
      ]
    },
    {
      "module": "module.node_group",
      "mode": "managed",
      "type": "aws_iam_role_policy_attachment",
      "name": "ecr_read",
      "provider": "provider[\"registry.terraform.io/hashicorp/aws\"]",
      "instances": [
        {
          "schema_version": 0,
          "attributes": {
            "id": "ztap-bridge-node-role/arn:aws:iam::aws:policy/AmazonEC2ContainerRegistryReadOnly",
            "policy_arn": "arn:aws:iam::aws:policy/AmazonEC2ContainerRegistryReadOnly",
            "role": "ztap-bridge-node-role"
          },
          "sensitive_attributes": [],
          "identity_schema_version": 0,
          "identity": {
            "account_id": "789288816621",
            "policy_arn": "arn:aws:iam::aws:policy/AmazonEC2ContainerRegistryReadOnly",
            "role": "ztap-bridge-node-role"
          },
          "private": "bnVsbA==",
          "dependencies": [
            "module.eks_cluster.aws_eks_cluster.this",
            "module.eks_cluster.aws_iam_role.cluster",
            "module.eks_cluster.aws_iam_role_policy_attachment.cluster_policy",
            "module.node_group.aws_iam_role.node",
            "module.vpc.aws_subnet.this",
            "module.vpc.aws_vpc.this"
          ]
        }
      ]
    },
    {
      "module": "module.node_group",
      "mode": "managed",
      "type": "aws_iam_role_policy_attachment",
      "name": "worker_node",
      "provider": "provider[\"registry.terraform.io/hashicorp/aws\"]",
      "instances": [
        {
          "schema_version": 0,
          "attributes": {
            "id": "ztap-bridge-node-role/arn:aws:iam::aws:policy/AmazonEKSWorkerNodePolicy",
            "policy_arn": "arn:aws:iam::aws:policy/AmazonEKSWorkerNodePolicy",
            "role": "ztap-bridge-node-role"
          },
          "sensitive_attributes": [],
          "identity_schema_version": 0,
          "identity": {
            "account_id": "789288816621",
            "policy_arn": "arn:aws:iam::aws:policy/AmazonEKSWorkerNodePolicy",
            "role": "ztap-bridge-node-role"
          },
          "private": "bnVsbA==",
          "dependencies": [
            "module.eks_cluster.aws_eks_cluster.this",
            "module.eks_cluster.aws_iam_role.cluster",
            "module.eks_cluster.aws_iam_role_policy_attachment.cluster_policy",
            "module.node_group.aws_iam_role.node",
            "module.vpc.aws_subnet.this",
            "module.vpc.aws_vpc.this"
          ]
        }
      ]
    },
    {
      "module": "module.vpc",
      "mode": "managed",
      "type": "aws_internet_gateway",
      "name": "this",
      "provider": "provider[\"registry.terraform.io/hashicorp/aws\"]",
      "instances": [
        {
          "schema_version": 0,
          "attributes": {
            "arn": "arn:aws:ec2:us-east-1:789288816621:internet-gateway/igw-0c7f10befa461fb0e",
            "id": "igw-0c7f10befa461fb0e",
            "owner_id": "789288816621",
            "region": "us-east-1",
            "tags": {
              "Name": "ztap-bridge-igw"
            },
            "tags_all": {
              "Name": "ztap-bridge-igw"
            },
            "timeouts": null,
            "vpc_id": "vpc-058b10507160622b9"
          },
          "sensitive_attributes": [],
          "identity_schema_version": 0,
          "identity": {
            "account_id": "789288816621",
            "id": "igw-0c7f10befa461fb0e",
            "region": "us-east-1"
          },
          "private": "eyJlMmJmYjczMC1lY2FhLTExZTYtOGY4OC0zNDM2M2JjN2M0YzAiOnsiY3JlYXRlIjoxMjAwMDAwMDAwMDAwLCJkZWxldGUiOjEyMDAwMDAwMDAwMDAsInVwZGF0ZSI6MTIwMDAwMDAwMDAwMH19",
          "dependencies": [
            "module.vpc.aws_vpc.this"
          ]
        }
      ]
    },
    {
      "module": "module.vpc",
      "mode": "managed",
      "type": "aws_route_table",
      "name": "this",
      "provider": "provider[\"registry.terraform.io/hashicorp/aws\"]",
      "instances": [
        {
          "schema_version": 0,
          "attributes": {
            "arn": "arn:aws:ec2:us-east-1:789288816621:route-table/rtb-04d99e245f552983f",
            "id": "rtb-04d99e245f552983f",
            "owner_id": "789288816621",
            "propagating_vgws": [],
            "region": "us-east-1",
            "route": [
              {
                "carrier_gateway_id": "",
                "cidr_block": "0.0.0.0/0",
                "core_network_arn": "",
                "destination_prefix_list_id": "",
                "egress_only_gateway_id": "",
                "gateway_id": "igw-0c7f10befa461fb0e",
                "ipv6_cidr_block": "",
                "local_gateway_id": "",
                "nat_gateway_id": "",
                "network_interface_id": "",
                "odb_network_arn": "",
                "transit_gateway_id": "",
                "vpc_endpoint_id": "",
                "vpc_peering_connection_id": ""
              }
            ],
            "tags": {
              "Name": "ztap-bridge-rt"
            },
            "tags_all": {
              "Name": "ztap-bridge-rt"
            },
            "timeouts": null,
            "vpc_id": "vpc-058b10507160622b9"
          },
          "sensitive_attributes": [],
          "identity_schema_version": 0,
          "identity": {
            "account_id": "789288816621",
            "id": "rtb-04d99e245f552983f",
            "region": "us-east-1"
          },
          "private": "eyJlMmJmYjczMC1lY2FhLTExZTYtOGY4OC0zNDM2M2JjN2M0YzAiOnsiY3JlYXRlIjozMDAwMDAwMDAwMDAsImRlbGV0ZSI6MzAwMDAwMDAwMDAwLCJ1cGRhdGUiOjEyMDAwMDAwMDAwMH19",
          "dependencies": [
            "module.vpc.aws_internet_gateway.this",
            "module.vpc.aws_vpc.this"
          ]
        }
      ]
    },
    {
      "module": "module.vpc",
      "mode": "managed",
      "type": "aws_route_table_association",
      "name": "this",
      "provider": "provider[\"registry.terraform.io/hashicorp/aws\"]",
      "instances": [
        {
          "index_key": "0",
          "schema_version": 0,
          "attributes": {
            "gateway_id": "",
            "id": "rtbassoc-051fa18976ad88be2",
            "region": "us-east-1",
            "route_table_id": "rtb-04d99e245f552983f",
            "subnet_id": "subnet-0760a1ccfccfbd12e",
            "timeouts": null
          },
          "sensitive_attributes": [],
          "identity_schema_version": 0,
          "identity": {
            "account_id": "789288816621",
            "id": "rtbassoc-051fa18976ad88be2",
            "region": "us-east-1"
          },
          "private": "eyJlMmJmYjczMC1lY2FhLTExZTYtOGY4OC0zNDM2M2JjN2M0YzAiOnsiY3JlYXRlIjozMDAwMDAwMDAwMDAsImRlbGV0ZSI6MzAwMDAwMDAwMDAwLCJ1cGRhdGUiOjEyMDAwMDAwMDAwMH19",
          "dependencies": [
            "module.vpc.aws_internet_gateway.this",
            "module.vpc.aws_route_table.this",
            "module.vpc.aws_subnet.this",
            "module.vpc.aws_vpc.this"
          ]
        },
        {
          "index_key": "1",
          "schema_version": 0,
          "attributes": {
            "gateway_id": "",
            "id": "rtbassoc-09e7957bd7f81cc76",
            "region": "us-east-1",
            "route_table_id": "rtb-04d99e245f552983f",
            "subnet_id": "subnet-0372bcb3974a249e0",
            "timeouts": null
          },
          "sensitive_attributes": [],
          "identity_schema_version": 0,
          "identity": {
            "account_id": "789288816621",
            "id": "rtbassoc-09e7957bd7f81cc76",
            "region": "us-east-1"
          },
          "private": "eyJlMmJmYjczMC1lY2FhLTExZTYtOGY4OC0zNDM2M2JjN2M0YzAiOnsiY3JlYXRlIjozMDAwMDAwMDAwMDAsImRlbGV0ZSI6MzAwMDAwMDAwMDAwLCJ1cGRhdGUiOjEyMDAwMDAwMDAwMH19",
          "dependencies": [
            "module.vpc.aws_internet_gateway.this",
            "module.vpc.aws_route_table.this",
            "module.vpc.aws_subnet.this",
            "module.vpc.aws_vpc.this"
          ]
        }
      ]
    },
    {
      "module": "module.vpc",
      "mode": "managed",
      "type": "aws_security_group",
      "name": "shared",
      "provider": "provider[\"registry.terraform.io/hashicorp/aws\"]",
      "instances": [
        {
          "index_key": 0,
          "schema_version": 1,
          "attributes": {
            "arn": "arn:aws:ec2:us-east-1:789288816621:security-group/sg-03ab3d7c167f68a69",
            "description": "Managed by Terraform",
            "egress": [
              {
                "cidr_blocks": [
                  "0.0.0.0/0"
                ],
                "description": "",
                "from_port": 0,
                "ipv6_cidr_blocks": [],
                "prefix_list_ids": [],
                "protocol": "-1",
                "security_groups": [],
                "self": false,
                "to_port": 0
              }
            ],
            "id": "sg-03ab3d7c167f68a69",
            "ingress": [
              {
                "cidr_blocks": [],
                "description": "",
                "from_port": 0,
                "ipv6_cidr_blocks": [],
                "prefix_list_ids": [],
                "protocol": "-1",
                "security_groups": [],
                "self": true,
                "to_port": 0
              }
            ],
            "name": "ztap-bridge-sg-shared",
            "name_prefix": "",
            "owner_id": "789288816621",
            "region": "us-east-1",
            "revoke_rules_on_delete": false,
            "tags": {
              "Name": "ztap-bridge-sg-shared"
            },
            "tags_all": {
              "Name": "ztap-bridge-sg-shared"
            },
            "timeouts": null,
            "vpc_id": "vpc-058b10507160622b9"
          },
          "sensitive_attributes": [],
          "identity_schema_version": 0,
          "identity": {
            "account_id": "789288816621",
            "id": "sg-03ab3d7c167f68a69",
            "region": "us-east-1"
          },
          "private": "eyJlMmJmYjczMC1lY2FhLTExZTYtOGY4OC0zNDM2M2JjN2M0YzAiOnsiY3JlYXRlIjo2MDAwMDAwMDAwMDAsImRlbGV0ZSI6OTAwMDAwMDAwMDAwfSwic2NoZW1hX3ZlcnNpb24iOiIxIn0=",
          "dependencies": [
            "module.vpc.aws_vpc.this"
          ]
        }
      ]
    },
    {
      "module": "module.vpc",
      "mode": "managed",
      "type": "aws_security_group",
      "name": "tenant",
      "provider": "provider[\"registry.terraform.io/hashicorp/aws\"]",
      "instances": []
    },
    {
      "module": "module.vpc",
      "mode": "managed",
      "type": "aws_subnet",
      "name": "this",
      "provider": "provider[\"registry.terraform.io/hashicorp/aws\"]",
      "instances": [
        {
          "index_key": "0",
          "schema_version": 1,
          "attributes": {
            "arn": "arn:aws:ec2:us-east-1:789288816621:subnet/subnet-0760a1ccfccfbd12e",
            "assign_ipv6_address_on_creation": false,
            "availability_zone": "us-east-1a",
            "availability_zone_id": "use1-az1",
            "cidr_block": "10.0.0.0/24",
            "customer_owned_ipv4_pool": "",
            "enable_dns64": false,
            "enable_lni_at_device_index": 0,
            "enable_resource_name_dns_a_record_on_launch": false,
            "enable_resource_name_dns_aaaa_record_on_launch": false,
            "id": "subnet-0760a1ccfccfbd12e",
            "ipv4_ipam_pool_id": null,
            "ipv4_netmask_length": null,
            "ipv6_cidr_block": "",
            "ipv6_cidr_block_association_id": "",
            "ipv6_ipam_pool_id": null,
            "ipv6_native": false,
            "ipv6_netmask_length": null,
            "map_customer_owned_ip_on_launch": false,
            "map_public_ip_on_launch": true,
            "outpost_arn": "",
            "owner_id": "789288816621",
            "private_dns_hostname_type_on_launch": "ip-name",
            "region": "us-east-1",
            "tags": {
              "Name": "ztap-bridge-subnet-0",
              "kubernetes.io/role/elb": "1"
            },
            "tags_all": {
              "Name": "ztap-bridge-subnet-0",
              "kubernetes.io/role/elb": "1"
            },
            "timeouts": null,
            "vpc_id": "vpc-058b10507160622b9"
          },
          "sensitive_attributes": [],
          "identity_schema_version": 0,
          "identity": {
            "account_id": "789288816621",
            "id": "subnet-0760a1ccfccfbd12e",
            "region": "us-east-1"
          },
          "private": "eyJlMmJmYjczMC1lY2FhLTExZTYtOGY4OC0zNDM2M2JjN2M0YzAiOnsiY3JlYXRlIjo2MDAwMDAwMDAwMDAsImRlbGV0ZSI6MTIwMDAwMDAwMDAwMH0sInNjaGVtYV92ZXJzaW9uIjoiMSJ9",
          "dependencies": [
            "module.vpc.aws_vpc.this"
          ]
        },
        {
          "index_key": "1",
          "schema_version": 1,
          "attributes": {
            "arn": "arn:aws:ec2:us-east-1:789288816621:subnet/subnet-0372bcb3974a249e0",
            "assign_ipv6_address_on_creation": false,
            "availability_zone": "us-east-1b",
            "availability_zone_id": "use1-az2",
            "cidr_block": "10.0.1.0/24",
            "customer_owned_ipv4_pool": "",
            "enable_dns64": false,
            "enable_lni_at_device_index": 0,
            "enable_resource_name_dns_a_record_on_launch": false,
            "enable_resource_name_dns_aaaa_record_on_launch": false,
            "id": "subnet-0372bcb3974a249e0",
            "ipv4_ipam_pool_id": null,
            "ipv4_netmask_length": null,
            "ipv6_cidr_block": "",
            "ipv6_cidr_block_association_id": "",
            "ipv6_ipam_pool_id": null,
            "ipv6_native": false,
            "ipv6_netmask_length": null,
            "map_customer_owned_ip_on_launch": false,
            "map_public_ip_on_launch": true,
            "outpost_arn": "",
            "owner_id": "789288816621",
            "private_dns_hostname_type_on_launch": "ip-name",
            "region": "us-east-1",
            "tags": {
              "Name": "ztap-bridge-subnet-1",
              "kubernetes.io/role/elb": "1"
            },
            "tags_all": {
              "Name": "ztap-bridge-subnet-1",
              "kubernetes.io/role/elb": "1"
            },
            "timeouts": null,
            "vpc_id": "vpc-058b10507160622b9"
          },
          "sensitive_attributes": [],
          "identity_schema_version": 0,
          "identity": {
            "account_id": "789288816621",
            "id": "subnet-0372bcb3974a249e0",
            "region": "us-east-1"
          },
          "private": "eyJlMmJmYjczMC1lY2FhLTExZTYtOGY4OC0zNDM2M2JjN2M0YzAiOnsiY3JlYXRlIjo2MDAwMDAwMDAwMDAsImRlbGV0ZSI6MTIwMDAwMDAwMDAwMH0sInNjaGVtYV92ZXJzaW9uIjoiMSJ9",
          "dependencies": [
            "module.vpc.aws_vpc.this"
          ]
        }
      ]
    },
    {
      "module": "module.vpc",
      "mode": "managed",
      "type": "aws_vpc",
      "name": "this",
      "provider": "provider[\"registry.terraform.io/hashicorp/aws\"]",
      "instances": [
        {
          "schema_version": 1,
          "attributes": {
            "arn": "arn:aws:ec2:us-east-1:789288816621:vpc/vpc-058b10507160622b9",
            "assign_generated_ipv6_cidr_block": false,
            "cidr_block": "10.0.0.0/16",
            "default_network_acl_id": "acl-0e0965262576a3657",
            "default_route_table_id": "rtb-09aed0821808b8c44",
            "default_security_group_id": "sg-010cb71e185d09bb1",
            "dhcp_options_id": "dopt-0748554270d72ed62",
            "enable_dns_hostnames": true,
            "enable_dns_support": true,
            "enable_network_address_usage_metrics": false,
            "id": "vpc-058b10507160622b9",
            "instance_tenancy": "default",
            "ipv4_ipam_pool_id": null,
            "ipv4_netmask_length": null,
            "ipv6_association_id": "",
            "ipv6_cidr_block": "",
            "ipv6_cidr_block_network_border_group": "",
            "ipv6_ipam_pool_id": "",
            "ipv6_netmask_length": 0,
            "main_route_table_id": "rtb-09aed0821808b8c44",
            "owner_id": "789288816621",
            "region": "us-east-1",
            "tags": {
              "Name": "ztap-bridge-vpc"
            },
            "tags_all": {
              "Name": "ztap-bridge-vpc"
            }
          },
          "sensitive_attributes": [],
          "identity_schema_version": 0,
          "identity": {
            "account_id": "789288816621",
            "id": "vpc-058b10507160622b9",
            "region": "us-east-1"
          },
          "private": "eyJzY2hlbWFfdmVyc2lvbiI6IjEifQ=="
        }
      ]
    }
  ],
  "check_results": null
}
