{
  "version": 4,
  "terraform_version": "1.15.8",
  "serial": 380,
  "lineage": "097f9554-ed24-117a-8a69-139918586ff5",
  "outputs": {},
  "resources": [
    {
      "mode": "data",
      "type": "aws_eks_cluster_auth",
      "name": "this",
      "provider": "provider[\"registry.terraform.io/hashicorp/aws\"]",
      "instances": [
        {
          "schema_version": 0,
          "attributes": {
            "id": "ztap-bridge",
            "name": "ztap-bridge",
            "region": "us-east-1",
            "token": "k8s-aws-v1.aHR0cHM6Ly9zdHMudXMtZWFzdC0xLmFtYXpvbmF3cy5jb20vP0FjdGlvbj1HZXRDYWxsZXJJZGVudGl0eSZWZXJzaW9uPTIwMTEtMDYtMTUmWC1BbXotQWxnb3JpdGhtPUFXUzQtSE1BQy1TSEEyNTYmWC1BbXotQ3JlZGVudGlhbD1BS0lBM1BSS0hSN1czTU1PVFdWRCUyRjIwMjYwOTIxJTJGdXMtZWFzdC0xJTJGc3RzJTJGYXdzNF9yZXF1ZXN0JlgtQW16LURhdGU9MjAyNjA5MjFUMjI0MDA5WiZYLUFtei1FeHBpcmVzPTAmWC1BbXotU2lnbmVkSGVhZGVycz1ob3N0JTNCeC1rOHMtYXdzLWlkJlgtQW16LVNpZ25hdHVyZT1hYTI2MzllZDAyYzU1ZjYyMTA5NDBmMTQ5MGEwMGVkZmUyMDViZDQwYWY2NGYxMmU3NjdkMjFhZDQwNGUxNWI0"
          },
          "sensitive_attributes": [
            [
              {
                "type": "get_attr",
                "value": "token"
              }
            ]
          ],
          "identity_schema_version": 0
        }
      ]
    },
    {
      "module": "module.agent_sandbox_a",
      "mode": "managed",
      "type": "kubernetes_deployment_v1",
      "name": "agent_sandbox",
      "provider": "provider[\"registry.terraform.io/hashicorp/kubernetes\"]",
      "instances": [
        {
          "schema_version": 1,
          "attributes": {
            "id": "tenant-a/agent-sandbox",
            "metadata": [
              {
                "annotations": null,
                "generate_name": "",
                "generation": 1,
                "labels": null,
                "name": "agent-sandbox",
                "namespace": "tenant-a",
                "resource_version": "15101",
                "uid": "6e81e668-1a8d-48e2-9db6-1fdd79c3059b"
              }
            ],
            "spec": [
              {
                "min_ready_seconds": 0,
                "paused": false,
                "progress_deadline_seconds": 600,
                "replicas": "1",
                "revision_history_limit": 10,
                "selector": [
                  {
                    "match_expressions": [],
                    "match_labels": {
                      "app": "agent-sandbox",
                      "tenant": "tenant-a"
                    }
                  }
                ],
                "strategy": [
                  {
                    "rolling_update": [
                      {
                        "max_surge": "25%",
                        "max_unavailable": "25%"
                      }
                    ],
                    "type": "RollingUpdate"
                  }
                ],
                "template": [
                  {
                    "metadata": [
                      {
                        "annotations": null,
                        "generate_name": "",
                        "generation": 0,
                        "labels": {
                          "app": "agent-sandbox",
                          "tenant": "tenant-a"
                        },
                        "name": "",
                        "namespace": "",
                        "resource_version": "",
                        "uid": ""
                      }
                    ],
                    "spec": [
                      {
                        "active_deadline_seconds": 0,
                        "affinity": [],
                        "automount_service_account_token": true,
                        "container": [
                          {
                            "args": null,
                            "command": [
                              "sleep",
                              "infinity"
                            ],
                            "env": [
                              {
                                "name": "ZTAP_KEYCLOAK_TOKEN_URL",
                                "value": "http://keycloak.authorizer.svc.cluster.local:8080/realms/ztap/protocol/openid-connect/token",
                                "value_from": []
                              },
                              {
                                "name": "ZTAP_GATEWAY_URL",
                                "value": "http://ztap-gateway.gateway-ingress.svc.cluster.local:8001/invoke",
                                "value_from": []
                              },
                              {
                                "name": "ZTAP_OLLAMA_BASE_URL",
                                "value": "http://ollama.inference.svc.cluster.local:11434/v1/",
                                "value_from": []
                              },
                              {
                                "name": "ZTAP_CLIENT_ID",
                                "value": "ztap-gateway",
                                "value_from": []
                              }
                            ],
                            "env_from": [],
                            "image": "789288816621.dkr.ecr.us-east-1.amazonaws.com/ztap-app:latest",
                            "image_pull_policy": "IfNotPresent",
                            "lifecycle": [],
                            "liveness_probe": [],
                            "name": "agent-sandbox",
                            "port": [],
                            "readiness_probe": [],
                            "resources": [
                              {
                                "limits": {},
                                "requests": {}
                              }
                            ],
                            "restart_policy": "",
                            "security_context": [],
                            "startup_probe": [],
                            "stdin": false,
                            "stdin_once": false,
                            "termination_message_path": "/dev/termination-log",
                            "termination_message_policy": "File",
                            "tty": false,
                            "volume_device": [],
                            "volume_mount": [],
                            "working_dir": ""
                          }
                        ],
                        "dns_config": [],
                        "dns_policy": "ClusterFirst",
                        "enable_service_links": true,
                        "host_aliases": [],
                        "host_ipc": false,
                        "host_network": false,
                        "host_pid": false,
                        "hostname": "",
                        "image_pull_secrets": [],
                        "init_container": [],
                        "node_name": "",
                        "node_selector": {
                          "ztap.io/node-pool": "tenant-a"
                        },
                        "os": [],
                        "priority_class_name": "",
                        "readiness_gate": [],
                        "restart_policy": "Always",
                        "runtime_class_name": "",
                        "scheduler_name": "default-scheduler",
                        "security_context": [],
                        "service_account_name": "",
                        "share_process_namespace": false,
                        "subdomain": "",
                        "termination_grace_period_seconds": 30,
                        "toleration": [],
                        "topology_spread_constraint": [],
                        "volume": []
                      }
                    ]
                  }
                ]
              }
            ],
            "timeouts": null,
            "wait_for_rollout": true
          },
          "sensitive_attributes": [],
          "identity_schema_version": 1,
          "identity": {
            "api_version": "apps/v1",
            "kind": "Deployment",
            "name": "agent-sandbox",
            "namespace": "tenant-a"
          },
          "private": "eyJlMmJmYjczMC1lY2FhLTExZTYtOGY4OC0zNDM2M2JjN2M0YzAiOnsiY3JlYXRlIjo2MDAwMDAwMDAwMDAsImRlbGV0ZSI6NjAwMDAwMDAwMDAwLCJ1cGRhdGUiOjYwMDAwMDAwMDAwMH0sInNjaGVtYV92ZXJzaW9uIjoiMSJ9",
          "dependencies": [
            "data.aws_eks_cluster_auth.this",
            "module.cilium.helm_release.cilium",
            "module.cilium.kubernetes_manifest.tenant_default_deny",
            "module.ecr.aws_ecr_repository.this",
            "module.eks_cluster.aws_eks_cluster.this",
            "module.eks_cluster.aws_iam_role.cluster",
            "module.eks_cluster.aws_iam_role_policy_attachment.cluster_policy",
            "module.gateway.kubernetes_deployment_v1.gateway",
            "module.gateway.kubernetes_service_v1.gateway",
            "module.gvisor.kubernetes_runtime_class_v1.gvisor",
            "module.keycloak.kubernetes_config_map_v1.realm",
            "module.keycloak.kubernetes_deployment_v1.keycloak",
            "module.keycloak.kubernetes_service_v1.keycloak",
            "module.namespaces.kubernetes_namespace_v1.this",
            "module.network_policy.kubernetes_network_policy_v1.allow_agent_egress_to_authorizer",
            "module.network_policy.kubernetes_network_policy_v1.allow_agent_egress_to_gateway",
            "module.network_policy.kubernetes_network_policy_v1.allow_agent_egress_to_inference",
            "module.network_policy.kubernetes_network_policy_v1.allow_dns",
            "module.network_policy.kubernetes_network_policy_v1.allow_gateway_egress_to_authorizer",
            "module.network_policy.kubernetes_network_policy_v1.allow_inference_egress_internet",
            "module.network_policy.kubernetes_network_policy_v1.allow_ingress_from_tenants_and_gateway",
            "module.network_policy.kubernetes_network_policy_v1.allow_ingress_from_tenants_gateway",
            "module.network_policy.kubernetes_network_policy_v1.allow_ingress_from_tenants_inference",
            "module.network_policy.kubernetes_network_policy_v1.default_deny_all",
            "module.node_group.aws_eks_node_group.this",
            "module.node_group.aws_iam_role.node",
            "module.node_group.aws_iam_role_policy_attachment.cni",
            "module.node_group.aws_iam_role_policy_attachment.ecr_read",
            "module.node_group.aws_iam_role_policy_attachment.worker_node",
            "module.node_group.aws_launch_template.this",
            "module.ollama.kubernetes_deployment_v1.ollama",
            "module.ollama.kubernetes_service_v1.ollama",
            "module.vpc.aws_subnet.this",
            "module.vpc.aws_vpc.this"
          ]
        }
      ]
    },
    {
      "module": "module.agent_sandbox_b",
      "mode": "managed",
      "type": "kubernetes_deployment_v1",
      "name": "agent_sandbox",
      "provider": "provider[\"registry.terraform.io/hashicorp/kubernetes\"]",
      "instances": [
        {
          "schema_version": 1,
          "attributes": {
            "id": "tenant-b/agent-sandbox",
            "metadata": [
              {
                "annotations": null,
                "generate_name": "",
                "generation": 1,
                "labels": null,
                "name": "agent-sandbox",
                "namespace": "tenant-b",
                "resource_version": "15096",
                "uid": "2e27e413-3598-49ed-acfd-900987117aa4"
              }
            ],
            "spec": [
              {
                "min_ready_seconds": 0,
                "paused": false,
                "progress_deadline_seconds": 600,
                "replicas": "1",
                "revision_history_limit": 10,
                "selector": [
                  {
                    "match_expressions": [],
                    "match_labels": {
                      "app": "agent-sandbox",
                      "tenant": "tenant-b"
                    }
                  }
                ],
                "strategy": [
                  {
                    "rolling_update": [
                      {
                        "max_surge": "25%",
                        "max_unavailable": "25%"
                      }
                    ],
                    "type": "RollingUpdate"
                  }
                ],
                "template": [
                  {
                    "metadata": [
                      {
                        "annotations": null,
                        "generate_name": "",
                        "generation": 0,
                        "labels": {
                          "app": "agent-sandbox",
                          "tenant": "tenant-b"
                        },
                        "name": "",
                        "namespace": "",
                        "resource_version": "",
                        "uid": ""
                      }
                    ],
                    "spec": [
                      {
                        "active_deadline_seconds": 0,
                        "affinity": [],
                        "automount_service_account_token": true,
                        "container": [
                          {
                            "args": null,
                            "command": [
                              "sleep",
                              "infinity"
                            ],
                            "env": [
                              {
                                "name": "ZTAP_KEYCLOAK_TOKEN_URL",
                                "value": "http://keycloak.authorizer.svc.cluster.local:8080/realms/ztap/protocol/openid-connect/token",
                                "value_from": []
                              },
                              {
                                "name": "ZTAP_GATEWAY_URL",
                                "value": "http://ztap-gateway.gateway-ingress.svc.cluster.local:8001/invoke",
                                "value_from": []
                              },
                              {
                                "name": "ZTAP_OLLAMA_BASE_URL",
                                "value": "http://ollama.inference.svc.cluster.local:11434/v1/",
                                "value_from": []
                              },
                              {
                                "name": "ZTAP_CLIENT_ID",
                                "value": "ztap-gateway",
                                "value_from": []
                              }
                            ],
                            "env_from": [],
                            "image": "789288816621.dkr.ecr.us-east-1.amazonaws.com/ztap-app:latest",
                            "image_pull_policy": "IfNotPresent",
                            "lifecycle": [],
                            "liveness_probe": [],
                            "name": "agent-sandbox",
                            "port": [],
                            "readiness_probe": [],
                            "resources": [
                              {
                                "limits": {},
                                "requests": {}
                              }
                            ],
                            "restart_policy": "",
                            "security_context": [],
                            "startup_probe": [],
                            "stdin": false,
                            "stdin_once": false,
                            "termination_message_path": "/dev/termination-log",
                            "termination_message_policy": "File",
                            "tty": false,
                            "volume_device": [],
                            "volume_mount": [],
                            "working_dir": ""
                          }
                        ],
                        "dns_config": [],
                        "dns_policy": "ClusterFirst",
                        "enable_service_links": true,
                        "host_aliases": [],
                        "host_ipc": false,
                        "host_network": false,
                        "host_pid": false,
                        "hostname": "",
                        "image_pull_secrets": [],
                        "init_container": [],
                        "node_name": "",
                        "node_selector": {
                          "ztap.io/node-pool": "tenant-b"
                        },
                        "os": [],
                        "priority_class_name": "",
                        "readiness_gate": [],
                        "restart_policy": "Always",
                        "runtime_class_name": "",
                        "scheduler_name": "default-scheduler",
                        "security_context": [],
                        "service_account_name": "",
                        "share_process_namespace": false,
                        "subdomain": "",
                        "termination_grace_period_seconds": 30,
                        "toleration": [],
                        "topology_spread_constraint": [],
                        "volume": []
                      }
                    ]
                  }
                ]
              }
            ],
            "timeouts": null,
            "wait_for_rollout": true
          },
          "sensitive_attributes": [],
          "identity_schema_version": 1,
          "identity": {
            "api_version": "apps/v1",
            "kind": "Deployment",
            "name": "agent-sandbox",
            "namespace": "tenant-b"
          },
          "private": "eyJlMmJmYjczMC1lY2FhLTExZTYtOGY4OC0zNDM2M2JjN2M0YzAiOnsiY3JlYXRlIjo2MDAwMDAwMDAwMDAsImRlbGV0ZSI6NjAwMDAwMDAwMDAwLCJ1cGRhdGUiOjYwMDAwMDAwMDAwMH0sInNjaGVtYV92ZXJzaW9uIjoiMSJ9",
          "dependencies": [
            "data.aws_eks_cluster_auth.this",
            "module.cilium.helm_release.cilium",
            "module.cilium.kubernetes_manifest.tenant_default_deny",
            "module.ecr.aws_ecr_repository.this",
            "module.eks_cluster.aws_eks_cluster.this",
            "module.eks_cluster.aws_iam_role.cluster",
            "module.eks_cluster.aws_iam_role_policy_attachment.cluster_policy",
            "module.gateway.kubernetes_deployment_v1.gateway",
            "module.gateway.kubernetes_service_v1.gateway",
            "module.gvisor.kubernetes_runtime_class_v1.gvisor",
            "module.keycloak.kubernetes_config_map_v1.realm",
            "module.keycloak.kubernetes_deployment_v1.keycloak",
            "module.keycloak.kubernetes_service_v1.keycloak",
            "module.namespaces.kubernetes_namespace_v1.this",
            "module.network_policy.kubernetes_network_policy_v1.allow_agent_egress_to_authorizer",
            "module.network_policy.kubernetes_network_policy_v1.allow_agent_egress_to_gateway",
            "module.network_policy.kubernetes_network_policy_v1.allow_agent_egress_to_inference",
            "module.network_policy.kubernetes_network_policy_v1.allow_dns",
            "module.network_policy.kubernetes_network_policy_v1.allow_gateway_egress_to_authorizer",
            "module.network_policy.kubernetes_network_policy_v1.allow_inference_egress_internet",
            "module.network_policy.kubernetes_network_policy_v1.allow_ingress_from_tenants_and_gateway",
            "module.network_policy.kubernetes_network_policy_v1.allow_ingress_from_tenants_gateway",
            "module.network_policy.kubernetes_network_policy_v1.allow_ingress_from_tenants_inference",
            "module.network_policy.kubernetes_network_policy_v1.default_deny_all",
            "module.node_group.aws_eks_node_group.this",
            "module.node_group.aws_iam_role.node",
            "module.node_group.aws_iam_role_policy_attachment.cni",
            "module.node_group.aws_iam_role_policy_attachment.ecr_read",
            "module.node_group.aws_iam_role_policy_attachment.worker_node",
            "module.node_group.aws_launch_template.this",
            "module.ollama.kubernetes_deployment_v1.ollama",
            "module.ollama.kubernetes_service_v1.ollama",
            "module.vpc.aws_subnet.this",
            "module.vpc.aws_vpc.this"
          ]
        }
      ]
    },
    {
      "module": "module.cilium",
      "mode": "managed",
      "type": "helm_release",
      "name": "cilium",
      "provider": "provider[\"registry.terraform.io/hashicorp/helm\"]",
      "instances": [
        {
          "schema_version": 2,
          "attributes": {
            "atomic": false,
            "chart": "cilium",
            "cleanup_on_fail": false,
            "create_namespace": false,
            "dependency_update": false,
            "description": null,
            "devel": null,
            "disable_crd_hooks": false,
            "disable_openapi_validation": false,
            "disable_webhooks": false,
            "force_update": false,
            "id": "cilium",
            "keyring": null,
            "lint": false,
            "manifest": null,
            "max_history": 0,
            "metadata": {
              "app_version": "1.20.2",
              "chart": "cilium",
              "first_deployed": 1790025112,
              "last_deployed": 1790025112,
              "name": "cilium",
              "namespace": "kube-system",
              "notes": "\n        You have successfully installed Cilium with Hubble Relay and Hubble UI.\n\nWARNINGS:\n- WARNING: TLS is not enabled for the Hubble Relay server (hubble.relay.tls.server.enabled=false).\n  This means Hubble Relay communications may not be encrypted. For more information about the security\n  implications and suggested controls, please see: https://docs.cilium.io/en/stable/security/threat-model/#hubble-data-attacker\n\nYour release version is 1.20.2.\n\nFor any further help, visit https://docs.cilium.io/en/v1.20/gettinghelp\n",
              "revision": 1,
              "values": "{\"egressMasqueradeInterfaces\":\"ens+\",\"enableIPv4Masquerade\":true,\"eni\":{\"enabled\":true},\"hubble\":{\"enabled\":true,\"relay\":{\"enabled\":true},\"ui\":{\"enabled\":true}},\"ipam\":{\"mode\":\"eni\"},\"routingMode\":\"native\"}",
              "version": "1.20.2"
            },
            "name": "cilium",
            "namespace": "kube-system",
            "pass_credentials": false,
            "postrender": null,
            "recreate_pods": false,
            "render_subchart_notes": true,
            "replace": false,
            "repository": "https://helm.cilium.io/",
            "repository_ca_file": null,
            "repository_cert_file": null,
            "repository_key_file": null,
            "repository_password": null,
            "repository_username": null,
            "reset_values": false,
            "resources": null,
            "reuse_values": false,
            "set": [
              {
                "name": "eni.enabled",
                "type": "",
                "value": "true"
              },
              {
                "name": "ipam.mode",
                "type": "",
                "value": "eni"
              },
              {
                "name": "enableIPv4Masquerade",
                "type": "",
                "value": "true"
              },
              {
                "name": "egressMasqueradeInterfaces",
                "type": "",
                "value": "ens+"
              },
              {
                "name": "routingMode",
                "type": "",
                "value": "native"
              },
              {
                "name": "hubble.enabled",
                "type": "",
                "value": "true"
              },
              {
                "name": "hubble.relay.enabled",
                "type": "",
                "value": "true"
              },
              {
                "name": "hubble.ui.enabled",
                "type": "",
                "value": "true"
              }
            ],
            "set_list": null,
            "set_sensitive": null,
            "set_wo": null,
            "set_wo_revision": null,
            "skip_crds": false,
            "status": "deployed",
            "take_ownership": false,
            "timeout": 300,
            "timeouts": null,
            "upgrade_install": false,
            "values": null,
            "verify": false,
            "version": "1.20.2",
            "wait": true,
            "wait_for_jobs": false
          },
          "sensitive_attributes": [
            [
              {
                "type": "get_attr",
                "value": "repository_password"
              }
            ]
          ],
          "identity_schema_version": 0,
          "identity": {
            "namespace": "kube-system",
            "release_name": "cilium"
          },
          "dependencies": [
            "data.aws_eks_cluster_auth.this",
            "module.eks_cluster.aws_eks_cluster.this",
            "module.eks_cluster.aws_iam_role.cluster",
            "module.eks_cluster.aws_iam_role_policy_attachment.cluster_policy",
            "module.namespaces.kubernetes_namespace_v1.this",
            "module.node_group.aws_eks_node_group.this",
            "module.node_group.aws_iam_role.node",
            "module.node_group.aws_iam_role_policy_attachment.cni",
            "module.node_group.aws_iam_role_policy_attachment.ecr_read",
            "module.node_group.aws_iam_role_policy_attachment.worker_node",
            "module.node_group.aws_launch_template.this",
            "module.vpc.aws_subnet.this",
            "module.vpc.aws_vpc.this"
          ]
        }
      ]
    },
    {
      "module": "module.cilium",
      "mode": "managed",
      "type": "kubernetes_manifest",
      "name": "tenant_default_deny",
      "provider": "provider[\"registry.terraform.io/hashicorp/kubernetes\"]",
      "instances": [
        {
          "index_key": "tenant-a",
          "schema_version": 1,
          "attributes": {
            "computed_fields": null,
            "field_manager": [],
            "manifest": {
              "value": {
                "apiVersion": "cilium.io/v2",
                "kind": "CiliumNetworkPolicy",
                "metadata": {
                  "name": "default-deny-cross-tenant",
                  "namespace": "tenant-a"
                },
                "spec": {
                  "endpointSelector": {},
                  "ingress": [
                    {
                      "fromEndpoints": [
                        {
                          "matchLabels": {
                            "k8s:io.kubernetes.pod.namespace": "tenant-a"
                          }
                        }
                      ]
                    }
                  ]
                }
              },
              "type": [
                "object",
                {
                  "apiVersion": "string",
                  "kind": "string",
                  "metadata": [
                    "object",
                    {
                      "name": "string",
                      "namespace": "string"
                    }
                  ],
                  "spec": [
                    "object",
                    {
                      "endpointSelector": [
                        "object",
                        {}
                      ],
                      "ingress": [
                        "tuple",
                        [
                          [
                            "object",
                            {
                              "fromEndpoints": [
                                "tuple",
                                [
                                  [
                                    "object",
                                    {
                                      "matchLabels": [
                                        "object",
                                        {
                                          "k8s:io.kubernetes.pod.namespace": "string"
                                        }
                                      ]
                                    }
                                  ]
                                ]
                              ]
                            }
                          ]
                        ]
                      ]
                    }
                  ]
                }
              ]
            },
            "object": {
              "value": {
                "apiVersion": "cilium.io/v2",
                "kind": "CiliumNetworkPolicy",
                "metadata": {
                  "annotations": null,
                  "creationTimestamp": null,
                  "deletionGracePeriodSeconds": null,
                  "deletionTimestamp": null,
                  "finalizers": null,
                  "generateName": null,
                  "generation": null,
                  "labels": null,
                  "managedFields": null,
                  "name": "default-deny-cross-tenant",
                  "namespace": "tenant-a",
                  "ownerReferences": null,
                  "resourceVersion": null,
                  "selfLink": null,
                  "uid": null
                },
                "spec": {
                  "description": null,
                  "egress": null,
                  "egressDeny": null,
                  "enableDefaultDeny": {
                    "egress": null,
                    "ingress": null
                  },
                  "endpointSelector": {
                    "matchExpressions": null,
                    "matchLabels": null
                  },
                  "ingress": [
                    {
                      "authentication": {
                        "mode": null
                      },
                      "fromCIDR": null,
                      "fromCIDRSet": null,
                      "fromEndpoints": [
                        {
                          "matchExpressions": null,
                          "matchLabels": {
                            "k8s:io.kubernetes.pod.namespace": "tenant-a"
                          }
                        }
                      ],
                      "fromEntities": null,
                      "fromGroups": null,
                      "fromNodes": null,
                      "fromRequires": null,
                      "icmps": null,
                      "toPorts": null
                    }
                  ],
                  "ingressDeny": null,
                  "labels": null,
                  "log": {
                    "value": null
                  },
                  "nodeSelector": {
                    "matchExpressions": null,
                    "matchLabels": null
                  }
                },
                "specs": null
              },
              "type": [
                "object",
                {
                  "apiVersion": "string",
                  "kind": "string",
                  "metadata": [
                    "object",
                    {
                      "annotations": [
                        "map",
                        "string"
                      ],
                      "creationTimestamp": "string",
                      "deletionGracePeriodSeconds": "number",
                      "deletionTimestamp": "string",
                      "finalizers": [
                        "list",
                        "string"
                      ],
                      "generateName": "string",
                      "generation": "number",
                      "labels": [
                        "map",
                        "string"
                      ],
                      "managedFields": [
                        "tuple",
                        [
                          [
                            "object",
                            {
                              "apiVersion": "string",
                              "fieldsType": "string",
                              "fieldsV1": "dynamic",
                              "manager": "string",
                              "operation": "string",
                              "subresource": "string",
                              "time": "string"
                            }
                          ]
                        ]
                      ],
                      "name": "string",
                      "namespace": "string",
                      "ownerReferences": [
                        "list",
                        [
                          "object",
                          {
                            "apiVersion": "string",
                            "blockOwnerDeletion": "bool",
                            "controller": "bool",
                            "kind": "string",
                            "name": "string",
                            "uid": "string"
                          }
                        ]
                      ],
                      "resourceVersion": "string",
                      "selfLink": "string",
                      "uid": "string"
                    }
                  ],
                  "spec": [
                    "object",
                    {
                      "description": "string",
                      "egress": [
                        "list",
                        [
                          "object",
                          {
                            "authentication": [
                              "object",
                              {
                                "mode": "string"
                              }
                            ],
                            "icmps": [
                              "list",
                              [
                                "object",
                                {
                                  "fields": [
                                    "list",
                                    [
                                      "object",
                                      {
                                        "family": "string",
                                        "type": "string"
                                      }
                                    ]
                                  ]
                                }
                              ]
                            ],
                            "toCIDR": [
                              "list",
                              "string"
                            ],
                            "toCIDRSet": [
                              "list",
                              [
                                "object",
                                {
                                  "cidr": "string",
                                  "cidrGroupRef": "string",
                                  "cidrGroupSelector": [
                                    "object",
                                    {
                                      "matchExpressions": [
                                        "list",
                                        [
                                          "object",
                                          {
                                            "key": "string",
                                            "operator": "string",
                                            "values": [
                                              "list",
                                              "string"
                                            ]
                                          }
                                        ]
                                      ],
                                      "matchLabels": [
                                        "map",
                                        "string"
                                      ]
                                    }
                                  ],
                                  "except": [
                                    "list",
                                    "string"
                                  ]
                                }
                              ]
                            ],
                            "toEndpoints": [
                              "list",
                              [
                                "object",
                                {
                                  "matchExpressions": [
                                    "list",
                                    [
                                      "object",
                                      {
                                        "key": "string",
                                        "operator": "string",
                                        "values": [
                                          "list",
                                          "string"
                                        ]
                                      }
                                    ]
                                  ],
                                  "matchLabels": [
                                    "map",
                                    "string"
                                  ]
                                }
                              ]
                            ],
                            "toEntities": [
                              "list",
                              "string"
                            ],
                            "toFQDNs": [
                              "list",
                              [
                                "object",
                                {
                                  "matchName": "string",
                                  "matchPattern": "string"
                                }
                              ]
                            ],
                            "toGroups": [
                              "list",
                              [
                                "object",
                                {
                                  "aws": [
                                    "object",
                                    {
                                      "labels": [
                                        "map",
                                        "string"
                                      ],
                                      "region": "string",
                                      "securityGroupsIds": [
                                        "list",
                                        "string"
                                      ],
                                      "securityGroupsNames": [
                                        "list",
                                        "string"
                                      ]
                                    }
                                  ]
                                }
                              ]
                            ],
                            "toNodes": [
                              "list",
                              [
                                "object",
                                {
                                  "matchExpressions": [
                                    "list",
                                    [
                                      "object",
                                      {
                                        "key": "string",
                                        "operator": "string",
                                        "values": [
                                          "list",
                                          "string"
                                        ]
                                      }
                                    ]
                                  ],
                                  "matchLabels": [
                                    "map",
                                    "string"
                                  ]
                                }
                              ]
                            ],
                            "toPorts": [
                              "list",
                              [
                                "object",
                                {
                                  "listener": [
                                    "object",
                                    {
                                      "envoyConfig": [
                                        "object",
                                        {
                                          "kind": "string",
                                          "name": "string"
                                        }
                                      ],
                                      "name": "string",
                                      "priority": "number"
                                    }
                                  ],
                                  "originatingTLS": [
                                    "object",
                                    {
                                      "certificate": "string",
                                      "privateKey": "string",
                                      "secret": [
                                        "object",
                                        {
                                          "name": "string",
                                          "namespace": "string"
                                        }
                                      ],
                                      "trustedCA": "string"
                                    }
                                  ],
                                  "ports": [
                                    "list",
                                    [
                                      "object",
                                      {
                                        "endPort": "number",
                                        "port": "string",
                                        "protocol": "string"
                                      }
                                    ]
                                  ],
                                  "rules": [
                                    "object",
                                    {
                                      "dns": [
                                        "list",
                                        [
                                          "object",
                                          {
                                            "matchName": "string",
                                            "matchPattern": "string"
                                          }
                                        ]
                                      ],
                                      "http": [
                                        "list",
                                        [
                                          "object",
                                          {
                                            "headerMatches": [
                                              "list",
                                              [
                                                "object",
                                                {
                                                  "mismatch": "string",
                                                  "name": "string",
                                                  "secret": [
                                                    "object",
                                                    {
                                                      "name": "string",
                                                      "namespace": "string"
                                                    }
                                                  ],
                                                  "value": "string"
                                                }
                                              ]
                                            ],
                                            "headers": [
                                              "list",
                                              "string"
                                            ],
                                            "host": "string",
                                            "method": "string",
                                            "path": "string"
                                          }
                                        ]
                                      ]
                                    }
                                  ],
                                  "serverNames": [
                                    "list",
                                    "string"
                                  ],
                                  "terminatingTLS": [
                                    "object",
                                    {
                                      "certificate": "string",
                                      "privateKey": "string",
                                      "secret": [
                                        "object",
                                        {
                                          "name": "string",
                                          "namespace": "string"
                                        }
                                      ],
                                      "trustedCA": "string"
                                    }
                                  ]
                                }
                              ]
                            ],
                            "toRequires": [
                              "list",
                              "string"
                            ],
                            "toServices": [
                              "list",
                              [
                                "object",
                                {
                                  "k8sService": [
                                    "object",
                                    {
                                      "namespace": "string",
                                      "serviceName": "string"
                                    }
                                  ],
                                  "k8sServiceSelector": [
                                    "object",
                                    {
                                      "namespace": "string",
                                      "selector": [
                                        "object",
                                        {
                                          "matchExpressions": [
                                            "list",
                                            [
                                              "object",
                                              {
                                                "key": "string",
                                                "operator": "string",
                                                "values": [
                                                  "list",
                                                  "string"
                                                ]
                                              }
                                            ]
                                          ],
                                          "matchLabels": [
                                            "map",
                                            "string"
                                          ]
                                        }
                                      ]
                                    }
                                  ]
                                }
                              ]
                            ]
                          }
                        ]
                      ],
                      "egressDeny": [
                        "list",
                        [
                          "object",
                          {
                            "icmps": [
                              "list",
                              [
                                "object",
                                {
                                  "fields": [
                                    "list",
                                    [
                                      "object",
                                      {
                                        "family": "string",
                                        "type": "string"
                                      }
                                    ]
                                  ]
                                }
                              ]
                            ],
                            "toCIDR": [
                              "list",
                              "string"
                            ],
                            "toCIDRSet": [
                              "list",
                              [
                                "object",
                                {
                                  "cidr": "string",
                                  "cidrGroupRef": "string",
                                  "cidrGroupSelector": [
                                    "object",
                                    {
                                      "matchExpressions": [
                                        "list",
                                        [
                                          "object",
                                          {
                                            "key": "string",
                                            "operator": "string",
                                            "values": [
                                              "list",
                                              "string"
                                            ]
                                          }
                                        ]
                                      ],
                                      "matchLabels": [
                                        "map",
                                        "string"
                                      ]
                                    }
                                  ],
                                  "except": [
                                    "list",
                                    "string"
                                  ]
                                }
                              ]
                            ],
                            "toEndpoints": [
                              "list",
                              [
                                "object",
                                {
                                  "matchExpressions": [
                                    "list",
                                    [
                                      "object",
                                      {
                                        "key": "string",
                                        "operator": "string",
                                        "values": [
                                          "list",
                                          "string"
                                        ]
                                      }
                                    ]
                                  ],
                                  "matchLabels": [
                                    "map",
                                    "string"
                                  ]
                                }
                              ]
                            ],
                            "toEntities": [
                              "list",
                              "string"
                            ],
                            "toGroups": [
                              "list",
                              [
                                "object",
                                {
                                  "aws": [
                                    "object",
                                    {
                                      "labels": [
                                        "map",
                                        "string"
                                      ],
                                      "region": "string",
                                      "securityGroupsIds": [
                                        "list",
                                        "string"
                                      ],
                                      "securityGroupsNames": [
                                        "list",
                                        "string"
                                      ]
                                    }
                                  ]
                                }
                              ]
                            ],
                            "toNodes": [
                              "list",
                              [
                                "object",
                                {
                                  "matchExpressions": [
                                    "list",
                                    [
                                      "object",
                                      {
                                        "key": "string",
                                        "operator": "string",
                                        "values": [
                                          "list",
                                          "string"
                                        ]
                                      }
                                    ]
                                  ],
                                  "matchLabels": [
                                    "map",
                                    "string"
                                  ]
                                }
                              ]
                            ],
                            "toPorts": [
                              "list",
                              [
                                "object",
                                {
                                  "ports": [
                                    "list",
                                    [
                                      "object",
                                      {
                                        "endPort": "number",
                                        "port": "string",
                                        "protocol": "string"
                                      }
                                    ]
                                  ]
                                }
                              ]
                            ],
                            "toRequires": [
                              "list",
                              "string"
                            ],
                            "toServices": [
                              "list",
                              [
                                "object",
                                {
                                  "k8sService": [
                                    "object",
                                    {
                                      "namespace": "string",
                                      "serviceName": "string"
                                    }
                                  ],
                                  "k8sServiceSelector": [
                                    "object",
                                    {
                                      "namespace": "string",
                                      "selector": [
                                        "object",
                                        {
                                          "matchExpressions": [
                                            "list",
                                            [
                                              "object",
                                              {
                                                "key": "string",
                                                "operator": "string",
                                                "values": [
                                                  "list",
                                                  "string"
                                                ]
                                              }
                                            ]
                                          ],
                                          "matchLabels": [
                                            "map",
                                            "string"
                                          ]
                                        }
                                      ]
                                    }
                                  ]
                                }
                              ]
                            ]
                          }
                        ]
                      ],
                      "enableDefaultDeny": [
                        "object",
                        {
                          "egress": "bool",
                          "ingress": "bool"
                        }
                      ],
                      "endpointSelector": [
                        "object",
                        {
                          "matchExpressions": [
                            "list",
                            [
                              "object",
                              {
                                "key": "string",
                                "operator": "string",
                                "values": [
                                  "list",
                                  "string"
                                ]
                              }
                            ]
                          ],
                          "matchLabels": [
                            "map",
                            "string"
                          ]
                        }
                      ],
                      "ingress": [
                        "list",
                        [
                          "object",
                          {
                            "authentication": [
                              "object",
                              {
                                "mode": "string"
                              }
                            ],
                            "fromCIDR": [
                              "list",
                              "string"
                            ],
                            "fromCIDRSet": [
                              "list",
                              [
                                "object",
                                {
                                  "cidr": "string",
                                  "cidrGroupRef": "string",
                                  "cidrGroupSelector": [
                                    "object",
                                    {
                                      "matchExpressions": [
                                        "list",
                                        [
                                          "object",
                                          {
                                            "key": "string",
                                            "operator": "string",
                                            "values": [
                                              "list",
                                              "string"
                                            ]
                                          }
                                        ]
                                      ],
                                      "matchLabels": [
                                        "map",
                                        "string"
                                      ]
                                    }
                                  ],
                                  "except": [
                                    "list",
                                    "string"
                                  ]
                                }
                              ]
                            ],
                            "fromEndpoints": [
                              "list",
                              [
                                "object",
                                {
                                  "matchExpressions": [
                                    "list",
                                    [
                                      "object",
                                      {
                                        "key": "string",
                                        "operator": "string",
                                        "values": [
                                          "list",
                                          "string"
                                        ]
                                      }
                                    ]
                                  ],
                                  "matchLabels": [
                                    "map",
                                    "string"
                                  ]
                                }
                              ]
                            ],
                            "fromEntities": [
                              "list",
                              "string"
                            ],
                            "fromGroups": [
                              "list",
                              [
                                "object",
                                {
                                  "aws": [
                                    "object",
                                    {
                                      "labels": [
                                        "map",
                                        "string"
                                      ],
                                      "region": "string",
                                      "securityGroupsIds": [
                                        "list",
                                        "string"
                                      ],
                                      "securityGroupsNames": [
                                        "list",
                                        "string"
                                      ]
                                    }
                                  ]
                                }
                              ]
                            ],
                            "fromNodes": [
                              "list",
                              [
                                "object",
                                {
                                  "matchExpressions": [
                                    "list",
                                    [
                                      "object",
                                      {
                                        "key": "string",
                                        "operator": "string",
                                        "values": [
                                          "list",
                                          "string"
                                        ]
                                      }
                                    ]
                                  ],
                                  "matchLabels": [
                                    "map",
                                    "string"
                                  ]
                                }
                              ]
                            ],
                            "fromRequires": [
                              "list",
                              "string"
                            ],
                            "icmps": [
                              "list",
                              [
                                "object",
                                {
                                  "fields": [
                                    "list",
                                    [
                                      "object",
                                      {
                                        "family": "string",
                                        "type": "string"
                                      }
                                    ]
                                  ]
                                }
                              ]
                            ],
                            "toPorts": [
                              "list",
                              [
                                "object",
                                {
                                  "listener": [
                                    "object",
                                    {
                                      "envoyConfig": [
                                        "object",
                                        {
                                          "kind": "string",
                                          "name": "string"
                                        }
                                      ],
                                      "name": "string",
                                      "priority": "number"
                                    }
                                  ],
                                  "originatingTLS": [
                                    "object",
                                    {
                                      "certificate": "string",
                                      "privateKey": "string",
                                      "secret": [
                                        "object",
                                        {
                                          "name": "string",
                                          "namespace": "string"
                                        }
                                      ],
                                      "trustedCA": "string"
                                    }
                                  ],
                                  "ports": [
                                    "list",
                                    [
                                      "object",
                                      {
                                        "endPort": "number",
                                        "port": "string",
                                        "protocol": "string"
                                      }
                                    ]
                                  ],
                                  "rules": [
                                    "object",
                                    {
                                      "dns": [
                                        "list",
                                        [
                                          "object",
                                          {
                                            "matchName": "string",
                                            "matchPattern": "string"
                                          }
                                        ]
                                      ],
                                      "http": [
                                        "list",
                                        [
                                          "object",
                                          {
                                            "headerMatches": [
                                              "list",
                                              [
                                                "object",
                                                {
                                                  "mismatch": "string",
                                                  "name": "string",
                                                  "secret": [
                                                    "object",
                                                    {
                                                      "name": "string",
                                                      "namespace": "string"
                                                    }
                                                  ],
                                                  "value": "string"
                                                }
                                              ]
                                            ],
                                            "headers": [
                                              "list",
                                              "string"
                                            ],
                                            "host": "string",
                                            "method": "string",
                                            "path": "string"
                                          }
                                        ]
                                      ]
                                    }
                                  ],
                                  "serverNames": [
                                    "list",
                                    "string"
                                  ],
                                  "terminatingTLS": [
                                    "object",
                                    {
                                      "certificate": "string",
                                      "privateKey": "string",
                                      "secret": [
                                        "object",
                                        {
                                          "name": "string",
                                          "namespace": "string"
                                        }
                                      ],
                                      "trustedCA": "string"
                                    }
                                  ]
                                }
                              ]
                            ]
                          }
                        ]
                      ],
                      "ingressDeny": [
                        "list",
                        [
                          "object",
                          {
                            "fromCIDR": [
                              "list",
                              "string"
                            ],
                            "fromCIDRSet": [
                              "list",
                              [
                                "object",
                                {
                                  "cidr": "string",
                                  "cidrGroupRef": "string",
                                  "cidrGroupSelector": [
                                    "object",
                                    {
                                      "matchExpressions": [
                                        "list",
                                        [
                                          "object",
                                          {
                                            "key": "string",
                                            "operator": "string",
                                            "values": [
                                              "list",
                                              "string"
                                            ]
                                          }
                                        ]
                                      ],
                                      "matchLabels": [
                                        "map",
                                        "string"
                                      ]
                                    }
                                  ],
                                  "except": [
                                    "list",
                                    "string"
                                  ]
                                }
                              ]
                            ],
                            "fromEndpoints": [
                              "list",
                              [
                                "object",
                                {
                                  "matchExpressions": [
                                    "list",
                                    [
                                      "object",
                                      {
                                        "key": "string",
                                        "operator": "string",
                                        "values": [
                                          "list",
                                          "string"
                                        ]
                                      }
                                    ]
                                  ],
                                  "matchLabels": [
                                    "map",
                                    "string"
                                  ]
                                }
                              ]
                            ],
                            "fromEntities": [
                              "list",
                              "string"
                            ],
                            "fromGroups": [
                              "list",
                              [
                                "object",
                                {
                                  "aws": [
                                    "object",
                                    {
                                      "labels": [
                                        "map",
                                        "string"
                                      ],
                                      "region": "string",
                                      "securityGroupsIds": [
                                        "list",
                                        "string"
                                      ],
                                      "securityGroupsNames": [
                                        "list",
                                        "string"
                                      ]
                                    }
                                  ]
                                }
                              ]
                            ],
                            "fromNodes": [
                              "list",
                              [
                                "object",
                                {
                                  "matchExpressions": [
                                    "list",
                                    [
                                      "object",
                                      {
                                        "key": "string",
                                        "operator": "string",
                                        "values": [
                                          "list",
                                          "string"
                                        ]
                                      }
                                    ]
                                  ],
                                  "matchLabels": [
                                    "map",
                                    "string"
                                  ]
                                }
                              ]
                            ],
                            "fromRequires": [
                              "list",
                              "string"
                            ],
                            "icmps": [
                              "list",
                              [
                                "object",
                                {
                                  "fields": [
                                    "list",
                                    [
                                      "object",
                                      {
                                        "family": "string",
                                        "type": "string"
                                      }
                                    ]
                                  ]
                                }
                              ]
                            ],
                            "toPorts": [
                              "list",
                              [
                                "object",
                                {
                                  "ports": [
                                    "list",
                                    [
                                      "object",
                                      {
                                        "endPort": "number",
                                        "port": "string",
                                        "protocol": "string"
                                      }
                                    ]
                                  ]
                                }
                              ]
                            ]
                          }
                        ]
                      ],
                      "labels": [
                        "list",
                        [
                          "object",
                          {
                            "key": "string",
                            "source": "string",
                            "value": "string"
                          }
                        ]
                      ],
                      "log": [
                        "object",
                        {
                          "value": "string"
                        }
                      ],
                      "nodeSelector": [
                        "object",
                        {
                          "matchExpressions": [
                            "list",
                            [
                              "object",
                              {
                                "key": "string",
                                "operator": "string",
                                "values": [
                                  "list",
                                  "string"
                                ]
                              }
                            ]
                          ],
                          "matchLabels": [
                            "map",
                            "string"
                          ]
                        }
                      ]
                    }
                  ],
                  "specs": [
                    "list",
                    [
                      "object",
                      {
                        "description": "string",
                        "egress": [
                          "list",
                          [
                            "object",
                            {
                              "authentication": [
                                "object",
                                {
                                  "mode": "string"
                                }
                              ],
                              "icmps": [
                                "list",
                                [
                                  "object",
                                  {
                                    "fields": [
                                      "list",
                                      [
                                        "object",
                                        {
                                          "family": "string",
                                          "type": "string"
                                        }
                                      ]
                                    ]
                                  }
                                ]
                              ],
                              "toCIDR": [
                                "list",
                                "string"
                              ],
                              "toCIDRSet": [
                                "list",
                                [
                                  "object",
                                  {
                                    "cidr": "string",
                                    "cidrGroupRef": "string",
                                    "cidrGroupSelector": [
                                      "object",
                                      {
                                        "matchExpressions": [
                                          "list",
                                          [
                                            "object",
                                            {
                                              "key": "string",
                                              "operator": "string",
                                              "values": [
                                                "list",
                                                "string"
                                              ]
                                            }
                                          ]
                                        ],
                                        "matchLabels": [
                                          "map",
                                          "string"
                                        ]
                                      }
                                    ],
                                    "except": [
                                      "list",
                                      "string"
                                    ]
                                  }
                                ]
                              ],
                              "toEndpoints": [
                                "list",
                                [
                                  "object",
                                  {
                                    "matchExpressions": [
                                      "list",
                                      [
                                        "object",
                                        {
                                          "key": "string",
                                          "operator": "string",
                                          "values": [
                                            "list",
                                            "string"
                                          ]
                                        }
                                      ]
                                    ],
                                    "matchLabels": [
                                      "map",
                                      "string"
                                    ]
                                  }
                                ]
                              ],
                              "toEntities": [
                                "list",
                                "string"
                              ],
                              "toFQDNs": [
                                "list",
                                [
                                  "object",
                                  {
                                    "matchName": "string",
                                    "matchPattern": "string"
                                  }
                                ]
                              ],
                              "toGroups": [
                                "list",
                                [
                                  "object",
                                  {
                                    "aws": [
                                      "object",
                                      {
                                        "labels": [
                                          "map",
                                          "string"
                                        ],
                                        "region": "string",
                                        "securityGroupsIds": [
                                          "list",
                                          "string"
                                        ],
                                        "securityGroupsNames": [
                                          "list",
                                          "string"
                                        ]
                                      }
                                    ]
                                  }
                                ]
                              ],
                              "toNodes": [
                                "list",
                                [
                                  "object",
                                  {
                                    "matchExpressions": [
                                      "list",
                                      [
                                        "object",
                                        {
                                          "key": "string",
                                          "operator": "string",
                                          "values": [
                                            "list",
                                            "string"
                                          ]
                                        }
                                      ]
                                    ],
                                    "matchLabels": [
                                      "map",
                                      "string"
                                    ]
                                  }
                                ]
                              ],
                              "toPorts": [
                                "list",
                                [
                                  "object",
                                  {
                                    "listener": [
                                      "object",
                                      {
                                        "envoyConfig": [
                                          "object",
                                          {
                                            "kind": "string",
                                            "name": "string"
                                          }
                                        ],
                                        "name": "string",
                                        "priority": "number"
                                      }
                                    ],
                                    "originatingTLS": [
                                      "object",
                                      {
                                        "certificate": "string",
                                        "privateKey": "string",
                                        "secret": [
                                          "object",
                                          {
                                            "name": "string",
                                            "namespace": "string"
                                          }
                                        ],
                                        "trustedCA": "string"
                                      }
                                    ],
                                    "ports": [
                                      "list",
                                      [
                                        "object",
                                        {
                                          "endPort": "number",
                                          "port": "string",
                                          "protocol": "string"
                                        }
                                      ]
                                    ],
                                    "rules": [
                                      "object",
                                      {
                                        "dns": [
                                          "list",
                                          [
                                            "object",
                                            {
                                              "matchName": "string",
                                              "matchPattern": "string"
                                            }
                                          ]
                                        ],
                                        "http": [
                                          "list",
                                          [
                                            "object",
                                            {
                                              "headerMatches": [
                                                "list",
                                                [
                                                  "object",
                                                  {
                                                    "mismatch": "string",
                                                    "name": "string",
                                                    "secret": [
                                                      "object",
                                                      {
                                                        "name": "string",
                                                        "namespace": "string"
                                                      }
                                                    ],
                                                    "value": "string"
                                                  }
                                                ]
                                              ],
                                              "headers": [
                                                "list",
                                                "string"
                                              ],
                                              "host": "string",
                                              "method": "string",
                                              "path": "string"
                                            }
                                          ]
                                        ]
                                      }
                                    ],
                                    "serverNames": [
                                      "list",
                                      "string"
                                    ],
                                    "terminatingTLS": [
                                      "object",
                                      {
                                        "certificate": "string",
                                        "privateKey": "string",
                                        "secret": [
                                          "object",
                                          {
                                            "name": "string",
                                            "namespace": "string"
                                          }
                                        ],
                                        "trustedCA": "string"
                                      }
                                    ]
                                  }
                                ]
                              ],
                              "toRequires": [
                                "list",
                                "string"
                              ],
                              "toServices": [
                                "list",
                                [
                                  "object",
                                  {
                                    "k8sService": [
                                      "object",
                                      {
                                        "namespace": "string",
                                        "serviceName": "string"
                                      }
                                    ],
                                    "k8sServiceSelector": [
                                      "object",
                                      {
                                        "namespace": "string",
                                        "selector": [
                                          "object",
                                          {
                                            "matchExpressions": [
                                              "list",
                                              [
                                                "object",
                                                {
                                                  "key": "string",
                                                  "operator": "string",
                                                  "values": [
                                                    "list",
                                                    "string"
                                                  ]
                                                }
                                              ]
                                            ],
                                            "matchLabels": [
                                              "map",
                                              "string"
                                            ]
                                          }
                                        ]
                                      }
                                    ]
                                  }
                                ]
                              ]
                            }
                          ]
                        ],
                        "egressDeny": [
                          "list",
                          [
                            "object",
                            {
                              "icmps": [
                                "list",
                                [
                                  "object",
                                  {
                                    "fields": [
                                      "list",
                                      [
                                        "object",
                                        {
                                          "family": "string",
                                          "type": "string"
                                        }
                                      ]
                                    ]
                                  }
                                ]
                              ],
                              "toCIDR": [
                                "list",
                                "string"
                              ],
                              "toCIDRSet": [
                                "list",
                                [
                                  "object",
                                  {
                                    "cidr": "string",
                                    "cidrGroupRef": "string",
                                    "cidrGroupSelector": [
                                      "object",
                                      {
                                        "matchExpressions": [
                                          "list",
                                          [
                                            "object",
                                            {
                                              "key": "string",
                                              "operator": "string",
                                              "values": [
                                                "list",
                                                "string"
                                              ]
                                            }
                                          ]
                                        ],
                                        "matchLabels": [
                                          "map",
                                          "string"
                                        ]
                                      }
                                    ],
                                    "except": [
                                      "list",
                                      "string"
                                    ]
                                  }
                                ]
                              ],
                              "toEndpoints": [
                                "list",
                                [
                                  "object",
                                  {
                                    "matchExpressions": [
                                      "list",
                                      [
                                        "object",
                                        {
                                          "key": "string",
                                          "operator": "string",
                                          "values": [
                                            "list",
                                            "string"
                                          ]
                                        }
                                      ]
                                    ],
                                    "matchLabels": [
                                      "map",
                                      "string"
                                    ]
                                  }
                                ]
                              ],
                              "toEntities": [
                                "list",
                                "string"
                              ],
                              "toGroups": [
                                "list",
                                [
                                  "object",
                                  {
                                    "aws": [
                                      "object",
                                      {
                                        "labels": [
                                          "map",
                                          "string"
                                        ],
                                        "region": "string",
                                        "securityGroupsIds": [
                                          "list",
                                          "string"
                                        ],
                                        "securityGroupsNames": [
                                          "list",
                                          "string"
                                        ]
                                      }
                                    ]
                                  }
                                ]
                              ],
                              "toNodes": [
                                "list",
                                [
                                  "object",
                                  {
                                    "matchExpressions": [
                                      "list",
                                      [
                                        "object",
                                        {
                                          "key": "string",
                                          "operator": "string",
                                          "values": [
                                            "list",
                                            "string"
                                          ]
                                        }
                                      ]
                                    ],
                                    "matchLabels": [
                                      "map",
                                      "string"
                                    ]
                                  }
                                ]
                              ],
                              "toPorts": [
                                "list",
                                [
                                  "object",
                                  {
                                    "ports": [
                                      "list",
                                      [
                                        "object",
                                        {
                                          "endPort": "number",
                                          "port": "string",
                                          "protocol": "string"
                                        }
                                      ]
                                    ]
                                  }
                                ]
                              ],
                              "toRequires": [
                                "list",
                                "string"
                              ],
                              "toServices": [
                                "list",
                                [
                                  "object",
                                  {
                                    "k8sService": [
                                      "object",
                                      {
                                        "namespace": "string",
                                        "serviceName": "string"
                                      }
                                    ],
                                    "k8sServiceSelector": [
                                      "object",
                                      {
                                        "namespace": "string",
                                        "selector": [
                                          "object",
                                          {
                                            "matchExpressions": [
                                              "list",
                                              [
                                                "object",
                                                {
                                                  "key": "string",
                                                  "operator": "string",
                                                  "values": [
                                                    "list",
                                                    "string"
                                                  ]
                                                }
                                              ]
                                            ],
                                            "matchLabels": [
                                              "map",
                                              "string"
                                            ]
                                          }
                                        ]
                                      }
                                    ]
                                  }
                                ]
                              ]
                            }
                          ]
                        ],
                        "enableDefaultDeny": [
                          "object",
                          {
                            "egress": "bool",
                            "ingress": "bool"
                          }
                        ],
                        "endpointSelector": [
                          "object",
                          {
                            "matchExpressions": [
                              "list",
                              [
                                "object",
                                {
                                  "key": "string",
                                  "operator": "string",
                                  "values": [
                                    "list",
                                    "string"
                                  ]
                                }
                              ]
                            ],
                            "matchLabels": [
                              "map",
                              "string"
                            ]
                          }
                        ],
                        "ingress": [
                          "list",
                          [
                            "object",
                            {
                              "authentication": [
                                "object",
                                {
                                  "mode": "string"
                                }
                              ],
                              "fromCIDR": [
                                "list",
                                "string"
                              ],
                              "fromCIDRSet": [
                                "list",
                                [
                                  "object",
                                  {
                                    "cidr": "string",
                                    "cidrGroupRef": "string",
                                    "cidrGroupSelector": [
                                      "object",
                                      {
                                        "matchExpressions": [
                                          "list",
                                          [
                                            "object",
                                            {
                                              "key": "string",
                                              "operator": "string",
                                              "values": [
                                                "list",
                                                "string"
                                              ]
                                            }
                                          ]
                                        ],
                                        "matchLabels": [
                                          "map",
                                          "string"
                                        ]
                                      }
                                    ],
                                    "except": [
                                      "list",
                                      "string"
                                    ]
                                  }
                                ]
                              ],
                              "fromEndpoints": [
                                "list",
                                [
                                  "object",
                                  {
                                    "matchExpressions": [
                                      "list",
                                      [
                                        "object",
                                        {
                                          "key": "string",
                                          "operator": "string",
                                          "values": [
                                            "list",
                                            "string"
                                          ]
                                        }
                                      ]
                                    ],
                                    "matchLabels": [
                                      "map",
                                      "string"
                                    ]
                                  }
                                ]
                              ],
                              "fromEntities": [
                                "list",
                                "string"
                              ],
                              "fromGroups": [
                                "list",
                                [
                                  "object",
                                  {
                                    "aws": [
                                      "object",
                                      {
                                        "labels": [
                                          "map",
                                          "string"
                                        ],
                                        "region": "string",
                                        "securityGroupsIds": [
                                          "list",
                                          "string"
                                        ],
                                        "securityGroupsNames": [
                                          "list",
                                          "string"
                                        ]
                                      }
                                    ]
                                  }
                                ]
                              ],
                              "fromNodes": [
                                "list",
                                [
                                  "object",
                                  {
                                    "matchExpressions": [
                                      "list",
                                      [
                                        "object",
                                        {
                                          "key": "string",
                                          "operator": "string",
                                          "values": [
                                            "list",
                                            "string"
                                          ]
                                        }
                                      ]
                                    ],
                                    "matchLabels": [
                                      "map",
                                      "string"
                                    ]
                                  }
                                ]
                              ],
                              "fromRequires": [
                                "list",
                                "string"
                              ],
                              "icmps": [
                                "list",
                                [
                                  "object",
                                  {
                                    "fields": [
                                      "list",
                                      [
                                        "object",
                                        {
                                          "family": "string",
                                          "type": "string"
                                        }
                                      ]
                                    ]
                                  }
                                ]
                              ],
                              "toPorts": [
                                "list",
                                [
                                  "object",
                                  {
                                    "listener": [
                                      "object",
                                      {
                                        "envoyConfig": [
                                          "object",
                                          {
                                            "kind": "string",
                                            "name": "string"
                                          }
                                        ],
                                        "name": "string",
                                        "priority": "number"
                                      }
                                    ],
                                    "originatingTLS": [
                                      "object",
                                      {
                                        "certificate": "string",
                                        "privateKey": "string",
                                        "secret": [
                                          "object",
                                          {
                                            "name": "string",
                                            "namespace": "string"
                                          }
                                        ],
                                        "trustedCA": "string"
                                      }
                                    ],
                                    "ports": [
                                      "list",
                                      [
                                        "object",
                                        {
                                          "endPort": "number",
                                          "port": "string",
                                          "protocol": "string"
                                        }
                                      ]
                                    ],
                                    "rules": [
                                      "object",
                                      {
                                        "dns": [
                                          "list",
                                          [
                                            "object",
                                            {
                                              "matchName": "string",
                                              "matchPattern": "string"
                                            }
                                          ]
                                        ],
                                        "http": [
                                          "list",
                                          [
                                            "object",
                                            {
                                              "headerMatches": [
                                                "list",
                                                [
                                                  "object",
                                                  {
                                                    "mismatch": "string",
                                                    "name": "string",
                                                    "secret": [
                                                      "object",
                                                      {
                                                        "name": "string",
                                                        "namespace": "string"
                                                      }
                                                    ],
                                                    "value": "string"
                                                  }
                                                ]
                                              ],
                                              "headers": [
                                                "list",
                                                "string"
                                              ],
                                              "host": "string",
                                              "method": "string",
                                              "path": "string"
                                            }
                                          ]
                                        ]
                                      }
                                    ],
                                    "serverNames": [
                                      "list",
                                      "string"
                                    ],
                                    "terminatingTLS": [
                                      "object",
                                      {
                                        "certificate": "string",
                                        "privateKey": "string",
                                        "secret": [
                                          "object",
                                          {
                                            "name": "string",
                                            "namespace": "string"
                                          }
                                        ],
                                        "trustedCA": "string"
                                      }
                                    ]
                                  }
                                ]
                              ]
                            }
                          ]
                        ],
                        "ingressDeny": [
                          "list",
                          [
                            "object",
                            {
                              "fromCIDR": [
                                "list",
                                "string"
                              ],
                              "fromCIDRSet": [
                                "list",
                                [
                                  "object",
                                  {
                                    "cidr": "string",
                                    "cidrGroupRef": "string",
                                    "cidrGroupSelector": [
                                      "object",
                                      {
                                        "matchExpressions": [
                                          "list",
                                          [
                                            "object",
                                            {
                                              "key": "string",
                                              "operator": "string",
                                              "values": [
                                                "list",
                                                "string"
                                              ]
                                            }
                                          ]
                                        ],
                                        "matchLabels": [
                                          "map",
                                          "string"
                                        ]
                                      }
                                    ],
                                    "except": [
                                      "list",
                                      "string"
                                    ]
                                  }
                                ]
                              ],
                              "fromEndpoints": [
                                "list",
                                [
                                  "object",
                                  {
                                    "matchExpressions": [
                                      "list",
                                      [
                                        "object",
                                        {
                                          "key": "string",
                                          "operator": "string",
                                          "values": [
                                            "list",
                                            "string"
                                          ]
                                        }
                                      ]
                                    ],
                                    "matchLabels": [
                                      "map",
                                      "string"
                                    ]
                                  }
                                ]
                              ],
                              "fromEntities": [
                                "list",
                                "string"
                              ],
                              "fromGroups": [
                                "list",
                                [
                                  "object",
                                  {
                                    "aws": [
                                      "object",
                                      {
                                        "labels": [
                                          "map",
                                          "string"
                                        ],
                                        "region": "string",
                                        "securityGroupsIds": [
                                          "list",
                                          "string"
                                        ],
                                        "securityGroupsNames": [
                                          "list",
                                          "string"
                                        ]
                                      }
                                    ]
                                  }
                                ]
                              ],
                              "fromNodes": [
                                "list",
                                [
                                  "object",
                                  {
                                    "matchExpressions": [
                                      "list",
                                      [
                                        "object",
                                        {
                                          "key": "string",
                                          "operator": "string",
                                          "values": [
                                            "list",
                                            "string"
                                          ]
                                        }
                                      ]
                                    ],
                                    "matchLabels": [
                                      "map",
                                      "string"
                                    ]
                                  }
                                ]
                              ],
                              "fromRequires": [
                                "list",
                                "string"
                              ],
                              "icmps": [
                                "list",
                                [
                                  "object",
                                  {
                                    "fields": [
                                      "list",
                                      [
                                        "object",
                                        {
                                          "family": "string",
                                          "type": "string"
                                        }
                                      ]
                                    ]
                                  }
                                ]
                              ],
                              "toPorts": [
                                "list",
                                [
                                  "object",
                                  {
                                    "ports": [
                                      "list",
                                      [
                                        "object",
                                        {
                                          "endPort": "number",
                                          "port": "string",
                                          "protocol": "string"
                                        }
                                      ]
                                    ]
                                  }
                                ]
                              ]
                            }
                          ]
                        ],
                        "labels": [
                          "list",
                          [
                            "object",
                            {
                              "key": "string",
                              "source": "string",
                              "value": "string"
                            }
                          ]
                        ],
                        "log": [
                          "object",
                          {
                            "value": "string"
                          }
                        ],
                        "nodeSelector": [
                          "object",
                          {
                            "matchExpressions": [
                              "list",
                              [
                                "object",
                                {
                                  "key": "string",
                                  "operator": "string",
                                  "values": [
                                    "list",
                                    "string"
                                  ]
                                }
                              ]
                            ],
                            "matchLabels": [
                              "map",
                              "string"
                            ]
                          }
                        ]
                      }
                    ]
                  ]
                }
              ]
            },
            "timeouts": [],
            "wait": [],
            "wait_for": null
          },
          "sensitive_attributes": [],
          "identity_schema_version": 1,
          "identity": {
            "api_version": "cilium.io/v2",
            "kind": "CiliumNetworkPolicy",
            "name": "default-deny-cross-tenant",
            "namespace": "tenant-a"
          },
          "dependencies": [
            "data.aws_eks_cluster_auth.this",
            "module.cilium.helm_release.cilium",
            "module.eks_cluster.aws_eks_cluster.this",
            "module.eks_cluster.aws_iam_role.cluster",
            "module.eks_cluster.aws_iam_role_policy_attachment.cluster_policy",
            "module.namespaces.kubernetes_namespace_v1.this",
            "module.node_group.aws_eks_node_group.this",
            "module.node_group.aws_iam_role.node",
            "module.node_group.aws_iam_role_policy_attachment.cni",
            "module.node_group.aws_iam_role_policy_attachment.ecr_read",
            "module.node_group.aws_iam_role_policy_attachment.worker_node",
            "module.node_group.aws_launch_template.this",
            "module.vpc.aws_subnet.this",
            "module.vpc.aws_vpc.this"
          ]
        },
        {
          "index_key": "tenant-b",
          "schema_version": 1,
          "attributes": {
            "computed_fields": null,
            "field_manager": [],
            "manifest": {
              "value": {
                "apiVersion": "cilium.io/v2",
                "kind": "CiliumNetworkPolicy",
                "metadata": {
                  "name": "default-deny-cross-tenant",
                  "namespace": "tenant-b"
                },
                "spec": {
                  "endpointSelector": {},
                  "ingress": [
                    {
                      "fromEndpoints": [
                        {
                          "matchLabels": {
                            "k8s:io.kubernetes.pod.namespace": "tenant-b"
                          }
                        }
                      ]
                    }
                  ]
                }
              },
              "type": [
                "object",
                {
                  "apiVersion": "string",
                  "kind": "string",
                  "metadata": [
                    "object",
                    {
                      "name": "string",
                      "namespace": "string"
                    }
                  ],
                  "spec": [
                    "object",
                    {
                      "endpointSelector": [
                        "object",
                        {}
                      ],
                      "ingress": [
                        "tuple",
                        [
                          [
                            "object",
                            {
                              "fromEndpoints": [
                                "tuple",
                                [
                                  [
                                    "object",
                                    {
                                      "matchLabels": [
                                        "object",
                                        {
                                          "k8s:io.kubernetes.pod.namespace": "string"
                                        }
                                      ]
                                    }
                                  ]
                                ]
                              ]
                            }
                          ]
                        ]
                      ]
                    }
                  ]
                }
              ]
            },
            "object": {
              "value": {
                "apiVersion": "cilium.io/v2",
                "kind": "CiliumNetworkPolicy",
                "metadata": {
                  "annotations": null,
                  "creationTimestamp": null,
                  "deletionGracePeriodSeconds": null,
                  "deletionTimestamp": null,
                  "finalizers": null,
                  "generateName": null,
                  "generation": null,
                  "labels": null,
                  "managedFields": null,
                  "name": "default-deny-cross-tenant",
                  "namespace": "tenant-b",
                  "ownerReferences": null,
                  "resourceVersion": null,
                  "selfLink": null,
                  "uid": null
                },
                "spec": {
                  "description": null,
                  "egress": null,
                  "egressDeny": null,
                  "enableDefaultDeny": {
                    "egress": null,
                    "ingress": null
                  },
                  "endpointSelector": {
                    "matchExpressions": null,
                    "matchLabels": null
                  },
                  "ingress": [
                    {
                      "authentication": {
                        "mode": null
                      },
                      "fromCIDR": null,
                      "fromCIDRSet": null,
                      "fromEndpoints": [
                        {
                          "matchExpressions": null,
                          "matchLabels": {
                            "k8s:io.kubernetes.pod.namespace": "tenant-b"
                          }
                        }
                      ],
                      "fromEntities": null,
                      "fromGroups": null,
                      "fromNodes": null,
                      "fromRequires": null,
                      "icmps": null,
                      "toPorts": null
                    }
                  ],
                  "ingressDeny": null,
                  "labels": null,
                  "log": {
                    "value": null
                  },
                  "nodeSelector": {
                    "matchExpressions": null,
                    "matchLabels": null
                  }
                },
                "specs": null
              },
              "type": [
                "object",
                {
                  "apiVersion": "string",
                  "kind": "string",
                  "metadata": [
                    "object",
                    {
                      "annotations": [
                        "map",
                        "string"
                      ],
                      "creationTimestamp": "string",
                      "deletionGracePeriodSeconds": "number",
                      "deletionTimestamp": "string",
                      "finalizers": [
                        "list",
                        "string"
                      ],
                      "generateName": "string",
                      "generation": "number",
                      "labels": [
                        "map",
                        "string"
                      ],
                      "managedFields": [
                        "tuple",
                        [
                          [
                            "object",
                            {
                              "apiVersion": "string",
                              "fieldsType": "string",
                              "fieldsV1": "dynamic",
                              "manager": "string",
                              "operation": "string",
                              "subresource": "string",
                              "time": "string"
                            }
                          ]
                        ]
                      ],
                      "name": "string",
                      "namespace": "string",
                      "ownerReferences": [
                        "list",
                        [
                          "object",
                          {
                            "apiVersion": "string",
                            "blockOwnerDeletion": "bool",
                            "controller": "bool",
                            "kind": "string",
                            "name": "string",
                            "uid": "string"
                          }
                        ]
                      ],
                      "resourceVersion": "string",
                      "selfLink": "string",
                      "uid": "string"
                    }
                  ],
                  "spec": [
                    "object",
                    {
                      "description": "string",
                      "egress": [
                        "list",
                        [
                          "object",
                          {
                            "authentication": [
                              "object",
                              {
                                "mode": "string"
                              }
                            ],
                            "icmps": [
                              "list",
                              [
                                "object",
                                {
                                  "fields": [
                                    "list",
                                    [
                                      "object",
                                      {
                                        "family": "string",
                                        "type": "string"
                                      }
                                    ]
                                  ]
                                }
                              ]
                            ],
                            "toCIDR": [
                              "list",
                              "string"
                            ],
                            "toCIDRSet": [
                              "list",
                              [
                                "object",
                                {
                                  "cidr": "string",
                                  "cidrGroupRef": "string",
                                  "cidrGroupSelector": [
                                    "object",
                                    {
                                      "matchExpressions": [
                                        "list",
                                        [
                                          "object",
                                          {
                                            "key": "string",
                                            "operator": "string",
                                            "values": [
                                              "list",
                                              "string"
                                            ]
                                          }
                                        ]
                                      ],
                                      "matchLabels": [
                                        "map",
                                        "string"
                                      ]
                                    }
                                  ],
                                  "except": [
                                    "list",
                                    "string"
                                  ]
                                }
                              ]
                            ],
                            "toEndpoints": [
                              "list",
                              [
                                "object",
                                {
                                  "matchExpressions": [
                                    "list",
                                    [
                                      "object",
                                      {
                                        "key": "string",
                                        "operator": "string",
                                        "values": [
                                          "list",
                                          "string"
                                        ]
                                      }
                                    ]
                                  ],
                                  "matchLabels": [
                                    "map",
                                    "string"
                                  ]
                                }
                              ]
                            ],
                            "toEntities": [
                              "list",
                              "string"
                            ],
                            "toFQDNs": [
                              "list",
                              [
                                "object",
                                {
                                  "matchName": "string",
                                  "matchPattern": "string"
                                }
                              ]
                            ],
                            "toGroups": [
                              "list",
                              [
                                "object",
                                {
                                  "aws": [
                                    "object",
                                    {
                                      "labels": [
                                        "map",
                                        "string"
                                      ],
                                      "region": "string",
                                      "securityGroupsIds": [
                                        "list",
                                        "string"
                                      ],
                                      "securityGroupsNames": [
                                        "list",
                                        "string"
                                      ]
                                    }
                                  ]
                                }
                              ]
                            ],
                            "toNodes": [
                              "list",
                              [
                                "object",
                                {
                                  "matchExpressions": [
                                    "list",
                                    [
                                      "object",
                                      {
                                        "key": "string",
                                        "operator": "string",
                                        "values": [
                                          "list",
                                          "string"
                                        ]
                                      }
                                    ]
                                  ],
                                  "matchLabels": [
                                    "map",
                                    "string"
                                  ]
                                }
                              ]
                            ],
                            "toPorts": [
                              "list",
                              [
                                "object",
                                {
                                  "listener": [
                                    "object",
                                    {
                                      "envoyConfig": [
                                        "object",
                                        {
                                          "kind": "string",
                                          "name": "string"
                                        }
                                      ],
                                      "name": "string",
                                      "priority": "number"
                                    }
                                  ],
                                  "originatingTLS": [
                                    "object",
                                    {
                                      "certificate": "string",
                                      "privateKey": "string",
                                      "secret": [
                                        "object",
                                        {
                                          "name": "string",
                                          "namespace": "string"
                                        }
                                      ],
                                      "trustedCA": "string"
                                    }
                                  ],
                                  "ports": [
                                    "list",
                                    [
                                      "object",
                                      {
                                        "endPort": "number",
                                        "port": "string",
                                        "protocol": "string"
                                      }
                                    ]
                                  ],
                                  "rules": [
                                    "object",
                                    {
                                      "dns": [
                                        "list",
                                        [
                                          "object",
                                          {
                                            "matchName": "string",
                                            "matchPattern": "string"
                                          }
                                        ]
                                      ],
                                      "http": [
                                        "list",
                                        [
                                          "object",
                                          {
                                            "headerMatches": [
                                              "list",
                                              [
                                                "object",
                                                {
                                                  "mismatch": "string",
                                                  "name": "string",
                                                  "secret": [
                                                    "object",
                                                    {
                                                      "name": "string",
                                                      "namespace": "string"
                                                    }
                                                  ],
                                                  "value": "string"
                                                }
                                              ]
                                            ],
                                            "headers": [
                                              "list",
                                              "string"
                                            ],
                                            "host": "string",
                                            "method": "string",
                                            "path": "string"
                                          }
                                        ]
                                      ]
                                    }
                                  ],
                                  "serverNames": [
                                    "list",
                                    "string"
                                  ],
                                  "terminatingTLS": [
                                    "object",
                                    {
                                      "certificate": "string",
                                      "privateKey": "string",
                                      "secret": [
                                        "object",
                                        {
                                          "name": "string",
                                          "namespace": "string"
                                        }
                                      ],
                                      "trustedCA": "string"
                                    }
                                  ]
                                }
                              ]
                            ],
                            "toRequires": [
                              "list",
                              "string"
                            ],
                            "toServices": [
                              "list",
                              [
                                "object",
                                {
                                  "k8sService": [
                                    "object",
                                    {
                                      "namespace": "string",
                                      "serviceName": "string"
                                    }
                                  ],
                                  "k8sServiceSelector": [
                                    "object",
                                    {
                                      "namespace": "string",
                                      "selector": [
                                        "object",
                                        {
                                          "matchExpressions": [
                                            "list",
                                            [
                                              "object",
                                              {
                                                "key": "string",
                                                "operator": "string",
                                                "values": [
                                                  "list",
                                                  "string"
                                                ]
                                              }
                                            ]
                                          ],
                                          "matchLabels": [
                                            "map",
                                            "string"
                                          ]
                                        }
                                      ]
                                    }
                                  ]
                                }
                              ]
                            ]
                          }
                        ]
                      ],
                      "egressDeny": [
                        "list",
                        [
                          "object",
                          {
                            "icmps": [
                              "list",
                              [
                                "object",
                                {
                                  "fields": [
                                    "list",
                                    [
                                      "object",
                                      {
                                        "family": "string",
                                        "type": "string"
                                      }
                                    ]
                                  ]
                                }
                              ]
                            ],
                            "toCIDR": [
                              "list",
                              "string"
                            ],
                            "toCIDRSet": [
                              "list",
                              [
                                "object",
                                {
                                  "cidr": "string",
                                  "cidrGroupRef": "string",
                                  "cidrGroupSelector": [
                                    "object",
                                    {
                                      "matchExpressions": [
                                        "list",
                                        [
                                          "object",
                                          {
                                            "key": "string",
                                            "operator": "string",
                                            "values": [
                                              "list",
                                              "string"
                                            ]
                                          }
                                        ]
                                      ],
                                      "matchLabels": [
                                        "map",
                                        "string"
                                      ]
                                    }
                                  ],
                                  "except": [
                                    "list",
                                    "string"
                                  ]
                                }
                              ]
                            ],
                            "toEndpoints": [
                              "list",
                              [
                                "object",
                                {
                                  "matchExpressions": [
                                    "list",
                                    [
                                      "object",
                                      {
                                        "key": "string",
                                        "operator": "string",
                                        "values": [
                                          "list",
                                          "string"
                                        ]
                                      }
                                    ]
                                  ],
                                  "matchLabels": [
                                    "map",
                                    "string"
                                  ]
                                }
                              ]
                            ],
                            "toEntities": [
                              "list",
                              "string"
                            ],
                            "toGroups": [
                              "list",
                              [
                                "object",
                                {
                                  "aws": [
                                    "object",
                                    {
                                      "labels": [
                                        "map",
                                        "string"
                                      ],
                                      "region": "string",
                                      "securityGroupsIds": [
                                        "list",
                                        "string"
                                      ],
                                      "securityGroupsNames": [
                                        "list",
                                        "string"
                                      ]
                                    }
                                  ]
                                }
                              ]
                            ],
                            "toNodes": [
                              "list",
                              [
                                "object",
                                {
                                  "matchExpressions": [
                                    "list",
                                    [
                                      "object",
                                      {
                                        "key": "string",
                                        "operator": "string",
                                        "values": [
                                          "list",
                                          "string"
                                        ]
                                      }
                                    ]
                                  ],
                                  "matchLabels": [
                                    "map",
                                    "string"
                                  ]
                                }
                              ]
                            ],
                            "toPorts": [
                              "list",
                              [
                                "object",
                                {
                                  "ports": [
                                    "list",
                                    [
                                      "object",
                                      {
                                        "endPort": "number",
                                        "port": "string",
                                        "protocol": "string"
                                      }
                                    ]
                                  ]
                                }
                              ]
                            ],
                            "toRequires": [
                              "list",
                              "string"
                            ],
                            "toServices": [
                              "list",
                              [
                                "object",
                                {
                                  "k8sService": [
                                    "object",
                                    {
                                      "namespace": "string",
                                      "serviceName": "string"
                                    }
                                  ],
                                  "k8sServiceSelector": [
                                    "object",
                                    {
                                      "namespace": "string",
                                      "selector": [
                                        "object",
                                        {
                                          "matchExpressions": [
                                            "list",
                                            [
                                              "object",
                                              {
                                                "key": "string",
                                                "operator": "string",
                                                "values": [
                                                  "list",
                                                  "string"
                                                ]
                                              }
                                            ]
                                          ],
                                          "matchLabels": [
                                            "map",
                                            "string"
                                          ]
                                        }
                                      ]
                                    }
                                  ]
                                }
                              ]
                            ]
                          }
                        ]
                      ],
                      "enableDefaultDeny": [
                        "object",
                        {
                          "egress": "bool",
                          "ingress": "bool"
                        }
                      ],
                      "endpointSelector": [
                        "object",
                        {
                          "matchExpressions": [
                            "list",
                            [
                              "object",
                              {
                                "key": "string",
                                "operator": "string",
                                "values": [
                                  "list",
                                  "string"
                                ]
                              }
                            ]
                          ],
                          "matchLabels": [
                            "map",
                            "string"
                          ]
                        }
                      ],
                      "ingress": [
                        "list",
                        [
                          "object",
                          {
                            "authentication": [
                              "object",
                              {
                                "mode": "string"
                              }
                            ],
                            "fromCIDR": [
                              "list",
                              "string"
                            ],
                            "fromCIDRSet": [
                              "list",
                              [
                                "object",
                                {
                                  "cidr": "string",
                                  "cidrGroupRef": "string",
                                  "cidrGroupSelector": [
                                    "object",
                                    {
                                      "matchExpressions": [
                                        "list",
                                        [
                                          "object",
                                          {
                                            "key": "string",
                                            "operator": "string",
                                            "values": [
                                              "list",
                                              "string"
                                            ]
                                          }
                                        ]
                                      ],
                                      "matchLabels": [
                                        "map",
                                        "string"
                                      ]
                                    }
                                  ],
                                  "except": [
                                    "list",
                                    "string"
                                  ]
                                }
                              ]
                            ],
                            "fromEndpoints": [
                              "list",
                              [
                                "object",
                                {
                                  "matchExpressions": [
                                    "list",
                                    [
                                      "object",
                                      {
                                        "key": "string",
                                        "operator": "string",
                                        "values": [
                                          "list",
                                          "string"
                                        ]
                                      }
                                    ]
                                  ],
                                  "matchLabels": [
                                    "map",
                                    "string"
                                  ]
                                }
                              ]
                            ],
                            "fromEntities": [
                              "list",
                              "string"
                            ],
                            "fromGroups": [
                              "list",
                              [
                                "object",
                                {
                                  "aws": [
                                    "object",
                                    {
                                      "labels": [
                                        "map",
                                        "string"
                                      ],
                                      "region": "string",
                                      "securityGroupsIds": [
                                        "list",
                                        "string"
                                      ],
                                      "securityGroupsNames": [
                                        "list",
                                        "string"
                                      ]
                                    }
                                  ]
                                }
                              ]
                            ],
                            "fromNodes": [
                              "list",
                              [
                                "object",
                                {
                                  "matchExpressions": [
                                    "list",
                                    [
                                      "object",
                                      {
                                        "key": "string",
                                        "operator": "string",
                                        "values": [
                                          "list",
                                          "string"
                                        ]
                                      }
                                    ]
                                  ],
                                  "matchLabels": [
                                    "map",
                                    "string"
                                  ]
                                }
                              ]
                            ],
                            "fromRequires": [
                              "list",
                              "string"
                            ],
                            "icmps": [
                              "list",
                              [
                                "object",
                                {
                                  "fields": [
                                    "list",
                                    [
                                      "object",
                                      {
                                        "family": "string",
                                        "type": "string"
                                      }
                                    ]
                                  ]
                                }
                              ]
                            ],
                            "toPorts": [
                              "list",
                              [
                                "object",
                                {
                                  "listener": [
                                    "object",
                                    {
                                      "envoyConfig": [
                                        "object",
                                        {
                                          "kind": "string",
                                          "name": "string"
                                        }
                                      ],
                                      "name": "string",
                                      "priority": "number"
                                    }
                                  ],
                                  "originatingTLS": [
                                    "object",
                                    {
                                      "certificate": "string",
                                      "privateKey": "string",
                                      "secret": [
                                        "object",
                                        {
                                          "name": "string",
                                          "namespace": "string"
                                        }
                                      ],
                                      "trustedCA": "string"
                                    }
                                  ],
                                  "ports": [
                                    "list",
                                    [
                                      "object",
                                      {
                                        "endPort": "number",
                                        "port": "string",
                                        "protocol": "string"
                                      }
                                    ]
                                  ],
                                  "rules": [
                                    "object",
                                    {
                                      "dns": [
                                        "list",
                                        [
                                          "object",
                                          {
                                            "matchName": "string",
                                            "matchPattern": "string"
                                          }
                                        ]
                                      ],
                                      "http": [
                                        "list",
                                        [
                                          "object",
                                          {
                                            "headerMatches": [
                                              "list",
                                              [
                                                "object",
                                                {
                                                  "mismatch": "string",
                                                  "name": "string",
                                                  "secret": [
                                                    "object",
                                                    {
                                                      "name": "string",
                                                      "namespace": "string"
                                                    }
                                                  ],
                                                  "value": "string"
                                                }
                                              ]
                                            ],
                                            "headers": [
                                              "list",
                                              "string"
                                            ],
                                            "host": "string",
                                            "method": "string",
                                            "path": "string"
                                          }
                                        ]
                                      ]
                                    }
                                  ],
                                  "serverNames": [
                                    "list",
                                    "string"
                                  ],
                                  "terminatingTLS": [
                                    "object",
                                    {
                                      "certificate": "string",
                                      "privateKey": "string",
                                      "secret": [
                                        "object",
                                        {
                                          "name": "string",
                                          "namespace": "string"
                                        }
                                      ],
                                      "trustedCA": "string"
                                    }
                                  ]
                                }
                              ]
                            ]
                          }
                        ]
                      ],
                      "ingressDeny": [
                        "list",
                        [
                          "object",
                          {
                            "fromCIDR": [
                              "list",
                              "string"
                            ],
                            "fromCIDRSet": [
                              "list",
                              [
                                "object",
                                {
                                  "cidr": "string",
                                  "cidrGroupRef": "string",
                                  "cidrGroupSelector": [
                                    "object",
                                    {
                                      "matchExpressions": [
                                        "list",
                                        [
                                          "object",
                                          {
                                            "key": "string",
                                            "operator": "string",
                                            "values": [
                                              "list",
                                              "string"
                                            ]
                                          }
                                        ]
                                      ],
                                      "matchLabels": [
                                        "map",
                                        "string"
                                      ]
                                    }
                                  ],
                                  "except": [
                                    "list",
                                    "string"
                                  ]
                                }
                              ]
                            ],
                            "fromEndpoints": [
                              "list",
                              [
                                "object",
                                {
                                  "matchExpressions": [
                                    "list",
                                    [
                                      "object",
                                      {
                                        "key": "string",
                                        "operator": "string",
                                        "values": [
                                          "list",
                                          "string"
                                        ]
                                      }
                                    ]
                                  ],
                                  "matchLabels": [
                                    "map",
                                    "string"
                                  ]
                                }
                              ]
                            ],
                            "fromEntities": [
                              "list",
                              "string"
                            ],
                            "fromGroups": [
                              "list",
                              [
                                "object",
                                {
                                  "aws": [
                                    "object",
                                    {
                                      "labels": [
                                        "map",
                                        "string"
                                      ],
                                      "region": "string",
                                      "securityGroupsIds": [
                                        "list",
                                        "string"
                                      ],
                                      "securityGroupsNames": [
                                        "list",
                                        "string"
                                      ]
                                    }
                                  ]
                                }
                              ]
                            ],
                            "fromNodes": [
                              "list",
                              [
                                "object",
                                {
                                  "matchExpressions": [
                                    "list",
                                    [
                                      "object",
                                      {
                                        "key": "string",
                                        "operator": "string",
                                        "values": [
                                          "list",
                                          "string"
                                        ]
                                      }
                                    ]
                                  ],
                                  "matchLabels": [
                                    "map",
                                    "string"
                                  ]
                                }
                              ]
                            ],
                            "fromRequires": [
                              "list",
                              "string"
                            ],
                            "icmps": [
                              "list",
                              [
                                "object",
                                {
                                  "fields": [
                                    "list",
                                    [
                                      "object",
                                      {
                                        "family": "string",
                                        "type": "string"
                                      }
                                    ]
                                  ]
                                }
                              ]
                            ],
                            "toPorts": [
                              "list",
                              [
                                "object",
                                {
                                  "ports": [
                                    "list",
                                    [
                                      "object",
                                      {
                                        "endPort": "number",
                                        "port": "string",
                                        "protocol": "string"
                                      }
                                    ]
                                  ]
                                }
                              ]
                            ]
                          }
                        ]
                      ],
                      "labels": [
                        "list",
                        [
                          "object",
                          {
                            "key": "string",
                            "source": "string",
                            "value": "string"
                          }
                        ]
                      ],
                      "log": [
                        "object",
                        {
                          "value": "string"
                        }
                      ],
                      "nodeSelector": [
                        "object",
                        {
                          "matchExpressions": [
                            "list",
                            [
                              "object",
                              {
                                "key": "string",
                                "operator": "string",
                                "values": [
                                  "list",
                                  "string"
                                ]
                              }
                            ]
                          ],
                          "matchLabels": [
                            "map",
                            "string"
                          ]
                        }
                      ]
                    }
                  ],
                  "specs": [
                    "list",
                    [
                      "object",
                      {
                        "description": "string",
                        "egress": [
                          "list",
                          [
                            "object",
                            {
                              "authentication": [
                                "object",
                                {
                                  "mode": "string"
                                }
                              ],
                              "icmps": [
                                "list",
                                [
                                  "object",
                                  {
                                    "fields": [
                                      "list",
                                      [
                                        "object",
                                        {
                                          "family": "string",
                                          "type": "string"
                                        }
                                      ]
                                    ]
                                  }
                                ]
                              ],
                              "toCIDR": [
                                "list",
                                "string"
                              ],
                              "toCIDRSet": [
                                "list",
                                [
                                  "object",
                                  {
                                    "cidr": "string",
                                    "cidrGroupRef": "string",
                                    "cidrGroupSelector": [
                                      "object",
                                      {
                                        "matchExpressions": [
                                          "list",
                                          [
                                            "object",
                                            {
                                              "key": "string",
                                              "operator": "string",
                                              "values": [
                                                "list",
                                                "string"
                                              ]
                                            }
                                          ]
                                        ],
                                        "matchLabels": [
                                          "map",
                                          "string"
                                        ]
                                      }
                                    ],
                                    "except": [
                                      "list",
                                      "string"
                                    ]
                                  }
                                ]
                              ],
                              "toEndpoints": [
                                "list",
                                [
                                  "object",
                                  {
                                    "matchExpressions": [
                                      "list",
                                      [
                                        "object",
                                        {
                                          "key": "string",
                                          "operator": "string",
                                          "values": [
                                            "list",
                                            "string"
                                          ]
                                        }
                                      ]
                                    ],
                                    "matchLabels": [
                                      "map",
                                      "string"
                                    ]
                                  }
                                ]
                              ],
                              "toEntities": [
                                "list",
                                "string"
                              ],
                              "toFQDNs": [
                                "list",
                                [
                                  "object",
                                  {
                                    "matchName": "string",
                                    "matchPattern": "string"
                                  }
                                ]
                              ],
                              "toGroups": [
                                "list",
                                [
                                  "object",
                                  {
                                    "aws": [
                                      "object",
                                      {
                                        "labels": [
                                          "map",
                                          "string"
                                        ],
                                        "region": "string",
                                        "securityGroupsIds": [
                                          "list",
                                          "string"
                                        ],
                                        "securityGroupsNames": [
                                          "list",
                                          "string"
                                        ]
                                      }
                                    ]
                                  }
                                ]
                              ],
                              "toNodes": [
                                "list",
                                [
                                  "object",
                                  {
                                    "matchExpressions": [
                                      "list",
                                      [
                                        "object",
                                        {
                                          "key": "string",
                                          "operator": "string",
                                          "values": [
                                            "list",
                                            "string"
                                          ]
                                        }
                                      ]
                                    ],
                                    "matchLabels": [
                                      "map",
                                      "string"
                                    ]
                                  }
                                ]
                              ],
                              "toPorts": [
                                "list",
                                [
                                  "object",
                                  {
                                    "listener": [
                                      "object",
                                      {
                                        "envoyConfig": [
                                          "object",
                                          {
                                            "kind": "string",
                                            "name": "string"
                                          }
                                        ],
                                        "name": "string",
                                        "priority": "number"
                                      }
                                    ],
                                    "originatingTLS": [
                                      "object",
                                      {
                                        "certificate": "string",
                                        "privateKey": "string",
                                        "secret": [
                                          "object",
                                          {
                                            "name": "string",
                                            "namespace": "string"
                                          }
                                        ],
                                        "trustedCA": "string"
                                      }
                                    ],
                                    "ports": [
                                      "list",
                                      [
                                        "object",
                                        {
                                          "endPort": "number",
                                          "port": "string",
                                          "protocol": "string"
                                        }
                                      ]
                                    ],
                                    "rules": [
                                      "object",
                                      {
                                        "dns": [
                                          "list",
                                          [
                                            "object",
                                            {
                                              "matchName": "string",
                                              "matchPattern": "string"
                                            }
                                          ]
                                        ],
                                        "http": [
                                          "list",
                                          [
                                            "object",
                                            {
                                              "headerMatches": [
                                                "list",
                                                [
                                                  "object",
                                                  {
                                                    "mismatch": "string",
                                                    "name": "string",
                                                    "secret": [
                                                      "object",
                                                      {
                                                        "name": "string",
                                                        "namespace": "string"
                                                      }
                                                    ],
                                                    "value": "string"
                                                  }
                                                ]
                                              ],
                                              "headers": [
                                                "list",
                                                "string"
                                              ],
                                              "host": "string",
                                              "method": "string",
                                              "path": "string"
                                            }
                                          ]
                                        ]
                                      }
                                    ],
                                    "serverNames": [
                                      "list",
                                      "string"
                                    ],
                                    "terminatingTLS": [
                                      "object",
                                      {
                                        "certificate": "string",
                                        "privateKey": "string",
                                        "secret": [
                                          "object",
                                          {
                                            "name": "string",
                                            "namespace": "string"
                                          }
                                        ],
                                        "trustedCA": "string"
                                      }
                                    ]
                                  }
                                ]
                              ],
                              "toRequires": [
                                "list",
                                "string"
                              ],
                              "toServices": [
                                "list",
                                [
                                  "object",
                                  {
                                    "k8sService": [
                                      "object",
                                      {
                                        "namespace": "string",
                                        "serviceName": "string"
                                      }
                                    ],
                                    "k8sServiceSelector": [
                                      "object",
                                      {
                                        "namespace": "string",
                                        "selector": [
                                          "object",
                                          {
                                            "matchExpressions": [
                                              "list",
                                              [
                                                "object",
                                                {
                                                  "key": "string",
                                                  "operator": "string",
                                                  "values": [
                                                    "list",
                                                    "string"
                                                  ]
                                                }
                                              ]
                                            ],
                                            "matchLabels": [
                                              "map",
                                              "string"
                                            ]
                                          }
                                        ]
                                      }
                                    ]
                                  }
                                ]
                              ]
                            }
                          ]
                        ],
                        "egressDeny": [
                          "list",
                          [
                            "object",
                            {
                              "icmps": [
                                "list",
                                [
                                  "object",
                                  {
                                    "fields": [
                                      "list",
                                      [
                                        "object",
                                        {
                                          "family": "string",
                                          "type": "string"
                                        }
                                      ]
                                    ]
                                  }
                                ]
                              ],
                              "toCIDR": [
                                "list",
                                "string"
                              ],
                              "toCIDRSet": [
                                "list",
                                [
                                  "object",
                                  {
                                    "cidr": "string",
                                    "cidrGroupRef": "string",
                                    "cidrGroupSelector": [
                                      "object",
                                      {
                                        "matchExpressions": [
                                          "list",
                                          [
                                            "object",
                                            {
                                              "key": "string",
                                              "operator": "string",
                                              "values": [
                                                "list",
                                                "string"
                                              ]
                                            }
                                          ]
                                        ],
                                        "matchLabels": [
                                          "map",
                                          "string"
                                        ]
                                      }
                                    ],
                                    "except": [
                                      "list",
                                      "string"
                                    ]
                                  }
                                ]
                              ],
                              "toEndpoints": [
                                "list",
                                [
                                  "object",
                                  {
                                    "matchExpressions": [
                                      "list",
                                      [
                                        "object",
                                        {
                                          "key": "string",
                                          "operator": "string",
                                          "values": [
                                            "list",
                                            "string"
                                          ]
                                        }
                                      ]
                                    ],
                                    "matchLabels": [
                                      "map",
                                      "string"
                                    ]
                                  }
                                ]
                              ],
                              "toEntities": [
                                "list",
                                "string"
                              ],
                              "toGroups": [
                                "list",
                                [
                                  "object",
                                  {
                                    "aws": [
                                      "object",
                                      {
                                        "labels": [
                                          "map",
                                          "string"
                                        ],
                                        "region": "string",
                                        "securityGroupsIds": [
                                          "list",
                                          "string"
                                        ],
                                        "securityGroupsNames": [
                                          "list",
                                          "string"
                                        ]
                                      }
                                    ]
                                  }
                                ]
                              ],
                              "toNodes": [
                                "list",
                                [
                                  "object",
                                  {
                                    "matchExpressions": [
                                      "list",
                                      [
                                        "object",
                                        {
                                          "key": "string",
                                          "operator": "string",
                                          "values": [
                                            "list",
                                            "string"
                                          ]
                                        }
                                      ]
                                    ],
                                    "matchLabels": [
                                      "map",
                                      "string"
                                    ]
                                  }
                                ]
                              ],
                              "toPorts": [
                                "list",
                                [
                                  "object",
                                  {
                                    "ports": [
                                      "list",
                                      [
                                        "object",
                                        {
                                          "endPort": "number",
                                          "port": "string",
                                          "protocol": "string"
                                        }
                                      ]
                                    ]
                                  }
                                ]
                              ],
                              "toRequires": [
                                "list",
                                "string"
                              ],
                              "toServices": [
                                "list",
                                [
                                  "object",
                                  {
                                    "k8sService": [
                                      "object",
                                      {
                                        "namespace": "string",
                                        "serviceName": "string"
                                      }
                                    ],
                                    "k8sServiceSelector": [
                                      "object",
                                      {
                                        "namespace": "string",
                                        "selector": [
                                          "object",
                                          {
                                            "matchExpressions": [
                                              "list",
                                              [
                                                "object",
                                                {
                                                  "key": "string",
                                                  "operator": "string",
                                                  "values": [
                                                    "list",
                                                    "string"
                                                  ]
                                                }
                                              ]
                                            ],
                                            "matchLabels": [
                                              "map",
                                              "string"
                                            ]
                                          }
                                        ]
                                      }
                                    ]
                                  }
                                ]
                              ]
                            }
                          ]
                        ],
                        "enableDefaultDeny": [
                          "object",
                          {
                            "egress": "bool",
                            "ingress": "bool"
                          }
                        ],
                        "endpointSelector": [
                          "object",
                          {
                            "matchExpressions": [
                              "list",
                              [
                                "object",
                                {
                                  "key": "string",
                                  "operator": "string",
                                  "values": [
                                    "list",
                                    "string"
                                  ]
                                }
                              ]
                            ],
                            "matchLabels": [
                              "map",
                              "string"
                            ]
                          }
                        ],
                        "ingress": [
                          "list",
                          [
                            "object",
                            {
                              "authentication": [
                                "object",
                                {
                                  "mode": "string"
                                }
                              ],
                              "fromCIDR": [
                                "list",
                                "string"
                              ],
                              "fromCIDRSet": [
                                "list",
                                [
                                  "object",
                                  {
                                    "cidr": "string",
                                    "cidrGroupRef": "string",
                                    "cidrGroupSelector": [
                                      "object",
                                      {
                                        "matchExpressions": [
                                          "list",
                                          [
                                            "object",
                                            {
                                              "key": "string",
                                              "operator": "string",
                                              "values": [
                                                "list",
                                                "string"
                                              ]
                                            }
                                          ]
                                        ],
                                        "matchLabels": [
                                          "map",
                                          "string"
                                        ]
                                      }
                                    ],
                                    "except": [
                                      "list",
                                      "string"
                                    ]
                                  }
                                ]
                              ],
                              "fromEndpoints": [
                                "list",
                                [
                                  "object",
                                  {
                                    "matchExpressions": [
                                      "list",
                                      [
                                        "object",
                                        {
                                          "key": "string",
                                          "operator": "string",
                                          "values": [
                                            "list",
                                            "string"
                                          ]
                                        }
                                      ]
                                    ],
                                    "matchLabels": [
                                      "map",
                                      "string"
                                    ]
                                  }
                                ]
                              ],
                              "fromEntities": [
                                "list",
                                "string"
                              ],
                              "fromGroups": [
                                "list",
                                [
                                  "object",
                                  {
                                    "aws": [
                                      "object",
                                      {
                                        "labels": [
                                          "map",
                                          "string"
                                        ],
                                        "region": "string",
                                        "securityGroupsIds": [
                                          "list",
                                          "string"
                                        ],
                                        "securityGroupsNames": [
                                          "list",
                                          "string"
                                        ]
                                      }
                                    ]
                                  }
                                ]
                              ],
                              "fromNodes": [
                                "list",
                                [
                                  "object",
                                  {
                                    "matchExpressions": [
                                      "list",
                                      [
                                        "object",
                                        {
                                          "key": "string",
                                          "operator": "string",
                                          "values": [
                                            "list",
                                            "string"
                                          ]
                                        }
                                      ]
                                    ],
                                    "matchLabels": [
                                      "map",
                                      "string"
                                    ]
                                  }
                                ]
                              ],
                              "fromRequires": [
                                "list",
                                "string"
                              ],
                              "icmps": [
                                "list",
                                [
                                  "object",
                                  {
                                    "fields": [
                                      "list",
                                      [
                                        "object",
                                        {
                                          "family": "string",
                                          "type": "string"
                                        }
                                      ]
                                    ]
                                  }
                                ]
                              ],
                              "toPorts": [
                                "list",
                                [
                                  "object",
                                  {
                                    "listener": [
                                      "object",
                                      {
                                        "envoyConfig": [
                                          "object",
                                          {
                                            "kind": "string",
                                            "name": "string"
                                          }
                                        ],
                                        "name": "string",
                                        "priority": "number"
                                      }
                                    ],
                                    "originatingTLS": [
                                      "object",
                                      {
                                        "certificate": "string",
                                        "privateKey": "string",
                                        "secret": [
                                          "object",
                                          {
                                            "name": "string",
                                            "namespace": "string"
                                          }
                                        ],
                                        "trustedCA": "string"
                                      }
                                    ],
                                    "ports": [
                                      "list",
                                      [
                                        "object",
                                        {
                                          "endPort": "number",
                                          "port": "string",
                                          "protocol": "string"
                                        }
                                      ]
                                    ],
                                    "rules": [
                                      "object",
                                      {
                                        "dns": [
                                          "list",
                                          [
                                            "object",
                                            {
                                              "matchName": "string",
                                              "matchPattern": "string"
                                            }
                                          ]
                                        ],
                                        "http": [
                                          "list",
                                          [
                                            "object",
                                            {
                                              "headerMatches": [
                                                "list",
                                                [
                                                  "object",
                                                  {
                                                    "mismatch": "string",
                                                    "name": "string",
                                                    "secret": [
                                                      "object",
                                                      {
                                                        "name": "string",
                                                        "namespace": "string"
                                                      }
                                                    ],
                                                    "value": "string"
                                                  }
                                                ]
                                              ],
                                              "headers": [
                                                "list",
                                                "string"
                                              ],
                                              "host": "string",
                                              "method": "string",
                                              "path": "string"
                                            }
                                          ]
                                        ]
                                      }
                                    ],
                                    "serverNames": [
                                      "list",
                                      "string"
                                    ],
                                    "terminatingTLS": [
                                      "object",
                                      {
                                        "certificate": "string",
                                        "privateKey": "string",
                                        "secret": [
                                          "object",
                                          {
                                            "name": "string",
                                            "namespace": "string"
                                          }
                                        ],
                                        "trustedCA": "string"
                                      }
                                    ]
                                  }
                                ]
                              ]
                            }
                          ]
                        ],
                        "ingressDeny": [
                          "list",
                          [
                            "object",
                            {
                              "fromCIDR": [
                                "list",
                                "string"
                              ],
                              "fromCIDRSet": [
                                "list",
                                [
                                  "object",
                                  {
                                    "cidr": "string",
                                    "cidrGroupRef": "string",
                                    "cidrGroupSelector": [
                                      "object",
                                      {
                                        "matchExpressions": [
                                          "list",
                                          [
                                            "object",
                                            {
                                              "key": "string",
                                              "operator": "string",
                                              "values": [
                                                "list",
                                                "string"
                                              ]
                                            }
                                          ]
                                        ],
                                        "matchLabels": [
                                          "map",
                                          "string"
                                        ]
                                      }
                                    ],
                                    "except": [
                                      "list",
                                      "string"
                                    ]
                                  }
                                ]
                              ],
                              "fromEndpoints": [
                                "list",
                                [
                                  "object",
                                  {
                                    "matchExpressions": [
                                      "list",
                                      [
                                        "object",
                                        {
                                          "key": "string",
                                          "operator": "string",
                                          "values": [
                                            "list",
                                            "string"
                                          ]
                                        }
                                      ]
                                    ],
                                    "matchLabels": [
                                      "map",
                                      "string"
                                    ]
                                  }
                                ]
                              ],
                              "fromEntities": [
                                "list",
                                "string"
                              ],
                              "fromGroups": [
                                "list",
                                [
                                  "object",
                                  {
                                    "aws": [
                                      "object",
                                      {
                                        "labels": [
                                          "map",
                                          "string"
                                        ],
                                        "region": "string",
                                        "securityGroupsIds": [
                                          "list",
                                          "string"
                                        ],
                                        "securityGroupsNames": [
                                          "list",
                                          "string"
                                        ]
                                      }
                                    ]
                                  }
                                ]
                              ],
                              "fromNodes": [
                                "list",
                                [
                                  "object",
                                  {
                                    "matchExpressions": [
                                      "list",
                                      [
                                        "object",
                                        {
                                          "key": "string",
                                          "operator": "string",
                                          "values": [
                                            "list",
                                            "string"
                                          ]
                                        }
                                      ]
                                    ],
                                    "matchLabels": [
                                      "map",
                                      "string"
                                    ]
                                  }
                                ]
                              ],
                              "fromRequires": [
                                "list",
                                "string"
                              ],
                              "icmps": [
                                "list",
                                [
                                  "object",
                                  {
                                    "fields": [
                                      "list",
                                      [
                                        "object",
                                        {
                                          "family": "string",
                                          "type": "string"
                                        }
                                      ]
                                    ]
                                  }
                                ]
                              ],
                              "toPorts": [
                                "list",
                                [
                                  "object",
                                  {
                                    "ports": [
                                      "list",
                                      [
                                        "object",
                                        {
                                          "endPort": "number",
                                          "port": "string",
                                          "protocol": "string"
                                        }
                                      ]
                                    ]
                                  }
                                ]
                              ]
                            }
                          ]
                        ],
                        "labels": [
                          "list",
                          [
                            "object",
                            {
                              "key": "string",
                              "source": "string",
                              "value": "string"
                            }
                          ]
                        ],
                        "log": [
                          "object",
                          {
                            "value": "string"
                          }
                        ],
                        "nodeSelector": [
                          "object",
                          {
                            "matchExpressions": [
                              "list",
                              [
                                "object",
                                {
                                  "key": "string",
                                  "operator": "string",
                                  "values": [
                                    "list",
                                    "string"
                                  ]
                                }
                              ]
                            ],
                            "matchLabels": [
                              "map",
                              "string"
                            ]
                          }
                        ]
                      }
                    ]
                  ]
                }
              ]
            },
            "timeouts": [],
            "wait": [],
            "wait_for": null
          },
          "sensitive_attributes": [],
          "identity_schema_version": 1,
          "identity": {
            "api_version": "cilium.io/v2",
            "kind": "CiliumNetworkPolicy",
            "name": "default-deny-cross-tenant",
            "namespace": "tenant-b"
          },
          "dependencies": [
            "data.aws_eks_cluster_auth.this",
            "module.cilium.helm_release.cilium",
            "module.eks_cluster.aws_eks_cluster.this",
            "module.eks_cluster.aws_iam_role.cluster",
            "module.eks_cluster.aws_iam_role_policy_attachment.cluster_policy",
            "module.namespaces.kubernetes_namespace_v1.this",
            "module.node_group.aws_eks_node_group.this",
            "module.node_group.aws_iam_role.node",
            "module.node_group.aws_iam_role_policy_attachment.cni",
            "module.node_group.aws_iam_role_policy_attachment.ecr_read",
            "module.node_group.aws_iam_role_policy_attachment.worker_node",
            "module.node_group.aws_launch_template.this",
            "module.vpc.aws_subnet.this",
            "module.vpc.aws_vpc.this"
          ]
        }
      ]
    },
    {
      "module": "module.ecr",
      "mode": "managed",
      "type": "aws_ecr_repository",
      "name": "this",
      "provider": "provider[\"registry.terraform.io/hashicorp/aws\"]",
      "instances": [
        {
          "schema_version": 0,
          "attributes": {
            "arn": "arn:aws:ecr:us-east-1:789288816621:repository/ztap-app",
            "encryption_configuration": [
              {
                "encryption_type": "AES256",
                "kms_key": ""
              }
            ],
            "force_delete": true,
            "id": "ztap-app",
            "image_scanning_configuration": [
              {
                "scan_on_push": false
              }
            ],
            "image_tag_mutability": "MUTABLE",
            "image_tag_mutability_exclusion_filter": [],
            "name": "ztap-app",
            "region": "us-east-1",
            "registry_id": "789288816621",
            "repository_url": "789288816621.dkr.ecr.us-east-1.amazonaws.com/ztap-app",
            "tags": {},
            "tags_all": {},
            "timeouts": null
          },
          "sensitive_attributes": [],
          "identity_schema_version": 0,
          "identity": {
            "account_id": "789288816621",
            "name": "ztap-app",
            "region": "us-east-1"
          },
          "private": "eyJlMmJmYjczMC1lY2FhLTExZTYtOGY4OC0zNDM2M2JjN2M0YzAiOnsiZGVsZXRlIjoxMjAwMDAwMDAwMDAwfX0="
        }
      ]
    },
    {
      "module": "module.eks_cluster",
      "mode": "data",
      "type": "tls_certificate",
      "name": "oidc",
      "provider": "provider[\"registry.terraform.io/hashicorp/tls\"]",
      "instances": [
        {
          "schema_version": 0,
          "attributes": {
            "certificates": [
              {
                "cert_pem": "-----BEGIN CERTIFICATE-----\nMIIEkjCCA3qgAwIBAgITBn+USionzfP6wq4rAfkI7rnExjANBgkqhkiG9w0BAQsF\nADCBmDELMAkGA1UEBhMCVVMxEDAOBgNVBAgTB0FyaXpvbmExEzARBgNVBAcTClNj\nb3R0c2RhbGUxJTAjBgNVBAoTHFN0YXJmaWVsZCBUZWNobm9sb2dpZXMsIEluYy4x\nOzA5BgNVBAMTMlN0YXJmaWVsZCBTZXJ2aWNlcyBSb290IENlcnRpZmljYXRlIEF1\ndGhvcml0eSAtIEcyMB4XDTE1MDUyNTEyMDAwMFoXDTM3MTIzMTAxMDAwMFowOTEL\nMAkGA1UEBhMCVVMxDzANBgNVBAoTBkFtYXpvbjEZMBcGA1UEAxMQQW1hem9uIFJv\nb3QgQ0EgMTCCASIwDQYJKoZIhvcNAQEBBQADggEPADCCAQoCggEBALJ4gHHKeNXj\nca9HgFB0fW7Y14h29Jlo91ghYPl0hAEvrAIthtOgQ3pOsqTQNroBvo3bSMgHFzZM\n9O6II8c+6zf1tRn4SWiw3te5djgdYZ6k/oI2peVKVuRF4fn9tBb6dNqcmzU5L/qw\nIFAGbHrQgLKm+a/sRxmPUDgH3KKHOVj4utWp+UhnMJbulHheb4mjUcAwhmahRWa6\nVOujw5H5SNz/0egwLX0tdHA114gk957EWW67c4cX8jJGKLhD+rcdqsq08p8kDi1L\n93FcXmn/6pUCyziKrlA4b9v7LWIbxcceVOF34GfID5yHI9Y/QCB/IIDEgEw+OyQm\njgSubJrIqg0CAwEAAaOCATEwggEtMA8GA1UdEwEB/wQFMAMBAf8wDgYDVR0PAQH/\nBAQDAgGGMB0GA1UdDgQWBBSEGMyFNOy8DJSULghZnMeyEE4KCDAfBgNVHSMEGDAW\ngBScXwDfqgHXMCs4iKK4bUqc8hGRgzB4BggrBgEFBQcBAQRsMGowLgYIKwYBBQUH\nMAGGImh0dHA6Ly9vY3NwLnJvb3RnMi5hbWF6b250cnVzdC5jb20wOAYIKwYBBQUH\nMAKGLGh0dHA6Ly9jcnQucm9vdGcyLmFtYXpvbnRydXN0LmNvbS9yb290ZzIuY2Vy\nMD0GA1UdHwQ2MDQwMqAwoC6GLGh0dHA6Ly9jcmwucm9vdGcyLmFtYXpvbnRydXN0\nLmNvbS9yb290ZzIuY3JsMBEGA1UdIAQKMAgwBgYEVR0gADANBgkqhkiG9w0BAQsF\nAAOCAQEAYjdCXLwQtT6LLOkMm2xF4gcAevnFWAu5CIw+7bMlPLVvUOTNNWqnkzSW\nMiGpSESrnO09tKpzbeR/FoCJbM8oAxiDR3mjEH4wW6w7sGDgd9QIpuEdfF7Au/ma\neyKdpwAJfqxGF4PcnCZXmTA5YpaP7dreqsXMGz7KQ2hsVxa81Q4gLv7/wmpdLqBK\nbRRYh5TmOTFffHPLkIhqhBGWJ6bt2YFGpn6jcgAKUj6DiAdjd4lpFw85hdKrCEVN\n0FE6/V1dN2RMfjCyVSRCnTawXZwXgWHxyvkQAiSr6w10kY17RSlQOYiypok1JR4U\nakcjMS9cmvqtmg5iUaQqqcT5NJ0hGA==\n-----END CERTIFICATE-----\n",
                "is_ca": true,
                "issuer": "CN=Starfield Services Root Certificate Authority - G2,O=Starfield Technologies\\, Inc.,L=Scottsdale,ST=Arizona,C=US",
                "max_path_length": -1,
                "not_after": "2037-12-31T01:00:00Z",
                "not_before": "2015-05-25T12:00:00Z",
                "public_key_algorithm": "RSA",
                "serial_number": "144918191876577076464031512351042010504348870",
                "sha1_fingerprint": "06b25927c42a721631c1efd9431e648fa62e1e39",
                "signature_algorithm": "SHA256-RSA",
                "subject": "CN=Amazon Root CA 1,O=Amazon,C=US",
                "version": 3
              },
              {
                "cert_pem": "-----BEGIN CERTIFICATE-----\nMIIEXjCCA0agAwIBAgITB3MSOAudZoijOx7Zv5zNpo4ODzANBgkqhkiG9w0BAQsF\nADA5MQswCQYDVQQGEwJVUzEPMA0GA1UEChMGQW1hem9uMRkwFwYDVQQDExBBbWF6\nb24gUm9vdCBDQSAxMB4XDTIyMDgyMzIyMjEyOFoXDTMwMDgyMzIyMjEyOFowPDEL\nMAkGA1UEBhMCVVMxDzANBgNVBAoTBkFtYXpvbjEcMBoGA1UEAxMTQW1hem9uIFJT\nQSAyMDQ4IE0wMTCCASIwDQYJKoZIhvcNAQEBBQADggEPADCCAQoCggEBAOtxLKnL\nH4gokjIwr4pXD3i3NyWVVYesZ1yX0yLI2qIUZ2t88Gfa4gMqs1YSXca1R/lnCKeT\nepWSGA+0+fkQNpp/L4C2T7oTTsddUx7g3ZYzByDTlrwS5HRQQqEFE3O1T5tEJP4t\nf+28IoXsNiEzl3UGzicYgtzj2cWCB41eJgEmJmcf2T8TzzK6a614ZPyq/w4CPAff\nnAV4coz96nW3AyiE2uhuB4zQUIXvgVSycW7sbWLvj5TDXunEpNCRwC4kkZjK7rol\njtT2cbb7W2s4Bkg3R42G3PLqBvt2N32e/0JOTViCk8/iccJ4sXqrS1uUN4iB5Nmv\nJK74csVl+0u0UecCAwEAAaOCAVowggFWMBIGA1UdEwEB/wQIMAYBAf8CAQAwDgYD\nVR0PAQH/BAQDAgGGMB0GA1UdJQQWMBQGCCsGAQUFBwMBBggrBgEFBQcDAjAdBgNV\nHQ4EFgQUgbgOY4qJEhjl+js7UJWf5uWQE4UwHwYDVR0jBBgwFoAUhBjMhTTsvAyU\nlC4IWZzHshBOCggwewYIKwYBBQUHAQEEbzBtMC8GCCsGAQUFBzABhiNodHRwOi8v\nb2NzcC5yb290Y2ExLmFtYXpvbnRydXN0LmNvbTA6BggrBgEFBQcwAoYuaHR0cDov\nL2NydC5yb290Y2ExLmFtYXpvbnRydXN0LmNvbS9yb290Y2ExLmNlcjA/BgNVHR8E\nODA2MDSgMqAwhi5odHRwOi8vY3JsLnJvb3RjYTEuYW1hem9udHJ1c3QuY29tL3Jv\nb3RjYTEuY3JsMBMGA1UdIAQMMAowCAYGZ4EMAQIBMA0GCSqGSIb3DQEBCwUAA4IB\nAQCtAN4CBSMuBjJitGuxlBbkEUDeK/pZwTXv4KqPK0G50fOHOQAd8j21p0cMBgbG\nkfMHVwLU7b0XwZCav0h1ogdPMN1KakK1DT0VwA/+hFvGPJnMV1Kx2G4S1ZaSk0uU\n5QfoiYIIano01J5k4T2HapKQmmOhS/iPtuo00wW+IMLeBuKMn3OLn005hcrOGTad\nhcmeyfhQP7Z+iKHvyoQGi1C0ClymHETx/chhQGDyYSWqB/THwnN15AwLQo0E5V9E\nSJlbe4mBlqeInUsNYugExNf+tOiybcrswBy8OFsd34XOW3rjSUtsuafd9AWySa3h\nxRRrwszrzX/WWGm6wyB+f7C4\n-----END CERTIFICATE-----\n",
                "is_ca": true,
                "issuer": "CN=Amazon Root CA 1,O=Amazon,C=US",
                "max_path_length": 0,
                "not_after": "2030-08-23T22:21:28Z",
                "not_before": "2022-08-23T22:21:28Z",
                "public_key_algorithm": "RSA",
                "serial_number": "166129328851546858514271303855646110030630415",
                "sha1_fingerprint": "2ad974a775f73cbdbbd8f5ac3a49255fa8fb1f8c",
                "signature_algorithm": "SHA256-RSA",
                "subject": "CN=Amazon RSA 2048 M01,O=Amazon,C=US",
                "version": 3
              },
              {
                "cert_pem": "-----BEGIN CERTIFICATE-----\nMIIF3DCCBMSgAwIBAgIQDWSUrLO5Y9qkm2y4CpQ/CTANBgkqhkiG9w0BAQsFADA8\nMQswCQYDVQQGEwJVUzEPMA0GA1UEChMGQW1hem9uMRwwGgYDVQQDExNBbWF6b24g\nUlNBIDIwNDggTTAxMB4XDTI2MDEyNzAwMDAwMFoXDTI3MDIyNTIzNTk1OVowKDEm\nMCQGA1UEAwwdKi5la3MudXMtZWFzdC0xLmFtYXpvbmF3cy5jb20wggEiMA0GCSqG\nSIb3DQEBAQUAA4IBDwAwggEKAoIBAQDjfWC3ScmP3Yt3ENQgpvZzbXg3ZqdR+F5k\n/SIXqF2RRdrDIu3B0CivVPkNbZxS4dUjum7WHRV3+cjhne679pLBzKp/aCqycyVr\nqiGvPsCOywSNgCQ7KGZ7fR9L0o4eQ5vsotNTjF1HDkoVGdjDt8qjFedVngnnLZ2f\n9E/tACJHoCXLbg1BLI/0xXQKZqLiLGUgcLhnZjYn6AW8QgXgGyJMwHo6n13wf8uY\n3RAaOWMsTglOfMrPMKclQBwh4OaWzHD3SLXnjAvdtuErZGWSz01pRY89FfxZWtSf\nxGG+ERvHMAoM2lIbV74Bs0B+qVVAxP658rpMbPevtRrlj+fYkFzvAgMBAAGjggLs\nMIIC6DAfBgNVHSMEGDAWgBSBuA5jiokSGOX6OztQlZ/m5ZAThTAdBgNVHQ4EFgQU\npzXKZp4CIP0/n8bNGf3YAZVaFtIwKAYDVR0RBCEwH4IdKi5la3MudXMtZWFzdC0x\nLmFtYXpvbmF3cy5jb20wEwYDVR0gBAwwCjAIBgZngQwBAgEwDgYDVR0PAQH/BAQD\nAgWgMBMGA1UdJQQMMAoGCCsGAQUFBwMBMDsGA1UdHwQ0MDIwMKAuoCyGKmh0dHA6\nLy9jcmwucjJtMDEuYW1hem9udHJ1c3QuY29tL3IybTAxLmNybDB1BggrBgEFBQcB\nAQRpMGcwLQYIKwYBBQUHMAGGIWh0dHA6Ly9vY3NwLnIybTAxLmFtYXpvbnRydXN0\nLmNvbTA2BggrBgEFBQcwAoYqaHR0cDovL2NydC5yMm0wMS5hbWF6b250cnVzdC5j\nb20vcjJtMDEuY2VyMAwGA1UdEwEB/wQCMAAwggF+BgorBgEEAdZ5AgQCBIIBbgSC\nAWoBaAB1AExj3JjlnB2riPYeij3ero+rRKM3e1+blMP7oZz8wb4mAAABm/3p2vcA\nAAQDAEYwRAIgOCwhiOx8FXqVNu1L+Mv2q8pJCKzIqLFwCE6VAugMkb0CIBu7W9o8\nRWfC1A9XjVWFxJ0uIquBPcEycQMNc8pRKAJFAHcAHJ9oLOn68EVpUPgbloqH3dsy\nENhM5siy44JSSsTPWZ8AAAGb/ena3wAABAMASDBGAiEAjAu69L5N17FqPfmXSt1v\ngM+df4yz50M/fb2LDfmx+xECIQC3B3aoHVNsjqYMmqwQgR4ViKIREwNzCYKBm+W0\nGnlwnwB2AGBMmq96f3dfAdQG/JINyJnrCxx9+MlSG/r6F3c7l4vJAAABm/3p28gA\nAAQDAEcwRQIgMiBVCk6C4EylG885QJIv8X2wpplMtdWJxyt3JVQ56NUCIQC6uZDM\nw0VrwTXkW4eLg73D5Z89Z8tadQwizoXyjBAaYjANBgkqhkiG9w0BAQsFAAOCAQEA\nHMEZInJfTjgc0JTF+C7ZR/8rk1c511SMI9RcmNjnrkoP3pBPQTSEU92bGaCYvOYO\nRMB1bAOk/Ql9kDBSRDcKiOz8wPWZBgyJZRMSVyO5WbLM//8jsP83vmvFNbSo7Tuk\n5R6KAtzOMOymwITZeM6k4saoyB847rmlPDIkD/RRM0Col+Ik8+V3HSdHsnrA/3Ep\n1ICdUJvE0M9oEnbO2DWrCz6yOuz0AcfcmMGTBLqlsFdoJpcXj7c1QcCJaK1B7qaQ\nuQXdywqElVO6BrBxHQROLxjLHXMNblOzvrXYWGkhiQ+0cYYCMBtbhpphhebxnUBV\nuCxvp9/yY1GmsG6lwzLYEw==\n-----END CERTIFICATE-----\n",
                "is_ca": false,
                "issuer": "CN=Amazon RSA 2048 M01,O=Amazon,C=US",
                "max_path_length": -1,
                "not_after": "2027-02-25T23:59:59Z",
                "not_before": "2026-01-27T00:00:00Z",
                "public_key_algorithm": "RSA",
                "serial_number": "17802209110544621593474031143248740105",
                "sha1_fingerprint": "37647fee5fc063960139521aa2400c75db27825b",
                "signature_algorithm": "SHA256-RSA",
                "subject": "CN=*.eks.us-east-1.amazonaws.com",
                "version": 3
              }
            ],
            "content": null,
            "id": "b1b539daa206035ae3c3e28288b0681fa1b462f3",
            "url": "https://oidc.eks.us-east-1.amazonaws.com/id/0BF5E71C995CD40FB8D78427E053E807",
            "verify_chain": true
          },
          "sensitive_attributes": [],
          "identity_schema_version": 0
        }
      ]
    },
    {
      "module": "module.eks_cluster",
      "mode": "managed",
      "type": "aws_eks_cluster",
      "name": "this",
      "provider": "provider[\"registry.terraform.io/hashicorp/aws\"]",
      "instances": [
        {
          "schema_version": 1,
          "attributes": {
            "access_config": [
              {
                "authentication_mode": "CONFIG_MAP",
                "bootstrap_cluster_creator_admin_permissions": true
              }
            ],
            "arn": "arn:aws:eks:us-east-1:789288816621:cluster/ztap-bridge",
            "bootstrap_self_managed_addons": true,
            "certificate_authority": [
              {
                "data": "LS0tLS1CRUdJTiBDRVJUSUZJQ0FURS0tLS0tCk1JSURNakNDQWhxZ0F3SUJBZ0lSQUlrcSsvQWhONlBYZmx3S29zK0xpL3d3RFFZSktvWklodmNOQVFFTEJRQXcKSnpFUU1BNEdBMVVFQ2hNSFFWZFRJRVZMVXpFVE1CRUdBMVVFQXhNS2EzVmlaWEp1WlhSbGN6QWVGdzB5TmpBNQpNakV5TVRBd01UaGFGdzB6TVRBNU1qQXlNVEF3TVRoYU1DY3hFREFPQmdOVkJBb1RCMEZYVXlCRlMxTXhFekFSCkJnTlZCQU1UQ210MVltVnlibVYwWlhNd2dnRWlNQTBHQ1NxR1NJYjNEUUVCQVFVQUE0SUJEd0F3Z2dFS0FvSUIKQVFEQzVxcE50cFNiZ1ZWaDc3UGR4TmdNb0lxN3BUZ0daVnBGU3llMGhPcmRaOWpMM3cwZnc2VkIyMGsxdmJObwpGQy82bkdESHZCNWpOb25LVXhSelZZNkZ4VzNnOHk5OGlSS0xraXN0Qmo4ZFFhcHJDM1B5QTNGeEZhWElzRHQzCnMrc0N5NTdXU0JnSGRVTHgvL3VEMUhVOXdza3VlUlE1S3p5U2Y0d2ZmUVhIUHF6UlJMTTY3RkVmeWsyQUJ4dEcKajgyQXNmTmlFSUhlSFhnZk1OQ3lOVHpxajV6NnFFNVdPQlVLSklmam9vMkczNW9qdFNjVUU1T0FMRkM5R3MreQpVNTIwbWJJL0hrZFdwQlJEVldVNWpWR29Pd1lLWENnUUUwSTBpR0drWEdDUmRLMndIVGRtT0NRYVB1UTM1WE5lCk10MGJyZkVqUXQ2NzZvNXBnazQ2dHZHTEFnTUJBQUdqV1RCWE1BNEdBMVVkRHdFQi93UUVBd0lDcERBUEJnTlYKSFJNQkFmOEVCVEFEQVFIL01CMEdBMVVkRGdRV0JCUTJBdEIvcEJhYThHdGM2WjI0ZmxvWVdmZ2l5VEFWQmdOVgpIUkVFRGpBTWdncHJkV0psY201bGRHVnpNQTBHQ1NxR1NJYjNEUUVCQ3dVQUE0SUJBUUI4U2hUNUR3bi8zRWQxCjB5QTNrRG5UVFNHV1ZQRFBzTWZzRGNlb0lIOWY4eUxFTHZzclRpekFIQ3pVb1pWMjhVRENITjNpZUhzWFVISGUKODhselN5VDFCeDFlZ3hMZ3kvOWh2VTdzdW1XQVU5NmFERWhSZVJQeUNXOUV0LzZ2R3hCcTFBVG1ncGtnbXBPSwpLVUtCWmxkTDh0VEh1cTVzSUUwcjNWMlprMFBRb0tJYml6M2toalZqK1p1WllVc2xpR0hMeEgrTkkzeFE3OGcyCnpUdm5odDFDUEN5T3NDNld6eFhzVDF0KytaNURaMGpZd2hrM2JBeHBBaWd1RVcwWi8vNzVUTmNWYVZqMTdwM0gKYnpVVm94KzFRM0xlVVJ5M1dSWUk0ZWtVY1AyNHNwQTZkNmhodTJ1S01HTjQzS1FTbzBYamFVWjJITHFvNjA2agp4WWhvR0hEVwotLS0tLUVORCBDRVJUSUZJQ0FURS0tLS0tCg=="
              }
            ],
            "cluster_id": null,
            "compute_config": [
              {
                "enabled": false,
                "node_pools": [],
                "node_role_arn": ""
              }
            ],
            "control_plane_scaling_config": [
              {
                "tier": "standard"
              }
            ],
            "created_at": "2026-09-21T21:00:10Z",
            "deletion_protection": false,
            "enabled_cluster_log_types": [],
            "encryption_config": [],
            "endpoint": "https://0BF5E71C995CD40FB8D78427E053E807.gr7.us-east-1.eks.amazonaws.com",
            "force_update_version": null,
            "id": "ztap-bridge",
            "identity": [
              {
                "oidc": [
                  {
                    "issuer": "https://oidc.eks.us-east-1.amazonaws.com/id/0BF5E71C995CD40FB8D78427E053E807"
                  }
                ]
              }
            ],
            "kube_api_server_config": [
              {
                "event_ttl": "60m",
                "service_node_port_range": [
                  {
                    "max_port": 32767,
                    "min_port": 30000
                  }
                ]
              }
            ],
            "kube_controller_manager_config": [
              {
                "horizontal_pod_autoscaler_controller_config": [
                  {
                    "horizontal_pod_autoscaler_sync_period": "15s"
                  }
                ],
                "pod_gc_controller_config": [
                  {
                    "terminated_pod_gc_threshold": 12500
                  }
                ]
              }
            ],
            "kube_scheduler_config": [
              {
                "node_resources_fit": [
                  {
                    "scoring_strategy": [
                      {
                        "resource": [
                          {
                            "name": "cpu",
                            "weight": 1
                          },
                          {
                            "name": "memory",
                            "weight": 1
                          }
                        ],
                        "type": "LeastAllocated"
                      }
                    ]
                  }
                ]
              }
            ],
            "kubernetes_network_config": [
              {
                "elastic_load_balancing": [
                  {
                    "enabled": false
                  }
                ],
                "ip_family": "ipv4",
                "service_ipv4_cidr": "172.20.0.0/16",
                "service_ipv6_cidr": ""
              }
            ],
            "name": "ztap-bridge",
            "outpost_config": [],
            "platform_version": "eks.70",
            "region": "us-east-1",
            "remote_network_config": [],
            "role_arn": "arn:aws:iam::789288816621:role/ztap-bridge-cluster-role",
            "status": "ACTIVE",
            "storage_config": [
              {
                "block_storage": [
                  {
                    "enabled": false
                  }
                ]
              }
            ],
            "tags": {},
            "tags_all": {},
            "timeouts": null,
            "upgrade_policy": [
              {
                "support_type": "EXTENDED"
              }
            ],
            "version": "1.31",
            "vpc_config": [
              {
                "cluster_security_group_id": "sg-09e4b35d53edc4d4e",
                "control_plane_egress_mode": "AWS_MANAGED",
                "endpoint_private_access": false,
                "endpoint_public_access": true,
                "public_access_cidrs": [
                  "0.0.0.0/0"
                ],
                "security_group_ids": [],
                "subnet_ids": [
                  "subnet-046f752fafdbb4169",
                  "subnet-0621d141a6fc22cf3"
                ],
                "vpc_id": "vpc-00a58f850cba7f00a"
              }
            ],
            "zonal_shift_config": []
          },
          "sensitive_attributes": [],
          "identity_schema_version": 0,
          "identity": {
            "account_id": "789288816621",
            "name": "ztap-bridge",
            "region": "us-east-1"
          },
          "private": "eyJlMmJmYjczMC1lY2FhLTExZTYtOGY4OC0zNDM2M2JjN2M0YzAiOnsiY3JlYXRlIjoxODAwMDAwMDAwMDAwLCJkZWxldGUiOjkwMDAwMDAwMDAwMCwidXBkYXRlIjozNjAwMDAwMDAwMDAwfSwic2NoZW1hX3ZlcnNpb24iOiIxIn0=",
          "dependencies": [
            "module.eks_cluster.aws_iam_role.cluster",
            "module.eks_cluster.aws_iam_role_policy_attachment.cluster_policy",
            "module.vpc.aws_subnet.this",
            "module.vpc.aws_vpc.this"
          ]
        }
      ]
    },
    {
      "module": "module.eks_cluster",
      "mode": "managed",
      "type": "aws_iam_openid_connect_provider",
      "name": "this",
      "provider": "provider[\"registry.terraform.io/hashicorp/aws\"]",
      "instances": [
        {
          "schema_version": 0,
          "attributes": {
            "arn": "arn:aws:iam::789288816621:oidc-provider/oidc.eks.us-east-1.amazonaws.com/id/0BF5E71C995CD40FB8D78427E053E807",
            "client_id_list": [
              "sts.amazonaws.com"
            ],
            "id": "arn:aws:iam::789288816621:oidc-provider/oidc.eks.us-east-1.amazonaws.com/id/0BF5E71C995CD40FB8D78427E053E807",
            "tags": {},
            "tags_all": {},
            "thumbprint_list": [
              "06b25927c42a721631c1efd9431e648fa62e1e39"
            ],
            "url": "oidc.eks.us-east-1.amazonaws.com/id/0BF5E71C995CD40FB8D78427E053E807"
          },
          "sensitive_attributes": [],
          "identity_schema_version": 0,
          "identity": {
            "arn": "arn:aws:iam::789288816621:oidc-provider/oidc.eks.us-east-1.amazonaws.com/id/0BF5E71C995CD40FB8D78427E053E807"
          },
          "private": "bnVsbA==",
          "dependencies": [
            "module.eks_cluster.aws_eks_cluster.this",
            "module.eks_cluster.aws_iam_role.cluster",
            "module.eks_cluster.aws_iam_role_policy_attachment.cluster_policy",
            "module.eks_cluster.data.tls_certificate.oidc",
            "module.vpc.aws_subnet.this",
            "module.vpc.aws_vpc.this"
          ]
        }
      ]
    },
    {
      "module": "module.eks_cluster",
      "mode": "managed",
      "type": "aws_iam_role",
      "name": "cluster",
      "provider": "provider[\"registry.terraform.io/hashicorp/aws\"]",
      "instances": [
        {
          "schema_version": 0,
          "attributes": {
            "arn": "arn:aws:iam::789288816621:role/ztap-bridge-cluster-role",
            "assume_role_policy": "{\"Statement\":[{\"Action\":\"sts:AssumeRole\",\"Effect\":\"Allow\",\"Principal\":{\"Service\":\"eks.amazonaws.com\"}}],\"Version\":\"2012-10-17\"}",
            "create_date": "2026-09-21T20:59:52Z",
            "description": "",
            "force_detach_policies": false,
            "id": "ztap-bridge-cluster-role",
            "inline_policy": [],
            "managed_policy_arns": [
              "arn:aws:iam::aws:policy/AmazonEKSClusterPolicy"
            ],
            "max_session_duration": 3600,
            "name": "ztap-bridge-cluster-role",
            "name_prefix": "",
            "path": "/",
            "permissions_boundary": "",
            "tags": {},
            "tags_all": {},
            "unique_id": "AROA3PRKHR7WUU4CXK5YN"
          },
          "sensitive_attributes": [],
          "identity_schema_version": 0,
          "identity": {
            "account_id": "789288816621",
            "name": "ztap-bridge-cluster-role"
          },
          "private": "bnVsbA=="
        }
      ]
    },
    {
      "module": "module.eks_cluster",
      "mode": "managed",
      "type": "aws_iam_role_policy_attachment",
      "name": "cluster_policy",
      "provider": "provider[\"registry.terraform.io/hashicorp/aws\"]",
      "instances": [
        {
          "schema_version": 0,
          "attributes": {
            "id": "ztap-bridge-cluster-role/arn:aws:iam::aws:policy/AmazonEKSClusterPolicy",
            "policy_arn": "arn:aws:iam::aws:policy/AmazonEKSClusterPolicy",
            "role": "ztap-bridge-cluster-role"
          },
          "sensitive_attributes": [],
          "identity_schema_version": 0,
          "identity": {
            "account_id": "789288816621",
            "policy_arn": "arn:aws:iam::aws:policy/AmazonEKSClusterPolicy",
            "role": "ztap-bridge-cluster-role"
          },
          "private": "bnVsbA==",
          "dependencies": [
            "module.eks_cluster.aws_iam_role.cluster"
          ]
        }
      ]
    },
    {
      "module": "module.gateway",
      "mode": "managed",
      "type": "kubernetes_deployment_v1",
      "name": "gateway",
      "provider": "provider[\"registry.terraform.io/hashicorp/kubernetes\"]",
      "instances": [
        {
          "schema_version": 1,
          "attributes": {
            "id": "gateway-ingress/ztap-gateway",
            "metadata": [
              {
                "annotations": null,
                "generate_name": "",
                "generation": 1,
                "labels": null,
                "name": "ztap-gateway",
                "namespace": "gateway-ingress",
                "resource_version": "15002",
                "uid": "5ffcf7c7-0b38-4382-9404-8ca45a8a9800"
              }
            ],
            "spec": [
              {
                "min_ready_seconds": 0,
                "paused": false,
                "progress_deadline_seconds": 600,
                "replicas": "1",
                "revision_history_limit": 10,
                "selector": [
                  {
                    "match_expressions": [],
                    "match_labels": {
                      "app": "ztap-gateway"
                    }
                  }
                ],
                "strategy": [
                  {
                    "rolling_update": [
                      {
                        "max_surge": "25%",
                        "max_unavailable": "25%"
                      }
                    ],
                    "type": "RollingUpdate"
                  }
                ],
                "template": [
                  {
                    "metadata": [
                      {
                        "annotations": null,
                        "generate_name": "",
                        "generation": 0,
                        "labels": {
                          "app": "ztap-gateway"
                        },
                        "name": "",
                        "namespace": "",
                        "resource_version": "",
                        "uid": ""
                      }
                    ],
                    "spec": [
                      {
                        "active_deadline_seconds": 0,
                        "affinity": [],
                        "automount_service_account_token": true,
                        "container": [
                          {
                            "args": null,
                            "command": [
                              "uvicorn",
                              "gateway.main:app",
                              "--host",
                              "0.0.0.0",
                              "--port",
                              "8001"
                            ],
                            "env": [
                              {
                                "name": "ZTAP_KEYCLOAK_ISSUER",
                                "value": "http://keycloak.authorizer.svc.cluster.local:8080/realms/ztap",
                                "value_from": []
                              },
                              {
                                "name": "ZTAP_CLIENT_ID",
                                "value": "ztap-gateway",
                                "value_from": []
                              },
                              {
                                "name": "ZTAP_AGENT_ID",
                                "value": "invoice-agent-v2",
                                "value_from": []
                              }
                            ],
                            "env_from": [],
                            "image": "789288816621.dkr.ecr.us-east-1.amazonaws.com/ztap-app:latest",
                            "image_pull_policy": "IfNotPresent",
                            "lifecycle": [],
                            "liveness_probe": [],
                            "name": "ztap-gateway",
                            "port": [
                              {
                                "container_port": 8001,
                                "host_ip": "",
                                "host_port": 0,
                                "name": "",
                                "protocol": "TCP"
                              }
                            ],
                            "readiness_probe": [],
                            "resources": [
                              {
                                "limits": {},
                                "requests": {}
                              }
                            ],
                            "restart_policy": "",
                            "security_context": [],
                            "startup_probe": [],
                            "stdin": false,
                            "stdin_once": false,
                            "termination_message_path": "/dev/termination-log",
                            "termination_message_policy": "File",
                            "tty": false,
                            "volume_device": [],
                            "volume_mount": [],
                            "working_dir": ""
                          }
                        ],
                        "dns_config": [],
                        "dns_policy": "ClusterFirst",
                        "enable_service_links": true,
                        "host_aliases": [],
                        "host_ipc": false,
                        "host_network": false,
                        "host_pid": false,
                        "hostname": "",
                        "image_pull_secrets": [],
                        "init_container": [],
                        "node_name": "",
                        "node_selector": {
                          "ztap.io/node-pool": "security-control"
                        },
                        "os": [],
                        "priority_class_name": "",
                        "readiness_gate": [],
                        "restart_policy": "Always",
                        "runtime_class_name": "",
                        "scheduler_name": "default-scheduler",
                        "security_context": [],
                        "service_account_name": "",
                        "share_process_namespace": false,
                        "subdomain": "",
                        "termination_grace_period_seconds": 30,
                        "toleration": [],
                        "topology_spread_constraint": [],
                        "volume": []
                      }
                    ]
                  }
                ]
              }
            ],
            "timeouts": null,
            "wait_for_rollout": true
          },
          "sensitive_attributes": [],
          "identity_schema_version": 1,
          "identity": {
            "api_version": "apps/v1",
            "kind": "Deployment",
            "name": "ztap-gateway",
            "namespace": "gateway-ingress"
          },
          "private": "eyJlMmJmYjczMC1lY2FhLTExZTYtOGY4OC0zNDM2M2JjN2M0YzAiOnsiY3JlYXRlIjo2MDAwMDAwMDAwMDAsImRlbGV0ZSI6NjAwMDAwMDAwMDAwLCJ1cGRhdGUiOjYwMDAwMDAwMDAwMH0sInNjaGVtYV92ZXJzaW9uIjoiMSJ9",
          "dependencies": [
            "data.aws_eks_cluster_auth.this",
            "module.ecr.aws_ecr_repository.this",
            "module.eks_cluster.aws_eks_cluster.this",
            "module.eks_cluster.aws_iam_role.cluster",
            "module.eks_cluster.aws_iam_role_policy_attachment.cluster_policy",
            "module.keycloak.kubernetes_config_map_v1.realm",
            "module.keycloak.kubernetes_deployment_v1.keycloak",
            "module.keycloak.kubernetes_service_v1.keycloak",
            "module.namespaces.kubernetes_namespace_v1.this",
            "module.node_group.aws_eks_node_group.this",
            "module.node_group.aws_iam_role.node",
            "module.node_group.aws_iam_role_policy_attachment.cni",
            "module.node_group.aws_iam_role_policy_attachment.ecr_read",
            "module.node_group.aws_iam_role_policy_attachment.worker_node",
            "module.node_group.aws_launch_template.this",
            "module.vpc.aws_subnet.this",
            "module.vpc.aws_vpc.this"
          ]
        }
      ]
    },
    {
      "module": "module.gateway",
      "mode": "managed",
      "type": "kubernetes_service_v1",
      "name": "gateway",
      "provider": "provider[\"registry.terraform.io/hashicorp/kubernetes\"]",
      "instances": [
        {
          "schema_version": 1,
          "attributes": {
            "id": "gateway-ingress/ztap-gateway",
            "metadata": [
              {
                "annotations": {},
                "generate_name": "",
                "generation": 0,
                "labels": {},
                "name": "ztap-gateway",
                "namespace": "gateway-ingress",
                "resource_version": "4290",
                "uid": "cc809aac-3c29-4a22-b423-ea3267d34b21"
              }
            ],
            "spec": [
              {
                "allocate_load_balancer_node_ports": true,
                "cluster_ip": "172.20.166.139",
                "cluster_ips": [
                  "172.20.166.139"
                ],
                "external_ips": [],
                "external_name": "",
                "external_traffic_policy": "",
                "health_check_node_port": 0,
                "internal_traffic_policy": "Cluster",
                "ip_families": [
                  "IPv4"
                ],
                "ip_family_policy": "SingleStack",
                "load_balancer_class": "",
                "load_balancer_ip": "",
                "load_balancer_source_ranges": [],
                "port": [
                  {
                    "app_protocol": "",
                    "name": "",
                    "node_port": 0,
                    "port": 8001,
                    "protocol": "TCP",
                    "target_port": "8001"
                  }
                ],
                "publish_not_ready_addresses": false,
                "selector": {
                  "app": "ztap-gateway"
                },
                "session_affinity": "None",
                "session_affinity_config": [],
                "type": "ClusterIP"
              }
            ],
            "status": [
              {
                "load_balancer": [
                  {
                    "ingress": []
                  }
                ]
              }
            ],
            "timeouts": null,
            "wait_for_load_balancer": true
          },
          "sensitive_attributes": [],
          "identity_schema_version": 1,
          "identity": {
            "api_version": "v1",
            "kind": "Service",
            "name": "ztap-gateway",
            "namespace": "gateway-ingress"
          },
          "private": "eyJlMmJmYjczMC1lY2FhLTExZTYtOGY4OC0zNDM2M2JjN2M0YzAiOnsiY3JlYXRlIjo2MDAwMDAwMDAwMDB9LCJzY2hlbWFfdmVyc2lvbiI6IjEifQ==",
          "dependencies": [
            "data.aws_eks_cluster_auth.this",
            "module.eks_cluster.aws_eks_cluster.this",
            "module.eks_cluster.aws_iam_role.cluster",
            "module.eks_cluster.aws_iam_role_policy_attachment.cluster_policy",
            "module.keycloak.kubernetes_config_map_v1.realm",
            "module.keycloak.kubernetes_deployment_v1.keycloak",
            "module.keycloak.kubernetes_service_v1.keycloak",
            "module.namespaces.kubernetes_namespace_v1.this",
            "module.node_group.aws_eks_node_group.this",
            "module.node_group.aws_iam_role.node",
            "module.node_group.aws_iam_role_policy_attachment.cni",
            "module.node_group.aws_iam_role_policy_attachment.ecr_read",
            "module.node_group.aws_iam_role_policy_attachment.worker_node",
            "module.node_group.aws_launch_template.this",
            "module.vpc.aws_subnet.this",
            "module.vpc.aws_vpc.this"
          ]
        }
      ]
    },
    {
      "module": "module.gvisor",
      "mode": "managed",
      "type": "kubernetes_runtime_class_v1",
      "name": "gvisor",
      "provider": "provider[\"registry.terraform.io/hashicorp/kubernetes\"]",
      "instances": [
        {
          "schema_version": 0,
          "attributes": {
            "handler": "runsc",
            "id": "gvisor",
            "metadata": [
              {
                "annotations": {},
                "generate_name": "",
                "generation": 0,
                "labels": {},
                "name": "gvisor",
                "resource_version": "4116",
                "uid": "99ecbe2d-1bad-4010-9f7d-3e9fc863d2c5"
              }
            ]
          },
          "sensitive_attributes": [],
          "identity_schema_version": 0,
          "private": "bnVsbA==",
          "dependencies": [
            "data.aws_eks_cluster_auth.this",
            "module.eks_cluster.aws_eks_cluster.this",
            "module.eks_cluster.aws_iam_role.cluster",
            "module.eks_cluster.aws_iam_role_policy_attachment.cluster_policy",
            "module.node_group.aws_eks_node_group.this",
            "module.node_group.aws_iam_role.node",
            "module.node_group.aws_iam_role_policy_attachment.cni",
            "module.node_group.aws_iam_role_policy_attachment.ecr_read",
            "module.node_group.aws_iam_role_policy_attachment.worker_node",
            "module.node_group.aws_launch_template.this",
            "module.vpc.aws_subnet.this",
            "module.vpc.aws_vpc.this"
          ]
        }
      ]
    },
    {
      "module": "module.keycloak",
      "mode": "managed",
      "type": "kubernetes_config_map_v1",
      "name": "realm",
      "provider": "provider[\"registry.terraform.io/hashicorp/kubernetes\"]",
      "instances": [
        {
          "schema_version": 0,
          "attributes": {
            "binary_data": {},
            "data": {
              "ztap-realm.json": "{\n  \"realm\": \"ztap\",\n  \"enabled\": true,\n  \"sslRequired\": \"none\",\n  \"registrationAllowed\": false,\n  \"accessTokenLifespan\": 300,\n  \"clients\": [\n    {\n      \"clientId\": \"ztap-gateway\",\n      \"enabled\": true,\n      \"publicClient\": true,\n      \"protocol\": \"openid-connect\",\n      \"directAccessGrantsEnabled\": true,\n      \"standardFlowEnabled\": false,\n      \"implicitFlowEnabled\": false,\n      \"serviceAccountsEnabled\": false,\n      \"redirectUris\": [\"http://localhost:8001/*\"],\n      \"webOrigins\": [\"*\"],\n      \"attributes\": {\n        \"dpop.bound.access.tokens\": \"true\"\n      },\n      \"protocolMappers\": [\n        {\n          \"name\": \"tenant\",\n          \"protocol\": \"openid-connect\",\n          \"protocolMapper\": \"oidc-usermodel-attribute-mapper\",\n          \"consentRequired\": false,\n          \"config\": {\n            \"user.attribute\": \"tenant\",\n            \"claim.name\": \"tenant\",\n            \"jsonType.label\": \"String\",\n            \"id.token.claim\": \"true\",\n            \"access.token.claim\": \"true\",\n            \"userinfo.token.claim\": \"true\"\n          }\n        }\n      ]\n    }\n  ],\n  \"users\": [\n    {\n      \"username\": \"alice\",\n      \"enabled\": true,\n      \"email\": \"alice@example.com\",\n      \"emailVerified\": true,\n      \"firstName\": \"Alice\",\n      \"lastName\": \"Tenant-A\",\n      \"requiredActions\": [],\n      \"attributes\": { \"tenant\": [\"tenant-a\"] },\n      \"credentials\": [\n        { \"type\": \"password\", \"value\": \"alice-pass\", \"temporary\": false }\n      ]\n    },\n    {\n      \"username\": \"bob\",\n      \"enabled\": true,\n      \"email\": \"bob@example.com\",\n      \"emailVerified\": true,\n      \"firstName\": \"Bob\",\n      \"lastName\": \"Tenant-B\",\n      \"requiredActions\": [],\n      \"attributes\": { \"tenant\": [\"tenant-b\"] },\n      \"credentials\": [\n        { \"type\": \"password\", \"value\": \"bob-pass\", \"temporary\": false }\n      ]\n    }\n  ]\n}"
            },
            "id": "authorizer/ztap-realm",
            "immutable": false,
            "metadata": [
              {
                "annotations": {},
                "generate_name": "",
                "generation": 0,
                "labels": {},
                "name": "ztap-realm",
                "namespace": "authorizer",
                "resource_version": "4117",
                "uid": "78d5c3cc-d083-49f1-aa5e-65ea663fa4ea"
              }
            ]
          },
          "sensitive_attributes": [],
          "identity_schema_version": 1,
          "identity": {
            "api_version": "v1",
            "kind": "ConfigMap",
            "name": "ztap-realm",
            "namespace": "authorizer"
          },
          "private": "bnVsbA==",
          "dependencies": [
            "data.aws_eks_cluster_auth.this",
            "module.eks_cluster.aws_eks_cluster.this",
            "module.eks_cluster.aws_iam_role.cluster",
            "module.eks_cluster.aws_iam_role_policy_attachment.cluster_policy",
            "module.namespaces.kubernetes_namespace_v1.this",
            "module.node_group.aws_eks_node_group.this",
            "module.node_group.aws_iam_role.node",
            "module.node_group.aws_iam_role_policy_attachment.cni",
            "module.node_group.aws_iam_role_policy_attachment.ecr_read",
            "module.node_group.aws_iam_role_policy_attachment.worker_node",
            "module.node_group.aws_launch_template.this",
            "module.vpc.aws_subnet.this",
            "module.vpc.aws_vpc.this"
          ]
        }
      ]
    },
    {
      "module": "module.keycloak",
      "mode": "managed",
      "type": "kubernetes_deployment_v1",
      "name": "keycloak",
      "provider": "provider[\"registry.terraform.io/hashicorp/kubernetes\"]",
      "instances": [
        {
          "schema_version": 1,
          "attributes": {
            "id": "authorizer/keycloak",
            "metadata": [
              {
                "annotations": {},
                "generate_name": "",
                "generation": 1,
                "labels": {},
                "name": "keycloak",
                "namespace": "authorizer",
                "resource_version": "4250",
                "uid": "0e45a6ee-091a-408a-b199-253e90b443e4"
              }
            ],
            "spec": [
              {
                "min_ready_seconds": 0,
                "paused": false,
                "progress_deadline_seconds": 600,
                "replicas": "1",
                "revision_history_limit": 10,
                "selector": [
                  {
                    "match_expressions": [],
                    "match_labels": {
                      "app": "keycloak"
                    }
                  }
                ],
                "strategy": [
                  {
                    "rolling_update": [
                      {
                        "max_surge": "25%",
                        "max_unavailable": "25%"
                      }
                    ],
                    "type": "RollingUpdate"
                  }
                ],
                "template": [
                  {
                    "metadata": [
                      {
                        "annotations": {},
                        "generate_name": "",
                        "generation": 0,
                        "labels": {
                          "app": "keycloak"
                        },
                        "name": "",
                        "namespace": "",
                        "resource_version": "",
                        "uid": ""
                      }
                    ],
                    "spec": [
                      {
                        "active_deadline_seconds": 0,
                        "affinity": [],
                        "automount_service_account_token": true,
                        "container": [
                          {
                            "args": [
                              "start-dev",
                              "--import-realm"
                            ],
                            "command": [],
                            "env": [
                              {
                                "name": "KC_BOOTSTRAP_ADMIN_USERNAME",
                                "value": "admin",
                                "value_from": []
                              },
                              {
                                "name": "KC_BOOTSTRAP_ADMIN_PASSWORD",
                                "value": "admin",
                                "value_from": []
                              }
                            ],
                            "env_from": [],
                            "image": "quay.io/keycloak/keycloak:latest",
                            "image_pull_policy": "Always",
                            "lifecycle": [],
                            "liveness_probe": [],
                            "name": "keycloak",
                            "port": [
                              {
                                "container_port": 8080,
                                "host_ip": "",
                                "host_port": 0,
                                "name": "",
                                "protocol": "TCP"
                              }
                            ],
                            "readiness_probe": [],
                            "resources": [
                              {
                                "limits": {},
                                "requests": {}
                              }
                            ],
                            "restart_policy": "",
                            "security_context": [],
                            "startup_probe": [],
                            "stdin": false,
                            "stdin_once": false,
                            "termination_message_path": "/dev/termination-log",
                            "termination_message_policy": "File",
                            "tty": false,
                            "volume_device": [],
                            "volume_mount": [
                              {
                                "mount_path": "/opt/keycloak/data/import",
                                "mount_propagation": "None",
                                "name": "realm-import",
                                "read_only": true,
                                "sub_path": "",
                                "sub_path_expr": ""
                              }
                            ],
                            "working_dir": ""
                          }
                        ],
                        "dns_config": [],
                        "dns_policy": "ClusterFirst",
                        "enable_service_links": true,
                        "host_aliases": [],
                        "host_ipc": false,
                        "host_network": false,
                        "host_pid": false,
                        "hostname": "",
                        "image_pull_secrets": [],
                        "init_container": [],
                        "node_name": "",
                        "node_selector": {
                          "ztap.io/node-pool": "shared-services"
                        },
                        "os": [],
                        "priority_class_name": "",
                        "readiness_gate": [],
                        "restart_policy": "Always",
                        "runtime_class_name": "",
                        "scheduler_name": "default-scheduler",
                        "security_context": [],
                        "service_account_name": "",
                        "share_process_namespace": false,
                        "subdomain": "",
                        "termination_grace_period_seconds": 30,
                        "toleration": [],
                        "topology_spread_constraint": [],
                        "volume": [
                          {
                            "aws_elastic_block_store": [],
                            "azure_disk": [],
                            "azure_file": [],
                            "ceph_fs": [],
                            "cinder": [],
                            "config_map": [
                              {
                                "default_mode": "0644",
                                "items": [],
                                "name": "ztap-realm",
                                "optional": false
                              }
                            ],
                            "csi": [],
                            "downward_api": [],
                            "empty_dir": [],
                            "ephemeral": [],
                            "fc": [],
                            "flex_volume": [],
                            "flocker": [],
                            "gce_persistent_disk": [],
                            "git_repo": [],
                            "glusterfs": [],
                            "host_path": [],
                            "iscsi": [],
                            "local": [],
                            "name": "realm-import",
                            "nfs": [],
                            "persistent_volume_claim": [],
                            "photon_persistent_disk": [],
                            "projected": [],
                            "quobyte": [],
                            "rbd": [],
                            "secret": [],
                            "vsphere_volume": []
                          }
                        ]
                      }
                    ]
                  }
                ]
              }
            ],
            "timeouts": null,
            "wait_for_rollout": true
          },
          "sensitive_attributes": [],
          "identity_schema_version": 1,
          "identity": {
            "api_version": "apps/v1",
            "kind": "Deployment",
            "name": "keycloak",
            "namespace": "authorizer"
          },
          "private": "eyJlMmJmYjczMC1lY2FhLTExZTYtOGY4OC0zNDM2M2JjN2M0YzAiOnsiY3JlYXRlIjo2MDAwMDAwMDAwMDAsImRlbGV0ZSI6NjAwMDAwMDAwMDAwLCJ1cGRhdGUiOjYwMDAwMDAwMDAwMH0sInNjaGVtYV92ZXJzaW9uIjoiMSJ9",
          "dependencies": [
            "data.aws_eks_cluster_auth.this",
            "module.eks_cluster.aws_eks_cluster.this",
            "module.eks_cluster.aws_iam_role.cluster",
            "module.eks_cluster.aws_iam_role_policy_attachment.cluster_policy",
            "module.keycloak.kubernetes_config_map_v1.realm",
            "module.namespaces.kubernetes_namespace_v1.this",
            "module.node_group.aws_eks_node_group.this",
            "module.node_group.aws_iam_role.node",
            "module.node_group.aws_iam_role_policy_attachment.cni",
            "module.node_group.aws_iam_role_policy_attachment.ecr_read",
            "module.node_group.aws_iam_role_policy_attachment.worker_node",
            "module.node_group.aws_launch_template.this",
            "module.vpc.aws_subnet.this",
            "module.vpc.aws_vpc.this"
          ]
        }
      ]
    },
    {
      "module": "module.keycloak",
      "mode": "managed",
      "type": "kubernetes_service_v1",
      "name": "keycloak",
      "provider": "provider[\"registry.terraform.io/hashicorp/kubernetes\"]",
      "instances": [
        {
          "schema_version": 1,
          "attributes": {
            "id": "authorizer/keycloak",
            "metadata": [
              {
                "annotations": {},
                "generate_name": "",
                "generation": 0,
                "labels": {},
                "name": "keycloak",
                "namespace": "authorizer",
                "resource_version": "4122",
                "uid": "7a7c7d2b-ca12-4b85-b660-8199645286d1"
              }
            ],
            "spec": [
              {
                "allocate_load_balancer_node_ports": true,
                "cluster_ip": "172.20.207.250",
                "cluster_ips": [
                  "172.20.207.250"
                ],
                "external_ips": [],
                "external_name": "",
                "external_traffic_policy": "",
                "health_check_node_port": 0,
                "internal_traffic_policy": "Cluster",
                "ip_families": [
                  "IPv4"
                ],
                "ip_family_policy": "SingleStack",
                "load_balancer_class": "",
                "load_balancer_ip": "",
                "load_balancer_source_ranges": [],
                "port": [
                  {
                    "app_protocol": "",
                    "name": "",
                    "node_port": 0,
                    "port": 8080,
                    "protocol": "TCP",
                    "target_port": "8080"
                  }
                ],
                "publish_not_ready_addresses": false,
                "selector": {
                  "app": "keycloak"
                },
                "session_affinity": "None",
                "session_affinity_config": [],
                "type": "ClusterIP"
              }
            ],
            "status": [
              {
                "load_balancer": [
                  {
                    "ingress": []
                  }
                ]
              }
            ],
            "timeouts": null,
            "wait_for_load_balancer": true
          },
          "sensitive_attributes": [],
          "identity_schema_version": 1,
          "identity": {
            "api_version": "v1",
            "kind": "Service",
            "name": "keycloak",
            "namespace": "authorizer"
          },
          "private": "eyJlMmJmYjczMC1lY2FhLTExZTYtOGY4OC0zNDM2M2JjN2M0YzAiOnsiY3JlYXRlIjo2MDAwMDAwMDAwMDB9LCJzY2hlbWFfdmVyc2lvbiI6IjEifQ==",
          "dependencies": [
            "data.aws_eks_cluster_auth.this",
            "module.eks_cluster.aws_eks_cluster.this",
            "module.eks_cluster.aws_iam_role.cluster",
            "module.eks_cluster.aws_iam_role_policy_attachment.cluster_policy",
            "module.namespaces.kubernetes_namespace_v1.this",
            "module.node_group.aws_eks_node_group.this",
            "module.node_group.aws_iam_role.node",
            "module.node_group.aws_iam_role_policy_attachment.cni",
            "module.node_group.aws_iam_role_policy_attachment.ecr_read",
            "module.node_group.aws_iam_role_policy_attachment.worker_node",
            "module.node_group.aws_launch_template.this",
            "module.vpc.aws_subnet.this",
            "module.vpc.aws_vpc.this"
          ]
        }
      ]
    },
    {
      "module": "module.namespaces",
      "mode": "managed",
      "type": "kubernetes_namespace_v1",
      "name": "this",
      "provider": "provider[\"registry.terraform.io/hashicorp/kubernetes\"]",
      "instances": [
        {
          "index_key": "authorizer",
          "schema_version": 0,
          "attributes": {
            "id": "authorizer",
            "metadata": [
              {
                "annotations": {},
                "generate_name": "",
                "generation": 0,
                "labels": {
                  "ztap.io/topology": "bridge"
                },
                "name": "authorizer",
                "resource_version": "604",
                "uid": "49d8fa0f-a766-41a9-9ebf-8a0301b38430"
              }
            ],
            "timeouts": null,
            "wait_for_default_service_account": false
          },
          "sensitive_attributes": [],
          "identity_schema_version": 1,
          "identity": {
            "api_version": "v1",
            "kind": "Namespace",
            "name": "authorizer"
          },
          "private": "eyJlMmJmYjczMC1lY2FhLTExZTYtOGY4OC0zNDM2M2JjN2M0YzAiOnsiZGVsZXRlIjozMDAwMDAwMDAwMDB9fQ==",
          "dependencies": [
            "data.aws_eks_cluster_auth.this",
            "module.eks_cluster.aws_eks_cluster.this",
            "module.eks_cluster.aws_iam_role.cluster",
            "module.eks_cluster.aws_iam_role_policy_attachment.cluster_policy",
            "module.vpc.aws_subnet.this",
            "module.vpc.aws_vpc.this"
          ]
        },
        {
          "index_key": "gateway-ingress",
          "schema_version": 0,
          "attributes": {
            "id": "gateway-ingress",
            "metadata": [
              {
                "annotations": {},
                "generate_name": "",
                "generation": 0,
                "labels": {
                  "ztap.io/topology": "bridge"
                },
                "name": "gateway-ingress",
                "resource_version": "607",
                "uid": "77f90d60-7859-4983-8922-1ef460ae66b9"
              }
            ],
            "timeouts": null,
            "wait_for_default_service_account": false
          },
          "sensitive_attributes": [],
          "identity_schema_version": 1,
          "identity": {
            "api_version": "v1",
            "kind": "Namespace",
            "name": "gateway-ingress"
          },
          "private": "eyJlMmJmYjczMC1lY2FhLTExZTYtOGY4OC0zNDM2M2JjN2M0YzAiOnsiZGVsZXRlIjozMDAwMDAwMDAwMDB9fQ==",
          "dependencies": [
            "data.aws_eks_cluster_auth.this",
            "module.eks_cluster.aws_eks_cluster.this",
            "module.eks_cluster.aws_iam_role.cluster",
            "module.eks_cluster.aws_iam_role_policy_attachment.cluster_policy",
            "module.vpc.aws_subnet.this",
            "module.vpc.aws_vpc.this"
          ]
        },
        {
          "index_key": "inference",
          "schema_version": 0,
          "attributes": {
            "id": "inference",
            "metadata": [
              {
                "annotations": {},
                "generate_name": "",
                "generation": 0,
                "labels": {
                  "ztap.io/topology": "bridge"
                },
                "name": "inference",
                "resource_version": "603",
                "uid": "7b2e5fb2-cfe5-446f-af4d-51e2316b1a24"
              }
            ],
            "timeouts": null,
            "wait_for_default_service_account": false
          },
          "sensitive_attributes": [],
          "identity_schema_version": 1,
          "identity": {
            "api_version": "v1",
            "kind": "Namespace",
            "name": "inference"
          },
          "private": "eyJlMmJmYjczMC1lY2FhLTExZTYtOGY4OC0zNDM2M2JjN2M0YzAiOnsiZGVsZXRlIjozMDAwMDAwMDAwMDB9fQ==",
          "dependencies": [
            "data.aws_eks_cluster_auth.this",
            "module.eks_cluster.aws_eks_cluster.this",
            "module.eks_cluster.aws_iam_role.cluster",
            "module.eks_cluster.aws_iam_role_policy_attachment.cluster_policy",
            "module.vpc.aws_subnet.this",
            "module.vpc.aws_vpc.this"
          ]
        },
        {
          "index_key": "monitoring",
          "schema_version": 0,
          "attributes": {
            "id": "monitoring",
            "metadata": [
              {
                "annotations": {},
                "generate_name": "",
                "generation": 0,
                "labels": {
                  "ztap.io/topology": "bridge"
                },
                "name": "monitoring",
                "resource_version": "605",
                "uid": "e45a589d-3fcc-406e-8684-8d43ebd14549"
              }
            ],
            "timeouts": null,
            "wait_for_default_service_account": false
          },
          "sensitive_attributes": [],
          "identity_schema_version": 1,
          "identity": {
            "api_version": "v1",
            "kind": "Namespace",
            "name": "monitoring"
          },
          "private": "eyJlMmJmYjczMC1lY2FhLTExZTYtOGY4OC0zNDM2M2JjN2M0YzAiOnsiZGVsZXRlIjozMDAwMDAwMDAwMDB9fQ==",
          "dependencies": [
            "data.aws_eks_cluster_auth.this",
            "module.eks_cluster.aws_eks_cluster.this",
            "module.eks_cluster.aws_iam_role.cluster",
            "module.eks_cluster.aws_iam_role_policy_attachment.cluster_policy",
            "module.vpc.aws_subnet.this",
            "module.vpc.aws_vpc.this"
          ]
        },
        {
          "index_key": "tenant-a",
          "schema_version": 0,
          "attributes": {
            "id": "tenant-a",
            "metadata": [
              {
                "annotations": {},
                "generate_name": "",
                "generation": 0,
                "labels": {
                  "ztap.io/tenant": "tenant-a",
                  "ztap.io/topology": "bridge"
                },
                "name": "tenant-a",
                "resource_version": "606",
                "uid": "7281901f-8026-4ee1-9d7d-c228ce7c7106"
              }
            ],
            "timeouts": null,
            "wait_for_default_service_account": false
          },
          "sensitive_attributes": [],
          "identity_schema_version": 1,
          "identity": {
            "api_version": "v1",
            "kind": "Namespace",
            "name": "tenant-a"
          },
          "private": "eyJlMmJmYjczMC1lY2FhLTExZTYtOGY4OC0zNDM2M2JjN2M0YzAiOnsiZGVsZXRlIjozMDAwMDAwMDAwMDB9fQ==",
          "dependencies": [
            "data.aws_eks_cluster_auth.this",
            "module.eks_cluster.aws_eks_cluster.this",
            "module.eks_cluster.aws_iam_role.cluster",
            "module.eks_cluster.aws_iam_role_policy_attachment.cluster_policy",
            "module.vpc.aws_subnet.this",
            "module.vpc.aws_vpc.this"
          ]
        },
        {
          "index_key": "tenant-b",
          "schema_version": 0,
          "attributes": {
            "id": "tenant-b",
            "metadata": [
              {
                "annotations": {},
                "generate_name": "",
                "generation": 0,
                "labels": {
                  "ztap.io/tenant": "tenant-b",
                  "ztap.io/topology": "bridge"
                },
                "name": "tenant-b",
                "resource_version": "621",
                "uid": "1af3e8d8-20c0-488f-ab19-6f800d852f26"
              }
            ],
            "timeouts": null,
            "wait_for_default_service_account": false
          },
          "sensitive_attributes": [],
          "identity_schema_version": 1,
          "identity": {
            "api_version": "v1",
            "kind": "Namespace",
            "name": "tenant-b"
          },
          "private": "eyJlMmJmYjczMC1lY2FhLTExZTYtOGY4OC0zNDM2M2JjN2M0YzAiOnsiZGVsZXRlIjozMDAwMDAwMDAwMDB9fQ==",
          "dependencies": [
            "data.aws_eks_cluster_auth.this",
            "module.eks_cluster.aws_eks_cluster.this",
            "module.eks_cluster.aws_iam_role.cluster",
            "module.eks_cluster.aws_iam_role_policy_attachment.cluster_policy",
            "module.vpc.aws_subnet.this",
            "module.vpc.aws_vpc.this"
          ]
        },
        {
          "index_key": "traffic-gen",
          "schema_version": 0,
          "attributes": {
            "id": "traffic-gen",
            "metadata": [
              {
                "annotations": {},
                "generate_name": "",
                "generation": 0,
                "labels": {
                  "ztap.io/topology": "bridge"
                },
                "name": "traffic-gen",
                "resource_version": "618",
                "uid": "a10def4a-d726-4495-a14a-d3123f2767f1"
              }
            ],
            "timeouts": null,
            "wait_for_default_service_account": false
          },
          "sensitive_attributes": [],
          "identity_schema_version": 1,
          "identity": {
            "api_version": "v1",
            "kind": "Namespace",
            "name": "traffic-gen"
          },
          "private": "eyJlMmJmYjczMC1lY2FhLTExZTYtOGY4OC0zNDM2M2JjN2M0YzAiOnsiZGVsZXRlIjozMDAwMDAwMDAwMDB9fQ==",
          "dependencies": [
            "data.aws_eks_cluster_auth.this",
            "module.eks_cluster.aws_eks_cluster.this",
            "module.eks_cluster.aws_iam_role.cluster",
            "module.eks_cluster.aws_iam_role_policy_attachment.cluster_policy",
            "module.vpc.aws_subnet.this",
            "module.vpc.aws_vpc.this"
          ]
        }
      ]
    },
    {
      "module": "module.network_policy",
      "mode": "managed",
      "type": "kubernetes_network_policy_v1",
      "name": "allow_agent_egress_to_authorizer",
      "provider": "provider[\"registry.terraform.io/hashicorp/kubernetes\"]",
      "instances": [
        {
          "index_key": "tenant-a",
          "schema_version": 0,
          "attributes": {
            "id": "tenant-a/allow-agent-egress-to-authorizer",
            "metadata": [
              {
                "annotations": {},
                "generate_name": "",
                "generation": 1,
                "labels": {},
                "name": "allow-agent-egress-to-authorizer",
                "namespace": "tenant-a",
                "resource_version": "4176",
                "uid": "700c2252-e8e3-48cf-8dfd-b41f8a256000"
              }
            ],
            "spec": [
              {
                "egress": [
                  {
                    "ports": [
                      {
                        "end_port": 0,
                        "port": "8080",
                        "protocol": "TCP"
                      }
                    ],
                    "to": [
                      {
                        "ip_block": [],
                        "namespace_selector": [
                          {
                            "match_expressions": [],
                            "match_labels": {
                              "kubernetes.io/metadata.name": "authorizer"
                            }
                          }
                        ],
                        "pod_selector": []
                      }
                    ]
                  }
                ],
                "ingress": [],
                "pod_selector": [
                  {
                    "match_expressions": [],
                    "match_labels": null
                  }
                ],
                "policy_types": [
                  "Egress"
                ]
              }
            ]
          },
          "sensitive_attributes": [],
          "identity_schema_version": 1,
          "identity": {
            "api_version": "networking.k8s.io/v1",
            "kind": "NetworkPolicy",
            "name": "allow-agent-egress-to-authorizer",
            "namespace": "tenant-a"
          },
          "private": "bnVsbA==",
          "dependencies": [
            "data.aws_eks_cluster_auth.this",
            "module.cilium.helm_release.cilium",
            "module.cilium.kubernetes_manifest.tenant_default_deny",
            "module.eks_cluster.aws_eks_cluster.this",
            "module.eks_cluster.aws_iam_role.cluster",
            "module.eks_cluster.aws_iam_role_policy_attachment.cluster_policy",
            "module.namespaces.kubernetes_namespace_v1.this",
            "module.node_group.aws_eks_node_group.this",
            "module.node_group.aws_iam_role.node",
            "module.node_group.aws_iam_role_policy_attachment.cni",
            "module.node_group.aws_iam_role_policy_attachment.ecr_read",
            "module.node_group.aws_iam_role_policy_attachment.worker_node",
            "module.node_group.aws_launch_template.this",
            "module.vpc.aws_subnet.this",
            "module.vpc.aws_vpc.this"
          ]
        },
        {
          "index_key": "tenant-b",
          "schema_version": 0,
          "attributes": {
            "id": "tenant-b/allow-agent-egress-to-authorizer",
            "metadata": [
              {
                "annotations": {},
                "generate_name": "",
                "generation": 1,
                "labels": {},
                "name": "allow-agent-egress-to-authorizer",
                "namespace": "tenant-b",
                "resource_version": "4179",
                "uid": "ea95a3ce-bd6c-4dd9-82b2-0833f1eb0f7b"
              }
            ],
            "spec": [
              {
                "egress": [
                  {
                    "ports": [
                      {
                        "end_port": 0,
                        "port": "8080",
                        "protocol": "TCP"
                      }
                    ],
                    "to": [
                      {
                        "ip_block": [],
                        "namespace_selector": [
                          {
                            "match_expressions": [],
                            "match_labels": {
                              "kubernetes.io/metadata.name": "authorizer"
                            }
                          }
                        ],
                        "pod_selector": []
                      }
                    ]
                  }
                ],
                "ingress": [],
                "pod_selector": [
                  {
                    "match_expressions": [],
                    "match_labels": null
                  }
                ],
                "policy_types": [
                  "Egress"
                ]
              }
            ]
          },
          "sensitive_attributes": [],
          "identity_schema_version": 1,
          "identity": {
            "api_version": "networking.k8s.io/v1",
            "kind": "NetworkPolicy",
            "name": "allow-agent-egress-to-authorizer",
            "namespace": "tenant-b"
          },
          "private": "bnVsbA==",
          "dependencies": [
            "data.aws_eks_cluster_auth.this",
            "module.cilium.helm_release.cilium",
            "module.cilium.kubernetes_manifest.tenant_default_deny",
            "module.eks_cluster.aws_eks_cluster.this",
            "module.eks_cluster.aws_iam_role.cluster",
            "module.eks_cluster.aws_iam_role_policy_attachment.cluster_policy",
            "module.namespaces.kubernetes_namespace_v1.this",
            "module.node_group.aws_eks_node_group.this",
            "module.node_group.aws_iam_role.node",
            "module.node_group.aws_iam_role_policy_attachment.cni",
            "module.node_group.aws_iam_role_policy_attachment.ecr_read",
            "module.node_group.aws_iam_role_policy_attachment.worker_node",
            "module.node_group.aws_launch_template.this",
            "module.vpc.aws_subnet.this",
            "module.vpc.aws_vpc.this"
          ]
        }
      ]
    },
    {
      "module": "module.network_policy",
      "mode": "managed",
      "type": "kubernetes_network_policy_v1",
      "name": "allow_agent_egress_to_gateway",
      "provider": "provider[\"registry.terraform.io/hashicorp/kubernetes\"]",
      "instances": [
        {
          "index_key": "tenant-a",
          "schema_version": 0,
          "attributes": {
            "id": "tenant-a/allow-agent-egress-to-gateway",
            "metadata": [
              {
                "annotations": {},
                "generate_name": "",
                "generation": 1,
                "labels": {},
                "name": "allow-agent-egress-to-gateway",
                "namespace": "tenant-a",
                "resource_version": "4182",
                "uid": "47fc100a-0f22-48ed-af15-dbee281d6bcb"
              }
            ],
            "spec": [
              {
                "egress": [
                  {
                    "ports": [
                      {
                        "end_port": 0,
                        "port": "8001",
                        "protocol": "TCP"
                      }
                    ],
                    "to": [
                      {
                        "ip_block": [],
                        "namespace_selector": [
                          {
                            "match_expressions": [],
                            "match_labels": {
                              "kubernetes.io/metadata.name": "gateway-ingress"
                            }
                          }
                        ],
                        "pod_selector": []
                      }
                    ]
                  }
                ],
                "ingress": [],
                "pod_selector": [
                  {
                    "match_expressions": [],
                    "match_labels": null
                  }
                ],
                "policy_types": [
                  "Egress"
                ]
              }
            ]
          },
          "sensitive_attributes": [],
          "identity_schema_version": 1,
          "identity": {
            "api_version": "networking.k8s.io/v1",
            "kind": "NetworkPolicy",
            "name": "allow-agent-egress-to-gateway",
            "namespace": "tenant-a"
          },
          "private": "bnVsbA==",
          "dependencies": [
            "data.aws_eks_cluster_auth.this",
            "module.cilium.helm_release.cilium",
            "module.cilium.kubernetes_manifest.tenant_default_deny",
            "module.eks_cluster.aws_eks_cluster.this",
            "module.eks_cluster.aws_iam_role.cluster",
            "module.eks_cluster.aws_iam_role_policy_attachment.cluster_policy",
            "module.namespaces.kubernetes_namespace_v1.this",
            "module.node_group.aws_eks_node_group.this",
            "module.node_group.aws_iam_role.node",
            "module.node_group.aws_iam_role_policy_attachment.cni",
            "module.node_group.aws_iam_role_policy_attachment.ecr_read",
            "module.node_group.aws_iam_role_policy_attachment.worker_node",
            "module.node_group.aws_launch_template.this",
            "module.vpc.aws_subnet.this",
            "module.vpc.aws_vpc.this"
          ]
        },
        {
          "index_key": "tenant-b",
          "schema_version": 0,
          "attributes": {
            "id": "tenant-b/allow-agent-egress-to-gateway",
            "metadata": [
              {
                "annotations": {},
                "generate_name": "",
                "generation": 1,
                "labels": {},
                "name": "allow-agent-egress-to-gateway",
                "namespace": "tenant-b",
                "resource_version": "4181",
                "uid": "485c64e8-67e0-4d04-b94f-08bb56007e8e"
              }
            ],
            "spec": [
              {
                "egress": [
                  {
                    "ports": [
                      {
                        "end_port": 0,
                        "port": "8001",
                        "protocol": "TCP"
                      }
                    ],
                    "to": [
                      {
                        "ip_block": [],
                        "namespace_selector": [
                          {
                            "match_expressions": [],
                            "match_labels": {
                              "kubernetes.io/metadata.name": "gateway-ingress"
                            }
                          }
                        ],
                        "pod_selector": []
                      }
                    ]
                  }
                ],
                "ingress": [],
                "pod_selector": [
                  {
                    "match_expressions": [],
                    "match_labels": null
                  }
                ],
                "policy_types": [
                  "Egress"
                ]
              }
            ]
          },
          "sensitive_attributes": [],
          "identity_schema_version": 1,
          "identity": {
            "api_version": "networking.k8s.io/v1",
            "kind": "NetworkPolicy",
            "name": "allow-agent-egress-to-gateway",
            "namespace": "tenant-b"
          },
          "private": "bnVsbA==",
          "dependencies": [
            "data.aws_eks_cluster_auth.this",
            "module.cilium.helm_release.cilium",
            "module.cilium.kubernetes_manifest.tenant_default_deny",
            "module.eks_cluster.aws_eks_cluster.this",
            "module.eks_cluster.aws_iam_role.cluster",
            "module.eks_cluster.aws_iam_role_policy_attachment.cluster_policy",
            "module.namespaces.kubernetes_namespace_v1.this",
            "module.node_group.aws_eks_node_group.this",
            "module.node_group.aws_iam_role.node",
            "module.node_group.aws_iam_role_policy_attachment.cni",
            "module.node_group.aws_iam_role_policy_attachment.ecr_read",
            "module.node_group.aws_iam_role_policy_attachment.worker_node",
            "module.node_group.aws_launch_template.this",
            "module.vpc.aws_subnet.this",
            "module.vpc.aws_vpc.this"
          ]
        }
      ]
    },
    {
      "module": "module.network_policy",
      "mode": "managed",
      "type": "kubernetes_network_policy_v1",
      "name": "allow_agent_egress_to_inference",
      "provider": "provider[\"registry.terraform.io/hashicorp/kubernetes\"]",
      "instances": [
        {
          "index_key": "tenant-a",
          "schema_version": 0,
          "attributes": {
            "id": "tenant-a/allow-agent-egress-to-inference",
            "metadata": [
              {
                "annotations": {},
                "generate_name": "",
                "generation": 1,
                "labels": {},
                "name": "allow-agent-egress-to-inference",
                "namespace": "tenant-a",
                "resource_version": "4174",
                "uid": "c93c248e-cdb8-46b8-ae87-c8b00b66ed07"
              }
            ],
            "spec": [
              {
                "egress": [
                  {
                    "ports": [
                      {
                        "end_port": 0,
                        "port": "11434",
                        "protocol": "TCP"
                      }
                    ],
                    "to": [
                      {
                        "ip_block": [],
                        "namespace_selector": [
                          {
                            "match_expressions": [],
                            "match_labels": {
                              "kubernetes.io/metadata.name": "inference"
                            }
                          }
                        ],
                        "pod_selector": []
                      }
                    ]
                  }
                ],
                "ingress": [],
                "pod_selector": [
                  {
                    "match_expressions": [],
                    "match_labels": null
                  }
                ],
                "policy_types": [
                  "Egress"
                ]
              }
            ]
          },
          "sensitive_attributes": [],
          "identity_schema_version": 1,
          "identity": {
            "api_version": "networking.k8s.io/v1",
            "kind": "NetworkPolicy",
            "name": "allow-agent-egress-to-inference",
            "namespace": "tenant-a"
          },
          "private": "bnVsbA==",
          "dependencies": [
            "data.aws_eks_cluster_auth.this",
            "module.cilium.helm_release.cilium",
            "module.cilium.kubernetes_manifest.tenant_default_deny",
            "module.eks_cluster.aws_eks_cluster.this",
            "module.eks_cluster.aws_iam_role.cluster",
            "module.eks_cluster.aws_iam_role_policy_attachment.cluster_policy",
            "module.namespaces.kubernetes_namespace_v1.this",
            "module.node_group.aws_eks_node_group.this",
            "module.node_group.aws_iam_role.node",
            "module.node_group.aws_iam_role_policy_attachment.cni",
            "module.node_group.aws_iam_role_policy_attachment.ecr_read",
            "module.node_group.aws_iam_role_policy_attachment.worker_node",
            "module.node_group.aws_launch_template.this",
            "module.vpc.aws_subnet.this",
            "module.vpc.aws_vpc.this"
          ]
        },
        {
          "index_key": "tenant-b",
          "schema_version": 0,
          "attributes": {
            "id": "tenant-b/allow-agent-egress-to-inference",
            "metadata": [
              {
                "annotations": {},
                "generate_name": "",
                "generation": 1,
                "labels": {},
                "name": "allow-agent-egress-to-inference",
                "namespace": "tenant-b",
                "resource_version": "4180",
                "uid": "fb11eb21-beb3-45a1-b362-69ce93e13983"
              }
            ],
            "spec": [
              {
                "egress": [
                  {
                    "ports": [
                      {
                        "end_port": 0,
                        "port": "11434",
                        "protocol": "TCP"
                      }
                    ],
                    "to": [
                      {
                        "ip_block": [],
                        "namespace_selector": [
                          {
                            "match_expressions": [],
                            "match_labels": {
                              "kubernetes.io/metadata.name": "inference"
                            }
                          }
                        ],
                        "pod_selector": []
                      }
                    ]
                  }
                ],
                "ingress": [],
                "pod_selector": [
                  {
                    "match_expressions": [],
                    "match_labels": null
                  }
                ],
                "policy_types": [
                  "Egress"
                ]
              }
            ]
          },
          "sensitive_attributes": [],
          "identity_schema_version": 1,
          "identity": {
            "api_version": "networking.k8s.io/v1",
            "kind": "NetworkPolicy",
            "name": "allow-agent-egress-to-inference",
            "namespace": "tenant-b"
          },
          "private": "bnVsbA==",
          "dependencies": [
            "data.aws_eks_cluster_auth.this",
            "module.cilium.helm_release.cilium",
            "module.cilium.kubernetes_manifest.tenant_default_deny",
            "module.eks_cluster.aws_eks_cluster.this",
            "module.eks_cluster.aws_iam_role.cluster",
            "module.eks_cluster.aws_iam_role_policy_attachment.cluster_policy",
            "module.namespaces.kubernetes_namespace_v1.this",
            "module.node_group.aws_eks_node_group.this",
            "module.node_group.aws_iam_role.node",
            "module.node_group.aws_iam_role_policy_attachment.cni",
            "module.node_group.aws_iam_role_policy_attachment.ecr_read",
            "module.node_group.aws_iam_role_policy_attachment.worker_node",
            "module.node_group.aws_launch_template.this",
            "module.vpc.aws_subnet.this",
            "module.vpc.aws_vpc.this"
          ]
        }
      ]
    },
    {
      "module": "module.network_policy",
      "mode": "managed",
      "type": "kubernetes_network_policy_v1",
      "name": "allow_dns",
      "provider": "provider[\"registry.terraform.io/hashicorp/kubernetes\"]",
      "instances": [
        {
          "index_key": "authorizer",
          "schema_version": 0,
          "attributes": {
            "id": "authorizer/allow-dns",
            "metadata": [
              {
                "annotations": {},
                "generate_name": "",
                "generation": 1,
                "labels": {},
                "name": "allow-dns",
                "namespace": "authorizer",
                "resource_version": "4186",
                "uid": "b84e2a06-cc2a-46d3-b6b9-a21069354f51"
              }
            ],
            "spec": [
              {
                "egress": [
                  {
                    "ports": [
                      {
                        "end_port": 0,
                        "port": "53",
                        "protocol": "UDP"
                      },
                      {
                        "end_port": 0,
                        "port": "53",
                        "protocol": "TCP"
                      }
                    ],
                    "to": [
                      {
                        "ip_block": [],
                        "namespace_selector": [
                          {
                            "match_expressions": [],
                            "match_labels": {
                              "kubernetes.io/metadata.name": "kube-system"
                            }
                          }
                        ],
                        "pod_selector": []
                      }
                    ]
                  }
                ],
                "ingress": [],
                "pod_selector": [
                  {
                    "match_expressions": [],
                    "match_labels": null
                  }
                ],
                "policy_types": [
                  "Egress"
                ]
              }
            ]
          },
          "sensitive_attributes": [],
          "identity_schema_version": 1,
          "identity": {
            "api_version": "networking.k8s.io/v1",
            "kind": "NetworkPolicy",
            "name": "allow-dns",
            "namespace": "authorizer"
          },
          "private": "bnVsbA==",
          "dependencies": [
            "data.aws_eks_cluster_auth.this",
            "module.cilium.helm_release.cilium",
            "module.cilium.kubernetes_manifest.tenant_default_deny",
            "module.eks_cluster.aws_eks_cluster.this",
            "module.eks_cluster.aws_iam_role.cluster",
            "module.eks_cluster.aws_iam_role_policy_attachment.cluster_policy",
            "module.namespaces.kubernetes_namespace_v1.this",
            "module.node_group.aws_eks_node_group.this",
            "module.node_group.aws_iam_role.node",
            "module.node_group.aws_iam_role_policy_attachment.cni",
            "module.node_group.aws_iam_role_policy_attachment.ecr_read",
            "module.node_group.aws_iam_role_policy_attachment.worker_node",
            "module.node_group.aws_launch_template.this",
            "module.vpc.aws_subnet.this",
            "module.vpc.aws_vpc.this"
          ]
        },
        {
          "index_key": "gateway-ingress",
          "schema_version": 0,
          "attributes": {
            "id": "gateway-ingress/allow-dns",
            "metadata": [
              {
                "annotations": {},
                "generate_name": "",
                "generation": 1,
                "labels": {},
                "name": "allow-dns",
                "namespace": "gateway-ingress",
                "resource_version": "4188",
                "uid": "285c383e-01e9-448c-8b9e-9f1723ed7cbc"
              }
            ],
            "spec": [
              {
                "egress": [
                  {
                    "ports": [
                      {
                        "end_port": 0,
                        "port": "53",
                        "protocol": "UDP"
                      },
                      {
                        "end_port": 0,
                        "port": "53",
                        "protocol": "TCP"
                      }
                    ],
                    "to": [
                      {
                        "ip_block": [],
                        "namespace_selector": [
                          {
                            "match_expressions": [],
                            "match_labels": {
                              "kubernetes.io/metadata.name": "kube-system"
                            }
                          }
                        ],
                        "pod_selector": []
                      }
                    ]
                  }
                ],
                "ingress": [],
                "pod_selector": [
                  {
                    "match_expressions": [],
                    "match_labels": null
                  }
                ],
                "policy_types": [
                  "Egress"
                ]
              }
            ]
          },
          "sensitive_attributes": [],
          "identity_schema_version": 1,
          "identity": {
            "api_version": "networking.k8s.io/v1",
            "kind": "NetworkPolicy",
            "name": "allow-dns",
            "namespace": "gateway-ingress"
          },
          "private": "bnVsbA==",
          "dependencies": [
            "data.aws_eks_cluster_auth.this",
            "module.cilium.helm_release.cilium",
            "module.cilium.kubernetes_manifest.tenant_default_deny",
            "module.eks_cluster.aws_eks_cluster.this",
            "module.eks_cluster.aws_iam_role.cluster",
            "module.eks_cluster.aws_iam_role_policy_attachment.cluster_policy",
            "module.namespaces.kubernetes_namespace_v1.this",
            "module.node_group.aws_eks_node_group.this",
            "module.node_group.aws_iam_role.node",
            "module.node_group.aws_iam_role_policy_attachment.cni",
            "module.node_group.aws_iam_role_policy_attachment.ecr_read",
            "module.node_group.aws_iam_role_policy_attachment.worker_node",
            "module.node_group.aws_launch_template.this",
            "module.vpc.aws_subnet.this",
            "module.vpc.aws_vpc.this"
          ]
        },
        {
          "index_key": "inference",
          "schema_version": 0,
          "attributes": {
            "id": "inference/allow-dns",
            "metadata": [
              {
                "annotations": {},
                "generate_name": "",
                "generation": 1,
                "labels": {},
                "name": "allow-dns",
                "namespace": "inference",
                "resource_version": "4196",
                "uid": "699b80d2-cdea-410a-9163-bfd2951cc745"
              }
            ],
            "spec": [
              {
                "egress": [
                  {
                    "ports": [
                      {
                        "end_port": 0,
                        "port": "53",
                        "protocol": "UDP"
                      },
                      {
                        "end_port": 0,
                        "port": "53",
                        "protocol": "TCP"
                      }
                    ],
                    "to": [
                      {
                        "ip_block": [],
                        "namespace_selector": [
                          {
                            "match_expressions": [],
                            "match_labels": {
                              "kubernetes.io/metadata.name": "kube-system"
                            }
                          }
                        ],
                        "pod_selector": []
                      }
                    ]
                  }
                ],
                "ingress": [],
                "pod_selector": [
                  {
                    "match_expressions": [],
                    "match_labels": null
                  }
                ],
                "policy_types": [
                  "Egress"
                ]
              }
            ]
          },
          "sensitive_attributes": [],
          "identity_schema_version": 1,
          "identity": {
            "api_version": "networking.k8s.io/v1",
            "kind": "NetworkPolicy",
            "name": "allow-dns",
            "namespace": "inference"
          },
          "private": "bnVsbA==",
          "dependencies": [
            "data.aws_eks_cluster_auth.this",
            "module.cilium.helm_release.cilium",
            "module.cilium.kubernetes_manifest.tenant_default_deny",
            "module.eks_cluster.aws_eks_cluster.this",
            "module.eks_cluster.aws_iam_role.cluster",
            "module.eks_cluster.aws_iam_role_policy_attachment.cluster_policy",
            "module.namespaces.kubernetes_namespace_v1.this",
            "module.node_group.aws_eks_node_group.this",
            "module.node_group.aws_iam_role.node",
            "module.node_group.aws_iam_role_policy_attachment.cni",
            "module.node_group.aws_iam_role_policy_attachment.ecr_read",
            "module.node_group.aws_iam_role_policy_attachment.worker_node",
            "module.node_group.aws_launch_template.this",
            "module.vpc.aws_subnet.this",
            "module.vpc.aws_vpc.this"
          ]
        },
        {
          "index_key": "monitoring",
          "schema_version": 0,
          "attributes": {
            "id": "monitoring/allow-dns",
            "metadata": [
              {
                "annotations": {},
                "generate_name": "",
                "generation": 1,
                "labels": {},
                "name": "allow-dns",
                "namespace": "monitoring",
                "resource_version": "4198",
                "uid": "73162982-7e0c-444b-be5a-3b61347dde1f"
              }
            ],
            "spec": [
              {
                "egress": [
                  {
                    "ports": [
                      {
                        "end_port": 0,
                        "port": "53",
                        "protocol": "UDP"
                      },
                      {
                        "end_port": 0,
                        "port": "53",
                        "protocol": "TCP"
                      }
                    ],
                    "to": [
                      {
                        "ip_block": [],
                        "namespace_selector": [
                          {
                            "match_expressions": [],
                            "match_labels": {
                              "kubernetes.io/metadata.name": "kube-system"
                            }
                          }
                        ],
                        "pod_selector": []
                      }
                    ]
                  }
                ],
                "ingress": [],
                "pod_selector": [
                  {
                    "match_expressions": [],
                    "match_labels": null
                  }
                ],
                "policy_types": [
                  "Egress"
                ]
              }
            ]
          },
          "sensitive_attributes": [],
          "identity_schema_version": 1,
          "identity": {
            "api_version": "networking.k8s.io/v1",
            "kind": "NetworkPolicy",
            "name": "allow-dns",
            "namespace": "monitoring"
          },
          "private": "bnVsbA==",
          "dependencies": [
            "data.aws_eks_cluster_auth.this",
            "module.cilium.helm_release.cilium",
            "module.cilium.kubernetes_manifest.tenant_default_deny",
            "module.eks_cluster.aws_eks_cluster.this",
            "module.eks_cluster.aws_iam_role.cluster",
            "module.eks_cluster.aws_iam_role_policy_attachment.cluster_policy",
            "module.namespaces.kubernetes_namespace_v1.this",
            "module.node_group.aws_eks_node_group.this",
            "module.node_group.aws_iam_role.node",
            "module.node_group.aws_iam_role_policy_attachment.cni",
            "module.node_group.aws_iam_role_policy_attachment.ecr_read",
            "module.node_group.aws_iam_role_policy_attachment.worker_node",
            "module.node_group.aws_launch_template.this",
            "module.vpc.aws_subnet.this",
            "module.vpc.aws_vpc.this"
          ]
        },
        {
          "index_key": "tenant-a",
          "schema_version": 0,
          "attributes": {
            "id": "tenant-a/allow-dns",
            "metadata": [
              {
                "annotations": {},
                "generate_name": "",
                "generation": 1,
                "labels": {},
                "name": "allow-dns",
                "namespace": "tenant-a",
                "resource_version": "4199",
                "uid": "d36a05a7-1c74-42f7-8c0b-20f82c72fb5c"
              }
            ],
            "spec": [
              {
                "egress": [
                  {
                    "ports": [
                      {
                        "end_port": 0,
                        "port": "53",
                        "protocol": "UDP"
                      },
                      {
                        "end_port": 0,
                        "port": "53",
                        "protocol": "TCP"
                      }
                    ],
                    "to": [
                      {
                        "ip_block": [],
                        "namespace_selector": [
                          {
                            "match_expressions": [],
                            "match_labels": {
                              "kubernetes.io/metadata.name": "kube-system"
                            }
                          }
                        ],
                        "pod_selector": []
                      }
                    ]
                  }
                ],
                "ingress": [],
                "pod_selector": [
                  {
                    "match_expressions": [],
                    "match_labels": null
                  }
                ],
                "policy_types": [
                  "Egress"
                ]
              }
            ]
          },
          "sensitive_attributes": [],
          "identity_schema_version": 1,
          "identity": {
            "api_version": "networking.k8s.io/v1",
            "kind": "NetworkPolicy",
            "name": "allow-dns",
            "namespace": "tenant-a"
          },
          "private": "bnVsbA==",
          "dependencies": [
            "data.aws_eks_cluster_auth.this",
            "module.cilium.helm_release.cilium",
            "module.cilium.kubernetes_manifest.tenant_default_deny",
            "module.eks_cluster.aws_eks_cluster.this",
            "module.eks_cluster.aws_iam_role.cluster",
            "module.eks_cluster.aws_iam_role_policy_attachment.cluster_policy",
            "module.namespaces.kubernetes_namespace_v1.this",
            "module.node_group.aws_eks_node_group.this",
            "module.node_group.aws_iam_role.node",
            "module.node_group.aws_iam_role_policy_attachment.cni",
            "module.node_group.aws_iam_role_policy_attachment.ecr_read",
            "module.node_group.aws_iam_role_policy_attachment.worker_node",
            "module.node_group.aws_launch_template.this",
            "module.vpc.aws_subnet.this",
            "module.vpc.aws_vpc.this"
          ]
        },
        {
          "index_key": "tenant-b",
          "schema_version": 0,
          "attributes": {
            "id": "tenant-b/allow-dns",
            "metadata": [
              {
                "annotations": {},
                "generate_name": "",
                "generation": 1,
                "labels": {},
                "name": "allow-dns",
                "namespace": "tenant-b",
                "resource_version": "4185",
                "uid": "deaf16f0-2663-49ce-b609-241e0990d14b"
              }
            ],
            "spec": [
              {
                "egress": [
                  {
                    "ports": [
                      {
                        "end_port": 0,
                        "port": "53",
                        "protocol": "UDP"
                      },
                      {
                        "end_port": 0,
                        "port": "53",
                        "protocol": "TCP"
                      }
                    ],
                    "to": [
                      {
                        "ip_block": [],
                        "namespace_selector": [
                          {
                            "match_expressions": [],
                            "match_labels": {
                              "kubernetes.io/metadata.name": "kube-system"
                            }
                          }
                        ],
                        "pod_selector": []
                      }
                    ]
                  }
                ],
                "ingress": [],
                "pod_selector": [
                  {
                    "match_expressions": [],
                    "match_labels": null
                  }
                ],
                "policy_types": [
                  "Egress"
                ]
              }
            ]
          },
          "sensitive_attributes": [],
          "identity_schema_version": 1,
          "identity": {
            "api_version": "networking.k8s.io/v1",
            "kind": "NetworkPolicy",
            "name": "allow-dns",
            "namespace": "tenant-b"
          },
          "private": "bnVsbA==",
          "dependencies": [
            "data.aws_eks_cluster_auth.this",
            "module.cilium.helm_release.cilium",
            "module.cilium.kubernetes_manifest.tenant_default_deny",
            "module.eks_cluster.aws_eks_cluster.this",
            "module.eks_cluster.aws_iam_role.cluster",
            "module.eks_cluster.aws_iam_role_policy_attachment.cluster_policy",
            "module.namespaces.kubernetes_namespace_v1.this",
            "module.node_group.aws_eks_node_group.this",
            "module.node_group.aws_iam_role.node",
            "module.node_group.aws_iam_role_policy_attachment.cni",
            "module.node_group.aws_iam_role_policy_attachment.ecr_read",
            "module.node_group.aws_iam_role_policy_attachment.worker_node",
            "module.node_group.aws_launch_template.this",
            "module.vpc.aws_subnet.this",
            "module.vpc.aws_vpc.this"
          ]
        },
        {
          "index_key": "traffic-gen",
          "schema_version": 0,
          "attributes": {
            "id": "traffic-gen/allow-dns",
            "metadata": [
              {
                "annotations": {},
                "generate_name": "",
                "generation": 1,
                "labels": {},
                "name": "allow-dns",
                "namespace": "traffic-gen",
                "resource_version": "4193",
                "uid": "d49f9c15-88d9-49da-9f2e-48050d58e762"
              }
            ],
            "spec": [
              {
                "egress": [
                  {
                    "ports": [
                      {
                        "end_port": 0,
                        "port": "53",
                        "protocol": "UDP"
                      },
                      {
                        "end_port": 0,
                        "port": "53",
                        "protocol": "TCP"
                      }
                    ],
                    "to": [
                      {
                        "ip_block": [],
                        "namespace_selector": [
                          {
                            "match_expressions": [],
                            "match_labels": {
                              "kubernetes.io/metadata.name": "kube-system"
                            }
                          }
                        ],
                        "pod_selector": []
                      }
                    ]
                  }
                ],
                "ingress": [],
                "pod_selector": [
                  {
                    "match_expressions": [],
                    "match_labels": null
                  }
                ],
                "policy_types": [
                  "Egress"
                ]
              }
            ]
          },
          "sensitive_attributes": [],
          "identity_schema_version": 1,
          "identity": {
            "api_version": "networking.k8s.io/v1",
            "kind": "NetworkPolicy",
            "name": "allow-dns",
            "namespace": "traffic-gen"
          },
          "private": "bnVsbA==",
          "dependencies": [
            "data.aws_eks_cluster_auth.this",
            "module.cilium.helm_release.cilium",
            "module.cilium.kubernetes_manifest.tenant_default_deny",
            "module.eks_cluster.aws_eks_cluster.this",
            "module.eks_cluster.aws_iam_role.cluster",
            "module.eks_cluster.aws_iam_role_policy_attachment.cluster_policy",
            "module.namespaces.kubernetes_namespace_v1.this",
            "module.node_group.aws_eks_node_group.this",
            "module.node_group.aws_iam_role.node",
            "module.node_group.aws_iam_role_policy_attachment.cni",
            "module.node_group.aws_iam_role_policy_attachment.ecr_read",
            "module.node_group.aws_iam_role_policy_attachment.worker_node",
            "module.node_group.aws_launch_template.this",
            "module.vpc.aws_subnet.this",
            "module.vpc.aws_vpc.this"
          ]
        }
      ]
    },
    {
      "module": "module.network_policy",
      "mode": "managed",
      "type": "kubernetes_network_policy_v1",
      "name": "allow_gateway_egress_to_authorizer",
      "provider": "provider[\"registry.terraform.io/hashicorp/kubernetes\"]",
      "instances": [
        {
          "schema_version": 0,
          "attributes": {
            "id": "gateway-ingress/allow-gateway-egress-to-authorizer",
            "metadata": [
              {
                "annotations": {},
                "generate_name": "",
                "generation": 1,
                "labels": {},
                "name": "allow-gateway-egress-to-authorizer",
                "namespace": "gateway-ingress",
                "resource_version": "4175",
                "uid": "cbb5b132-3ca1-426e-9954-544883a48c49"
              }
            ],
            "spec": [
              {
                "egress": [
                  {
                    "ports": [
                      {
                        "end_port": 0,
                        "port": "8080",
                        "protocol": "TCP"
                      }
                    ],
                    "to": [
                      {
                        "ip_block": [],
                        "namespace_selector": [
                          {
                            "match_expressions": [],
                            "match_labels": {
                              "kubernetes.io/metadata.name": "authorizer"
                            }
                          }
                        ],
                        "pod_selector": []
                      }
                    ]
                  }
                ],
                "ingress": [],
                "pod_selector": [
                  {
                    "match_expressions": [],
                    "match_labels": null
                  }
                ],
                "policy_types": [
                  "Egress"
                ]
              }
            ]
          },
          "sensitive_attributes": [],
          "identity_schema_version": 1,
          "identity": {
            "api_version": "networking.k8s.io/v1",
            "kind": "NetworkPolicy",
            "name": "allow-gateway-egress-to-authorizer",
            "namespace": "gateway-ingress"
          },
          "private": "bnVsbA==",
          "dependencies": [
            "data.aws_eks_cluster_auth.this",
            "module.cilium.helm_release.cilium",
            "module.cilium.kubernetes_manifest.tenant_default_deny",
            "module.eks_cluster.aws_eks_cluster.this",
            "module.eks_cluster.aws_iam_role.cluster",
            "module.eks_cluster.aws_iam_role_policy_attachment.cluster_policy",
            "module.namespaces.kubernetes_namespace_v1.this",
            "module.node_group.aws_eks_node_group.this",
            "module.node_group.aws_iam_role.node",
            "module.node_group.aws_iam_role_policy_attachment.cni",
            "module.node_group.aws_iam_role_policy_attachment.ecr_read",
            "module.node_group.aws_iam_role_policy_attachment.worker_node",
            "module.node_group.aws_launch_template.this",
            "module.vpc.aws_subnet.this",
            "module.vpc.aws_vpc.this"
          ]
        }
      ]
    },
    {
      "module": "module.network_policy",
      "mode": "managed",
      "type": "kubernetes_network_policy_v1",
      "name": "allow_inference_egress_internet",
      "provider": "provider[\"registry.terraform.io/hashicorp/kubernetes\"]",
      "instances": [
        {
          "schema_version": 0,
          "attributes": {
            "id": "inference/allow-inference-egress-internet",
            "metadata": [
              {
                "annotations": {},
                "generate_name": "",
                "generation": 1,
                "labels": {},
                "name": "allow-inference-egress-internet",
                "namespace": "inference",
                "resource_version": "4172",
                "uid": "2619ca4d-ed90-444d-bb29-03ac5f5388dc"
              }
            ],
            "spec": [
              {
                "egress": [
                  {
                    "ports": [
                      {
                        "end_port": 0,
                        "port": "443",
                        "protocol": "TCP"
                      }
                    ],
                    "to": []
                  }
                ],
                "ingress": [],
                "pod_selector": [
                  {
                    "match_expressions": [],
                    "match_labels": null
                  }
                ],
                "policy_types": [
                  "Egress"
                ]
              }
            ]
          },
          "sensitive_attributes": [],
          "identity_schema_version": 1,
          "identity": {
            "api_version": "networking.k8s.io/v1",
            "kind": "NetworkPolicy",
            "name": "allow-inference-egress-internet",
            "namespace": "inference"
          },
          "private": "bnVsbA==",
          "dependencies": [
            "data.aws_eks_cluster_auth.this",
            "module.cilium.helm_release.cilium",
            "module.cilium.kubernetes_manifest.tenant_default_deny",
            "module.eks_cluster.aws_eks_cluster.this",
            "module.eks_cluster.aws_iam_role.cluster",
            "module.eks_cluster.aws_iam_role_policy_attachment.cluster_policy",
            "module.namespaces.kubernetes_namespace_v1.this",
            "module.node_group.aws_eks_node_group.this",
            "module.node_group.aws_iam_role.node",
            "module.node_group.aws_iam_role_policy_attachment.cni",
            "module.node_group.aws_iam_role_policy_attachment.ecr_read",
            "module.node_group.aws_iam_role_policy_attachment.worker_node",
            "module.node_group.aws_launch_template.this",
            "module.vpc.aws_subnet.this",
            "module.vpc.aws_vpc.this"
          ]
        }
      ]
    },
    {
      "module": "module.network_policy",
      "mode": "managed",
      "type": "kubernetes_network_policy_v1",
      "name": "allow_ingress_from_tenants_and_gateway",
      "provider": "provider[\"registry.terraform.io/hashicorp/kubernetes\"]",
      "instances": [
        {
          "schema_version": 0,
          "attributes": {
            "id": "authorizer/allow-ingress-from-tenants-and-gateway",
            "metadata": [
              {
                "annotations": {},
                "generate_name": "",
                "generation": 1,
                "labels": {},
                "name": "allow-ingress-from-tenants-and-gateway",
                "namespace": "authorizer",
                "resource_version": "4173",
                "uid": "be315410-686d-4177-ba6b-3b2577352f84"
              }
            ],
            "spec": [
              {
                "egress": [],
                "ingress": [
                  {
                    "from": [
                      {
                        "ip_block": [],
                        "namespace_selector": [
                          {
                            "match_expressions": [],
                            "match_labels": {
                              "kubernetes.io/metadata.name": "tenant-a"
                            }
                          }
                        ],
                        "pod_selector": []
                      },
                      {
                        "ip_block": [],
                        "namespace_selector": [
                          {
                            "match_expressions": [],
                            "match_labels": {
                              "kubernetes.io/metadata.name": "tenant-b"
                            }
                          }
                        ],
                        "pod_selector": []
                      },
                      {
                        "ip_block": [],
                        "namespace_selector": [
                          {
                            "match_expressions": [],
                            "match_labels": {
                              "kubernetes.io/metadata.name": "gateway-ingress"
                            }
                          }
                        ],
                        "pod_selector": []
                      }
                    ],
                    "ports": [
                      {
                        "end_port": 0,
                        "port": "8080",
                        "protocol": "TCP"
                      }
                    ]
                  }
                ],
                "pod_selector": [
                  {
                    "match_expressions": [],
                    "match_labels": null
                  }
                ],
                "policy_types": [
                  "Ingress"
                ]
              }
            ]
          },
          "sensitive_attributes": [],
          "identity_schema_version": 1,
          "identity": {
            "api_version": "networking.k8s.io/v1",
            "kind": "NetworkPolicy",
            "name": "allow-ingress-from-tenants-and-gateway",
            "namespace": "authorizer"
          },
          "private": "bnVsbA==",
          "dependencies": [
            "data.aws_eks_cluster_auth.this",
            "module.cilium.helm_release.cilium",
            "module.cilium.kubernetes_manifest.tenant_default_deny",
            "module.eks_cluster.aws_eks_cluster.this",
            "module.eks_cluster.aws_iam_role.cluster",
            "module.eks_cluster.aws_iam_role_policy_attachment.cluster_policy",
            "module.namespaces.kubernetes_namespace_v1.this",
            "module.node_group.aws_eks_node_group.this",
            "module.node_group.aws_iam_role.node",
            "module.node_group.aws_iam_role_policy_attachment.cni",
            "module.node_group.aws_iam_role_policy_attachment.ecr_read",
            "module.node_group.aws_iam_role_policy_attachment.worker_node",
            "module.node_group.aws_launch_template.this",
            "module.vpc.aws_subnet.this",
            "module.vpc.aws_vpc.this"
          ]
        }
      ]
    },
    {
      "module": "module.network_policy",
      "mode": "managed",
      "type": "kubernetes_network_policy_v1",
      "name": "allow_ingress_from_tenants_gateway",
      "provider": "provider[\"registry.terraform.io/hashicorp/kubernetes\"]",
      "instances": [
        {
          "schema_version": 0,
          "attributes": {
            "id": "gateway-ingress/allow-ingress-from-tenants",
            "metadata": [
              {
                "annotations": {},
                "generate_name": "",
                "generation": 1,
                "labels": {},
                "name": "allow-ingress-from-tenants",
                "namespace": "gateway-ingress",
                "resource_version": "4178",
                "uid": "8c6d8453-687a-4f6b-ac70-1e47f3fe6e52"
              }
            ],
            "spec": [
              {
                "egress": [],
                "ingress": [
                  {
                    "from": [
                      {
                        "ip_block": [],
                        "namespace_selector": [
                          {
                            "match_expressions": [],
                            "match_labels": {
                              "kubernetes.io/metadata.name": "tenant-a"
                            }
                          }
                        ],
                        "pod_selector": []
                      },
                      {
                        "ip_block": [],
                        "namespace_selector": [
                          {
                            "match_expressions": [],
                            "match_labels": {
                              "kubernetes.io/metadata.name": "tenant-b"
                            }
                          }
                        ],
                        "pod_selector": []
                      }
                    ],
                    "ports": [
                      {
                        "end_port": 0,
                        "port": "8001",
                        "protocol": "TCP"
                      }
                    ]
                  }
                ],
                "pod_selector": [
                  {
                    "match_expressions": [],
                    "match_labels": null
                  }
                ],
                "policy_types": [
                  "Ingress"
                ]
              }
            ]
          },
          "sensitive_attributes": [],
          "identity_schema_version": 1,
          "identity": {
            "api_version": "networking.k8s.io/v1",
            "kind": "NetworkPolicy",
            "name": "allow-ingress-from-tenants",
            "namespace": "gateway-ingress"
          },
          "private": "bnVsbA==",
          "dependencies": [
            "data.aws_eks_cluster_auth.this",
            "module.cilium.helm_release.cilium",
            "module.cilium.kubernetes_manifest.tenant_default_deny",
            "module.eks_cluster.aws_eks_cluster.this",
            "module.eks_cluster.aws_iam_role.cluster",
            "module.eks_cluster.aws_iam_role_policy_attachment.cluster_policy",
            "module.namespaces.kubernetes_namespace_v1.this",
            "module.node_group.aws_eks_node_group.this",
            "module.node_group.aws_iam_role.node",
            "module.node_group.aws_iam_role_policy_attachment.cni",
            "module.node_group.aws_iam_role_policy_attachment.ecr_read",
            "module.node_group.aws_iam_role_policy_attachment.worker_node",
            "module.node_group.aws_launch_template.this",
            "module.vpc.aws_subnet.this",
            "module.vpc.aws_vpc.this"
          ]
        }
      ]
    },
    {
      "module": "module.network_policy",
      "mode": "managed",
      "type": "kubernetes_network_policy_v1",
      "name": "allow_ingress_from_tenants_inference",
      "provider": "provider[\"registry.terraform.io/hashicorp/kubernetes\"]",
      "instances": [
        {
          "schema_version": 0,
          "attributes": {
            "id": "inference/allow-ingress-from-tenants",
            "metadata": [
              {
                "annotations": {},
                "generate_name": "",
                "generation": 1,
                "labels": {},
                "name": "allow-ingress-from-tenants",
                "namespace": "inference",
                "resource_version": "4177",
                "uid": "6b2a3b92-e97f-4e9d-b903-6bfdd6ef60cd"
              }
            ],
            "spec": [
              {
                "egress": [],
                "ingress": [
                  {
                    "from": [
                      {
                        "ip_block": [],
                        "namespace_selector": [
                          {
                            "match_expressions": [],
                            "match_labels": {
                              "kubernetes.io/metadata.name": "tenant-a"
                            }
                          }
                        ],
                        "pod_selector": []
                      },
                      {
                        "ip_block": [],
                        "namespace_selector": [
                          {
                            "match_expressions": [],
                            "match_labels": {
                              "kubernetes.io/metadata.name": "tenant-b"
                            }
                          }
                        ],
                        "pod_selector": []
                      }
                    ],
                    "ports": [
                      {
                        "end_port": 0,
                        "port": "11434",
                        "protocol": "TCP"
                      }
                    ]
                  }
                ],
                "pod_selector": [
                  {
                    "match_expressions": [],
                    "match_labels": null
                  }
                ],
                "policy_types": [
                  "Ingress"
                ]
              }
            ]
          },
          "sensitive_attributes": [],
          "identity_schema_version": 1,
          "identity": {
            "api_version": "networking.k8s.io/v1",
            "kind": "NetworkPolicy",
            "name": "allow-ingress-from-tenants",
            "namespace": "inference"
          },
          "private": "bnVsbA==",
          "dependencies": [
            "data.aws_eks_cluster_auth.this",
            "module.cilium.helm_release.cilium",
            "module.cilium.kubernetes_manifest.tenant_default_deny",
            "module.eks_cluster.aws_eks_cluster.this",
            "module.eks_cluster.aws_iam_role.cluster",
            "module.eks_cluster.aws_iam_role_policy_attachment.cluster_policy",
            "module.namespaces.kubernetes_namespace_v1.this",
            "module.node_group.aws_eks_node_group.this",
            "module.node_group.aws_iam_role.node",
            "module.node_group.aws_iam_role_policy_attachment.cni",
            "module.node_group.aws_iam_role_policy_attachment.ecr_read",
            "module.node_group.aws_iam_role_policy_attachment.worker_node",
            "module.node_group.aws_launch_template.this",
            "module.vpc.aws_subnet.this",
            "module.vpc.aws_vpc.this"
          ]
        }
      ]
    },
    {
      "module": "module.network_policy",
      "mode": "managed",
      "type": "kubernetes_network_policy_v1",
      "name": "default_deny_all",
      "provider": "provider[\"registry.terraform.io/hashicorp/kubernetes\"]",
      "instances": [
        {
          "index_key": "authorizer",
          "schema_version": 0,
          "attributes": {
            "id": "authorizer/default-deny-all",
            "metadata": [
              {
                "annotations": {},
                "generate_name": "",
                "generation": 1,
                "labels": {},
                "name": "default-deny-all",
                "namespace": "authorizer",
                "resource_version": "4183",
                "uid": "c74f8162-fc71-43b6-8098-9a1b2e7b0f72"
              }
            ],
            "spec": [
              {
                "egress": [],
                "ingress": [],
                "pod_selector": [
                  {
                    "match_expressions": [],
                    "match_labels": null
                  }
                ],
                "policy_types": [
                  "Ingress",
                  "Egress"
                ]
              }
            ]
          },
          "sensitive_attributes": [],
          "identity_schema_version": 1,
          "identity": {
            "api_version": "networking.k8s.io/v1",
            "kind": "NetworkPolicy",
            "name": "default-deny-all",
            "namespace": "authorizer"
          },
          "private": "bnVsbA==",
          "dependencies": [
            "data.aws_eks_cluster_auth.this",
            "module.cilium.helm_release.cilium",
            "module.cilium.kubernetes_manifest.tenant_default_deny",
            "module.eks_cluster.aws_eks_cluster.this",
            "module.eks_cluster.aws_iam_role.cluster",
            "module.eks_cluster.aws_iam_role_policy_attachment.cluster_policy",
            "module.namespaces.kubernetes_namespace_v1.this",
            "module.node_group.aws_eks_node_group.this",
            "module.node_group.aws_iam_role.node",
            "module.node_group.aws_iam_role_policy_attachment.cni",
            "module.node_group.aws_iam_role_policy_attachment.ecr_read",
            "module.node_group.aws_iam_role_policy_attachment.worker_node",
            "module.node_group.aws_launch_template.this",
            "module.vpc.aws_subnet.this",
            "module.vpc.aws_vpc.this"
          ]
        },
        {
          "index_key": "gateway-ingress",
          "schema_version": 0,
          "attributes": {
            "id": "gateway-ingress/default-deny-all",
            "metadata": [
              {
                "annotations": {},
                "generate_name": "",
                "generation": 1,
                "labels": {},
                "name": "default-deny-all",
                "namespace": "gateway-ingress",
                "resource_version": "4187",
                "uid": "e0316982-3e6e-4604-a0da-5b95d7a0fd25"
              }
            ],
            "spec": [
              {
                "egress": [],
                "ingress": [],
                "pod_selector": [
                  {
                    "match_expressions": [],
                    "match_labels": null
                  }
                ],
                "policy_types": [
                  "Ingress",
                  "Egress"
                ]
              }
            ]
          },
          "sensitive_attributes": [],
          "identity_schema_version": 1,
          "identity": {
            "api_version": "networking.k8s.io/v1",
            "kind": "NetworkPolicy",
            "name": "default-deny-all",
            "namespace": "gateway-ingress"
          },
          "private": "bnVsbA==",
          "dependencies": [
            "data.aws_eks_cluster_auth.this",
            "module.cilium.helm_release.cilium",
            "module.cilium.kubernetes_manifest.tenant_default_deny",
            "module.eks_cluster.aws_eks_cluster.this",
            "module.eks_cluster.aws_iam_role.cluster",
            "module.eks_cluster.aws_iam_role_policy_attachment.cluster_policy",
            "module.namespaces.kubernetes_namespace_v1.this",
            "module.node_group.aws_eks_node_group.this",
            "module.node_group.aws_iam_role.node",
            "module.node_group.aws_iam_role_policy_attachment.cni",
            "module.node_group.aws_iam_role_policy_attachment.ecr_read",
            "module.node_group.aws_iam_role_policy_attachment.worker_node",
            "module.node_group.aws_launch_template.this",
            "module.vpc.aws_subnet.this",
            "module.vpc.aws_vpc.this"
          ]
        },
        {
          "index_key": "inference",
          "schema_version": 0,
          "attributes": {
            "id": "inference/default-deny-all",
            "metadata": [
              {
                "annotations": {},
                "generate_name": "",
                "generation": 1,
                "labels": {},
                "name": "default-deny-all",
                "namespace": "inference",
                "resource_version": "4194",
                "uid": "8ae9114e-64fd-4fb7-b88d-f0ca987c69f1"
              }
            ],
            "spec": [
              {
                "egress": [],
                "ingress": [],
                "pod_selector": [
                  {
                    "match_expressions": [],
                    "match_labels": null
                  }
                ],
                "policy_types": [
                  "Ingress",
                  "Egress"
                ]
              }
            ]
          },
          "sensitive_attributes": [],
          "identity_schema_version": 1,
          "identity": {
            "api_version": "networking.k8s.io/v1",
            "kind": "NetworkPolicy",
            "name": "default-deny-all",
            "namespace": "inference"
          },
          "private": "bnVsbA==",
          "dependencies": [
            "data.aws_eks_cluster_auth.this",
            "module.cilium.helm_release.cilium",
            "module.cilium.kubernetes_manifest.tenant_default_deny",
            "module.eks_cluster.aws_eks_cluster.this",
            "module.eks_cluster.aws_iam_role.cluster",
            "module.eks_cluster.aws_iam_role_policy_attachment.cluster_policy",
            "module.namespaces.kubernetes_namespace_v1.this",
            "module.node_group.aws_eks_node_group.this",
            "module.node_group.aws_iam_role.node",
            "module.node_group.aws_iam_role_policy_attachment.cni",
            "module.node_group.aws_iam_role_policy_attachment.ecr_read",
            "module.node_group.aws_iam_role_policy_attachment.worker_node",
            "module.node_group.aws_launch_template.this",
            "module.vpc.aws_subnet.this",
            "module.vpc.aws_vpc.this"
          ]
        },
        {
          "index_key": "monitoring",
          "schema_version": 0,
          "attributes": {
            "id": "monitoring/default-deny-all",
            "metadata": [
              {
                "annotations": {},
                "generate_name": "",
                "generation": 1,
                "labels": {},
                "name": "default-deny-all",
                "namespace": "monitoring",
                "resource_version": "4189",
                "uid": "bfe06ef9-2090-4bbf-b500-95f2deeae5cc"
              }
            ],
            "spec": [
              {
                "egress": [],
                "ingress": [],
                "pod_selector": [
                  {
                    "match_expressions": [],
                    "match_labels": null
                  }
                ],
                "policy_types": [
                  "Ingress",
                  "Egress"
                ]
              }
            ]
          },
          "sensitive_attributes": [],
          "identity_schema_version": 1,
          "identity": {
            "api_version": "networking.k8s.io/v1",
            "kind": "NetworkPolicy",
            "name": "default-deny-all",
            "namespace": "monitoring"
          },
          "private": "bnVsbA==",
          "dependencies": [
            "data.aws_eks_cluster_auth.this",
            "module.cilium.helm_release.cilium",
            "module.cilium.kubernetes_manifest.tenant_default_deny",
            "module.eks_cluster.aws_eks_cluster.this",
            "module.eks_cluster.aws_iam_role.cluster",
            "module.eks_cluster.aws_iam_role_policy_attachment.cluster_policy",
            "module.namespaces.kubernetes_namespace_v1.this",
            "module.node_group.aws_eks_node_group.this",
            "module.node_group.aws_iam_role.node",
            "module.node_group.aws_iam_role_policy_attachment.cni",
            "module.node_group.aws_iam_role_policy_attachment.ecr_read",
            "module.node_group.aws_iam_role_policy_attachment.worker_node",
            "module.node_group.aws_launch_template.this",
            "module.vpc.aws_subnet.this",
            "module.vpc.aws_vpc.this"
          ]
        },
        {
          "index_key": "tenant-a",
          "schema_version": 0,
          "attributes": {
            "id": "tenant-a/default-deny-all",
            "metadata": [
              {
                "annotations": {},
                "generate_name": "",
                "generation": 1,
                "labels": {},
                "name": "default-deny-all",
                "namespace": "tenant-a",
                "resource_version": "4192",
                "uid": "157399e1-eddc-46e8-9e72-5d6fa3c2f10b"
              }
            ],
            "spec": [
              {
                "egress": [],
                "ingress": [],
                "pod_selector": [
                  {
                    "match_expressions": [],
                    "match_labels": null
                  }
                ],
                "policy_types": [
                  "Ingress",
                  "Egress"
                ]
              }
            ]
          },
          "sensitive_attributes": [],
          "identity_schema_version": 1,
          "identity": {
            "api_version": "networking.k8s.io/v1",
            "kind": "NetworkPolicy",
            "name": "default-deny-all",
            "namespace": "tenant-a"
          },
          "private": "bnVsbA==",
          "dependencies": [
            "data.aws_eks_cluster_auth.this",
            "module.cilium.helm_release.cilium",
            "module.cilium.kubernetes_manifest.tenant_default_deny",
            "module.eks_cluster.aws_eks_cluster.this",
            "module.eks_cluster.aws_iam_role.cluster",
            "module.eks_cluster.aws_iam_role_policy_attachment.cluster_policy",
            "module.namespaces.kubernetes_namespace_v1.this",
            "module.node_group.aws_eks_node_group.this",
            "module.node_group.aws_iam_role.node",
            "module.node_group.aws_iam_role_policy_attachment.cni",
            "module.node_group.aws_iam_role_policy_attachment.ecr_read",
            "module.node_group.aws_iam_role_policy_attachment.worker_node",
            "module.node_group.aws_launch_template.this",
            "module.vpc.aws_subnet.this",
            "module.vpc.aws_vpc.this"
          ]
        },
        {
          "index_key": "tenant-b",
          "schema_version": 0,
          "attributes": {
            "id": "tenant-b/default-deny-all",
            "metadata": [
              {
                "annotations": {},
                "generate_name": "",
                "generation": 1,
                "labels": {},
                "name": "default-deny-all",
                "namespace": "tenant-b",
                "resource_version": "4191",
                "uid": "978b48b7-02d5-4eac-8974-fab81f24e34f"
              }
            ],
            "spec": [
              {
                "egress": [],
                "ingress": [],
                "pod_selector": [
                  {
                    "match_expressions": [],
                    "match_labels": null
                  }
                ],
                "policy_types": [
                  "Ingress",
                  "Egress"
                ]
              }
            ]
          },
          "sensitive_attributes": [],
          "identity_schema_version": 1,
          "identity": {
            "api_version": "networking.k8s.io/v1",
            "kind": "NetworkPolicy",
            "name": "default-deny-all",
            "namespace": "tenant-b"
          },
          "private": "bnVsbA==",
          "dependencies": [
            "data.aws_eks_cluster_auth.this",
            "module.cilium.helm_release.cilium",
            "module.cilium.kubernetes_manifest.tenant_default_deny",
            "module.eks_cluster.aws_eks_cluster.this",
            "module.eks_cluster.aws_iam_role.cluster",
            "module.eks_cluster.aws_iam_role_policy_attachment.cluster_policy",
            "module.namespaces.kubernetes_namespace_v1.this",
            "module.node_group.aws_eks_node_group.this",
            "module.node_group.aws_iam_role.node",
            "module.node_group.aws_iam_role_policy_attachment.cni",
            "module.node_group.aws_iam_role_policy_attachment.ecr_read",
            "module.node_group.aws_iam_role_policy_attachment.worker_node",
            "module.node_group.aws_launch_template.this",
            "module.vpc.aws_subnet.this",
            "module.vpc.aws_vpc.this"
          ]
        },
        {
          "index_key": "traffic-gen",
          "schema_version": 0,
          "attributes": {
            "id": "traffic-gen/default-deny-all",
            "metadata": [
              {
                "annotations": {},
                "generate_name": "",
                "generation": 1,
                "labels": {},
                "name": "default-deny-all",
                "namespace": "traffic-gen",
                "resource_version": "4184",
                "uid": "9c2c2fe7-63ea-4f8f-9e8b-e4a21f6df983"
              }
            ],
            "spec": [
              {
                "egress": [],
                "ingress": [],
                "pod_selector": [
                  {
                    "match_expressions": [],
                    "match_labels": null
                  }
                ],
                "policy_types": [
                  "Ingress",
                  "Egress"
                ]
              }
            ]
          },
          "sensitive_attributes": [],
          "identity_schema_version": 1,
          "identity": {
            "api_version": "networking.k8s.io/v1",
            "kind": "NetworkPolicy",
            "name": "default-deny-all",
            "namespace": "traffic-gen"
          },
          "private": "bnVsbA==",
          "dependencies": [
            "data.aws_eks_cluster_auth.this",
            "module.cilium.helm_release.cilium",
            "module.cilium.kubernetes_manifest.tenant_default_deny",
            "module.eks_cluster.aws_eks_cluster.this",
            "module.eks_cluster.aws_iam_role.cluster",
            "module.eks_cluster.aws_iam_role_policy_attachment.cluster_policy",
            "module.namespaces.kubernetes_namespace_v1.this",
            "module.node_group.aws_eks_node_group.this",
            "module.node_group.aws_iam_role.node",
            "module.node_group.aws_iam_role_policy_attachment.cni",
            "module.node_group.aws_iam_role_policy_attachment.ecr_read",
            "module.node_group.aws_iam_role_policy_attachment.worker_node",
            "module.node_group.aws_launch_template.this",
            "module.vpc.aws_subnet.this",
            "module.vpc.aws_vpc.this"
          ]
        }
      ]
    },
    {
      "module": "module.node_group[\"inference\"]",
      "mode": "managed",
      "type": "aws_eks_node_group",
      "name": "this",
      "provider": "provider[\"registry.terraform.io/hashicorp/aws\"]",
      "instances": [
        {
          "schema_version": 0,
          "attributes": {
            "ami_type": "AL2023_x86_64_STANDARD",
            "arn": "arn:aws:eks:us-east-1:789288816621:nodegroup/ztap-bridge/ztap-bridge-inference/f0d062e6-01d5-5214-1c1c-42e0d22d0a35",
            "capacity_type": "SPOT",
            "cluster_name": "ztap-bridge",
            "disk_size": 20,
            "force_update_version": null,
            "id": "ztap-bridge:ztap-bridge-inference",
            "instance_types": [
              "t3.xlarge"
            ],
            "labels": {
              "ztap.io/node-pool": "inference"
            },
            "launch_template": [],
            "node_group_name": "ztap-bridge-inference",
            "node_group_name_prefix": "",
            "node_repair_config": [],
            "node_role_arn": "arn:aws:iam::789288816621:role/ztap-bridge-inference-node-role",
            "region": "us-east-1",
            "release_version": "1.31.14-20260917",
            "remote_access": [],
            "resources": [
              {
                "autoscaling_groups": [
                  {
                    "name": "eks-ztap-bridge-inference-f0d062e6-01d5-5214-1c1c-42e0d22d0a35"
                  }
                ],
                "remote_access_security_group_id": ""
              }
            ],
            "scaling_config": [
              {
                "desired_size": 1,
                "max_size": 1,
                "min_size": 1
              }
            ],
            "status": "ACTIVE",
            "subnet_ids": [
              "subnet-046f752fafdbb4169",
              "subnet-0621d141a6fc22cf3"
            ],
            "tags": {},
            "tags_all": {},
            "taint": [],
            "timeouts": null,
            "update_config": [
              {
                "max_unavailable": 1,
                "max_unavailable_percentage": 0,
                "update_strategy": ""
              }
            ],
            "version": "1.31",
            "warm_pool_config": []
          },
          "sensitive_attributes": [],
          "identity_schema_version": 0,
          "identity": {
            "account_id": "789288816621",
            "cluster_name": "ztap-bridge",
            "node_group_name": "ztap-bridge-inference",
            "region": "us-east-1"
          },
          "private": "eyJlMmJmYjczMC1lY2FhLTExZTYtOGY4OC0zNDM2M2JjN2M0YzAiOnsiY3JlYXRlIjozNjAwMDAwMDAwMDAwLCJkZWxldGUiOjM2MDAwMDAwMDAwMDAsInVwZGF0ZSI6MzYwMDAwMDAwMDAwMH19",
          "dependencies": [
            "module.eks_cluster.aws_eks_cluster.this",
            "module.eks_cluster.aws_iam_role.cluster",
            "module.eks_cluster.aws_iam_role_policy_attachment.cluster_policy",
            "module.node_group.aws_iam_role.node",
            "module.node_group.aws_iam_role_policy_attachment.cni",
            "module.node_group.aws_iam_role_policy_attachment.ecr_read",
            "module.node_group.aws_iam_role_policy_attachment.worker_node",
            "module.node_group.aws_launch_template.this",
            "module.vpc.aws_subnet.this",
            "module.vpc.aws_vpc.this"
          ]
        }
      ]
    },
    {
      "module": "module.node_group[\"inference\"]",
      "mode": "managed",
      "type": "aws_iam_role",
      "name": "node",
      "provider": "provider[\"registry.terraform.io/hashicorp/aws\"]",
      "instances": [
        {
          "schema_version": 0,
          "attributes": {
            "arn": "arn:aws:iam::789288816621:role/ztap-bridge-inference-node-role",
            "assume_role_policy": "{\"Statement\":[{\"Action\":\"sts:AssumeRole\",\"Effect\":\"Allow\",\"Principal\":{\"Service\":\"ec2.amazonaws.com\"}}],\"Version\":\"2012-10-17\"}",
            "create_date": "2026-09-21T21:07:55Z",
            "description": "",
            "force_detach_policies": false,
            "id": "ztap-bridge-inference-node-role",
            "inline_policy": [],
            "managed_policy_arns": [
              "arn:aws:iam::aws:policy/AmazonEC2ContainerRegistryReadOnly",
              "arn:aws:iam::aws:policy/AmazonEKSWorkerNodePolicy",
              "arn:aws:iam::aws:policy/AmazonEKS_CNI_Policy"
            ],
            "max_session_duration": 3600,
            "name": "ztap-bridge-inference-node-role",
            "name_prefix": "",
            "path": "/",
            "permissions_boundary": "",
            "tags": {},
            "tags_all": {},
            "unique_id": "AROA3PRKHR7WWZKIRBTBM"
          },
          "sensitive_attributes": [],
          "identity_schema_version": 0,
          "identity": {
            "account_id": "789288816621",
            "name": "ztap-bridge-inference-node-role"
          },
          "private": "bnVsbA==",
          "dependencies": [
            "module.eks_cluster.aws_eks_cluster.this",
            "module.eks_cluster.aws_iam_role.cluster",
            "module.eks_cluster.aws_iam_role_policy_attachment.cluster_policy",
            "module.vpc.aws_subnet.this",
            "module.vpc.aws_vpc.this"
          ]
        }
      ]
    },
    {
      "module": "module.node_group[\"inference\"]",
      "mode": "managed",
      "type": "aws_iam_role_policy_attachment",
      "name": "cni",
      "provider": "provider[\"registry.terraform.io/hashicorp/aws\"]",
      "instances": [
        {
          "schema_version": 0,
          "attributes": {
            "id": "ztap-bridge-inference-node-role/arn:aws:iam::aws:policy/AmazonEKS_CNI_Policy",
            "policy_arn": "arn:aws:iam::aws:policy/AmazonEKS_CNI_Policy",
            "role": "ztap-bridge-inference-node-role"
          },
          "sensitive_attributes": [],
          "identity_schema_version": 0,
          "identity": {
            "account_id": "789288816621",
            "policy_arn": "arn:aws:iam::aws:policy/AmazonEKS_CNI_Policy",
            "role": "ztap-bridge-inference-node-role"
          },
          "private": "bnVsbA==",
          "dependencies": [
            "module.eks_cluster.aws_eks_cluster.this",
            "module.eks_cluster.aws_iam_role.cluster",
            "module.eks_cluster.aws_iam_role_policy_attachment.cluster_policy",
            "module.node_group.aws_iam_role.node",
            "module.vpc.aws_subnet.this",
            "module.vpc.aws_vpc.this"
          ]
        }
      ]
    },
    {
      "module": "module.node_group[\"inference\"]",
      "mode": "managed",
      "type": "aws_iam_role_policy_attachment",
      "name": "ecr_read",
      "provider": "provider[\"registry.terraform.io/hashicorp/aws\"]",
      "instances": [
        {
          "schema_version": 0,
          "attributes": {
            "id": "ztap-bridge-inference-node-role/arn:aws:iam::aws:policy/AmazonEC2ContainerRegistryReadOnly",
            "policy_arn": "arn:aws:iam::aws:policy/AmazonEC2ContainerRegistryReadOnly",
            "role": "ztap-bridge-inference-node-role"
          },
          "sensitive_attributes": [],
          "identity_schema_version": 0,
          "identity": {
            "account_id": "789288816621",
            "policy_arn": "arn:aws:iam::aws:policy/AmazonEC2ContainerRegistryReadOnly",
            "role": "ztap-bridge-inference-node-role"
          },
          "private": "bnVsbA==",
          "dependencies": [
            "module.eks_cluster.aws_eks_cluster.this",
            "module.eks_cluster.aws_iam_role.cluster",
            "module.eks_cluster.aws_iam_role_policy_attachment.cluster_policy",
            "module.node_group.aws_iam_role.node",
            "module.vpc.aws_subnet.this",
            "module.vpc.aws_vpc.this"
          ]
        }
      ]
    },
    {
      "module": "module.node_group[\"inference\"]",
      "mode": "managed",
      "type": "aws_iam_role_policy_attachment",
      "name": "worker_node",
      "provider": "provider[\"registry.terraform.io/hashicorp/aws\"]",
      "instances": [
        {
          "schema_version": 0,
          "attributes": {
            "id": "ztap-bridge-inference-node-role/arn:aws:iam::aws:policy/AmazonEKSWorkerNodePolicy",
            "policy_arn": "arn:aws:iam::aws:policy/AmazonEKSWorkerNodePolicy",
            "role": "ztap-bridge-inference-node-role"
          },
          "sensitive_attributes": [],
          "identity_schema_version": 0,
          "identity": {
            "account_id": "789288816621",
            "policy_arn": "arn:aws:iam::aws:policy/AmazonEKSWorkerNodePolicy",
            "role": "ztap-bridge-inference-node-role"
          },
          "private": "bnVsbA==",
          "dependencies": [
            "module.eks_cluster.aws_eks_cluster.this",
            "module.eks_cluster.aws_iam_role.cluster",
            "module.eks_cluster.aws_iam_role_policy_attachment.cluster_policy",
            "module.node_group.aws_iam_role.node",
            "module.vpc.aws_subnet.this",
            "module.vpc.aws_vpc.this"
          ]
        }
      ]
    },
    {
      "module": "module.node_group[\"inference\"]",
      "mode": "managed",
      "type": "aws_launch_template",
      "name": "this",
      "provider": "provider[\"registry.terraform.io/hashicorp/aws\"]",
      "instances": []
    },
    {
      "module": "module.node_group[\"security-control\"]",
      "mode": "managed",
      "type": "aws_eks_node_group",
      "name": "this",
      "provider": "provider[\"registry.terraform.io/hashicorp/aws\"]",
      "instances": [
        {
          "schema_version": 0,
          "attributes": {
            "ami_type": "AL2023_x86_64_STANDARD",
            "arn": "arn:aws:eks:us-east-1:789288816621:nodegroup/ztap-bridge/ztap-bridge-security-control/68d062e6-01d4-6037-4b33-4ef935bf59d1",
            "capacity_type": "SPOT",
            "cluster_name": "ztap-bridge",
            "disk_size": 20,
            "force_update_version": null,
            "id": "ztap-bridge:ztap-bridge-security-control",
            "instance_types": [
              "t3.xlarge"
            ],
            "labels": {
              "ztap.io/node-pool": "security-control"
            },
            "launch_template": [],
            "node_group_name": "ztap-bridge-security-control",
            "node_group_name_prefix": "",
            "node_repair_config": [],
            "node_role_arn": "arn:aws:iam::789288816621:role/ztap-bridge-security-control-node-role",
            "region": "us-east-1",
            "release_version": "1.31.14-20260917",
            "remote_access": [],
            "resources": [
              {
                "autoscaling_groups": [
                  {
                    "name": "eks-ztap-bridge-security-control-68d062e6-01d4-6037-4b33-4ef935bf59d1"
                  }
                ],
                "remote_access_security_group_id": ""
              }
            ],
            "scaling_config": [
              {
                "desired_size": 1,
                "max_size": 2,
                "min_size": 1
              }
            ],
            "status": "ACTIVE",
            "subnet_ids": [
              "subnet-046f752fafdbb4169",
              "subnet-0621d141a6fc22cf3"
            ],
            "tags": {},
            "tags_all": {},
            "taint": [],
            "timeouts": null,
            "update_config": [
              {
                "max_unavailable": 1,
                "max_unavailable_percentage": 0,
                "update_strategy": ""
              }
            ],
            "version": "1.31",
            "warm_pool_config": []
          },
          "sensitive_attributes": [],
          "identity_schema_version": 0,
          "identity": {
            "account_id": "789288816621",
            "cluster_name": "ztap-bridge",
            "node_group_name": "ztap-bridge-security-control",
            "region": "us-east-1"
          },
          "private": "eyJlMmJmYjczMC1lY2FhLTExZTYtOGY4OC0zNDM2M2JjN2M0YzAiOnsiY3JlYXRlIjozNjAwMDAwMDAwMDAwLCJkZWxldGUiOjM2MDAwMDAwMDAwMDAsInVwZGF0ZSI6MzYwMDAwMDAwMDAwMH19",
          "dependencies": [
            "module.eks_cluster.aws_eks_cluster.this",
            "module.eks_cluster.aws_iam_role.cluster",
            "module.eks_cluster.aws_iam_role_policy_attachment.cluster_policy",
            "module.node_group.aws_iam_role.node",
            "module.node_group.aws_iam_role_policy_attachment.cni",
            "module.node_group.aws_iam_role_policy_attachment.ecr_read",
            "module.node_group.aws_iam_role_policy_attachment.worker_node",
            "module.node_group.aws_launch_template.this",
            "module.vpc.aws_subnet.this",
            "module.vpc.aws_vpc.this"
          ]
        }
      ]
    },
    {
      "module": "module.node_group[\"security-control\"]",
      "mode": "managed",
      "type": "aws_iam_role",
      "name": "node",
      "provider": "provider[\"registry.terraform.io/hashicorp/aws\"]",
      "instances": [
        {
          "schema_version": 0,
          "attributes": {
            "arn": "arn:aws:iam::789288816621:role/ztap-bridge-security-control-node-role",
            "assume_role_policy": "{\"Statement\":[{\"Action\":\"sts:AssumeRole\",\"Effect\":\"Allow\",\"Principal\":{\"Service\":\"ec2.amazonaws.com\"}}],\"Version\":\"2012-10-17\"}",
            "create_date": "2026-09-21T21:07:55Z",
            "description": "",
            "force_detach_policies": false,
            "id": "ztap-bridge-security-control-node-role",
            "inline_policy": [],
            "managed_policy_arns": [
              "arn:aws:iam::aws:policy/AmazonEC2ContainerRegistryReadOnly",
              "arn:aws:iam::aws:policy/AmazonEKSWorkerNodePolicy",
              "arn:aws:iam::aws:policy/AmazonEKS_CNI_Policy"
            ],
            "max_session_duration": 3600,
            "name": "ztap-bridge-security-control-node-role",
            "name_prefix": "",
            "path": "/",
            "permissions_boundary": "",
            "tags": {},
            "tags_all": {},
            "unique_id": "AROA3PRKHR7WU46FFQ7QF"
          },
          "sensitive_attributes": [],
          "identity_schema_version": 0,
          "identity": {
            "account_id": "789288816621",
            "name": "ztap-bridge-security-control-node-role"
          },
          "private": "bnVsbA==",
          "dependencies": [
            "module.eks_cluster.aws_eks_cluster.this",
            "module.eks_cluster.aws_iam_role.cluster",
            "module.eks_cluster.aws_iam_role_policy_attachment.cluster_policy",
            "module.vpc.aws_subnet.this",
            "module.vpc.aws_vpc.this"
          ]
        }
      ]
    },
    {
      "module": "module.node_group[\"security-control\"]",
      "mode": "managed",
      "type": "aws_iam_role_policy_attachment",
      "name": "cni",
      "provider": "provider[\"registry.terraform.io/hashicorp/aws\"]",
      "instances": [
        {
          "schema_version": 0,
          "attributes": {
            "id": "ztap-bridge-security-control-node-role/arn:aws:iam::aws:policy/AmazonEKS_CNI_Policy",
            "policy_arn": "arn:aws:iam::aws:policy/AmazonEKS_CNI_Policy",
            "role": "ztap-bridge-security-control-node-role"
          },
          "sensitive_attributes": [],
          "identity_schema_version": 0,
          "identity": {
            "account_id": "789288816621",
            "policy_arn": "arn:aws:iam::aws:policy/AmazonEKS_CNI_Policy",
            "role": "ztap-bridge-security-control-node-role"
          },
          "private": "bnVsbA==",
          "dependencies": [
            "module.eks_cluster.aws_eks_cluster.this",
            "module.eks_cluster.aws_iam_role.cluster",
            "module.eks_cluster.aws_iam_role_policy_attachment.cluster_policy",
            "module.node_group.aws_iam_role.node",
            "module.vpc.aws_subnet.this",
            "module.vpc.aws_vpc.this"
          ]
        }
      ]
    },
    {
      "module": "module.node_group[\"security-control\"]",
      "mode": "managed",
      "type": "aws_iam_role_policy_attachment",
      "name": "ecr_read",
      "provider": "provider[\"registry.terraform.io/hashicorp/aws\"]",
      "instances": [
        {
          "schema_version": 0,
          "attributes": {
            "id": "ztap-bridge-security-control-node-role/arn:aws:iam::aws:policy/AmazonEC2ContainerRegistryReadOnly",
            "policy_arn": "arn:aws:iam::aws:policy/AmazonEC2ContainerRegistryReadOnly",
            "role": "ztap-bridge-security-control-node-role"
          },
          "sensitive_attributes": [],
          "identity_schema_version": 0,
          "identity": {
            "account_id": "789288816621",
            "policy_arn": "arn:aws:iam::aws:policy/AmazonEC2ContainerRegistryReadOnly",
            "role": "ztap-bridge-security-control-node-role"
          },
          "private": "bnVsbA==",
          "dependencies": [
            "module.eks_cluster.aws_eks_cluster.this",
            "module.eks_cluster.aws_iam_role.cluster",
            "module.eks_cluster.aws_iam_role_policy_attachment.cluster_policy",
            "module.node_group.aws_iam_role.node",
            "module.vpc.aws_subnet.this",
            "module.vpc.aws_vpc.this"
          ]
        }
      ]
    },
    {
      "module": "module.node_group[\"security-control\"]",
      "mode": "managed",
      "type": "aws_iam_role_policy_attachment",
      "name": "worker_node",
      "provider": "provider[\"registry.terraform.io/hashicorp/aws\"]",
      "instances": [
        {
          "schema_version": 0,
          "attributes": {
            "id": "ztap-bridge-security-control-node-role/arn:aws:iam::aws:policy/AmazonEKSWorkerNodePolicy",
            "policy_arn": "arn:aws:iam::aws:policy/AmazonEKSWorkerNodePolicy",
            "role": "ztap-bridge-security-control-node-role"
          },
          "sensitive_attributes": [],
          "identity_schema_version": 0,
          "identity": {
            "account_id": "789288816621",
            "policy_arn": "arn:aws:iam::aws:policy/AmazonEKSWorkerNodePolicy",
            "role": "ztap-bridge-security-control-node-role"
          },
          "private": "bnVsbA==",
          "dependencies": [
            "module.eks_cluster.aws_eks_cluster.this",
            "module.eks_cluster.aws_iam_role.cluster",
            "module.eks_cluster.aws_iam_role_policy_attachment.cluster_policy",
            "module.node_group.aws_iam_role.node",
            "module.vpc.aws_subnet.this",
            "module.vpc.aws_vpc.this"
          ]
        }
      ]
    },
    {
      "module": "module.node_group[\"security-control\"]",
      "mode": "managed",
      "type": "aws_launch_template",
      "name": "this",
      "provider": "provider[\"registry.terraform.io/hashicorp/aws\"]",
      "instances": []
    },
    {
      "module": "module.node_group[\"shared-services\"]",
      "mode": "managed",
      "type": "aws_eks_node_group",
      "name": "this",
      "provider": "provider[\"registry.terraform.io/hashicorp/aws\"]",
      "instances": [
        {
          "schema_version": 0,
          "attributes": {
            "ami_type": "AL2023_x86_64_STANDARD",
            "arn": "arn:aws:eks:us-east-1:789288816621:nodegroup/ztap-bridge/ztap-bridge-shared-services/56d062e6-01d3-ea38-4fe1-981d96650795",
            "capacity_type": "SPOT",
            "cluster_name": "ztap-bridge",
            "disk_size": 20,
            "force_update_version": null,
            "id": "ztap-bridge:ztap-bridge-shared-services",
            "instance_types": [
              "t3.xlarge"
            ],
            "labels": {
              "ztap.io/node-pool": "shared-services"
            },
            "launch_template": [],
            "node_group_name": "ztap-bridge-shared-services",
            "node_group_name_prefix": "",
            "node_repair_config": [],
            "node_role_arn": "arn:aws:iam::789288816621:role/ztap-bridge-shared-services-node-role",
            "region": "us-east-1",
            "release_version": "1.31.14-20260917",
            "remote_access": [],
            "resources": [
              {
                "autoscaling_groups": [
                  {
                    "name": "eks-ztap-bridge-shared-services-56d062e6-01d3-ea38-4fe1-981d96650795"
                  }
                ],
                "remote_access_security_group_id": ""
              }
            ],
            "scaling_config": [
              {
                "desired_size": 1,
                "max_size": 2,
                "min_size": 1
              }
            ],
            "status": "ACTIVE",
            "subnet_ids": [
              "subnet-046f752fafdbb4169",
              "subnet-0621d141a6fc22cf3"
            ],
            "tags": {},
            "tags_all": {},
            "taint": [],
            "timeouts": null,
            "update_config": [
              {
                "max_unavailable": 1,
                "max_unavailable_percentage": 0,
                "update_strategy": ""
              }
            ],
            "version": "1.31",
            "warm_pool_config": []
          },
          "sensitive_attributes": [],
          "identity_schema_version": 0,
          "identity": {
            "account_id": "789288816621",
            "cluster_name": "ztap-bridge",
            "node_group_name": "ztap-bridge-shared-services",
            "region": "us-east-1"
          },
          "private": "eyJlMmJmYjczMC1lY2FhLTExZTYtOGY4OC0zNDM2M2JjN2M0YzAiOnsiY3JlYXRlIjozNjAwMDAwMDAwMDAwLCJkZWxldGUiOjM2MDAwMDAwMDAwMDAsInVwZGF0ZSI6MzYwMDAwMDAwMDAwMH19",
          "dependencies": [
            "module.eks_cluster.aws_eks_cluster.this",
            "module.eks_cluster.aws_iam_role.cluster",
            "module.eks_cluster.aws_iam_role_policy_attachment.cluster_policy",
            "module.node_group.aws_iam_role.node",
            "module.node_group.aws_iam_role_policy_attachment.cni",
            "module.node_group.aws_iam_role_policy_attachment.ecr_read",
            "module.node_group.aws_iam_role_policy_attachment.worker_node",
            "module.node_group.aws_launch_template.this",
            "module.vpc.aws_subnet.this",
            "module.vpc.aws_vpc.this"
          ]
        }
      ]
    },
    {
      "module": "module.node_group[\"shared-services\"]",
      "mode": "managed",
      "type": "aws_iam_role",
      "name": "node",
      "provider": "provider[\"registry.terraform.io/hashicorp/aws\"]",
      "instances": [
        {
          "schema_version": 0,
          "attributes": {
            "arn": "arn:aws:iam::789288816621:role/ztap-bridge-shared-services-node-role",
            "assume_role_policy": "{\"Statement\":[{\"Action\":\"sts:AssumeRole\",\"Effect\":\"Allow\",\"Principal\":{\"Service\":\"ec2.amazonaws.com\"}}],\"Version\":\"2012-10-17\"}",
            "create_date": "2026-09-21T21:07:55Z",
            "description": "",
            "force_detach_policies": false,
            "id": "ztap-bridge-shared-services-node-role",
            "inline_policy": [],
            "managed_policy_arns": [
              "arn:aws:iam::aws:policy/AmazonEC2ContainerRegistryReadOnly",
              "arn:aws:iam::aws:policy/AmazonEKSWorkerNodePolicy",
              "arn:aws:iam::aws:policy/AmazonEKS_CNI_Policy"
            ],
            "max_session_duration": 3600,
            "name": "ztap-bridge-shared-services-node-role",
            "name_prefix": "",
            "path": "/",
            "permissions_boundary": "",
            "tags": {},
            "tags_all": {},
            "unique_id": "AROA3PRKHR7WQGTWAHCJV"
          },
          "sensitive_attributes": [],
          "identity_schema_version": 0,
          "identity": {
            "account_id": "789288816621",
            "name": "ztap-bridge-shared-services-node-role"
          },
          "private": "bnVsbA==",
          "dependencies": [
            "module.eks_cluster.aws_eks_cluster.this",
            "module.eks_cluster.aws_iam_role.cluster",
            "module.eks_cluster.aws_iam_role_policy_attachment.cluster_policy",
            "module.vpc.aws_subnet.this",
            "module.vpc.aws_vpc.this"
          ]
        }
      ]
    },
    {
      "module": "module.node_group[\"shared-services\"]",
      "mode": "managed",
      "type": "aws_iam_role_policy_attachment",
      "name": "cni",
      "provider": "provider[\"registry.terraform.io/hashicorp/aws\"]",
      "instances": [
        {
          "schema_version": 0,
          "attributes": {
            "id": "ztap-bridge-shared-services-node-role/arn:aws:iam::aws:policy/AmazonEKS_CNI_Policy",
            "policy_arn": "arn:aws:iam::aws:policy/AmazonEKS_CNI_Policy",
            "role": "ztap-bridge-shared-services-node-role"
          },
          "sensitive_attributes": [],
          "identity_schema_version": 0,
          "identity": {
            "account_id": "789288816621",
            "policy_arn": "arn:aws:iam::aws:policy/AmazonEKS_CNI_Policy",
            "role": "ztap-bridge-shared-services-node-role"
          },
          "private": "bnVsbA==",
          "dependencies": [
            "module.eks_cluster.aws_eks_cluster.this",
            "module.eks_cluster.aws_iam_role.cluster",
            "module.eks_cluster.aws_iam_role_policy_attachment.cluster_policy",
            "module.node_group.aws_iam_role.node",
            "module.vpc.aws_subnet.this",
            "module.vpc.aws_vpc.this"
          ]
        }
      ]
    },
    {
      "module": "module.node_group[\"shared-services\"]",
      "mode": "managed",
      "type": "aws_iam_role_policy_attachment",
      "name": "ecr_read",
      "provider": "provider[\"registry.terraform.io/hashicorp/aws\"]",
      "instances": [
        {
          "schema_version": 0,
          "attributes": {
            "id": "ztap-bridge-shared-services-node-role/arn:aws:iam::aws:policy/AmazonEC2ContainerRegistryReadOnly",
            "policy_arn": "arn:aws:iam::aws:policy/AmazonEC2ContainerRegistryReadOnly",
            "role": "ztap-bridge-shared-services-node-role"
          },
          "sensitive_attributes": [],
          "identity_schema_version": 0,
          "identity": {
            "account_id": "789288816621",
            "policy_arn": "arn:aws:iam::aws:policy/AmazonEC2ContainerRegistryReadOnly",
            "role": "ztap-bridge-shared-services-node-role"
          },
          "private": "bnVsbA==",
          "dependencies": [
            "module.eks_cluster.aws_eks_cluster.this",
            "module.eks_cluster.aws_iam_role.cluster",
            "module.eks_cluster.aws_iam_role_policy_attachment.cluster_policy",
            "module.node_group.aws_iam_role.node",
            "module.vpc.aws_subnet.this",
            "module.vpc.aws_vpc.this"
          ]
        }
      ]
    },
    {
      "module": "module.node_group[\"shared-services\"]",
      "mode": "managed",
      "type": "aws_iam_role_policy_attachment",
      "name": "worker_node",
      "provider": "provider[\"registry.terraform.io/hashicorp/aws\"]",
      "instances": [
        {
          "schema_version": 0,
          "attributes": {
            "id": "ztap-bridge-shared-services-node-role/arn:aws:iam::aws:policy/AmazonEKSWorkerNodePolicy",
            "policy_arn": "arn:aws:iam::aws:policy/AmazonEKSWorkerNodePolicy",
            "role": "ztap-bridge-shared-services-node-role"
          },
          "sensitive_attributes": [],
          "identity_schema_version": 0,
          "identity": {
            "account_id": "789288816621",
            "policy_arn": "arn:aws:iam::aws:policy/AmazonEKSWorkerNodePolicy",
            "role": "ztap-bridge-shared-services-node-role"
          },
          "private": "bnVsbA==",
          "dependencies": [
            "module.eks_cluster.aws_eks_cluster.this",
            "module.eks_cluster.aws_iam_role.cluster",
            "module.eks_cluster.aws_iam_role_policy_attachment.cluster_policy",
            "module.node_group.aws_iam_role.node",
            "module.vpc.aws_subnet.this",
            "module.vpc.aws_vpc.this"
          ]
        }
      ]
    },
    {
      "module": "module.node_group[\"shared-services\"]",
      "mode": "managed",
      "type": "aws_launch_template",
      "name": "this",
      "provider": "provider[\"registry.terraform.io/hashicorp/aws\"]",
      "instances": []
    },
    {
      "module": "module.node_group[\"tenant-a\"]",
      "mode": "managed",
      "type": "aws_eks_node_group",
      "name": "this",
      "provider": "provider[\"registry.terraform.io/hashicorp/aws\"]",
      "instances": [
        {
          "schema_version": 0,
          "attributes": {
            "ami_type": "AL2023_x86_64_STANDARD",
            "arn": "arn:aws:eks:us-east-1:789288816621:nodegroup/ztap-bridge/ztap-bridge-tenant-a/12d062e6-01d5-f183-0acf-93d980fb0bcd",
            "capacity_type": "SPOT",
            "cluster_name": "ztap-bridge",
            "disk_size": 20,
            "force_update_version": null,
            "id": "ztap-bridge:ztap-bridge-tenant-a",
            "instance_types": [
              "t3.xlarge"
            ],
            "labels": {
              "ztap.io/gvisor": "true",
              "ztap.io/node-pool": "tenant-a"
            },
            "launch_template": [],
            "node_group_name": "ztap-bridge-tenant-a",
            "node_group_name_prefix": "",
            "node_repair_config": [],
            "node_role_arn": "arn:aws:iam::789288816621:role/ztap-bridge-tenant-a-node-role",
            "region": "us-east-1",
            "release_version": "1.31.14-20260917",
            "remote_access": [],
            "resources": [
              {
                "autoscaling_groups": [
                  {
                    "name": "eks-ztap-bridge-tenant-a-12d062e6-01d5-f183-0acf-93d980fb0bcd"
                  }
                ],
                "remote_access_security_group_id": ""
              }
            ],
            "scaling_config": [
              {
                "desired_size": 1,
                "max_size": 2,
                "min_size": 1
              }
            ],
            "status": "ACTIVE",
            "subnet_ids": [
              "subnet-046f752fafdbb4169",
              "subnet-0621d141a6fc22cf3"
            ],
            "tags": {},
            "tags_all": {},
            "taint": [],
            "timeouts": null,
            "update_config": [
              {
                "max_unavailable": 1,
                "max_unavailable_percentage": 0,
                "update_strategy": ""
              }
            ],
            "version": "1.31",
            "warm_pool_config": []
          },
          "sensitive_attributes": [],
          "identity_schema_version": 0,
          "identity": {
            "account_id": "789288816621",
            "cluster_name": "ztap-bridge",
            "node_group_name": "ztap-bridge-tenant-a",
            "region": "us-east-1"
          },
          "private": "eyJlMmJmYjczMC1lY2FhLTExZTYtOGY4OC0zNDM2M2JjN2M0YzAiOnsiY3JlYXRlIjozNjAwMDAwMDAwMDAwLCJkZWxldGUiOjM2MDAwMDAwMDAwMDAsInVwZGF0ZSI6MzYwMDAwMDAwMDAwMH19",
          "dependencies": [
            "module.eks_cluster.aws_eks_cluster.this",
            "module.eks_cluster.aws_iam_role.cluster",
            "module.eks_cluster.aws_iam_role_policy_attachment.cluster_policy",
            "module.node_group.aws_iam_role.node",
            "module.node_group.aws_iam_role_policy_attachment.cni",
            "module.node_group.aws_iam_role_policy_attachment.ecr_read",
            "module.node_group.aws_iam_role_policy_attachment.worker_node",
            "module.node_group.aws_launch_template.this",
            "module.vpc.aws_subnet.this",
            "module.vpc.aws_vpc.this"
          ]
        }
      ]
    },
    {
      "module": "module.node_group[\"tenant-a\"]",
      "mode": "managed",
      "type": "aws_iam_role",
      "name": "node",
      "provider": "provider[\"registry.terraform.io/hashicorp/aws\"]",
      "instances": [
        {
          "schema_version": 0,
          "attributes": {
            "arn": "arn:aws:iam::789288816621:role/ztap-bridge-tenant-a-node-role",
            "assume_role_policy": "{\"Statement\":[{\"Action\":\"sts:AssumeRole\",\"Effect\":\"Allow\",\"Principal\":{\"Service\":\"ec2.amazonaws.com\"}}],\"Version\":\"2012-10-17\"}",
            "create_date": "2026-09-21T21:07:55Z",
            "description": "",
            "force_detach_policies": false,
            "id": "ztap-bridge-tenant-a-node-role",
            "inline_policy": [],
            "managed_policy_arns": [
              "arn:aws:iam::aws:policy/AmazonEC2ContainerRegistryReadOnly",
              "arn:aws:iam::aws:policy/AmazonEKSWorkerNodePolicy",
              "arn:aws:iam::aws:policy/AmazonEKS_CNI_Policy"
            ],
            "max_session_duration": 3600,
            "name": "ztap-bridge-tenant-a-node-role",
            "name_prefix": "",
            "path": "/",
            "permissions_boundary": "",
            "tags": {},
            "tags_all": {},
            "unique_id": "AROA3PRKHR7WQ7N77QMIU"
          },
          "sensitive_attributes": [],
          "identity_schema_version": 0,
          "identity": {
            "account_id": "789288816621",
            "name": "ztap-bridge-tenant-a-node-role"
          },
          "private": "bnVsbA==",
          "dependencies": [
            "module.eks_cluster.aws_eks_cluster.this",
            "module.eks_cluster.aws_iam_role.cluster",
            "module.eks_cluster.aws_iam_role_policy_attachment.cluster_policy",
            "module.vpc.aws_subnet.this",
            "module.vpc.aws_vpc.this"
          ]
        }
      ]
    },
    {
      "module": "module.node_group[\"tenant-a\"]",
      "mode": "managed",
      "type": "aws_iam_role_policy_attachment",
      "name": "cni",
      "provider": "provider[\"registry.terraform.io/hashicorp/aws\"]",
      "instances": [
        {
          "schema_version": 0,
          "attributes": {
            "id": "ztap-bridge-tenant-a-node-role/arn:aws:iam::aws:policy/AmazonEKS_CNI_Policy",
            "policy_arn": "arn:aws:iam::aws:policy/AmazonEKS_CNI_Policy",
            "role": "ztap-bridge-tenant-a-node-role"
          },
          "sensitive_attributes": [],
          "identity_schema_version": 0,
          "identity": {
            "account_id": "789288816621",
            "policy_arn": "arn:aws:iam::aws:policy/AmazonEKS_CNI_Policy",
            "role": "ztap-bridge-tenant-a-node-role"
          },
          "private": "bnVsbA==",
          "dependencies": [
            "module.eks_cluster.aws_eks_cluster.this",
            "module.eks_cluster.aws_iam_role.cluster",
            "module.eks_cluster.aws_iam_role_policy_attachment.cluster_policy",
            "module.node_group.aws_iam_role.node",
            "module.vpc.aws_subnet.this",
            "module.vpc.aws_vpc.this"
          ]
        }
      ]
    },
    {
      "module": "module.node_group[\"tenant-a\"]",
      "mode": "managed",
      "type": "aws_iam_role_policy_attachment",
      "name": "ecr_read",
      "provider": "provider[\"registry.terraform.io/hashicorp/aws\"]",
      "instances": [
        {
          "schema_version": 0,
          "attributes": {
            "id": "ztap-bridge-tenant-a-node-role/arn:aws:iam::aws:policy/AmazonEC2ContainerRegistryReadOnly",
            "policy_arn": "arn:aws:iam::aws:policy/AmazonEC2ContainerRegistryReadOnly",
            "role": "ztap-bridge-tenant-a-node-role"
          },
          "sensitive_attributes": [],
          "identity_schema_version": 0,
          "identity": {
            "account_id": "789288816621",
            "policy_arn": "arn:aws:iam::aws:policy/AmazonEC2ContainerRegistryReadOnly",
            "role": "ztap-bridge-tenant-a-node-role"
          },
          "private": "bnVsbA==",
          "dependencies": [
            "module.eks_cluster.aws_eks_cluster.this",
            "module.eks_cluster.aws_iam_role.cluster",
            "module.eks_cluster.aws_iam_role_policy_attachment.cluster_policy",
            "module.node_group.aws_iam_role.node",
            "module.vpc.aws_subnet.this",
            "module.vpc.aws_vpc.this"
          ]
        }
      ]
    },
    {
      "module": "module.node_group[\"tenant-a\"]",
      "mode": "managed",
      "type": "aws_iam_role_policy_attachment",
      "name": "worker_node",
      "provider": "provider[\"registry.terraform.io/hashicorp/aws\"]",
      "instances": [
        {
          "schema_version": 0,
          "attributes": {
            "id": "ztap-bridge-tenant-a-node-role/arn:aws:iam::aws:policy/AmazonEKSWorkerNodePolicy",
            "policy_arn": "arn:aws:iam::aws:policy/AmazonEKSWorkerNodePolicy",
            "role": "ztap-bridge-tenant-a-node-role"
          },
          "sensitive_attributes": [],
          "identity_schema_version": 0,
          "identity": {
            "account_id": "789288816621",
            "policy_arn": "arn:aws:iam::aws:policy/AmazonEKSWorkerNodePolicy",
            "role": "ztap-bridge-tenant-a-node-role"
          },
          "private": "bnVsbA==",
          "dependencies": [
            "module.eks_cluster.aws_eks_cluster.this",
            "module.eks_cluster.aws_iam_role.cluster",
            "module.eks_cluster.aws_iam_role_policy_attachment.cluster_policy",
            "module.node_group.aws_iam_role.node",
            "module.vpc.aws_subnet.this",
            "module.vpc.aws_vpc.this"
          ]
        }
      ]
    },
    {
      "module": "module.node_group[\"tenant-a\"]",
      "mode": "managed",
      "type": "aws_launch_template",
      "name": "this",
      "provider": "provider[\"registry.terraform.io/hashicorp/aws\"]",
      "instances": []
    },
    {
      "module": "module.node_group[\"tenant-b\"]",
      "mode": "managed",
      "type": "aws_eks_node_group",
      "name": "this",
      "provider": "provider[\"registry.terraform.io/hashicorp/aws\"]",
      "instances": [
        {
          "schema_version": 0,
          "attributes": {
            "ami_type": "AL2023_x86_64_STANDARD",
            "arn": "arn:aws:eks:us-east-1:789288816621:nodegroup/ztap-bridge/ztap-bridge-tenant-b/40d062e6-01d5-3689-4e19-7c16f3966409",
            "capacity_type": "SPOT",
            "cluster_name": "ztap-bridge",
            "disk_size": 20,
            "force_update_version": null,
            "id": "ztap-bridge:ztap-bridge-tenant-b",
            "instance_types": [
              "t3.xlarge"
            ],
            "labels": {
              "ztap.io/gvisor": "true",
              "ztap.io/node-pool": "tenant-b"
            },
            "launch_template": [],
            "node_group_name": "ztap-bridge-tenant-b",
            "node_group_name_prefix": "",
            "node_repair_config": [],
            "node_role_arn": "arn:aws:iam::789288816621:role/ztap-bridge-tenant-b-node-role",
            "region": "us-east-1",
            "release_version": "1.31.14-20260917",
            "remote_access": [],
            "resources": [
              {
                "autoscaling_groups": [
                  {
                    "name": "eks-ztap-bridge-tenant-b-40d062e6-01d5-3689-4e19-7c16f3966409"
                  }
                ],
                "remote_access_security_group_id": ""
              }
            ],
            "scaling_config": [
              {
                "desired_size": 1,
                "max_size": 2,
                "min_size": 1
              }
            ],
            "status": "ACTIVE",
            "subnet_ids": [
              "subnet-046f752fafdbb4169",
              "subnet-0621d141a6fc22cf3"
            ],
            "tags": {},
            "tags_all": {},
            "taint": [],
            "timeouts": null,
            "update_config": [
              {
                "max_unavailable": 1,
                "max_unavailable_percentage": 0,
                "update_strategy": ""
              }
            ],
            "version": "1.31",
            "warm_pool_config": []
          },
          "sensitive_attributes": [],
          "identity_schema_version": 0,
          "identity": {
            "account_id": "789288816621",
            "cluster_name": "ztap-bridge",
            "node_group_name": "ztap-bridge-tenant-b",
            "region": "us-east-1"
          },
          "private": "eyJlMmJmYjczMC1lY2FhLTExZTYtOGY4OC0zNDM2M2JjN2M0YzAiOnsiY3JlYXRlIjozNjAwMDAwMDAwMDAwLCJkZWxldGUiOjM2MDAwMDAwMDAwMDAsInVwZGF0ZSI6MzYwMDAwMDAwMDAwMH19",
          "dependencies": [
            "module.eks_cluster.aws_eks_cluster.this",
            "module.eks_cluster.aws_iam_role.cluster",
            "module.eks_cluster.aws_iam_role_policy_attachment.cluster_policy",
            "module.node_group.aws_iam_role.node",
            "module.node_group.aws_iam_role_policy_attachment.cni",
            "module.node_group.aws_iam_role_policy_attachment.ecr_read",
            "module.node_group.aws_iam_role_policy_attachment.worker_node",
            "module.node_group.aws_launch_template.this",
            "module.vpc.aws_subnet.this",
            "module.vpc.aws_vpc.this"
          ]
        }
      ]
    },
    {
      "module": "module.node_group[\"tenant-b\"]",
      "mode": "managed",
      "type": "aws_iam_role",
      "name": "node",
      "provider": "provider[\"registry.terraform.io/hashicorp/aws\"]",
      "instances": [
        {
          "schema_version": 0,
          "attributes": {
            "arn": "arn:aws:iam::789288816621:role/ztap-bridge-tenant-b-node-role",
            "assume_role_policy": "{\"Statement\":[{\"Action\":\"sts:AssumeRole\",\"Effect\":\"Allow\",\"Principal\":{\"Service\":\"ec2.amazonaws.com\"}}],\"Version\":\"2012-10-17\"}",
            "create_date": "2026-09-21T21:07:55Z",
            "description": "",
            "force_detach_policies": false,
            "id": "ztap-bridge-tenant-b-node-role",
            "inline_policy": [],
            "managed_policy_arns": [
              "arn:aws:iam::aws:policy/AmazonEC2ContainerRegistryReadOnly",
              "arn:aws:iam::aws:policy/AmazonEKSWorkerNodePolicy",
              "arn:aws:iam::aws:policy/AmazonEKS_CNI_Policy"
            ],
            "max_session_duration": 3600,
            "name": "ztap-bridge-tenant-b-node-role",
            "name_prefix": "",
            "path": "/",
            "permissions_boundary": "",
            "tags": {},
            "tags_all": {},
            "unique_id": "AROA3PRKHR7WTPY7YEXWE"
          },
          "sensitive_attributes": [],
          "identity_schema_version": 0,
          "identity": {
            "account_id": "789288816621",
            "name": "ztap-bridge-tenant-b-node-role"
          },
          "private": "bnVsbA==",
          "dependencies": [
            "module.eks_cluster.aws_eks_cluster.this",
            "module.eks_cluster.aws_iam_role.cluster",
            "module.eks_cluster.aws_iam_role_policy_attachment.cluster_policy",
            "module.vpc.aws_subnet.this",
            "module.vpc.aws_vpc.this"
          ]
        }
      ]
    },
    {
      "module": "module.node_group[\"tenant-b\"]",
      "mode": "managed",
      "type": "aws_iam_role_policy_attachment",
      "name": "cni",
      "provider": "provider[\"registry.terraform.io/hashicorp/aws\"]",
      "instances": [
        {
          "schema_version": 0,
          "attributes": {
            "id": "ztap-bridge-tenant-b-node-role/arn:aws:iam::aws:policy/AmazonEKS_CNI_Policy",
            "policy_arn": "arn:aws:iam::aws:policy/AmazonEKS_CNI_Policy",
            "role": "ztap-bridge-tenant-b-node-role"
          },
          "sensitive_attributes": [],
          "identity_schema_version": 0,
          "identity": {
            "account_id": "789288816621",
            "policy_arn": "arn:aws:iam::aws:policy/AmazonEKS_CNI_Policy",
            "role": "ztap-bridge-tenant-b-node-role"
          },
          "private": "bnVsbA==",
          "dependencies": [
            "module.eks_cluster.aws_eks_cluster.this",
            "module.eks_cluster.aws_iam_role.cluster",
            "module.eks_cluster.aws_iam_role_policy_attachment.cluster_policy",
            "module.node_group.aws_iam_role.node",
            "module.vpc.aws_subnet.this",
            "module.vpc.aws_vpc.this"
          ]
        }
      ]
    },
    {
      "module": "module.node_group[\"tenant-b\"]",
      "mode": "managed",
      "type": "aws_iam_role_policy_attachment",
      "name": "ecr_read",
      "provider": "provider[\"registry.terraform.io/hashicorp/aws\"]",
      "instances": [
        {
          "schema_version": 0,
          "attributes": {
            "id": "ztap-bridge-tenant-b-node-role/arn:aws:iam::aws:policy/AmazonEC2ContainerRegistryReadOnly",
            "policy_arn": "arn:aws:iam::aws:policy/AmazonEC2ContainerRegistryReadOnly",
            "role": "ztap-bridge-tenant-b-node-role"
          },
          "sensitive_attributes": [],
          "identity_schema_version": 0,
          "identity": {
            "account_id": "789288816621",
            "policy_arn": "arn:aws:iam::aws:policy/AmazonEC2ContainerRegistryReadOnly",
            "role": "ztap-bridge-tenant-b-node-role"
          },
          "private": "bnVsbA==",
          "dependencies": [
            "module.eks_cluster.aws_eks_cluster.this",
            "module.eks_cluster.aws_iam_role.cluster",
            "module.eks_cluster.aws_iam_role_policy_attachment.cluster_policy",
            "module.node_group.aws_iam_role.node",
            "module.vpc.aws_subnet.this",
            "module.vpc.aws_vpc.this"
          ]
        }
      ]
    },
    {
      "module": "module.node_group[\"tenant-b\"]",
      "mode": "managed",
      "type": "aws_iam_role_policy_attachment",
      "name": "worker_node",
      "provider": "provider[\"registry.terraform.io/hashicorp/aws\"]",
      "instances": [
        {
          "schema_version": 0,
          "attributes": {
            "id": "ztap-bridge-tenant-b-node-role/arn:aws:iam::aws:policy/AmazonEKSWorkerNodePolicy",
            "policy_arn": "arn:aws:iam::aws:policy/AmazonEKSWorkerNodePolicy",
            "role": "ztap-bridge-tenant-b-node-role"
          },
          "sensitive_attributes": [],
          "identity_schema_version": 0,
          "identity": {
            "account_id": "789288816621",
            "policy_arn": "arn:aws:iam::aws:policy/AmazonEKSWorkerNodePolicy",
            "role": "ztap-bridge-tenant-b-node-role"
          },
          "private": "bnVsbA==",
          "dependencies": [
            "module.eks_cluster.aws_eks_cluster.this",
            "module.eks_cluster.aws_iam_role.cluster",
            "module.eks_cluster.aws_iam_role_policy_attachment.cluster_policy",
            "module.node_group.aws_iam_role.node",
            "module.vpc.aws_subnet.this",
            "module.vpc.aws_vpc.this"
          ]
        }
      ]
    },
    {
      "module": "module.node_group[\"tenant-b\"]",
      "mode": "managed",
      "type": "aws_launch_template",
      "name": "this",
      "provider": "provider[\"registry.terraform.io/hashicorp/aws\"]",
      "instances": []
    },
    {
      "module": "module.ollama",
      "mode": "managed",
      "type": "kubernetes_deployment_v1",
      "name": "ollama",
      "provider": "provider[\"registry.terraform.io/hashicorp/kubernetes\"]",
      "instances": [
        {
          "schema_version": 1,
          "attributes": {
            "id": "inference/ollama",
            "metadata": [
              {
                "annotations": {},
                "generate_name": "",
                "generation": 1,
                "labels": {},
                "name": "ollama",
                "namespace": "inference",
                "resource_version": "4812",
                "uid": "82db6692-cfec-4cc2-b436-6870b9636507"
              }
            ],
            "spec": [
              {
                "min_ready_seconds": 0,
                "paused": false,
                "progress_deadline_seconds": 600,
                "replicas": "1",
                "revision_history_limit": 10,
                "selector": [
                  {
                    "match_expressions": [],
                    "match_labels": {
                      "app": "ollama"
                    }
                  }
                ],
                "strategy": [
                  {
                    "rolling_update": [
                      {
                        "max_surge": "25%",
                        "max_unavailable": "25%"
                      }
                    ],
                    "type": "RollingUpdate"
                  }
                ],
                "template": [
                  {
                    "metadata": [
                      {
                        "annotations": {},
                        "generate_name": "",
                        "generation": 0,
                        "labels": {
                          "app": "ollama"
                        },
                        "name": "",
                        "namespace": "",
                        "resource_version": "",
                        "uid": ""
                      }
                    ],
                    "spec": [
                      {
                        "active_deadline_seconds": 0,
                        "affinity": [],
                        "automount_service_account_token": true,
                        "container": [
                          {
                            "args": [],
                            "command": [],
                            "env": [],
                            "env_from": [],
                            "image": "ollama/ollama:latest",
                            "image_pull_policy": "Always",
                            "lifecycle": [],
                            "liveness_probe": [],
                            "name": "ollama",
                            "port": [
                              {
                                "container_port": 11434,
                                "host_ip": "",
                                "host_port": 0,
                                "name": "",
                                "protocol": "TCP"
                              }
                            ],
                            "readiness_probe": [
                              {
                                "exec": [],
                                "failure_threshold": 3,
                                "grpc": [],
                                "http_get": [],
                                "initial_delay_seconds": 5,
                                "period_seconds": 5,
                                "success_threshold": 1,
                                "tcp_socket": [
                                  {
                                    "port": "11434"
                                  }
                                ],
                                "timeout_seconds": 1
                              }
                            ],
                            "resources": [
                              {
                                "limits": {},
                                "requests": {}
                              }
                            ],
                            "restart_policy": "",
                            "security_context": [],
                            "startup_probe": [],
                            "stdin": false,
                            "stdin_once": false,
                            "termination_message_path": "/dev/termination-log",
                            "termination_message_policy": "File",
                            "tty": false,
                            "volume_device": [],
                            "volume_mount": [
                              {
                                "mount_path": "/root/.ollama",
                                "mount_propagation": "None",
                                "name": "ollama-data",
                                "read_only": false,
                                "sub_path": "",
                                "sub_path_expr": ""
                              }
                            ],
                            "working_dir": ""
                          }
                        ],
                        "dns_config": [],
                        "dns_policy": "ClusterFirst",
                        "enable_service_links": true,
                        "host_aliases": [],
                        "host_ipc": false,
                        "host_network": false,
                        "host_pid": false,
                        "hostname": "",
                        "image_pull_secrets": [],
                        "init_container": [],
                        "node_name": "",
                        "node_selector": {
                          "ztap.io/node-pool": "inference"
                        },
                        "os": [],
                        "priority_class_name": "",
                        "readiness_gate": [],
                        "restart_policy": "Always",
                        "runtime_class_name": "",
                        "scheduler_name": "default-scheduler",
                        "security_context": [],
                        "service_account_name": "",
                        "share_process_namespace": false,
                        "subdomain": "",
                        "termination_grace_period_seconds": 30,
                        "toleration": [],
                        "topology_spread_constraint": [],
                        "volume": [
                          {
                            "aws_elastic_block_store": [],
                            "azure_disk": [],
                            "azure_file": [],
                            "ceph_fs": [],
                            "cinder": [],
                            "config_map": [],
                            "csi": [],
                            "downward_api": [],
                            "empty_dir": [
                              {
                                "medium": "",
                                "size_limit": ""
                              }
                            ],
                            "ephemeral": [],
                            "fc": [],
                            "flex_volume": [],
                            "flocker": [],
                            "gce_persistent_disk": [],
                            "git_repo": [],
                            "glusterfs": [],
                            "host_path": [],
                            "iscsi": [],
                            "local": [],
                            "name": "ollama-data",
                            "nfs": [],
                            "persistent_volume_claim": [],
                            "photon_persistent_disk": [],
                            "projected": [],
                            "quobyte": [],
                            "rbd": [],
                            "secret": [],
                            "vsphere_volume": []
                          }
                        ]
                      }
                    ]
                  }
                ]
              }
            ],
            "timeouts": null,
            "wait_for_rollout": true
          },
          "sensitive_attributes": [],
          "identity_schema_version": 1,
          "identity": {
            "api_version": "apps/v1",
            "kind": "Deployment",
            "name": "ollama",
            "namespace": "inference"
          },
          "private": "eyJlMmJmYjczMC1lY2FhLTExZTYtOGY4OC0zNDM2M2JjN2M0YzAiOnsiY3JlYXRlIjo2MDAwMDAwMDAwMDAsImRlbGV0ZSI6NjAwMDAwMDAwMDAwLCJ1cGRhdGUiOjYwMDAwMDAwMDAwMH0sInNjaGVtYV92ZXJzaW9uIjoiMSJ9",
          "dependencies": [
            "data.aws_eks_cluster_auth.this",
            "module.eks_cluster.aws_eks_cluster.this",
            "module.eks_cluster.aws_iam_role.cluster",
            "module.eks_cluster.aws_iam_role_policy_attachment.cluster_policy",
            "module.namespaces.kubernetes_namespace_v1.this",
            "module.node_group.aws_eks_node_group.this",
            "module.node_group.aws_iam_role.node",
            "module.node_group.aws_iam_role_policy_attachment.cni",
            "module.node_group.aws_iam_role_policy_attachment.ecr_read",
            "module.node_group.aws_iam_role_policy_attachment.worker_node",
            "module.node_group.aws_launch_template.this",
            "module.vpc.aws_subnet.this",
            "module.vpc.aws_vpc.this"
          ]
        }
      ]
    },
    {
      "module": "module.ollama",
      "mode": "managed",
      "type": "kubernetes_service_v1",
      "name": "ollama",
      "provider": "provider[\"registry.terraform.io/hashicorp/kubernetes\"]",
      "instances": [
        {
          "schema_version": 1,
          "attributes": {
            "id": "inference/ollama",
            "metadata": [
              {
                "annotations": {},
                "generate_name": "",
                "generation": 0,
                "labels": {},
                "name": "ollama",
                "namespace": "inference",
                "resource_version": "4128",
                "uid": "10920a2e-11ab-4707-b818-d3c86004d131"
              }
            ],
            "spec": [
              {
                "allocate_load_balancer_node_ports": true,
                "cluster_ip": "172.20.74.5",
                "cluster_ips": [
                  "172.20.74.5"
                ],
                "external_ips": [],
                "external_name": "",
                "external_traffic_policy": "",
                "health_check_node_port": 0,
                "internal_traffic_policy": "Cluster",
                "ip_families": [
                  "IPv4"
                ],
                "ip_family_policy": "SingleStack",
                "load_balancer_class": "",
                "load_balancer_ip": "",
                "load_balancer_source_ranges": [],
                "port": [
                  {
                    "app_protocol": "",
                    "name": "",
                    "node_port": 0,
                    "port": 11434,
                    "protocol": "TCP",
                    "target_port": "11434"
                  }
                ],
                "publish_not_ready_addresses": false,
                "selector": {
                  "app": "ollama"
                },
                "session_affinity": "None",
                "session_affinity_config": [],
                "type": "ClusterIP"
              }
            ],
            "status": [
              {
                "load_balancer": [
                  {
                    "ingress": []
                  }
                ]
              }
            ],
            "timeouts": null,
            "wait_for_load_balancer": true
          },
          "sensitive_attributes": [],
          "identity_schema_version": 1,
          "identity": {
            "api_version": "v1",
            "kind": "Service",
            "name": "ollama",
            "namespace": "inference"
          },
          "private": "eyJlMmJmYjczMC1lY2FhLTExZTYtOGY4OC0zNDM2M2JjN2M0YzAiOnsiY3JlYXRlIjo2MDAwMDAwMDAwMDB9LCJzY2hlbWFfdmVyc2lvbiI6IjEifQ==",
          "dependencies": [
            "data.aws_eks_cluster_auth.this",
            "module.eks_cluster.aws_eks_cluster.this",
            "module.eks_cluster.aws_iam_role.cluster",
            "module.eks_cluster.aws_iam_role_policy_attachment.cluster_policy",
            "module.namespaces.kubernetes_namespace_v1.this",
            "module.node_group.aws_eks_node_group.this",
            "module.node_group.aws_iam_role.node",
            "module.node_group.aws_iam_role_policy_attachment.cni",
            "module.node_group.aws_iam_role_policy_attachment.ecr_read",
            "module.node_group.aws_iam_role_policy_attachment.worker_node",
            "module.node_group.aws_launch_template.this",
            "module.vpc.aws_subnet.this",
            "module.vpc.aws_vpc.this"
          ]
        }
      ]
    },
    {
      "module": "module.vpc",
      "mode": "managed",
      "type": "aws_internet_gateway",
      "name": "this",
      "provider": "provider[\"registry.terraform.io/hashicorp/aws\"]",
      "instances": [
        {
          "schema_version": 0,
          "attributes": {
            "arn": "arn:aws:ec2:us-east-1:789288816621:internet-gateway/igw-0a7b9a88711107a4b",
            "id": "igw-0a7b9a88711107a4b",
            "owner_id": "789288816621",
            "region": "us-east-1",
            "tags": {
              "Name": "ztap-bridge-igw"
            },
            "tags_all": {
              "Name": "ztap-bridge-igw"
            },
            "timeouts": null,
            "vpc_id": "vpc-00a58f850cba7f00a"
          },
          "sensitive_attributes": [],
          "identity_schema_version": 0,
          "identity": {
            "account_id": "789288816621",
            "id": "igw-0a7b9a88711107a4b",
            "region": "us-east-1"
          },
          "private": "eyJlMmJmYjczMC1lY2FhLTExZTYtOGY4OC0zNDM2M2JjN2M0YzAiOnsiY3JlYXRlIjoxMjAwMDAwMDAwMDAwLCJkZWxldGUiOjEyMDAwMDAwMDAwMDAsInVwZGF0ZSI6MTIwMDAwMDAwMDAwMH19",
          "dependencies": [
            "module.vpc.aws_vpc.this"
          ]
        }
      ]
    },
    {
      "module": "module.vpc",
      "mode": "managed",
      "type": "aws_route_table",
      "name": "this",
      "provider": "provider[\"registry.terraform.io/hashicorp/aws\"]",
      "instances": [
        {
          "schema_version": 0,
          "attributes": {
            "arn": "arn:aws:ec2:us-east-1:789288816621:route-table/rtb-08375485639f68a7d",
            "id": "rtb-08375485639f68a7d",
            "owner_id": "789288816621",
            "propagating_vgws": [],
            "region": "us-east-1",
            "route": [
              {
                "carrier_gateway_id": "",
                "cidr_block": "0.0.0.0/0",
                "core_network_arn": "",
                "destination_prefix_list_id": "",
                "egress_only_gateway_id": "",
                "gateway_id": "igw-0a7b9a88711107a4b",
                "ipv6_cidr_block": "",
                "local_gateway_id": "",
                "nat_gateway_id": "",
                "network_interface_id": "",
                "odb_network_arn": "",
                "transit_gateway_id": "",
                "vpc_endpoint_id": "",
                "vpc_peering_connection_id": ""
              }
            ],
            "tags": {
              "Name": "ztap-bridge-rt"
            },
            "tags_all": {
              "Name": "ztap-bridge-rt"
            },
            "timeouts": null,
            "vpc_id": "vpc-00a58f850cba7f00a"
          },
          "sensitive_attributes": [],
          "identity_schema_version": 0,
          "identity": {
            "account_id": "789288816621",
            "id": "rtb-08375485639f68a7d",
            "region": "us-east-1"
          },
          "private": "eyJlMmJmYjczMC1lY2FhLTExZTYtOGY4OC0zNDM2M2JjN2M0YzAiOnsiY3JlYXRlIjozMDAwMDAwMDAwMDAsImRlbGV0ZSI6MzAwMDAwMDAwMDAwLCJ1cGRhdGUiOjEyMDAwMDAwMDAwMH19",
          "dependencies": [
            "module.vpc.aws_internet_gateway.this",
            "module.vpc.aws_vpc.this"
          ]
        }
      ]
    },
    {
      "module": "module.vpc",
      "mode": "managed",
      "type": "aws_route_table_association",
      "name": "this",
      "provider": "provider[\"registry.terraform.io/hashicorp/aws\"]",
      "instances": [
        {
          "index_key": "0",
          "schema_version": 0,
          "attributes": {
            "gateway_id": "",
            "id": "rtbassoc-00c2bbee252aea83d",
            "region": "us-east-1",
            "route_table_id": "rtb-08375485639f68a7d",
            "subnet_id": "subnet-0621d141a6fc22cf3",
            "timeouts": null
          },
          "sensitive_attributes": [],
          "identity_schema_version": 0,
          "identity": {
            "account_id": "789288816621",
            "id": "rtbassoc-00c2bbee252aea83d",
            "region": "us-east-1"
          },
          "private": "eyJlMmJmYjczMC1lY2FhLTExZTYtOGY4OC0zNDM2M2JjN2M0YzAiOnsiY3JlYXRlIjozMDAwMDAwMDAwMDAsImRlbGV0ZSI6MzAwMDAwMDAwMDAwLCJ1cGRhdGUiOjEyMDAwMDAwMDAwMH19",
          "dependencies": [
            "module.vpc.aws_internet_gateway.this",
            "module.vpc.aws_route_table.this",
            "module.vpc.aws_subnet.this",
            "module.vpc.aws_vpc.this"
          ]
        },
        {
          "index_key": "1",
          "schema_version": 0,
          "attributes": {
            "gateway_id": "",
            "id": "rtbassoc-0fd9d7983d843dd1b",
            "region": "us-east-1",
            "route_table_id": "rtb-08375485639f68a7d",
            "subnet_id": "subnet-046f752fafdbb4169",
            "timeouts": null
          },
          "sensitive_attributes": [],
          "identity_schema_version": 0,
          "identity": {
            "account_id": "789288816621",
            "id": "rtbassoc-0fd9d7983d843dd1b",
            "region": "us-east-1"
          },
          "private": "eyJlMmJmYjczMC1lY2FhLTExZTYtOGY4OC0zNDM2M2JjN2M0YzAiOnsiY3JlYXRlIjozMDAwMDAwMDAwMDAsImRlbGV0ZSI6MzAwMDAwMDAwMDAwLCJ1cGRhdGUiOjEyMDAwMDAwMDAwMH19",
          "dependencies": [
            "module.vpc.aws_internet_gateway.this",
            "module.vpc.aws_route_table.this",
            "module.vpc.aws_subnet.this",
            "module.vpc.aws_vpc.this"
          ]
        }
      ]
    },
    {
      "module": "module.vpc",
      "mode": "managed",
      "type": "aws_security_group",
      "name": "shared",
      "provider": "provider[\"registry.terraform.io/hashicorp/aws\"]",
      "instances": [
        {
          "index_key": 0,
          "schema_version": 1,
          "attributes": {
            "arn": "arn:aws:ec2:us-east-1:789288816621:security-group/sg-0ac89eb6a7c87f48e",
            "description": "Managed by Terraform",
            "egress": [
              {
                "cidr_blocks": [
                  "0.0.0.0/0"
                ],
                "description": "",
                "from_port": 0,
                "ipv6_cidr_blocks": [],
                "prefix_list_ids": [],
                "protocol": "-1",
                "security_groups": [],
                "self": false,
                "to_port": 0
              }
            ],
            "id": "sg-0ac89eb6a7c87f48e",
            "ingress": [
              {
                "cidr_blocks": [],
                "description": "",
                "from_port": 0,
                "ipv6_cidr_blocks": [],
                "prefix_list_ids": [],
                "protocol": "-1",
                "security_groups": [],
                "self": true,
                "to_port": 0
              }
            ],
            "name": "ztap-bridge-sg-shared",
            "name_prefix": "",
            "owner_id": "789288816621",
            "region": "us-east-1",
            "revoke_rules_on_delete": false,
            "tags": {
              "Name": "ztap-bridge-sg-shared"
            },
            "tags_all": {
              "Name": "ztap-bridge-sg-shared"
            },
            "timeouts": null,
            "vpc_id": "vpc-00a58f850cba7f00a"
          },
          "sensitive_attributes": [],
          "identity_schema_version": 0,
          "identity": {
            "account_id": "789288816621",
            "id": "sg-0ac89eb6a7c87f48e",
            "region": "us-east-1"
          },
          "private": "eyJlMmJmYjczMC1lY2FhLTExZTYtOGY4OC0zNDM2M2JjN2M0YzAiOnsiY3JlYXRlIjo2MDAwMDAwMDAwMDAsImRlbGV0ZSI6OTAwMDAwMDAwMDAwfSwic2NoZW1hX3ZlcnNpb24iOiIxIn0=",
          "dependencies": [
            "module.vpc.aws_vpc.this"
          ]
        }
      ]
    },
    {
      "module": "module.vpc",
      "mode": "managed",
      "type": "aws_security_group",
      "name": "tenant",
      "provider": "provider[\"registry.terraform.io/hashicorp/aws\"]",
      "instances": []
    },
    {
      "module": "module.vpc",
      "mode": "managed",
      "type": "aws_subnet",
      "name": "this",
      "provider": "provider[\"registry.terraform.io/hashicorp/aws\"]",
      "instances": [
        {
          "index_key": "0",
          "schema_version": 1,
          "attributes": {
            "arn": "arn:aws:ec2:us-east-1:789288816621:subnet/subnet-0621d141a6fc22cf3",
            "assign_ipv6_address_on_creation": false,
            "availability_zone": "us-east-1a",
            "availability_zone_id": "use1-az1",
            "cidr_block": "10.0.0.0/24",
            "customer_owned_ipv4_pool": "",
            "enable_dns64": false,
            "enable_lni_at_device_index": 0,
            "enable_resource_name_dns_a_record_on_launch": false,
            "enable_resource_name_dns_aaaa_record_on_launch": false,
            "id": "subnet-0621d141a6fc22cf3",
            "ipv4_ipam_pool_id": null,
            "ipv4_netmask_length": null,
            "ipv6_cidr_block": "",
            "ipv6_cidr_block_association_id": "",
            "ipv6_ipam_pool_id": null,
            "ipv6_native": false,
            "ipv6_netmask_length": null,
            "map_customer_owned_ip_on_launch": false,
            "map_public_ip_on_launch": true,
            "outpost_arn": "",
            "owner_id": "789288816621",
            "private_dns_hostname_type_on_launch": "ip-name",
            "region": "us-east-1",
            "tags": {
              "Name": "ztap-bridge-subnet-0",
              "kubernetes.io/role/elb": "1"
            },
            "tags_all": {
              "Name": "ztap-bridge-subnet-0",
              "kubernetes.io/role/elb": "1"
            },
            "timeouts": null,
            "vpc_id": "vpc-00a58f850cba7f00a"
          },
          "sensitive_attributes": [],
          "identity_schema_version": 0,
          "identity": {
            "account_id": "789288816621",
            "id": "subnet-0621d141a6fc22cf3",
            "region": "us-east-1"
          },
          "private": "eyJlMmJmYjczMC1lY2FhLTExZTYtOGY4OC0zNDM2M2JjN2M0YzAiOnsiY3JlYXRlIjo2MDAwMDAwMDAwMDAsImRlbGV0ZSI6MTIwMDAwMDAwMDAwMH0sInNjaGVtYV92ZXJzaW9uIjoiMSJ9",
          "dependencies": [
            "module.vpc.aws_vpc.this"
          ]
        },
        {
          "index_key": "1",
          "schema_version": 1,
          "attributes": {
            "arn": "arn:aws:ec2:us-east-1:789288816621:subnet/subnet-046f752fafdbb4169",
            "assign_ipv6_address_on_creation": false,
            "availability_zone": "us-east-1b",
            "availability_zone_id": "use1-az2",
            "cidr_block": "10.0.1.0/24",
            "customer_owned_ipv4_pool": "",
            "enable_dns64": false,
            "enable_lni_at_device_index": 0,
            "enable_resource_name_dns_a_record_on_launch": false,
            "enable_resource_name_dns_aaaa_record_on_launch": false,
            "id": "subnet-046f752fafdbb4169",
            "ipv4_ipam_pool_id": null,
            "ipv4_netmask_length": null,
            "ipv6_cidr_block": "",
            "ipv6_cidr_block_association_id": "",
            "ipv6_ipam_pool_id": null,
            "ipv6_native": false,
            "ipv6_netmask_length": null,
            "map_customer_owned_ip_on_launch": false,
            "map_public_ip_on_launch": true,
            "outpost_arn": "",
            "owner_id": "789288816621",
            "private_dns_hostname_type_on_launch": "ip-name",
            "region": "us-east-1",
            "tags": {
              "Name": "ztap-bridge-subnet-1",
              "kubernetes.io/role/elb": "1"
            },
            "tags_all": {
              "Name": "ztap-bridge-subnet-1",
              "kubernetes.io/role/elb": "1"
            },
            "timeouts": null,
            "vpc_id": "vpc-00a58f850cba7f00a"
          },
          "sensitive_attributes": [],
          "identity_schema_version": 0,
          "identity": {
            "account_id": "789288816621",
            "id": "subnet-046f752fafdbb4169",
            "region": "us-east-1"
          },
          "private": "eyJlMmJmYjczMC1lY2FhLTExZTYtOGY4OC0zNDM2M2JjN2M0YzAiOnsiY3JlYXRlIjo2MDAwMDAwMDAwMDAsImRlbGV0ZSI6MTIwMDAwMDAwMDAwMH0sInNjaGVtYV92ZXJzaW9uIjoiMSJ9",
          "dependencies": [
            "module.vpc.aws_vpc.this"
          ]
        }
      ]
    },
    {
      "module": "module.vpc",
      "mode": "managed",
      "type": "aws_vpc",
      "name": "this",
      "provider": "provider[\"registry.terraform.io/hashicorp/aws\"]",
      "instances": [
        {
          "schema_version": 1,
          "attributes": {
            "arn": "arn:aws:ec2:us-east-1:789288816621:vpc/vpc-00a58f850cba7f00a",
            "assign_generated_ipv6_cidr_block": false,
            "cidr_block": "10.0.0.0/16",
            "default_network_acl_id": "acl-0160ae0c8aa99a0ba",
            "default_route_table_id": "rtb-01d66b0ccdfc087d9",
            "default_security_group_id": "sg-0c22d20ae22c250b7",
            "dhcp_options_id": "dopt-0748554270d72ed62",
            "enable_dns_hostnames": true,
            "enable_dns_support": true,
            "enable_network_address_usage_metrics": false,
            "id": "vpc-00a58f850cba7f00a",
            "instance_tenancy": "default",
            "ipv4_ipam_pool_id": null,
            "ipv4_netmask_length": null,
            "ipv6_association_id": "",
            "ipv6_cidr_block": "",
            "ipv6_cidr_block_network_border_group": "",
            "ipv6_ipam_pool_id": "",
            "ipv6_netmask_length": 0,
            "main_route_table_id": "rtb-01d66b0ccdfc087d9",
            "owner_id": "789288816621",
            "region": "us-east-1",
            "tags": {
              "Name": "ztap-bridge-vpc"
            },
            "tags_all": {
              "Name": "ztap-bridge-vpc"
            }
          },
          "sensitive_attributes": [],
          "identity_schema_version": 0,
          "identity": {
            "account_id": "789288816621",
            "id": "vpc-00a58f850cba7f00a",
            "region": "us-east-1"
          },
          "private": "eyJzY2hlbWFfdmVyc2lvbiI6IjEifQ=="
        }
      ]
    }
  ],
  "check_results": null
}
