{
  "version": 4,
  "terraform_version": "1.15.8",
  "serial": 162,
  "lineage": "097f9554-ed24-117a-8a69-139918586ff5",
  "outputs": {},
  "resources": [
    {
      "mode": "data",
      "type": "aws_eks_cluster_auth",
      "name": "this",
      "provider": "provider[\"registry.terraform.io/hashicorp/aws\"]",
      "instances": [
        {
          "schema_version": 0,
          "attributes": {
            "id": "ztap-bridge",
            "name": "ztap-bridge",
            "region": "us-east-1",
            "token": "k8s-aws-v1.aHR0cHM6Ly9zdHMudXMtZWFzdC0xLmFtYXpvbmF3cy5jb20vP0FjdGlvbj1HZXRDYWxsZXJJZGVudGl0eSZWZXJzaW9uPTIwMTEtMDYtMTUmWC1BbXotQWxnb3JpdGhtPUFXUzQtSE1BQy1TSEEyNTYmWC1BbXotQ3JlZGVudGlhbD1BS0lBM1BSS0hSN1czTU1PVFdWRCUyRjIwMjYwOTE4JTJGdXMtZWFzdC0xJTJGc3RzJTJGYXdzNF9yZXF1ZXN0JlgtQW16LURhdGU9MjAyNjA5MThUMjA1MzQ0WiZYLUFtei1FeHBpcmVzPTAmWC1BbXotU2lnbmVkSGVhZGVycz1ob3N0JTNCeC1rOHMtYXdzLWlkJlgtQW16LVNpZ25hdHVyZT1hNzZiOTBiYTZkN2Y3OWE0NzJiZWRjZDE5OTY1MjIzZDZjYTdhMTgxYWRiZjk3ZGE3OTkzYjZiYjMyNTE5MDQ1"
          },
          "sensitive_attributes": [
            [
              {
                "type": "get_attr",
                "value": "token"
              }
            ]
          ],
          "identity_schema_version": 0
        }
      ]
    },
    {
      "module": "module.agent_sandbox_a",
      "mode": "managed",
      "type": "kubernetes_deployment_v1",
      "name": "agent_sandbox",
      "provider": "provider[\"registry.terraform.io/hashicorp/kubernetes\"]",
      "instances": [
        {
          "status": "tainted",
          "schema_version": 1,
          "attributes": {
            "id": "tenant-a/agent-sandbox",
            "metadata": [
              {
                "annotations": null,
                "generate_name": "",
                "generation": 0,
                "labels": null,
                "name": "agent-sandbox",
                "namespace": "tenant-a",
                "resource_version": "",
                "uid": ""
              }
            ],
            "spec": [
              {
                "min_ready_seconds": 0,
                "paused": false,
                "progress_deadline_seconds": 600,
                "replicas": "1",
                "revision_history_limit": 10,
                "selector": [
                  {
                    "match_expressions": [],
                    "match_labels": {
                      "app": "agent-sandbox",
                      "tenant": "tenant-a"
                    }
                  }
                ],
                "strategy": [],
                "template": [
                  {
                    "metadata": [
                      {
                        "annotations": null,
                        "generate_name": "",
                        "generation": 0,
                        "labels": {
                          "app": "agent-sandbox",
                          "tenant": "tenant-a"
                        },
                        "name": "",
                        "namespace": "",
                        "resource_version": "",
                        "uid": ""
                      }
                    ],
                    "spec": [
                      {
                        "active_deadline_seconds": 0,
                        "affinity": [],
                        "automount_service_account_token": true,
                        "container": [
                          {
                            "args": null,
                            "command": [
                              "sleep",
                              "infinity"
                            ],
                            "env": [
                              {
                                "name": "ZTAP_KEYCLOAK_TOKEN_URL",
                                "value": "http://keycloak.authorizer.svc.cluster.local:8080/realms/ztap/protocol/openid-connect/token",
                                "value_from": []
                              },
                              {
                                "name": "ZTAP_GATEWAY_URL",
                                "value": "http://ztap-gateway.gateway-ingress.svc.cluster.local:8001/invoke",
                                "value_from": []
                              },
                              {
                                "name": "ZTAP_OLLAMA_BASE_URL",
                                "value": "http://ollama.inference.svc.cluster.local:11434/v1/",
                                "value_from": []
                              },
                              {
                                "name": "ZTAP_CLIENT_ID",
                                "value": "ztap-gateway",
                                "value_from": []
                              }
                            ],
                            "env_from": [],
                            "image": "789288816621.dkr.ecr.us-east-1.amazonaws.com/ztap-app:latest",
                            "image_pull_policy": "IfNotPresent",
                            "lifecycle": [],
                            "liveness_probe": [],
                            "name": "agent-sandbox",
                            "port": [],
                            "readiness_probe": [],
                            "resources": [],
                            "restart_policy": "",
                            "security_context": [],
                            "startup_probe": [],
                            "stdin": false,
                            "stdin_once": false,
                            "termination_message_path": "/dev/termination-log",
                            "termination_message_policy": "",
                            "tty": false,
                            "volume_device": [],
                            "volume_mount": [],
                            "working_dir": ""
                          }
                        ],
                        "dns_config": [],
                        "dns_policy": "ClusterFirst",
                        "enable_service_links": true,
                        "host_aliases": [],
                        "host_ipc": false,
                        "host_network": false,
                        "host_pid": false,
                        "hostname": "",
                        "image_pull_secrets": [],
                        "init_container": [],
                        "node_name": "",
                        "node_selector": {
                          "ztap.io/gvisor": "true",
                          "ztap.io/node-pool": "tenant-a"
                        },
                        "os": [],
                        "priority_class_name": "",
                        "readiness_gate": [],
                        "restart_policy": "Always",
                        "runtime_class_name": "gvisor",
                        "scheduler_name": "",
                        "security_context": [],
                        "service_account_name": "",
                        "share_process_namespace": false,
                        "subdomain": "",
                        "termination_grace_period_seconds": 30,
                        "toleration": [],
                        "topology_spread_constraint": [],
                        "volume": []
                      }
                    ]
                  }
                ]
              }
            ],
            "timeouts": null,
            "wait_for_rollout": true
          },
          "sensitive_attributes": [],
          "identity_schema_version": 1,
          "private": "eyJlMmJmYjczMC1lY2FhLTExZTYtOGY4OC0zNDM2M2JjN2M0YzAiOnsiY3JlYXRlIjo2MDAwMDAwMDAwMDAsImRlbGV0ZSI6NjAwMDAwMDAwMDAwLCJ1cGRhdGUiOjYwMDAwMDAwMDAwMH0sInNjaGVtYV92ZXJzaW9uIjoiMSJ9",
          "dependencies": [
            "data.aws_eks_cluster_auth.this",
            "module.cilium.helm_release.cilium",
            "module.cilium.kubernetes_manifest.tenant_default_deny",
            "module.ecr.aws_ecr_repository.this",
            "module.eks_cluster.aws_eks_cluster.this",
            "module.eks_cluster.aws_iam_role.cluster",
            "module.eks_cluster.aws_iam_role_policy_attachment.cluster_policy",
            "module.gateway.kubernetes_deployment_v1.gateway",
            "module.gateway.kubernetes_service_v1.gateway",
            "module.gvisor.kubernetes_daemon_set_v1.gvisor_installer",
            "module.gvisor.kubernetes_runtime_class_v1.gvisor",
            "module.keycloak.kubernetes_config_map_v1.realm",
            "module.keycloak.kubernetes_deployment_v1.keycloak",
            "module.keycloak.kubernetes_service_v1.keycloak",
            "module.namespaces.kubernetes_namespace_v1.this",
            "module.network_policy.kubernetes_network_policy_v1.allow_agent_egress_to_authorizer",
            "module.network_policy.kubernetes_network_policy_v1.allow_agent_egress_to_gateway",
            "module.network_policy.kubernetes_network_policy_v1.allow_agent_egress_to_inference",
            "module.network_policy.kubernetes_network_policy_v1.allow_dns",
            "module.network_policy.kubernetes_network_policy_v1.allow_gateway_egress_to_authorizer",
            "module.network_policy.kubernetes_network_policy_v1.allow_inference_egress_internet",
            "module.network_policy.kubernetes_network_policy_v1.allow_ingress_from_tenants_and_gateway",
            "module.network_policy.kubernetes_network_policy_v1.allow_ingress_from_tenants_gateway",
            "module.network_policy.kubernetes_network_policy_v1.allow_ingress_from_tenants_inference",
            "module.network_policy.kubernetes_network_policy_v1.default_deny_all",
            "module.node_group.aws_eks_node_group.this",
            "module.node_group.aws_iam_role.node",
            "module.node_group.aws_iam_role_policy_attachment.cni",
            "module.node_group.aws_iam_role_policy_attachment.ecr_read",
            "module.node_group.aws_iam_role_policy_attachment.worker_node",
            "module.ollama.kubernetes_deployment_v1.ollama",
            "module.ollama.kubernetes_service_v1.ollama",
            "module.vpc.aws_subnet.this",
            "module.vpc.aws_vpc.this"
          ]
        }
      ]
    },
    {
      "module": "module.agent_sandbox_b",
      "mode": "managed",
      "type": "kubernetes_deployment_v1",
      "name": "agent_sandbox",
      "provider": "provider[\"registry.terraform.io/hashicorp/kubernetes\"]",
      "instances": [
        {
          "status": "tainted",
          "schema_version": 1,
          "attributes": {
            "id": "tenant-b/agent-sandbox",
            "metadata": [
              {
                "annotations": null,
                "generate_name": "",
                "generation": 0,
                "labels": null,
                "name": "agent-sandbox",
                "namespace": "tenant-b",
                "resource_version": "",
                "uid": ""
              }
            ],
            "spec": [
              {
                "min_ready_seconds": 0,
                "paused": false,
                "progress_deadline_seconds": 600,
                "replicas": "1",
                "revision_history_limit": 10,
                "selector": [
                  {
                    "match_expressions": [],
                    "match_labels": {
                      "app": "agent-sandbox",
                      "tenant": "tenant-b"
                    }
                  }
                ],
                "strategy": [],
                "template": [
                  {
                    "metadata": [
                      {
                        "annotations": null,
                        "generate_name": "",
                        "generation": 0,
                        "labels": {
                          "app": "agent-sandbox",
                          "tenant": "tenant-b"
                        },
                        "name": "",
                        "namespace": "",
                        "resource_version": "",
                        "uid": ""
                      }
                    ],
                    "spec": [
                      {
                        "active_deadline_seconds": 0,
                        "affinity": [],
                        "automount_service_account_token": true,
                        "container": [
                          {
                            "args": null,
                            "command": [
                              "sleep",
                              "infinity"
                            ],
                            "env": [
                              {
                                "name": "ZTAP_KEYCLOAK_TOKEN_URL",
                                "value": "http://keycloak.authorizer.svc.cluster.local:8080/realms/ztap/protocol/openid-connect/token",
                                "value_from": []
                              },
                              {
                                "name": "ZTAP_GATEWAY_URL",
                                "value": "http://ztap-gateway.gateway-ingress.svc.cluster.local:8001/invoke",
                                "value_from": []
                              },
                              {
                                "name": "ZTAP_OLLAMA_BASE_URL",
                                "value": "http://ollama.inference.svc.cluster.local:11434/v1/",
                                "value_from": []
                              },
                              {
                                "name": "ZTAP_CLIENT_ID",
                                "value": "ztap-gateway",
                                "value_from": []
                              }
                            ],
                            "env_from": [],
                            "image": "789288816621.dkr.ecr.us-east-1.amazonaws.com/ztap-app:latest",
                            "image_pull_policy": "IfNotPresent",
                            "lifecycle": [],
                            "liveness_probe": [],
                            "name": "agent-sandbox",
                            "port": [],
                            "readiness_probe": [],
                            "resources": [],
                            "restart_policy": "",
                            "security_context": [],
                            "startup_probe": [],
                            "stdin": false,
                            "stdin_once": false,
                            "termination_message_path": "/dev/termination-log",
                            "termination_message_policy": "",
                            "tty": false,
                            "volume_device": [],
                            "volume_mount": [],
                            "working_dir": ""
                          }
                        ],
                        "dns_config": [],
                        "dns_policy": "ClusterFirst",
                        "enable_service_links": true,
                        "host_aliases": [],
                        "host_ipc": false,
                        "host_network": false,
                        "host_pid": false,
                        "hostname": "",
                        "image_pull_secrets": [],
                        "init_container": [],
                        "node_name": "",
                        "node_selector": {
                          "ztap.io/gvisor": "true",
                          "ztap.io/node-pool": "tenant-b"
                        },
                        "os": [],
                        "priority_class_name": "",
                        "readiness_gate": [],
                        "restart_policy": "Always",
                        "runtime_class_name": "gvisor",
                        "scheduler_name": "",
                        "security_context": [],
                        "service_account_name": "",
                        "share_process_namespace": false,
                        "subdomain": "",
                        "termination_grace_period_seconds": 30,
                        "toleration": [],
                        "topology_spread_constraint": [],
                        "volume": []
                      }
                    ]
                  }
                ]
              }
            ],
            "timeouts": null,
            "wait_for_rollout": true
          },
          "sensitive_attributes": [],
          "identity_schema_version": 1,
          "private": "eyJlMmJmYjczMC1lY2FhLTExZTYtOGY4OC0zNDM2M2JjN2M0YzAiOnsiY3JlYXRlIjo2MDAwMDAwMDAwMDAsImRlbGV0ZSI6NjAwMDAwMDAwMDAwLCJ1cGRhdGUiOjYwMDAwMDAwMDAwMH0sInNjaGVtYV92ZXJzaW9uIjoiMSJ9",
          "dependencies": [
            "data.aws_eks_cluster_auth.this",
            "module.cilium.helm_release.cilium",
            "module.cilium.kubernetes_manifest.tenant_default_deny",
            "module.ecr.aws_ecr_repository.this",
            "module.eks_cluster.aws_eks_cluster.this",
            "module.eks_cluster.aws_iam_role.cluster",
            "module.eks_cluster.aws_iam_role_policy_attachment.cluster_policy",
            "module.gateway.kubernetes_deployment_v1.gateway",
            "module.gateway.kubernetes_service_v1.gateway",
            "module.gvisor.kubernetes_daemon_set_v1.gvisor_installer",
            "module.gvisor.kubernetes_runtime_class_v1.gvisor",
            "module.keycloak.kubernetes_config_map_v1.realm",
            "module.keycloak.kubernetes_deployment_v1.keycloak",
            "module.keycloak.kubernetes_service_v1.keycloak",
            "module.namespaces.kubernetes_namespace_v1.this",
            "module.network_policy.kubernetes_network_policy_v1.allow_agent_egress_to_authorizer",
            "module.network_policy.kubernetes_network_policy_v1.allow_agent_egress_to_gateway",
            "module.network_policy.kubernetes_network_policy_v1.allow_agent_egress_to_inference",
            "module.network_policy.kubernetes_network_policy_v1.allow_dns",
            "module.network_policy.kubernetes_network_policy_v1.allow_gateway_egress_to_authorizer",
            "module.network_policy.kubernetes_network_policy_v1.allow_inference_egress_internet",
            "module.network_policy.kubernetes_network_policy_v1.allow_ingress_from_tenants_and_gateway",
            "module.network_policy.kubernetes_network_policy_v1.allow_ingress_from_tenants_gateway",
            "module.network_policy.kubernetes_network_policy_v1.allow_ingress_from_tenants_inference",
            "module.network_policy.kubernetes_network_policy_v1.default_deny_all",
            "module.node_group.aws_eks_node_group.this",
            "module.node_group.aws_iam_role.node",
            "module.node_group.aws_iam_role_policy_attachment.cni",
            "module.node_group.aws_iam_role_policy_attachment.ecr_read",
            "module.node_group.aws_iam_role_policy_attachment.worker_node",
            "module.ollama.kubernetes_deployment_v1.ollama",
            "module.ollama.kubernetes_service_v1.ollama",
            "module.vpc.aws_subnet.this",
            "module.vpc.aws_vpc.this"
          ]
        }
      ]
    },
    {
      "module": "module.cilium",
      "mode": "managed",
      "type": "helm_release",
      "name": "cilium",
      "provider": "provider[\"registry.terraform.io/hashicorp/helm\"]",
      "instances": [
        {
          "schema_version": 2,
          "attributes": {
            "atomic": false,
            "chart": "cilium",
            "cleanup_on_fail": false,
            "create_namespace": false,
            "dependency_update": false,
            "description": null,
            "devel": null,
            "disable_crd_hooks": false,
            "disable_openapi_validation": false,
            "disable_webhooks": false,
            "force_update": false,
            "id": "cilium",
            "keyring": null,
            "lint": false,
            "manifest": null,
            "max_history": 0,
            "metadata": {
              "app_version": "1.20.2",
              "chart": "cilium",
              "first_deployed": 1789596889,
              "last_deployed": 1789709487,
              "name": "cilium",
              "namespace": "kube-system",
              "notes": "\n        You have successfully installed Cilium with Hubble Relay and Hubble UI.\n\nWARNINGS:\n- WARNING: TLS is not enabled for the Hubble Relay server (hubble.relay.tls.server.enabled=false).\n  This means Hubble Relay communications may not be encrypted. For more information about the security\n  implications and suggested controls, please see: https://docs.cilium.io/en/stable/security/threat-model/#hubble-data-attacker\n\nYour release version is 1.20.2.\n\nFor any further help, visit https://docs.cilium.io/en/v1.20/gettinghelp\n",
              "revision": 4,
              "values": "{\"egressMasqueradeInterfaces\":\"ens+\",\"enableIPv4Masquerade\":true,\"eni\":{\"enabled\":true},\"hubble\":{\"enabled\":true,\"relay\":{\"enabled\":true},\"ui\":{\"enabled\":true}},\"ipam\":{\"mode\":\"eni\"},\"routingMode\":\"native\"}",
              "version": "1.20.2"
            },
            "name": "cilium",
            "namespace": "kube-system",
            "pass_credentials": false,
            "postrender": null,
            "recreate_pods": false,
            "render_subchart_notes": true,
            "replace": false,
            "repository": "https://helm.cilium.io/",
            "repository_ca_file": null,
            "repository_cert_file": null,
            "repository_key_file": null,
            "repository_password": null,
            "repository_username": null,
            "reset_values": false,
            "resources": null,
            "reuse_values": false,
            "set": [
              {
                "name": "eni.enabled",
                "type": "",
                "value": "true"
              },
              {
                "name": "ipam.mode",
                "type": "",
                "value": "eni"
              },
              {
                "name": "enableIPv4Masquerade",
                "type": "",
                "value": "true"
              },
              {
                "name": "egressMasqueradeInterfaces",
                "type": "",
                "value": "ens+"
              },
              {
                "name": "routingMode",
                "type": "",
                "value": "native"
              },
              {
                "name": "hubble.enabled",
                "type": "",
                "value": "true"
              },
              {
                "name": "hubble.relay.enabled",
                "type": "",
                "value": "true"
              },
              {
                "name": "hubble.ui.enabled",
                "type": "",
                "value": "true"
              }
            ],
            "set_list": null,
            "set_sensitive": null,
            "set_wo": null,
            "set_wo_revision": null,
            "skip_crds": false,
            "status": "deployed",
            "take_ownership": false,
            "timeout": 300,
            "timeouts": null,
            "upgrade_install": false,
            "values": null,
            "verify": false,
            "version": "1.20.2",
            "wait": true,
            "wait_for_jobs": false
          },
          "sensitive_attributes": [
            [
              {
                "type": "get_attr",
                "value": "repository_password"
              }
            ]
          ],
          "identity_schema_version": 0,
          "identity": {
            "namespace": "kube-system",
            "release_name": "cilium"
          },
          "dependencies": [
            "data.aws_eks_cluster_auth.this",
            "module.eks_cluster.aws_eks_cluster.this",
            "module.eks_cluster.aws_iam_role.cluster",
            "module.eks_cluster.aws_iam_role_policy_attachment.cluster_policy",
            "module.namespaces.kubernetes_namespace_v1.this",
            "module.node_group.aws_eks_node_group.this",
            "module.node_group.aws_iam_role.node",
            "module.node_group.aws_iam_role_policy_attachment.cni",
            "module.node_group.aws_iam_role_policy_attachment.ecr_read",
            "module.node_group.aws_iam_role_policy_attachment.worker_node",
            "module.vpc.aws_subnet.this",
            "module.vpc.aws_vpc.this"
          ]
        }
      ]
    },
    {
      "module": "module.cilium",
      "mode": "managed",
      "type": "kubernetes_manifest",
      "name": "tenant_default_deny",
      "provider": "provider[\"registry.terraform.io/hashicorp/kubernetes\"]",
      "instances": [
        {
          "index_key": "tenant-a",
          "schema_version": 1,
          "attributes": {
            "computed_fields": null,
            "field_manager": [],
            "manifest": {
              "value": {
                "apiVersion": "cilium.io/v2",
                "kind": "CiliumNetworkPolicy",
                "metadata": {
                  "name": "default-deny-cross-tenant",
                  "namespace": "tenant-a"
                },
                "spec": {
                  "endpointSelector": {},
                  "ingress": [
                    {
                      "fromEndpoints": [
                        {
                          "matchLabels": {
                            "k8s:io.kubernetes.pod.namespace": "tenant-a"
                          }
                        }
                      ]
                    }
                  ]
                }
              },
              "type": [
                "object",
                {
                  "apiVersion": "string",
                  "kind": "string",
                  "metadata": [
                    "object",
                    {
                      "name": "string",
                      "namespace": "string"
                    }
                  ],
                  "spec": [
                    "object",
                    {
                      "endpointSelector": [
                        "object",
                        {}
                      ],
                      "ingress": [
                        "tuple",
                        [
                          [
                            "object",
                            {
                              "fromEndpoints": [
                                "tuple",
                                [
                                  [
                                    "object",
                                    {
                                      "matchLabels": [
                                        "object",
                                        {
                                          "k8s:io.kubernetes.pod.namespace": "string"
                                        }
                                      ]
                                    }
                                  ]
                                ]
                              ]
                            }
                          ]
                        ]
                      ]
                    }
                  ]
                }
              ]
            },
            "object": {
              "value": {
                "apiVersion": "cilium.io/v2",
                "kind": "CiliumNetworkPolicy",
                "metadata": {
                  "annotations": null,
                  "creationTimestamp": null,
                  "deletionGracePeriodSeconds": null,
                  "deletionTimestamp": null,
                  "finalizers": null,
                  "generateName": null,
                  "generation": null,
                  "labels": null,
                  "managedFields": null,
                  "name": "default-deny-cross-tenant",
                  "namespace": "tenant-a",
                  "ownerReferences": null,
                  "resourceVersion": null,
                  "selfLink": null,
                  "uid": null
                },
                "spec": {
                  "description": null,
                  "egress": null,
                  "egressDeny": null,
                  "enableDefaultDeny": {
                    "egress": null,
                    "ingress": null
                  },
                  "endpointSelector": {
                    "matchExpressions": null,
                    "matchLabels": null
                  },
                  "ingress": [
                    {
                      "authentication": {
                        "mode": null
                      },
                      "fromCIDR": null,
                      "fromCIDRSet": null,
                      "fromEndpoints": [
                        {
                          "matchExpressions": null,
                          "matchLabels": {
                            "k8s:io.kubernetes.pod.namespace": "tenant-a"
                          }
                        }
                      ],
                      "fromEntities": null,
                      "fromGroups": null,
                      "fromNodes": null,
                      "fromRequires": null,
                      "icmps": null,
                      "toPorts": null
                    }
                  ],
                  "ingressDeny": null,
                  "labels": null,
                  "log": {
                    "value": null
                  },
                  "nodeSelector": {
                    "matchExpressions": null,
                    "matchLabels": null
                  }
                },
                "specs": null
              },
              "type": [
                "object",
                {
                  "apiVersion": "string",
                  "kind": "string",
                  "metadata": [
                    "object",
                    {
                      "annotations": [
                        "map",
                        "string"
                      ],
                      "creationTimestamp": "string",
                      "deletionGracePeriodSeconds": "number",
                      "deletionTimestamp": "string",
                      "finalizers": [
                        "list",
                        "string"
                      ],
                      "generateName": "string",
                      "generation": "number",
                      "labels": [
                        "map",
                        "string"
                      ],
                      "managedFields": [
                        "tuple",
                        [
                          [
                            "object",
                            {
                              "apiVersion": "string",
                              "fieldsType": "string",
                              "fieldsV1": "dynamic",
                              "manager": "string",
                              "operation": "string",
                              "subresource": "string",
                              "time": "string"
                            }
                          ]
                        ]
                      ],
                      "name": "string",
                      "namespace": "string",
                      "ownerReferences": [
                        "list",
                        [
                          "object",
                          {
                            "apiVersion": "string",
                            "blockOwnerDeletion": "bool",
                            "controller": "bool",
                            "kind": "string",
                            "name": "string",
                            "uid": "string"
                          }
                        ]
                      ],
                      "resourceVersion": "string",
                      "selfLink": "string",
                      "uid": "string"
                    }
                  ],
                  "spec": [
                    "object",
                    {
                      "description": "string",
                      "egress": [
                        "list",
                        [
                          "object",
                          {
                            "authentication": [
                              "object",
                              {
                                "mode": "string"
                              }
                            ],
                            "icmps": [
                              "list",
                              [
                                "object",
                                {
                                  "fields": [
                                    "list",
                                    [
                                      "object",
                                      {
                                        "family": "string",
                                        "type": "string"
                                      }
                                    ]
                                  ]
                                }
                              ]
                            ],
                            "toCIDR": [
                              "list",
                              "string"
                            ],
                            "toCIDRSet": [
                              "list",
                              [
                                "object",
                                {
                                  "cidr": "string",
                                  "cidrGroupRef": "string",
                                  "cidrGroupSelector": [
                                    "object",
                                    {
                                      "matchExpressions": [
                                        "list",
                                        [
                                          "object",
                                          {
                                            "key": "string",
                                            "operator": "string",
                                            "values": [
                                              "list",
                                              "string"
                                            ]
                                          }
                                        ]
                                      ],
                                      "matchLabels": [
                                        "map",
                                        "string"
                                      ]
                                    }
                                  ],
                                  "except": [
                                    "list",
                                    "string"
                                  ]
                                }
                              ]
                            ],
                            "toEndpoints": [
                              "list",
                              [
                                "object",
                                {
                                  "matchExpressions": [
                                    "list",
                                    [
                                      "object",
                                      {
                                        "key": "string",
                                        "operator": "string",
                                        "values": [
                                          "list",
                                          "string"
                                        ]
                                      }
                                    ]
                                  ],
                                  "matchLabels": [
                                    "map",
                                    "string"
                                  ]
                                }
                              ]
                            ],
                            "toEntities": [
                              "list",
                              "string"
                            ],
                            "toFQDNs": [
                              "list",
                              [
                                "object",
                                {
                                  "matchName": "string",
                                  "matchPattern": "string"
                                }
                              ]
                            ],
                            "toGroups": [
                              "list",
                              [
                                "object",
                                {
                                  "aws": [
                                    "object",
                                    {
                                      "labels": [
                                        "map",
                                        "string"
                                      ],
                                      "region": "string",
                                      "securityGroupsIds": [
                                        "list",
                                        "string"
                                      ],
                                      "securityGroupsNames": [
                                        "list",
                                        "string"
                                      ]
                                    }
                                  ]
                                }
                              ]
                            ],
                            "toNodes": [
                              "list",
                              [
                                "object",
                                {
                                  "matchExpressions": [
                                    "list",
                                    [
                                      "object",
                                      {
                                        "key": "string",
                                        "operator": "string",
                                        "values": [
                                          "list",
                                          "string"
                                        ]
                                      }
                                    ]
                                  ],
                                  "matchLabels": [
                                    "map",
                                    "string"
                                  ]
                                }
                              ]
                            ],
                            "toPorts": [
                              "list",
                              [
                                "object",
                                {
                                  "listener": [
                                    "object",
                                    {
                                      "envoyConfig": [
                                        "object",
                                        {
                                          "kind": "string",
                                          "name": "string"
                                        }
                                      ],
                                      "name": "string",
                                      "priority": "number"
                                    }
                                  ],
                                  "originatingTLS": [
                                    "object",
                                    {
                                      "certificate": "string",
                                      "privateKey": "string",
                                      "secret": [
                                        "object",
                                        {
                                          "name": "string",
                                          "namespace": "string"
                                        }
                                      ],
                                      "trustedCA": "string"
                                    }
                                  ],
                                  "ports": [
                                    "list",
                                    [
                                      "object",
                                      {
                                        "endPort": "number",
                                        "port": "string",
                                        "protocol": "string"
                                      }
                                    ]
                                  ],
                                  "rules": [
                                    "object",
                                    {
                                      "dns": [
                                        "list",
                                        [
                                          "object",
                                          {
                                            "matchName": "string",
                                            "matchPattern": "string"
                                          }
                                        ]
                                      ],
                                      "http": [
                                        "list",
                                        [
                                          "object",
                                          {
                                            "headerMatches": [
                                              "list",
                                              [
                                                "object",
                                                {
                                                  "mismatch": "string",
                                                  "name": "string",
                                                  "secret": [
                                                    "object",
                                                    {
                                                      "name": "string",
                                                      "namespace": "string"
                                                    }
                                                  ],
                                                  "value": "string"
                                                }
                                              ]
                                            ],
                                            "headers": [
                                              "list",
                                              "string"
                                            ],
                                            "host": "string",
                                            "method": "string",
                                            "path": "string"
                                          }
                                        ]
                                      ]
                                    }
                                  ],
                                  "serverNames": [
                                    "list",
                                    "string"
                                  ],
                                  "terminatingTLS": [
                                    "object",
                                    {
                                      "certificate": "string",
                                      "privateKey": "string",
                                      "secret": [
                                        "object",
                                        {
                                          "name": "string",
                                          "namespace": "string"
                                        }
                                      ],
                                      "trustedCA": "string"
                                    }
                                  ]
                                }
                              ]
                            ],
                            "toRequires": [
                              "list",
                              "string"
                            ],
                            "toServices": [
                              "list",
                              [
                                "object",
                                {
                                  "k8sService": [
                                    "object",
                                    {
                                      "namespace": "string",
                                      "serviceName": "string"
                                    }
                                  ],
                                  "k8sServiceSelector": [
                                    "object",
                                    {
                                      "namespace": "string",
                                      "selector": [
                                        "object",
                                        {
                                          "matchExpressions": [
                                            "list",
                                            [
                                              "object",
                                              {
                                                "key": "string",
                                                "operator": "string",
                                                "values": [
                                                  "list",
                                                  "string"
                                                ]
                                              }
                                            ]
                                          ],
                                          "matchLabels": [
                                            "map",
                                            "string"
                                          ]
                                        }
                                      ]
                                    }
                                  ]
                                }
                              ]
                            ]
                          }
                        ]
                      ],
                      "egressDeny": [
                        "list",
                        [
                          "object",
                          {
                            "icmps": [
                              "list",
                              [
                                "object",
                                {
                                  "fields": [
                                    "list",
                                    [
                                      "object",
                                      {
                                        "family": "string",
                                        "type": "string"
                                      }
                                    ]
                                  ]
                                }
                              ]
                            ],
                            "toCIDR": [
                              "list",
                              "string"
                            ],
                            "toCIDRSet": [
                              "list",
                              [
                                "object",
                                {
                                  "cidr": "string",
                                  "cidrGroupRef": "string",
                                  "cidrGroupSelector": [
                                    "object",
                                    {
                                      "matchExpressions": [
                                        "list",
                                        [
                                          "object",
                                          {
                                            "key": "string",
                                            "operator": "string",
                                            "values": [
                                              "list",
                                              "string"
                                            ]
                                          }
                                        ]
                                      ],
                                      "matchLabels": [
                                        "map",
                                        "string"
                                      ]
                                    }
                                  ],
                                  "except": [
                                    "list",
                                    "string"
                                  ]
                                }
                              ]
                            ],
                            "toEndpoints": [
                              "list",
                              [
                                "object",
                                {
                                  "matchExpressions": [
                                    "list",
                                    [
                                      "object",
                                      {
                                        "key": "string",
                                        "operator": "string",
                                        "values": [
                                          "list",
                                          "string"
                                        ]
                                      }
                                    ]
                                  ],
                                  "matchLabels": [
                                    "map",
                                    "string"
                                  ]
                                }
                              ]
                            ],
                            "toEntities": [
                              "list",
                              "string"
                            ],
                            "toGroups": [
                              "list",
                              [
                                "object",
                                {
                                  "aws": [
                                    "object",
                                    {
                                      "labels": [
                                        "map",
                                        "string"
                                      ],
                                      "region": "string",
                                      "securityGroupsIds": [
                                        "list",
                                        "string"
                                      ],
                                      "securityGroupsNames": [
                                        "list",
                                        "string"
                                      ]
                                    }
                                  ]
                                }
                              ]
                            ],
                            "toNodes": [
                              "list",
                              [
                                "object",
                                {
                                  "matchExpressions": [
                                    "list",
                                    [
                                      "object",
                                      {
                                        "key": "string",
                                        "operator": "string",
                                        "values": [
                                          "list",
                                          "string"
                                        ]
                                      }
                                    ]
                                  ],
                                  "matchLabels": [
                                    "map",
                                    "string"
                                  ]
                                }
                              ]
                            ],
                            "toPorts": [
                              "list",
                              [
                                "object",
                                {
                                  "ports": [
                                    "list",
                                    [
                                      "object",
                                      {
                                        "endPort": "number",
                                        "port": "string",
                                        "protocol": "string"
                                      }
                                    ]
                                  ]
                                }
                              ]
                            ],
                            "toRequires": [
                              "list",
                              "string"
                            ],
                            "toServices": [
                              "list",
                              [
                                "object",
                                {
                                  "k8sService": [
                                    "object",
                                    {
                                      "namespace": "string",
                                      "serviceName": "string"
                                    }
                                  ],
                                  "k8sServiceSelector": [
                                    "object",
                                    {
                                      "namespace": "string",
                                      "selector": [
                                        "object",
                                        {
                                          "matchExpressions": [
                                            "list",
                                            [
                                              "object",
                                              {
                                                "key": "string",
                                                "operator": "string",
                                                "values": [
                                                  "list",
                                                  "string"
                                                ]
                                              }
                                            ]
                                          ],
                                          "matchLabels": [
                                            "map",
                                            "string"
                                          ]
                                        }
                                      ]
                                    }
                                  ]
                                }
                              ]
                            ]
                          }
                        ]
                      ],
                      "enableDefaultDeny": [
                        "object",
                        {
                          "egress": "bool",
                          "ingress": "bool"
                        }
                      ],
                      "endpointSelector": [
                        "object",
                        {
                          "matchExpressions": [
                            "list",
                            [
                              "object",
                              {
                                "key": "string",
                                "operator": "string",
                                "values": [
                                  "list",
                                  "string"
                                ]
                              }
                            ]
                          ],
                          "matchLabels": [
                            "map",
                            "string"
                          ]
                        }
                      ],
                      "ingress": [
                        "list",
                        [
                          "object",
                          {
                            "authentication": [
                              "object",
                              {
                                "mode": "string"
                              }
                            ],
                            "fromCIDR": [
                              "list",
                              "string"
                            ],
                            "fromCIDRSet": [
                              "list",
                              [
                                "object",
                                {
                                  "cidr": "string",
                                  "cidrGroupRef": "string",
                                  "cidrGroupSelector": [
                                    "object",
                                    {
                                      "matchExpressions": [
                                        "list",
                                        [
                                          "object",
                                          {
                                            "key": "string",
                                            "operator": "string",
                                            "values": [
                                              "list",
                                              "string"
                                            ]
                                          }
                                        ]
                                      ],
                                      "matchLabels": [
                                        "map",
                                        "string"
                                      ]
                                    }
                                  ],
                                  "except": [
                                    "list",
                                    "string"
                                  ]
                                }
                              ]
                            ],
                            "fromEndpoints": [
                              "list",
                              [
                                "object",
                                {
                                  "matchExpressions": [
                                    "list",
                                    [
                                      "object",
                                      {
                                        "key": "string",
                                        "operator": "string",
                                        "values": [
                                          "list",
                                          "string"
                                        ]
                                      }
                                    ]
                                  ],
                                  "matchLabels": [
                                    "map",
                                    "string"
                                  ]
                                }
                              ]
                            ],
                            "fromEntities": [
                              "list",
                              "string"
                            ],
                            "fromGroups": [
                              "list",
                              [
                                "object",
                                {
                                  "aws": [
                                    "object",
                                    {
                                      "labels": [
                                        "map",
                                        "string"
                                      ],
                                      "region": "string",
                                      "securityGroupsIds": [
                                        "list",
                                        "string"
                                      ],
                                      "securityGroupsNames": [
                                        "list",
                                        "string"
                                      ]
                                    }
                                  ]
                                }
                              ]
                            ],
                            "fromNodes": [
                              "list",
                              [
                                "object",
                                {
                                  "matchExpressions": [
                                    "list",
                                    [
                                      "object",
                                      {
                                        "key": "string",
                                        "operator": "string",
                                        "values": [
                                          "list",
                                          "string"
                                        ]
                                      }
                                    ]
                                  ],
                                  "matchLabels": [
                                    "map",
                                    "string"
                                  ]
                                }
                              ]
                            ],
                            "fromRequires": [
                              "list",
                              "string"
                            ],
                            "icmps": [
                              "list",
                              [
                                "object",
                                {
                                  "fields": [
                                    "list",
                                    [
                                      "object",
                                      {
                                        "family": "string",
                                        "type": "string"
                                      }
                                    ]
                                  ]
                                }
                              ]
                            ],
                            "toPorts": [
                              "list",
                              [
                                "object",
                                {
                                  "listener": [
                                    "object",
                                    {
                                      "envoyConfig": [
                                        "object",
                                        {
                                          "kind": "string",
                                          "name": "string"
                                        }
                                      ],
                                      "name": "string",
                                      "priority": "number"
                                    }
                                  ],
                                  "originatingTLS": [
                                    "object",
                                    {
                                      "certificate": "string",
                                      "privateKey": "string",
                                      "secret": [
                                        "object",
                                        {
                                          "name": "string",
                                          "namespace": "string"
                                        }
                                      ],
                                      "trustedCA": "string"
                                    }
                                  ],
                                  "ports": [
                                    "list",
                                    [
                                      "object",
                                      {
                                        "endPort": "number",
                                        "port": "string",
                                        "protocol": "string"
                                      }
                                    ]
                                  ],
                                  "rules": [
                                    "object",
                                    {
                                      "dns": [
                                        "list",
                                        [
                                          "object",
                                          {
                                            "matchName": "string",
                                            "matchPattern": "string"
                                          }
                                        ]
                                      ],
                                      "http": [
                                        "list",
                                        [
                                          "object",
                                          {
                                            "headerMatches": [
                                              "list",
                                              [
                                                "object",
                                                {
                                                  "mismatch": "string",
                                                  "name": "string",
                                                  "secret": [
                                                    "object",
                                                    {
                                                      "name": "string",
                                                      "namespace": "string"
                                                    }
                                                  ],
                                                  "value": "string"
                                                }
                                              ]
                                            ],
                                            "headers": [
                                              "list",
                                              "string"
                                            ],
                                            "host": "string",
                                            "method": "string",
                                            "path": "string"
                                          }
                                        ]
                                      ]
                                    }
                                  ],
                                  "serverNames": [
                                    "list",
                                    "string"
                                  ],
                                  "terminatingTLS": [
                                    "object",
                                    {
                                      "certificate": "string",
                                      "privateKey": "string",
                                      "secret": [
                                        "object",
                                        {
                                          "name": "string",
                                          "namespace": "string"
                                        }
                                      ],
                                      "trustedCA": "string"
                                    }
                                  ]
                                }
                              ]
                            ]
                          }
                        ]
                      ],
                      "ingressDeny": [
                        "list",
                        [
                          "object",
                          {
                            "fromCIDR": [
                              "list",
                              "string"
                            ],
                            "fromCIDRSet": [
                              "list",
                              [
                                "object",
                                {
                                  "cidr": "string",
                                  "cidrGroupRef": "string",
                                  "cidrGroupSelector": [
                                    "object",
                                    {
                                      "matchExpressions": [
                                        "list",
                                        [
                                          "object",
                                          {
                                            "key": "string",
                                            "operator": "string",
                                            "values": [
                                              "list",
                                              "string"
                                            ]
                                          }
                                        ]
                                      ],
                                      "matchLabels": [
                                        "map",
                                        "string"
                                      ]
                                    }
                                  ],
                                  "except": [
                                    "list",
                                    "string"
                                  ]
                                }
                              ]
                            ],
                            "fromEndpoints": [
                              "list",
                              [
                                "object",
                                {
                                  "matchExpressions": [
                                    "list",
                                    [
                                      "object",
                                      {
                                        "key": "string",
                                        "operator": "string",
                                        "values": [
                                          "list",
                                          "string"
                                        ]
                                      }
                                    ]
                                  ],
                                  "matchLabels": [
                                    "map",
                                    "string"
                                  ]
                                }
                              ]
                            ],
                            "fromEntities": [
                              "list",
                              "string"
                            ],
                            "fromGroups": [
                              "list",
                              [
                                "object",
                                {
                                  "aws": [
                                    "object",
                                    {
                                      "labels": [
                                        "map",
                                        "string"
                                      ],
                                      "region": "string",
                                      "securityGroupsIds": [
                                        "list",
                                        "string"
                                      ],
                                      "securityGroupsNames": [
                                        "list",
                                        "string"
                                      ]
                                    }
                                  ]
                                }
                              ]
                            ],
                            "fromNodes": [
                              "list",
                              [
                                "object",
                                {
                                  "matchExpressions": [
                                    "list",
                                    [
                                      "object",
                                      {
                                        "key": "string",
                                        "operator": "string",
                                        "values": [
                                          "list",
                                          "string"
                                        ]
                                      }
                                    ]
                                  ],
                                  "matchLabels": [
                                    "map",
                                    "string"
                                  ]
                                }
                              ]
                            ],
                            "fromRequires": [
                              "list",
                              "string"
                            ],
                            "icmps": [
                              "list",
                              [
                                "object",
                                {
                                  "fields": [
                                    "list",
                                    [
                                      "object",
                                      {
                                        "family": "string",
                                        "type": "string"
                                      }
                                    ]
                                  ]
                                }
                              ]
                            ],
                            "toPorts": [
                              "list",
                              [
                                "object",
                                {
                                  "ports": [
                                    "list",
                                    [
                                      "object",
                                      {
                                        "endPort": "number",
                                        "port": "string",
                                        "protocol": "string"
                                      }
                                    ]
                                  ]
                                }
                              ]
                            ]
                          }
                        ]
                      ],
                      "labels": [
                        "list",
                        [
                          "object",
                          {
                            "key": "string",
                            "source": "string",
                            "value": "string"
                          }
                        ]
                      ],
                      "log": [
                        "object",
                        {
                          "value": "string"
                        }
                      ],
                      "nodeSelector": [
                        "object",
                        {
                          "matchExpressions": [
                            "list",
                            [
                              "object",
                              {
                                "key": "string",
                                "operator": "string",
                                "values": [
                                  "list",
                                  "string"
                                ]
                              }
                            ]
                          ],
                          "matchLabels": [
                            "map",
                            "string"
                          ]
                        }
                      ]
                    }
                  ],
                  "specs": [
                    "list",
                    [
                      "object",
                      {
                        "description": "string",
                        "egress": [
                          "list",
                          [
                            "object",
                            {
                              "authentication": [
                                "object",
                                {
                                  "mode": "string"
                                }
                              ],
                              "icmps": [
                                "list",
                                [
                                  "object",
                                  {
                                    "fields": [
                                      "list",
                                      [
                                        "object",
                                        {
                                          "family": "string",
                                          "type": "string"
                                        }
                                      ]
                                    ]
                                  }
                                ]
                              ],
                              "toCIDR": [
                                "list",
                                "string"
                              ],
                              "toCIDRSet": [
                                "list",
                                [
                                  "object",
                                  {
                                    "cidr": "string",
                                    "cidrGroupRef": "string",
                                    "cidrGroupSelector": [
                                      "object",
                                      {
                                        "matchExpressions": [
                                          "list",
                                          [
                                            "object",
                                            {
                                              "key": "string",
                                              "operator": "string",
                                              "values": [
                                                "list",
                                                "string"
                                              ]
                                            }
                                          ]
                                        ],
                                        "matchLabels": [
                                          "map",
                                          "string"
                                        ]
                                      }
                                    ],
                                    "except": [
                                      "list",
                                      "string"
                                    ]
                                  }
                                ]
                              ],
                              "toEndpoints": [
                                "list",
                                [
                                  "object",
                                  {
                                    "matchExpressions": [
                                      "list",
                                      [
                                        "object",
                                        {
                                          "key": "string",
                                          "operator": "string",
                                          "values": [
                                            "list",
                                            "string"
                                          ]
                                        }
                                      ]
                                    ],
                                    "matchLabels": [
                                      "map",
                                      "string"
                                    ]
                                  }
                                ]
                              ],
                              "toEntities": [
                                "list",
                                "string"
                              ],
                              "toFQDNs": [
                                "list",
                                [
                                  "object",
                                  {
                                    "matchName": "string",
                                    "matchPattern": "string"
                                  }
                                ]
                              ],
                              "toGroups": [
                                "list",
                                [
                                  "object",
                                  {
                                    "aws": [
                                      "object",
                                      {
                                        "labels": [
                                          "map",
                                          "string"
                                        ],
                                        "region": "string",
                                        "securityGroupsIds": [
                                          "list",
                                          "string"
                                        ],
                                        "securityGroupsNames": [
                                          "list",
                                          "string"
                                        ]
                                      }
                                    ]
                                  }
                                ]
                              ],
                              "toNodes": [
                                "list",
                                [
                                  "object",
                                  {
                                    "matchExpressions": [
                                      "list",
                                      [
                                        "object",
                                        {
                                          "key": "string",
                                          "operator": "string",
                                          "values": [
                                            "list",
                                            "string"
                                          ]
                                        }
                                      ]
                                    ],
                                    "matchLabels": [
                                      "map",
                                      "string"
                                    ]
                                  }
                                ]
                              ],
                              "toPorts": [
                                "list",
                                [
                                  "object",
                                  {
                                    "listener": [
                                      "object",
                                      {
                                        "envoyConfig": [
                                          "object",
                                          {
                                            "kind": "string",
                                            "name": "string"
                                          }
                                        ],
                                        "name": "string",
                                        "priority": "number"
                                      }
                                    ],
                                    "originatingTLS": [
                                      "object",
                                      {
                                        "certificate": "string",
                                        "privateKey": "string",
                                        "secret": [
                                          "object",
                                          {
                                            "name": "string",
                                            "namespace": "string"
                                          }
                                        ],
                                        "trustedCA": "string"
                                      }
                                    ],
                                    "ports": [
                                      "list",
                                      [
                                        "object",
                                        {
                                          "endPort": "number",
                                          "port": "string",
                                          "protocol": "string"
                                        }
                                      ]
                                    ],
                                    "rules": [
                                      "object",
                                      {
                                        "dns": [
                                          "list",
                                          [
                                            "object",
                                            {
                                              "matchName": "string",
                                              "matchPattern": "string"
                                            }
                                          ]
                                        ],
                                        "http": [
                                          "list",
                                          [
                                            "object",
                                            {
                                              "headerMatches": [
                                                "list",
                                                [
                                                  "object",
                                                  {
                                                    "mismatch": "string",
                                                    "name": "string",
                                                    "secret": [
                                                      "object",
                                                      {
                                                        "name": "string",
                                                        "namespace": "string"
                                                      }
                                                    ],
                                                    "value": "string"
                                                  }
                                                ]
                                              ],
                                              "headers": [
                                                "list",
                                                "string"
                                              ],
                                              "host": "string",
                                              "method": "string",
                                              "path": "string"
                                            }
                                          ]
                                        ]
                                      }
                                    ],
                                    "serverNames": [
                                      "list",
                                      "string"
                                    ],
                                    "terminatingTLS": [
                                      "object",
                                      {
                                        "certificate": "string",
                                        "privateKey": "string",
                                        "secret": [
                                          "object",
                                          {
                                            "name": "string",
                                            "namespace": "string"
                                          }
                                        ],
                                        "trustedCA": "string"
                                      }
                                    ]
                                  }
                                ]
                              ],
                              "toRequires": [
                                "list",
                                "string"
                              ],
                              "toServices": [
                                "list",
                                [
                                  "object",
                                  {
                                    "k8sService": [
                                      "object",
                                      {
                                        "namespace": "string",
                                        "serviceName": "string"
                                      }
                                    ],
                                    "k8sServiceSelector": [
                                      "object",
                                      {
                                        "namespace": "string",
                                        "selector": [
                                          "object",
                                          {
                                            "matchExpressions": [
                                              "list",
                                              [
                                                "object",
                                                {
                                                  "key": "string",
                                                  "operator": "string",
                                                  "values": [
                                                    "list",
                                                    "string"
                                                  ]
                                                }
                                              ]
                                            ],
                                            "matchLabels": [
                                              "map",
                                              "string"
                                            ]
                                          }
                                        ]
                                      }
                                    ]
                                  }
                                ]
                              ]
                            }
                          ]
                        ],
                        "egressDeny": [
                          "list",
                          [
                            "object",
                            {
                              "icmps": [
                                "list",
                                [
                                  "object",
                                  {
                                    "fields": [
                                      "list",
                                      [
                                        "object",
                                        {
                                          "family": "string",
                                          "type": "string"
                                        }
                                      ]
                                    ]
                                  }
                                ]
                              ],
                              "toCIDR": [
                                "list",
                                "string"
                              ],
                              "toCIDRSet": [
                                "list",
                                [
                                  "object",
                                  {
                                    "cidr": "string",
                                    "cidrGroupRef": "string",
                                    "cidrGroupSelector": [
                                      "object",
                                      {
                                        "matchExpressions": [
                                          "list",
                                          [
                                            "object",
                                            {
                                              "key": "string",
                                              "operator": "string",
                                              "values": [
                                                "list",
                                                "string"
                                              ]
                                            }
                                          ]
                                        ],
                                        "matchLabels": [
                                          "map",
                                          "string"
                                        ]
                                      }
                                    ],
                                    "except": [
                                      "list",
                                      "string"
                                    ]
                                  }
                                ]
                              ],
                              "toEndpoints": [
                                "list",
                                [
                                  "object",
                                  {
                                    "matchExpressions": [
                                      "list",
                                      [
                                        "object",
                                        {
                                          "key": "string",
                                          "operator": "string",
                                          "values": [
                                            "list",
                                            "string"
                                          ]
                                        }
                                      ]
                                    ],
                                    "matchLabels": [
                                      "map",
                                      "string"
                                    ]
                                  }
                                ]
                              ],
                              "toEntities": [
                                "list",
                                "string"
                              ],
                              "toGroups": [
                                "list",
                                [
                                  "object",
                                  {
                                    "aws": [
                                      "object",
                                      {
                                        "labels": [
                                          "map",
                                          "string"
                                        ],
                                        "region": "string",
                                        "securityGroupsIds": [
                                          "list",
                                          "string"
                                        ],
                                        "securityGroupsNames": [
                                          "list",
                                          "string"
                                        ]
                                      }
                                    ]
                                  }
                                ]
                              ],
                              "toNodes": [
                                "list",
                                [
                                  "object",
                                  {
                                    "matchExpressions": [
                                      "list",
                                      [
                                        "object",
                                        {
                                          "key": "string",
                                          "operator": "string",
                                          "values": [
                                            "list",
                                            "string"
                                          ]
                                        }
                                      ]
                                    ],
                                    "matchLabels": [
                                      "map",
                                      "string"
                                    ]
                                  }
                                ]
                              ],
                              "toPorts": [
                                "list",
                                [
                                  "object",
                                  {
                                    "ports": [
                                      "list",
                                      [
                                        "object",
                                        {
                                          "endPort": "number",
                                          "port": "string",
                                          "protocol": "string"
                                        }
                                      ]
                                    ]
                                  }
                                ]
                              ],
                              "toRequires": [
                                "list",
                                "string"
                              ],
                              "toServices": [
                                "list",
                                [
                                  "object",
                                  {
                                    "k8sService": [
                                      "object",
                                      {
                                        "namespace": "string",
                                        "serviceName": "string"
                                      }
                                    ],
                                    "k8sServiceSelector": [
                                      "object",
                                      {
                                        "namespace": "string",
                                        "selector": [
                                          "object",
                                          {
                                            "matchExpressions": [
                                              "list",
                                              [
                                                "object",
                                                {
                                                  "key": "string",
                                                  "operator": "string",
                                                  "values": [
                                                    "list",
                                                    "string"
                                                  ]
                                                }
                                              ]
                                            ],
                                            "matchLabels": [
                                              "map",
                                              "string"
                                            ]
                                          }
                                        ]
                                      }
                                    ]
                                  }
                                ]
                              ]
                            }
                          ]
                        ],
                        "enableDefaultDeny": [
                          "object",
                          {
                            "egress": "bool",
                            "ingress": "bool"
                          }
                        ],
                        "endpointSelector": [
                          "object",
                          {
                            "matchExpressions": [
                              "list",
                              [
                                "object",
                                {
                                  "key": "string",
                                  "operator": "string",
                                  "values": [
                                    "list",
                                    "string"
                                  ]
                                }
                              ]
                            ],
                            "matchLabels": [
                              "map",
                              "string"
                            ]
                          }
                        ],
                        "ingress": [
                          "list",
                          [
                            "object",
                            {
                              "authentication": [
                                "object",
                                {
                                  "mode": "string"
                                }
                              ],
                              "fromCIDR": [
                                "list",
                                "string"
                              ],
                              "fromCIDRSet": [
                                "list",
                                [
                                  "object",
                                  {
                                    "cidr": "string",
                                    "cidrGroupRef": "string",
                                    "cidrGroupSelector": [
                                      "object",
                                      {
                                        "matchExpressions": [
                                          "list",
                                          [
                                            "object",
                                            {
                                              "key": "string",
                                              "operator": "string",
                                              "values": [
                                                "list",
                                                "string"
                                              ]
                                            }
                                          ]
                                        ],
                                        "matchLabels": [
                                          "map",
                                          "string"
                                        ]
                                      }
                                    ],
                                    "except": [
                                      "list",
                                      "string"
                                    ]
                                  }
                                ]
                              ],
                              "fromEndpoints": [
                                "list",
                                [
                                  "object",
                                  {
                                    "matchExpressions": [
                                      "list",
                                      [
                                        "object",
                                        {
                                          "key": "string",
                                          "operator": "string",
                                          "values": [
                                            "list",
                                            "string"
                                          ]
                                        }
                                      ]
                                    ],
                                    "matchLabels": [
                                      "map",
                                      "string"
                                    ]
                                  }
                                ]
                              ],
                              "fromEntities": [
                                "list",
                                "string"
                              ],
                              "fromGroups": [
                                "list",
                                [
                                  "object",
                                  {
                                    "aws": [
                                      "object",
                                      {
                                        "labels": [
                                          "map",
                                          "string"
                                        ],
                                        "region": "string",
                                        "securityGroupsIds": [
                                          "list",
                                          "string"
                                        ],
                                        "securityGroupsNames": [
                                          "list",
                                          "string"
                                        ]
                                      }
                                    ]
                                  }
                                ]
                              ],
                              "fromNodes": [
                                "list",
                                [
                                  "object",
                                  {
                                    "matchExpressions": [
                                      "list",
                                      [
                                        "object",
                                        {
                                          "key": "string",
                                          "operator": "string",
                                          "values": [
                                            "list",
                                            "string"
                                          ]
                                        }
                                      ]
                                    ],
                                    "matchLabels": [
                                      "map",
                                      "string"
                                    ]
                                  }
                                ]
                              ],
                              "fromRequires": [
                                "list",
                                "string"
                              ],
                              "icmps": [
                                "list",
                                [
                                  "object",
                                  {
                                    "fields": [
                                      "list",
                                      [
                                        "object",
                                        {
                                          "family": "string",
                                          "type": "string"
                                        }
                                      ]
                                    ]
                                  }
                                ]
                              ],
                              "toPorts": [
                                "list",
                                [
                                  "object",
                                  {
                                    "listener": [
                                      "object",
                                      {
                                        "envoyConfig": [
                                          "object",
                                          {
                                            "kind": "string",
                                            "name": "string"
                                          }
                                        ],
                                        "name": "string",
                                        "priority": "number"
                                      }
                                    ],
                                    "originatingTLS": [
                                      "object",
                                      {
                                        "certificate": "string",
                                        "privateKey": "string",
                                        "secret": [
                                          "object",
                                          {
                                            "name": "string",
                                            "namespace": "string"
                                          }
                                        ],
                                        "trustedCA": "string"
                                      }
                                    ],
                                    "ports": [
                                      "list",
                                      [
                                        "object",
                                        {
                                          "endPort": "number",
                                          "port": "string",
                                          "protocol": "string"
                                        }
                                      ]
                                    ],
                                    "rules": [
                                      "object",
                                      {
                                        "dns": [
                                          "list",
                                          [
                                            "object",
                                            {
                                              "matchName": "string",
                                              "matchPattern": "string"
                                            }
                                          ]
                                        ],
                                        "http": [
                                          "list",
                                          [
                                            "object",
                                            {
                                              "headerMatches": [
                                                "list",
                                                [
                                                  "object",
                                                  {
                                                    "mismatch": "string",
                                                    "name": "string",
                                                    "secret": [
                                                      "object",
                                                      {
                                                        "name": "string",
                                                        "namespace": "string"
                                                      }
                                                    ],
                                                    "value": "string"
                                                  }
                                                ]
                                              ],
                                              "headers": [
                                                "list",
                                                "string"
                                              ],
                                              "host": "string",
                                              "method": "string",
                                              "path": "string"
                                            }
                                          ]
                                        ]
                                      }
                                    ],
                                    "serverNames": [
                                      "list",
                                      "string"
                                    ],
                                    "terminatingTLS": [
                                      "object",
                                      {
                                        "certificate": "string",
                                        "privateKey": "string",
                                        "secret": [
                                          "object",
                                          {
                                            "name": "string",
                                            "namespace": "string"
                                          }
                                        ],
                                        "trustedCA": "string"
                                      }
                                    ]
                                  }
                                ]
                              ]
                            }
                          ]
                        ],
                        "ingressDeny": [
                          "list",
                          [
                            "object",
                            {
                              "fromCIDR": [
                                "list",
                                "string"
                              ],
                              "fromCIDRSet": [
                                "list",
                                [
                                  "object",
                                  {
                                    "cidr": "string",
                                    "cidrGroupRef": "string",
                                    "cidrGroupSelector": [
                                      "object",
                                      {
                                        "matchExpressions": [
                                          "list",
                                          [
                                            "object",
                                            {
                                              "key": "string",
                                              "operator": "string",
                                              "values": [
                                                "list",
                                                "string"
                                              ]
                                            }
                                          ]
                                        ],
                                        "matchLabels": [
                                          "map",
                                          "string"
                                        ]
                                      }
                                    ],
                                    "except": [
                                      "list",
                                      "string"
                                    ]
                                  }
                                ]
                              ],
                              "fromEndpoints": [
                                "list",
                                [
                                  "object",
                                  {
                                    "matchExpressions": [
                                      "list",
                                      [
                                        "object",
                                        {
                                          "key": "string",
                                          "operator": "string",
                                          "values": [
                                            "list",
                                            "string"
                                          ]
                                        }
                                      ]
                                    ],
                                    "matchLabels": [
                                      "map",
                                      "string"
                                    ]
                                  }
                                ]
                              ],
                              "fromEntities": [
                                "list",
                                "string"
                              ],
                              "fromGroups": [
                                "list",
                                [
                                  "object",
                                  {
                                    "aws": [
                                      "object",
                                      {
                                        "labels": [
                                          "map",
                                          "string"
                                        ],
                                        "region": "string",
                                        "securityGroupsIds": [
                                          "list",
                                          "string"
                                        ],
                                        "securityGroupsNames": [
                                          "list",
                                          "string"
                                        ]
                                      }
                                    ]
                                  }
                                ]
                              ],
                              "fromNodes": [
                                "list",
                                [
                                  "object",
                                  {
                                    "matchExpressions": [
                                      "list",
                                      [
                                        "object",
                                        {
                                          "key": "string",
                                          "operator": "string",
                                          "values": [
                                            "list",
                                            "string"
                                          ]
                                        }
                                      ]
                                    ],
                                    "matchLabels": [
                                      "map",
                                      "string"
                                    ]
                                  }
                                ]
                              ],
                              "fromRequires": [
                                "list",
                                "string"
                              ],
                              "icmps": [
                                "list",
                                [
                                  "object",
                                  {
                                    "fields": [
                                      "list",
                                      [
                                        "object",
                                        {
                                          "family": "string",
                                          "type": "string"
                                        }
                                      ]
                                    ]
                                  }
                                ]
                              ],
                              "toPorts": [
                                "list",
                                [
                                  "object",
                                  {
                                    "ports": [
                                      "list",
                                      [
                                        "object",
                                        {
                                          "endPort": "number",
                                          "port": "string",
                                          "protocol": "string"
                                        }
                                      ]
                                    ]
                                  }
                                ]
                              ]
                            }
                          ]
                        ],
                        "labels": [
                          "list",
                          [
                            "object",
                            {
                              "key": "string",
                              "source": "string",
                              "value": "string"
                            }
                          ]
                        ],
                        "log": [
                          "object",
                          {
                            "value": "string"
                          }
                        ],
                        "nodeSelector": [
                          "object",
                          {
                            "matchExpressions": [
                              "list",
                              [
                                "object",
                                {
                                  "key": "string",
                                  "operator": "string",
                                  "values": [
                                    "list",
                                    "string"
                                  ]
                                }
                              ]
                            ],
                            "matchLabels": [
                              "map",
                              "string"
                            ]
                          }
                        ]
                      }
                    ]
                  ]
                }
              ]
            },
            "timeouts": [],
            "wait": [],
            "wait_for": null
          },
          "sensitive_attributes": [],
          "identity_schema_version": 1,
          "identity": {
            "api_version": "cilium.io/v2",
            "kind": "CiliumNetworkPolicy",
            "name": "default-deny-cross-tenant",
            "namespace": "tenant-a"
          },
          "dependencies": [
            "data.aws_eks_cluster_auth.this",
            "module.cilium.helm_release.cilium",
            "module.eks_cluster.aws_eks_cluster.this",
            "module.eks_cluster.aws_iam_role.cluster",
            "module.eks_cluster.aws_iam_role_policy_attachment.cluster_policy",
            "module.namespaces.kubernetes_namespace_v1.this",
            "module.node_group.aws_eks_node_group.this",
            "module.node_group.aws_iam_role.node",
            "module.node_group.aws_iam_role_policy_attachment.cni",
            "module.node_group.aws_iam_role_policy_attachment.ecr_read",
            "module.node_group.aws_iam_role_policy_attachment.worker_node",
            "module.vpc.aws_subnet.this",
            "module.vpc.aws_vpc.this"
          ]
        },
        {
          "index_key": "tenant-b",
          "schema_version": 1,
          "attributes": {
            "computed_fields": null,
            "field_manager": [],
            "manifest": {
              "value": {
                "apiVersion": "cilium.io/v2",
                "kind": "CiliumNetworkPolicy",
                "metadata": {
                  "name": "default-deny-cross-tenant",
                  "namespace": "tenant-b"
                },
                "spec": {
                  "endpointSelector": {},
                  "ingress": [
                    {
                      "fromEndpoints": [
                        {
                          "matchLabels": {
                            "k8s:io.kubernetes.pod.namespace": "tenant-b"
                          }
                        }
                      ]
                    }
                  ]
                }
              },
              "type": [
                "object",
                {
                  "apiVersion": "string",
                  "kind": "string",
                  "metadata": [
                    "object",
                    {
                      "name": "string",
                      "namespace": "string"
                    }
                  ],
                  "spec": [
                    "object",
                    {
                      "endpointSelector": [
                        "object",
                        {}
                      ],
                      "ingress": [
                        "tuple",
                        [
                          [
                            "object",
                            {
                              "fromEndpoints": [
                                "tuple",
                                [
                                  [
                                    "object",
                                    {
                                      "matchLabels": [
                                        "object",
                                        {
                                          "k8s:io.kubernetes.pod.namespace": "string"
                                        }
                                      ]
                                    }
                                  ]
                                ]
                              ]
                            }
                          ]
                        ]
                      ]
                    }
                  ]
                }
              ]
            },
            "object": {
              "value": {
                "apiVersion": "cilium.io/v2",
                "kind": "CiliumNetworkPolicy",
                "metadata": {
                  "annotations": null,
                  "creationTimestamp": null,
                  "deletionGracePeriodSeconds": null,
                  "deletionTimestamp": null,
                  "finalizers": null,
                  "generateName": null,
                  "generation": null,
                  "labels": null,
                  "managedFields": null,
                  "name": "default-deny-cross-tenant",
                  "namespace": "tenant-b",
                  "ownerReferences": null,
                  "resourceVersion": null,
                  "selfLink": null,
                  "uid": null
                },
                "spec": {
                  "description": null,
                  "egress": null,
                  "egressDeny": null,
                  "enableDefaultDeny": {
                    "egress": null,
                    "ingress": null
                  },
                  "endpointSelector": {
                    "matchExpressions": null,
                    "matchLabels": null
                  },
                  "ingress": [
                    {
                      "authentication": {
                        "mode": null
                      },
                      "fromCIDR": null,
                      "fromCIDRSet": null,
                      "fromEndpoints": [
                        {
                          "matchExpressions": null,
                          "matchLabels": {
                            "k8s:io.kubernetes.pod.namespace": "tenant-b"
                          }
                        }
                      ],
                      "fromEntities": null,
                      "fromGroups": null,
                      "fromNodes": null,
                      "fromRequires": null,
                      "icmps": null,
                      "toPorts": null
                    }
                  ],
                  "ingressDeny": null,
                  "labels": null,
                  "log": {
                    "value": null
                  },
                  "nodeSelector": {
                    "matchExpressions": null,
                    "matchLabels": null
                  }
                },
                "specs": null
              },
              "type": [
                "object",
                {
                  "apiVersion": "string",
                  "kind": "string",
                  "metadata": [
                    "object",
                    {
                      "annotations": [
                        "map",
                        "string"
                      ],
                      "creationTimestamp": "string",
                      "deletionGracePeriodSeconds": "number",
                      "deletionTimestamp": "string",
                      "finalizers": [
                        "list",
                        "string"
                      ],
                      "generateName": "string",
                      "generation": "number",
                      "labels": [
                        "map",
                        "string"
                      ],
                      "managedFields": [
                        "tuple",
                        [
                          [
                            "object",
                            {
                              "apiVersion": "string",
                              "fieldsType": "string",
                              "fieldsV1": "dynamic",
                              "manager": "string",
                              "operation": "string",
                              "subresource": "string",
                              "time": "string"
                            }
                          ]
                        ]
                      ],
                      "name": "string",
                      "namespace": "string",
                      "ownerReferences": [
                        "list",
                        [
                          "object",
                          {
                            "apiVersion": "string",
                            "blockOwnerDeletion": "bool",
                            "controller": "bool",
                            "kind": "string",
                            "name": "string",
                            "uid": "string"
                          }
                        ]
                      ],
                      "resourceVersion": "string",
                      "selfLink": "string",
                      "uid": "string"
                    }
                  ],
                  "spec": [
                    "object",
                    {
                      "description": "string",
                      "egress": [
                        "list",
                        [
                          "object",
                          {
                            "authentication": [
                              "object",
                              {
                                "mode": "string"
                              }
                            ],
                            "icmps": [
                              "list",
                              [
                                "object",
                                {
                                  "fields": [
                                    "list",
                                    [
                                      "object",
                                      {
                                        "family": "string",
                                        "type": "string"
                                      }
                                    ]
                                  ]
                                }
                              ]
                            ],
                            "toCIDR": [
                              "list",
                              "string"
                            ],
                            "toCIDRSet": [
                              "list",
                              [
                                "object",
                                {
                                  "cidr": "string",
                                  "cidrGroupRef": "string",
                                  "cidrGroupSelector": [
                                    "object",
                                    {
                                      "matchExpressions": [
                                        "list",
                                        [
                                          "object",
                                          {
                                            "key": "string",
                                            "operator": "string",
                                            "values": [
                                              "list",
                                              "string"
                                            ]
                                          }
                                        ]
                                      ],
                                      "matchLabels": [
                                        "map",
                                        "string"
                                      ]
                                    }
                                  ],
                                  "except": [
                                    "list",
                                    "string"
                                  ]
                                }
                              ]
                            ],
                            "toEndpoints": [
                              "list",
                              [
                                "object",
                                {
                                  "matchExpressions": [
                                    "list",
                                    [
                                      "object",
                                      {
                                        "key": "string",
                                        "operator": "string",
                                        "values": [
                                          "list",
                                          "string"
                                        ]
                                      }
                                    ]
                                  ],
                                  "matchLabels": [
                                    "map",
                                    "string"
                                  ]
                                }
                              ]
                            ],
                            "toEntities": [
                              "list",
                              "string"
                            ],
                            "toFQDNs": [
                              "list",
                              [
                                "object",
                                {
                                  "matchName": "string",
                                  "matchPattern": "string"
                                }
                              ]
                            ],
                            "toGroups": [
                              "list",
                              [
                                "object",
                                {
                                  "aws": [
                                    "object",
                                    {
                                      "labels": [
                                        "map",
                                        "string"
                                      ],
                                      "region": "string",
                                      "securityGroupsIds": [
                                        "list",
                                        "string"
                                      ],
                                      "securityGroupsNames": [
                                        "list",
                                        "string"
                                      ]
                                    }
                                  ]
                                }
                              ]
                            ],
                            "toNodes": [
                              "list",
                              [
                                "object",
                                {
                                  "matchExpressions": [
                                    "list",
                                    [
                                      "object",
                                      {
                                        "key": "string",
                                        "operator": "string",
                                        "values": [
                                          "list",
                                          "string"
                                        ]
                                      }
                                    ]
                                  ],
                                  "matchLabels": [
                                    "map",
                                    "string"
                                  ]
                                }
                              ]
                            ],
                            "toPorts": [
                              "list",
                              [
                                "object",
                                {
                                  "listener": [
                                    "object",
                                    {
                                      "envoyConfig": [
                                        "object",
                                        {
                                          "kind": "string",
                                          "name": "string"
                                        }
                                      ],
                                      "name": "string",
                                      "priority": "number"
                                    }
                                  ],
                                  "originatingTLS": [
                                    "object",
                                    {
                                      "certificate": "string",
                                      "privateKey": "string",
                                      "secret": [
                                        "object",
                                        {
                                          "name": "string",
                                          "namespace": "string"
                                        }
                                      ],
                                      "trustedCA": "string"
                                    }
                                  ],
                                  "ports": [
                                    "list",
                                    [
                                      "object",
                                      {
                                        "endPort": "number",
                                        "port": "string",
                                        "protocol": "string"
                                      }
                                    ]
                                  ],
                                  "rules": [
                                    "object",
                                    {
                                      "dns": [
                                        "list",
                                        [
                                          "object",
                                          {
                                            "matchName": "string",
                                            "matchPattern": "string"
                                          }
                                        ]
                                      ],
                                      "http": [
                                        "list",
                                        [
                                          "object",
                                          {
                                            "headerMatches": [
                                              "list",
                                              [
                                                "object",
                                                {
                                                  "mismatch": "string",
                                                  "name": "string",
                                                  "secret": [
                                                    "object",
                                                    {
                                                      "name": "string",
                                                      "namespace": "string"
                                                    }
                                                  ],
                                                  "value": "string"
                                                }
                                              ]
                                            ],
                                            "headers": [
                                              "list",
                                              "string"
                                            ],
                                            "host": "string",
                                            "method": "string",
                                            "path": "string"
                                          }
                                        ]
                                      ]
                                    }
                                  ],
                                  "serverNames": [
                                    "list",
                                    "string"
                                  ],
                                  "terminatingTLS": [
                                    "object",
                                    {
                                      "certificate": "string",
                                      "privateKey": "string",
                                      "secret": [
                                        "object",
                                        {
                                          "name": "string",
                                          "namespace": "string"
                                        }
                                      ],
                                      "trustedCA": "string"
                                    }
                                  ]
                                }
                              ]
                            ],
                            "toRequires": [
                              "list",
                              "string"
                            ],
                            "toServices": [
                              "list",
                              [
                                "object",
                                {
                                  "k8sService": [
                                    "object",
                                    {
                                      "namespace": "string",
                                      "serviceName": "string"
                                    }
                                  ],
                                  "k8sServiceSelector": [
                                    "object",
                                    {
                                      "namespace": "string",
                                      "selector": [
                                        "object",
                                        {
                                          "matchExpressions": [
                                            "list",
                                            [
                                              "object",
                                              {
                                                "key": "string",
                                                "operator": "string",
                                                "values": [
                                                  "list",
                                                  "string"
                                                ]
                                              }
                                            ]
                                          ],
                                          "matchLabels": [
                                            "map",
                                            "string"
                                          ]
                                        }
                                      ]
                                    }
                                  ]
                                }
                              ]
                            ]
                          }
                        ]
                      ],
                      "egressDeny": [
                        "list",
                        [
                          "object",
                          {
                            "icmps": [
                              "list",
                              [
                                "object",
                                {
                                  "fields": [
                                    "list",
                                    [
                                      "object",
                                      {
                                        "family": "string",
                                        "type": "string"
                                      }
                                    ]
                                  ]
                                }
                              ]
                            ],
                            "toCIDR": [
                              "list",
                              "string"
                            ],
                            "toCIDRSet": [
                              "list",
                              [
                                "object",
                                {
                                  "cidr": "string",
                                  "cidrGroupRef": "string",
                                  "cidrGroupSelector": [
                                    "object",
                                    {
                                      "matchExpressions": [
                                        "list",
                                        [
                                          "object",
                                          {
                                            "key": "string",
                                            "operator": "string",
                                            "values": [
                                              "list",
                                              "string"
                                            ]
                                          }
                                        ]
                                      ],
                                      "matchLabels": [
                                        "map",
                                        "string"
                                      ]
                                    }
                                  ],
                                  "except": [
                                    "list",
                                    "string"
                                  ]
                                }
                              ]
                            ],
                            "toEndpoints": [
                              "list",
                              [
                                "object",
                                {
                                  "matchExpressions": [
                                    "list",
                                    [
                                      "object",
                                      {
                                        "key": "string",
                                        "operator": "string",
                                        "values": [
                                          "list",
                                          "string"
                                        ]
                                      }
                                    ]
                                  ],
                                  "matchLabels": [
                                    "map",
                                    "string"
                                  ]
                                }
                              ]
                            ],
                            "toEntities": [
                              "list",
                              "string"
                            ],
                            "toGroups": [
                              "list",
                              [
                                "object",
                                {
                                  "aws": [
                                    "object",
                                    {
                                      "labels": [
                                        "map",
                                        "string"
                                      ],
                                      "region": "string",
                                      "securityGroupsIds": [
                                        "list",
                                        "string"
                                      ],
                                      "securityGroupsNames": [
                                        "list",
                                        "string"
                                      ]
                                    }
                                  ]
                                }
                              ]
                            ],
                            "toNodes": [
                              "list",
                              [
                                "object",
                                {
                                  "matchExpressions": [
                                    "list",
                                    [
                                      "object",
                                      {
                                        "key": "string",
                                        "operator": "string",
                                        "values": [
                                          "list",
                                          "string"
                                        ]
                                      }
                                    ]
                                  ],
                                  "matchLabels": [
                                    "map",
                                    "string"
                                  ]
                                }
                              ]
                            ],
                            "toPorts": [
                              "list",
                              [
                                "object",
                                {
                                  "ports": [
                                    "list",
                                    [
                                      "object",
                                      {
                                        "endPort": "number",
                                        "port": "string",
                                        "protocol": "string"
                                      }
                                    ]
                                  ]
                                }
                              ]
                            ],
                            "toRequires": [
                              "list",
                              "string"
                            ],
                            "toServices": [
                              "list",
                              [
                                "object",
                                {
                                  "k8sService": [
                                    "object",
                                    {
                                      "namespace": "string",
                                      "serviceName": "string"
                                    }
                                  ],
                                  "k8sServiceSelector": [
                                    "object",
                                    {
                                      "namespace": "string",
                                      "selector": [
                                        "object",
                                        {
                                          "matchExpressions": [
                                            "list",
                                            [
                                              "object",
                                              {
                                                "key": "string",
                                                "operator": "string",
                                                "values": [
                                                  "list",
                                                  "string"
                                                ]
                                              }
                                            ]
                                          ],
                                          "matchLabels": [
                                            "map",
                                            "string"
                                          ]
                                        }
                                      ]
                                    }
                                  ]
                                }
                              ]
                            ]
                          }
                        ]
                      ],
                      "enableDefaultDeny": [
                        "object",
                        {
                          "egress": "bool",
                          "ingress": "bool"
                        }
                      ],
                      "endpointSelector": [
                        "object",
                        {
                          "matchExpressions": [
                            "list",
                            [
                              "object",
                              {
                                "key": "string",
                                "operator": "string",
                                "values": [
                                  "list",
                                  "string"
                                ]
                              }
                            ]
                          ],
                          "matchLabels": [
                            "map",
                            "string"
                          ]
                        }
                      ],
                      "ingress": [
                        "list",
                        [
                          "object",
                          {
                            "authentication": [
                              "object",
                              {
                                "mode": "string"
                              }
                            ],
                            "fromCIDR": [
                              "list",
                              "string"
                            ],
                            "fromCIDRSet": [
                              "list",
                              [
                                "object",
                                {
                                  "cidr": "string",
                                  "cidrGroupRef": "string",
                                  "cidrGroupSelector": [
                                    "object",
                                    {
                                      "matchExpressions": [
                                        "list",
                                        [
                                          "object",
                                          {
                                            "key": "string",
                                            "operator": "string",
                                            "values": [
                                              "list",
                                              "string"
                                            ]
                                          }
                                        ]
                                      ],
                                      "matchLabels": [
                                        "map",
                                        "string"
                                      ]
                                    }
                                  ],
                                  "except": [
                                    "list",
                                    "string"
                                  ]
                                }
                              ]
                            ],
                            "fromEndpoints": [
                              "list",
                              [
                                "object",
                                {
                                  "matchExpressions": [
                                    "list",
                                    [
                                      "object",
                                      {
                                        "key": "string",
                                        "operator": "string",
                                        "values": [
                                          "list",
                                          "string"
                                        ]
                                      }
                                    ]
                                  ],
                                  "matchLabels": [
                                    "map",
                                    "string"
                                  ]
                                }
                              ]
                            ],
                            "fromEntities": [
                              "list",
                              "string"
                            ],
                            "fromGroups": [
                              "list",
                              [
                                "object",
                                {
                                  "aws": [
                                    "object",
                                    {
                                      "labels": [
                                        "map",
                                        "string"
                                      ],
                                      "region": "string",
                                      "securityGroupsIds": [
                                        "list",
                                        "string"
                                      ],
                                      "securityGroupsNames": [
                                        "list",
                                        "string"
                                      ]
                                    }
                                  ]
                                }
                              ]
                            ],
                            "fromNodes": [
                              "list",
                              [
                                "object",
                                {
                                  "matchExpressions": [
                                    "list",
                                    [
                                      "object",
                                      {
                                        "key": "string",
                                        "operator": "string",
                                        "values": [
                                          "list",
                                          "string"
                                        ]
                                      }
                                    ]
                                  ],
                                  "matchLabels": [
                                    "map",
                                    "string"
                                  ]
                                }
                              ]
                            ],
                            "fromRequires": [
                              "list",
                              "string"
                            ],
                            "icmps": [
                              "list",
                              [
                                "object",
                                {
                                  "fields": [
                                    "list",
                                    [
                                      "object",
                                      {
                                        "family": "string",
                                        "type": "string"
                                      }
                                    ]
                                  ]
                                }
                              ]
                            ],
                            "toPorts": [
                              "list",
                              [
                                "object",
                                {
                                  "listener": [
                                    "object",
                                    {
                                      "envoyConfig": [
                                        "object",
                                        {
                                          "kind": "string",
                                          "name": "string"
                                        }
                                      ],
                                      "name": "string",
                                      "priority": "number"
                                    }
                                  ],
                                  "originatingTLS": [
                                    "object",
                                    {
                                      "certificate": "string",
                                      "privateKey": "string",
                                      "secret": [
                                        "object",
                                        {
                                          "name": "string",
                                          "namespace": "string"
                                        }
                                      ],
                                      "trustedCA": "string"
                                    }
                                  ],
                                  "ports": [
                                    "list",
                                    [
                                      "object",
                                      {
                                        "endPort": "number",
                                        "port": "string",
                                        "protocol": "string"
                                      }
                                    ]
                                  ],
                                  "rules": [
                                    "object",
                                    {
                                      "dns": [
                                        "list",
                                        [
                                          "object",
                                          {
                                            "matchName": "string",
                                            "matchPattern": "string"
                                          }
                                        ]
                                      ],
                                      "http": [
                                        "list",
                                        [
                                          "object",
                                          {
                                            "headerMatches": [
                                              "list",
                                              [
                                                "object",
                                                {
                                                  "mismatch": "string",
                                                  "name": "string",
                                                  "secret": [
                                                    "object",
                                                    {
                                                      "name": "string",
                                                      "namespace": "string"
                                                    }
                                                  ],
                                                  "value": "string"
                                                }
                                              ]
                                            ],
                                            "headers": [
                                              "list",
                                              "string"
                                            ],
                                            "host": "string",
                                            "method": "string",
                                            "path": "string"
                                          }
                                        ]
                                      ]
                                    }
                                  ],
                                  "serverNames": [
                                    "list",
                                    "string"
                                  ],
                                  "terminatingTLS": [
                                    "object",
                                    {
                                      "certificate": "string",
                                      "privateKey": "string",
                                      "secret": [
                                        "object",
                                        {
                                          "name": "string",
                                          "namespace": "string"
                                        }
                                      ],
                                      "trustedCA": "string"
                                    }
                                  ]
                                }
                              ]
                            ]
                          }
                        ]
                      ],
                      "ingressDeny": [
                        "list",
                        [
                          "object",
                          {
                            "fromCIDR": [
                              "list",
                              "string"
                            ],
                            "fromCIDRSet": [
                              "list",
                              [
                                "object",
                                {
                                  "cidr": "string",
                                  "cidrGroupRef": "string",
                                  "cidrGroupSelector": [
                                    "object",
                                    {
                                      "matchExpressions": [
                                        "list",
                                        [
                                          "object",
                                          {
                                            "key": "string",
                                            "operator": "string",
                                            "values": [
                                              "list",
                                              "string"
                                            ]
                                          }
                                        ]
                                      ],
                                      "matchLabels": [
                                        "map",
                                        "string"
                                      ]
                                    }
                                  ],
                                  "except": [
                                    "list",
                                    "string"
                                  ]
                                }
                              ]
                            ],
                            "fromEndpoints": [
                              "list",
                              [
                                "object",
                                {
                                  "matchExpressions": [
                                    "list",
                                    [
                                      "object",
                                      {
                                        "key": "string",
                                        "operator": "string",
                                        "values": [
                                          "list",
                                          "string"
                                        ]
                                      }
                                    ]
                                  ],
                                  "matchLabels": [
                                    "map",
                                    "string"
                                  ]
                                }
                              ]
                            ],
                            "fromEntities": [
                              "list",
                              "string"
                            ],
                            "fromGroups": [
                              "list",
                              [
                                "object",
                                {
                                  "aws": [
                                    "object",
                                    {
                                      "labels": [
                                        "map",
                                        "string"
                                      ],
                                      "region": "string",
                                      "securityGroupsIds": [
                                        "list",
                                        "string"
                                      ],
                                      "securityGroupsNames": [
                                        "list",
                                        "string"
                                      ]
                                    }
                                  ]
                                }
                              ]
                            ],
                            "fromNodes": [
                              "list",
                              [
                                "object",
                                {
                                  "matchExpressions": [
                                    "list",
                                    [
                                      "object",
                                      {
                                        "key": "string",
                                        "operator": "string",
                                        "values": [
                                          "list",
                                          "string"
                                        ]
                                      }
                                    ]
                                  ],
                                  "matchLabels": [
                                    "map",
                                    "string"
                                  ]
                                }
                              ]
                            ],
                            "fromRequires": [
                              "list",
                              "string"
                            ],
                            "icmps": [
                              "list",
                              [
                                "object",
                                {
                                  "fields": [
                                    "list",
                                    [
                                      "object",
                                      {
                                        "family": "string",
                                        "type": "string"
                                      }
                                    ]
                                  ]
                                }
                              ]
                            ],
                            "toPorts": [
                              "list",
                              [
                                "object",
                                {
                                  "ports": [
                                    "list",
                                    [
                                      "object",
                                      {
                                        "endPort": "number",
                                        "port": "string",
                                        "protocol": "string"
                                      }
                                    ]
                                  ]
                                }
                              ]
                            ]
                          }
                        ]
                      ],
                      "labels": [
                        "list",
                        [
                          "object",
                          {
                            "key": "string",
                            "source": "string",
                            "value": "string"
                          }
                        ]
                      ],
                      "log": [
                        "object",
                        {
                          "value": "string"
                        }
                      ],
                      "nodeSelector": [
                        "object",
                        {
                          "matchExpressions": [
                            "list",
                            [
                              "object",
                              {
                                "key": "string",
                                "operator": "string",
                                "values": [
                                  "list",
                                  "string"
                                ]
                              }
                            ]
                          ],
                          "matchLabels": [
                            "map",
                            "string"
                          ]
                        }
                      ]
                    }
                  ],
                  "specs": [
                    "list",
                    [
                      "object",
                      {
                        "description": "string",
                        "egress": [
                          "list",
                          [
                            "object",
                            {
                              "authentication": [
                                "object",
                                {
                                  "mode": "string"
                                }
                              ],
                              "icmps": [
                                "list",
                                [
                                  "object",
                                  {
                                    "fields": [
                                      "list",
                                      [
                                        "object",
                                        {
                                          "family": "string",
                                          "type": "string"
                                        }
                                      ]
                                    ]
                                  }
                                ]
                              ],
                              "toCIDR": [
                                "list",
                                "string"
                              ],
                              "toCIDRSet": [
                                "list",
                                [
                                  "object",
                                  {
                                    "cidr": "string",
                                    "cidrGroupRef": "string",
                                    "cidrGroupSelector": [
                                      "object",
                                      {
                                        "matchExpressions": [
                                          "list",
                                          [
                                            "object",
                                            {
                                              "key": "string",
                                              "operator": "string",
                                              "values": [
                                                "list",
                                                "string"
                                              ]
                                            }
                                          ]
                                        ],
                                        "matchLabels": [
                                          "map",
                                          "string"
                                        ]
                                      }
                                    ],
                                    "except": [
                                      "list",
                                      "string"
                                    ]
                                  }
                                ]
                              ],
                              "toEndpoints": [
                                "list",
                                [
                                  "object",
                                  {
                                    "matchExpressions": [
                                      "list",
                                      [
                                        "object",
                                        {
                                          "key": "string",
                                          "operator": "string",
                                          "values": [
                                            "list",
                                            "string"
                                          ]
                                        }
                                      ]
                                    ],
                                    "matchLabels": [
                                      "map",
                                      "string"
                                    ]
                                  }
                                ]
                              ],
                              "toEntities": [
                                "list",
                                "string"
                              ],
                              "toFQDNs": [
                                "list",
                                [
                                  "object",
                                  {
                                    "matchName": "string",
                                    "matchPattern": "string"
                                  }
                                ]
                              ],
                              "toGroups": [
                                "list",
                                [
                                  "object",
                                  {
                                    "aws": [
                                      "object",
                                      {
                                        "labels": [
                                          "map",
                                          "string"
                                        ],
                                        "region": "string",
                                        "securityGroupsIds": [
                                          "list",
                                          "string"
                                        ],
                                        "securityGroupsNames": [
                                          "list",
                                          "string"
                                        ]
                                      }
                                    ]
                                  }
                                ]
                              ],
                              "toNodes": [
                                "list",
                                [
                                  "object",
                                  {
                                    "matchExpressions": [
                                      "list",
                                      [
                                        "object",
                                        {
                                          "key": "string",
                                          "operator": "string",
                                          "values": [
                                            "list",
                                            "string"
                                          ]
                                        }
                                      ]
                                    ],
                                    "matchLabels": [
                                      "map",
                                      "string"
                                    ]
                                  }
                                ]
                              ],
                              "toPorts": [
                                "list",
                                [
                                  "object",
                                  {
                                    "listener": [
                                      "object",
                                      {
                                        "envoyConfig": [
                                          "object",
                                          {
                                            "kind": "string",
                                            "name": "string"
                                          }
                                        ],
                                        "name": "string",
                                        "priority": "number"
                                      }
                                    ],
                                    "originatingTLS": [
                                      "object",
                                      {
                                        "certificate": "string",
                                        "privateKey": "string",
                                        "secret": [
                                          "object",
                                          {
                                            "name": "string",
                                            "namespace": "string"
                                          }
                                        ],
                                        "trustedCA": "string"
                                      }
                                    ],
                                    "ports": [
                                      "list",
                                      [
                                        "object",
                                        {
                                          "endPort": "number",
                                          "port": "string",
                                          "protocol": "string"
                                        }
                                      ]
                                    ],
                                    "rules": [
                                      "object",
                                      {
                                        "dns": [
                                          "list",
                                          [
                                            "object",
                                            {
                                              "matchName": "string",
                                              "matchPattern": "string"
                                            }
                                          ]
                                        ],
                                        "http": [
                                          "list",
                                          [
                                            "object",
                                            {
                                              "headerMatches": [
                                                "list",
                                                [
                                                  "object",
                                                  {
                                                    "mismatch": "string",
                                                    "name": "string",
                                                    "secret": [
                                                      "object",
                                                      {
                                                        "name": "string",
                                                        "namespace": "string"
                                                      }
                                                    ],
                                                    "value": "string"
                                                  }
                                                ]
                                              ],
                                              "headers": [
                                                "list",
                                                "string"
                                              ],
                                              "host": "string",
                                              "method": "string",
                                              "path": "string"
                                            }
                                          ]
                                        ]
                                      }
                                    ],
                                    "serverNames": [
                                      "list",
                                      "string"
                                    ],
                                    "terminatingTLS": [
                                      "object",
                                      {
                                        "certificate": "string",
                                        "privateKey": "string",
                                        "secret": [
                                          "object",
                                          {
                                            "name": "string",
                                            "namespace": "string"
                                          }
                                        ],
                                        "trustedCA": "string"
                                      }
                                    ]
                                  }
                                ]
                              ],
                              "toRequires": [
                                "list",
                                "string"
                              ],
                              "toServices": [
                                "list",
                                [
                                  "object",
                                  {
                                    "k8sService": [
                                      "object",
                                      {
                                        "namespace": "string",
                                        "serviceName": "string"
                                      }
                                    ],
                                    "k8sServiceSelector": [
                                      "object",
                                      {
                                        "namespace": "string",
                                        "selector": [
                                          "object",
                                          {
                                            "matchExpressions": [
                                              "list",
                                              [
                                                "object",
                                                {
                                                  "key": "string",
                                                  "operator": "string",
                                                  "values": [
                                                    "list",
                                                    "string"
                                                  ]
                                                }
                                              ]
                                            ],
                                            "matchLabels": [
                                              "map",
                                              "string"
                                            ]
                                          }
                                        ]
                                      }
                                    ]
                                  }
                                ]
                              ]
                            }
                          ]
                        ],
                        "egressDeny": [
                          "list",
                          [
                            "object",
                            {
                              "icmps": [
                                "list",
                                [
                                  "object",
                                  {
                                    "fields": [
                                      "list",
                                      [
                                        "object",
                                        {
                                          "family": "string",
                                          "type": "string"
                                        }
                                      ]
                                    ]
                                  }
                                ]
                              ],
                              "toCIDR": [
                                "list",
                                "string"
                              ],
                              "toCIDRSet": [
                                "list",
                                [
                                  "object",
                                  {
                                    "cidr": "string",
                                    "cidrGroupRef": "string",
                                    "cidrGroupSelector": [
                                      "object",
                                      {
                                        "matchExpressions": [
                                          "list",
                                          [
                                            "object",
                                            {
                                              "key": "string",
                                              "operator": "string",
                                              "values": [
                                                "list",
                                                "string"
                                              ]
                                            }
                                          ]
                                        ],
                                        "matchLabels": [
                                          "map",
                                          "string"
                                        ]
                                      }
                                    ],
                                    "except": [
                                      "list",
                                      "string"
                                    ]
                                  }
                                ]
                              ],
                              "toEndpoints": [
                                "list",
                                [
                                  "object",
                                  {
                                    "matchExpressions": [
                                      "list",
                                      [
                                        "object",
                                        {
                                          "key": "string",
                                          "operator": "string",
                                          "values": [
                                            "list",
                                            "string"
                                          ]
                                        }
                                      ]
                                    ],
                                    "matchLabels": [
                                      "map",
                                      "string"
                                    ]
                                  }
                                ]
                              ],
                              "toEntities": [
                                "list",
                                "string"
                              ],
                              "toGroups": [
                                "list",
                                [
                                  "object",
                                  {
                                    "aws": [
                                      "object",
                                      {
                                        "labels": [
                                          "map",
                                          "string"
                                        ],
                                        "region": "string",
                                        "securityGroupsIds": [
                                          "list",
                                          "string"
                                        ],
                                        "securityGroupsNames": [
                                          "list",
                                          "string"
                                        ]
                                      }
                                    ]
                                  }
                                ]
                              ],
                              "toNodes": [
                                "list",
                                [
                                  "object",
                                  {
                                    "matchExpressions": [
                                      "list",
                                      [
                                        "object",
                                        {
                                          "key": "string",
                                          "operator": "string",
                                          "values": [
                                            "list",
                                            "string"
                                          ]
                                        }
                                      ]
                                    ],
                                    "matchLabels": [
                                      "map",
                                      "string"
                                    ]
                                  }
                                ]
                              ],
                              "toPorts": [
                                "list",
                                [
                                  "object",
                                  {
                                    "ports": [
                                      "list",
                                      [
                                        "object",
                                        {
                                          "endPort": "number",
                                          "port": "string",
                                          "protocol": "string"
                                        }
                                      ]
                                    ]
                                  }
                                ]
                              ],
                              "toRequires": [
                                "list",
                                "string"
                              ],
                              "toServices": [
                                "list",
                                [
                                  "object",
                                  {
                                    "k8sService": [
                                      "object",
                                      {
                                        "namespace": "string",
                                        "serviceName": "string"
                                      }
                                    ],
                                    "k8sServiceSelector": [
                                      "object",
                                      {
                                        "namespace": "string",
                                        "selector": [
                                          "object",
                                          {
                                            "matchExpressions": [
                                              "list",
                                              [
                                                "object",
                                                {
                                                  "key": "string",
                                                  "operator": "string",
                                                  "values": [
                                                    "list",
                                                    "string"
                                                  ]
                                                }
                                              ]
                                            ],
                                            "matchLabels": [
                                              "map",
                                              "string"
                                            ]
                                          }
                                        ]
                                      }
                                    ]
                                  }
                                ]
                              ]
                            }
                          ]
                        ],
                        "enableDefaultDeny": [
                          "object",
                          {
                            "egress": "bool",
                            "ingress": "bool"
                          }
                        ],
                        "endpointSelector": [
                          "object",
                          {
                            "matchExpressions": [
                              "list",
                              [
                                "object",
                                {
                                  "key": "string",
                                  "operator": "string",
                                  "values": [
                                    "list",
                                    "string"
                                  ]
                                }
                              ]
                            ],
                            "matchLabels": [
                              "map",
                              "string"
                            ]
                          }
                        ],
                        "ingress": [
                          "list",
                          [
                            "object",
                            {
                              "authentication": [
                                "object",
                                {
                                  "mode": "string"
                                }
                              ],
                              "fromCIDR": [
                                "list",
                                "string"
                              ],
                              "fromCIDRSet": [
                                "list",
                                [
                                  "object",
                                  {
                                    "cidr": "string",
                                    "cidrGroupRef": "string",
                                    "cidrGroupSelector": [
                                      "object",
                                      {
                                        "matchExpressions": [
                                          "list",
                                          [
                                            "object",
                                            {
                                              "key": "string",
                                              "operator": "string",
                                              "values": [
                                                "list",
                                                "string"
                                              ]
                                            }
                                          ]
                                        ],
                                        "matchLabels": [
                                          "map",
                                          "string"
                                        ]
                                      }
                                    ],
                                    "except": [
                                      "list",
                                      "string"
                                    ]
                                  }
                                ]
                              ],
                              "fromEndpoints": [
                                "list",
                                [
                                  "object",
                                  {
                                    "matchExpressions": [
                                      "list",
                                      [
                                        "object",
                                        {
                                          "key": "string",
                                          "operator": "string",
                                          "values": [
                                            "list",
                                            "string"
                                          ]
                                        }
                                      ]
                                    ],
                                    "matchLabels": [
                                      "map",
                                      "string"
                                    ]
                                  }
                                ]
                              ],
                              "fromEntities": [
                                "list",
                                "string"
                              ],
                              "fromGroups": [
                                "list",
                                [
                                  "object",
                                  {
                                    "aws": [
                                      "object",
                                      {
                                        "labels": [
                                          "map",
                                          "string"
                                        ],
                                        "region": "string",
                                        "securityGroupsIds": [
                                          "list",
                                          "string"
                                        ],
                                        "securityGroupsNames": [
                                          "list",
                                          "string"
                                        ]
                                      }
                                    ]
                                  }
                                ]
                              ],
                              "fromNodes": [
                                "list",
                                [
                                  "object",
                                  {
                                    "matchExpressions": [
                                      "list",
                                      [
                                        "object",
                                        {
                                          "key": "string",
                                          "operator": "string",
                                          "values": [
                                            "list",
                                            "string"
                                          ]
                                        }
                                      ]
                                    ],
                                    "matchLabels": [
                                      "map",
                                      "string"
                                    ]
                                  }
                                ]
                              ],
                              "fromRequires": [
                                "list",
                                "string"
                              ],
                              "icmps": [
                                "list",
                                [
                                  "object",
                                  {
                                    "fields": [
                                      "list",
                                      [
                                        "object",
                                        {
                                          "family": "string",
                                          "type": "string"
                                        }
                                      ]
                                    ]
                                  }
                                ]
                              ],
                              "toPorts": [
                                "list",
                                [
                                  "object",
                                  {
                                    "listener": [
                                      "object",
                                      {
                                        "envoyConfig": [
                                          "object",
                                          {
                                            "kind": "string",
                                            "name": "string"
                                          }
                                        ],
                                        "name": "string",
                                        "priority": "number"
                                      }
                                    ],
                                    "originatingTLS": [
                                      "object",
                                      {
                                        "certificate": "string",
                                        "privateKey": "string",
                                        "secret": [
                                          "object",
                                          {
                                            "name": "string",
                                            "namespace": "string"
                                          }
                                        ],
                                        "trustedCA": "string"
                                      }
                                    ],
                                    "ports": [
                                      "list",
                                      [
                                        "object",
                                        {
                                          "endPort": "number",
                                          "port": "string",
                                          "protocol": "string"
                                        }
                                      ]
                                    ],
                                    "rules": [
                                      "object",
                                      {
                                        "dns": [
                                          "list",
                                          [
                                            "object",
                                            {
                                              "matchName": "string",
                                              "matchPattern": "string"
                                            }
                                          ]
                                        ],
                                        "http": [
                                          "list",
                                          [
                                            "object",
                                            {
                                              "headerMatches": [
                                                "list",
                                                [
                                                  "object",
                                                  {
                                                    "mismatch": "string",
                                                    "name": "string",
                                                    "secret": [
                                                      "object",
                                                      {
                                                        "name": "string",
                                                        "namespace": "string"
                                                      }
                                                    ],
                                                    "value": "string"
                                                  }
                                                ]
                                              ],
                                              "headers": [
                                                "list",
                                                "string"
                                              ],
                                              "host": "string",
                                              "method": "string",
                                              "path": "string"
                                            }
                                          ]
                                        ]
                                      }
                                    ],
                                    "serverNames": [
                                      "list",
                                      "string"
                                    ],
                                    "terminatingTLS": [
                                      "object",
                                      {
                                        "certificate": "string",
                                        "privateKey": "string",
                                        "secret": [
                                          "object",
                                          {
                                            "name": "string",
                                            "namespace": "string"
                                          }
                                        ],
                                        "trustedCA": "string"
                                      }
                                    ]
                                  }
                                ]
                              ]
                            }
                          ]
                        ],
                        "ingressDeny": [
                          "list",
                          [
                            "object",
                            {
                              "fromCIDR": [
                                "list",
                                "string"
                              ],
                              "fromCIDRSet": [
                                "list",
                                [
                                  "object",
                                  {
                                    "cidr": "string",
                                    "cidrGroupRef": "string",
                                    "cidrGroupSelector": [
                                      "object",
                                      {
                                        "matchExpressions": [
                                          "list",
                                          [
                                            "object",
                                            {
                                              "key": "string",
                                              "operator": "string",
                                              "values": [
                                                "list",
                                                "string"
                                              ]
                                            }
                                          ]
                                        ],
                                        "matchLabels": [
                                          "map",
                                          "string"
                                        ]
                                      }
                                    ],
                                    "except": [
                                      "list",
                                      "string"
                                    ]
                                  }
                                ]
                              ],
                              "fromEndpoints": [
                                "list",
                                [
                                  "object",
                                  {
                                    "matchExpressions": [
                                      "list",
                                      [
                                        "object",
                                        {
                                          "key": "string",
                                          "operator": "string",
                                          "values": [
                                            "list",
                                            "string"
                                          ]
                                        }
                                      ]
                                    ],
                                    "matchLabels": [
                                      "map",
                                      "string"
                                    ]
                                  }
                                ]
                              ],
                              "fromEntities": [
                                "list",
                                "string"
                              ],
                              "fromGroups": [
                                "list",
                                [
                                  "object",
                                  {
                                    "aws": [
                                      "object",
                                      {
                                        "labels": [
                                          "map",
                                          "string"
                                        ],
                                        "region": "string",
                                        "securityGroupsIds": [
                                          "list",
                                          "string"
                                        ],
                                        "securityGroupsNames": [
                                          "list",
                                          "string"
                                        ]
                                      }
                                    ]
                                  }
                                ]
                              ],
                              "fromNodes": [
                                "list",
                                [
                                  "object",
                                  {
                                    "matchExpressions": [
                                      "list",
                                      [
                                        "object",
                                        {
                                          "key": "string",
                                          "operator": "string",
                                          "values": [
                                            "list",
                                            "string"
                                          ]
                                        }
                                      ]
                                    ],
                                    "matchLabels": [
                                      "map",
                                      "string"
                                    ]
                                  }
                                ]
                              ],
                              "fromRequires": [
                                "list",
                                "string"
                              ],
                              "icmps": [
                                "list",
                                [
                                  "object",
                                  {
                                    "fields": [
                                      "list",
                                      [
                                        "object",
                                        {
                                          "family": "string",
                                          "type": "string"
                                        }
                                      ]
                                    ]
                                  }
                                ]
                              ],
                              "toPorts": [
                                "list",
                                [
                                  "object",
                                  {
                                    "ports": [
                                      "list",
                                      [
                                        "object",
                                        {
                                          "endPort": "number",
                                          "port": "string",
                                          "protocol": "string"
                                        }
                                      ]
                                    ]
                                  }
                                ]
                              ]
                            }
                          ]
                        ],
                        "labels": [
                          "list",
                          [
                            "object",
                            {
                              "key": "string",
                              "source": "string",
                              "value": "string"
                            }
                          ]
                        ],
                        "log": [
                          "object",
                          {
                            "value": "string"
                          }
                        ],
                        "nodeSelector": [
                          "object",
                          {
                            "matchExpressions": [
                              "list",
                              [
                                "object",
                                {
                                  "key": "string",
                                  "operator": "string",
                                  "values": [
                                    "list",
                                    "string"
                                  ]
                                }
                              ]
                            ],
                            "matchLabels": [
                              "map",
                              "string"
                            ]
                          }
                        ]
                      }
                    ]
                  ]
                }
              ]
            },
            "timeouts": [],
            "wait": [],
            "wait_for": null
          },
          "sensitive_attributes": [],
          "identity_schema_version": 1,
          "identity": {
            "api_version": "cilium.io/v2",
            "kind": "CiliumNetworkPolicy",
            "name": "default-deny-cross-tenant",
            "namespace": "tenant-b"
          },
          "dependencies": [
            "data.aws_eks_cluster_auth.this",
            "module.cilium.helm_release.cilium",
            "module.eks_cluster.aws_eks_cluster.this",
            "module.eks_cluster.aws_iam_role.cluster",
            "module.eks_cluster.aws_iam_role_policy_attachment.cluster_policy",
            "module.namespaces.kubernetes_namespace_v1.this",
            "module.node_group.aws_eks_node_group.this",
            "module.node_group.aws_iam_role.node",
            "module.node_group.aws_iam_role_policy_attachment.cni",
            "module.node_group.aws_iam_role_policy_attachment.ecr_read",
            "module.node_group.aws_iam_role_policy_attachment.worker_node",
            "module.vpc.aws_subnet.this",
            "module.vpc.aws_vpc.this"
          ]
        }
      ]
    },
    {
      "module": "module.ecr",
      "mode": "managed",
      "type": "aws_ecr_repository",
      "name": "this",
      "provider": "provider[\"registry.terraform.io/hashicorp/aws\"]",
      "instances": [
        {
          "schema_version": 0,
          "attributes": {
            "arn": "arn:aws:ecr:us-east-1:789288816621:repository/ztap-app",
            "encryption_configuration": [
              {
                "encryption_type": "AES256",
                "kms_key": ""
              }
            ],
            "force_delete": true,
            "id": "ztap-app",
            "image_scanning_configuration": [
              {
                "scan_on_push": false
              }
            ],
            "image_tag_mutability": "MUTABLE",
            "image_tag_mutability_exclusion_filter": [],
            "name": "ztap-app",
            "region": "us-east-1",
            "registry_id": "789288816621",
            "repository_url": "789288816621.dkr.ecr.us-east-1.amazonaws.com/ztap-app",
            "tags": {},
            "tags_all": {},
            "timeouts": null
          },
          "sensitive_attributes": [],
          "identity_schema_version": 0,
          "identity": {
            "account_id": "789288816621",
            "name": "ztap-app",
            "region": "us-east-1"
          },
          "private": "eyJlMmJmYjczMC1lY2FhLTExZTYtOGY4OC0zNDM2M2JjN2M0YzAiOnsiZGVsZXRlIjoxMjAwMDAwMDAwMDAwfX0="
        }
      ]
    },
    {
      "module": "module.eks_cluster",
      "mode": "data",
      "type": "tls_certificate",
      "name": "oidc",
      "provider": "provider[\"registry.terraform.io/hashicorp/tls\"]",
      "instances": [
        {
          "schema_version": 0,
          "attributes": {
            "certificates": [
              {
                "cert_pem": "-----BEGIN CERTIFICATE-----\nMIIEkjCCA3qgAwIBAgITBn+USionzfP6wq4rAfkI7rnExjANBgkqhkiG9w0BAQsF\nADCBmDELMAkGA1UEBhMCVVMxEDAOBgNVBAgTB0FyaXpvbmExEzARBgNVBAcTClNj\nb3R0c2RhbGUxJTAjBgNVBAoTHFN0YXJmaWVsZCBUZWNobm9sb2dpZXMsIEluYy4x\nOzA5BgNVBAMTMlN0YXJmaWVsZCBTZXJ2aWNlcyBSb290IENlcnRpZmljYXRlIEF1\ndGhvcml0eSAtIEcyMB4XDTE1MDUyNTEyMDAwMFoXDTM3MTIzMTAxMDAwMFowOTEL\nMAkGA1UEBhMCVVMxDzANBgNVBAoTBkFtYXpvbjEZMBcGA1UEAxMQQW1hem9uIFJv\nb3QgQ0EgMTCCASIwDQYJKoZIhvcNAQEBBQADggEPADCCAQoCggEBALJ4gHHKeNXj\nca9HgFB0fW7Y14h29Jlo91ghYPl0hAEvrAIthtOgQ3pOsqTQNroBvo3bSMgHFzZM\n9O6II8c+6zf1tRn4SWiw3te5djgdYZ6k/oI2peVKVuRF4fn9tBb6dNqcmzU5L/qw\nIFAGbHrQgLKm+a/sRxmPUDgH3KKHOVj4utWp+UhnMJbulHheb4mjUcAwhmahRWa6\nVOujw5H5SNz/0egwLX0tdHA114gk957EWW67c4cX8jJGKLhD+rcdqsq08p8kDi1L\n93FcXmn/6pUCyziKrlA4b9v7LWIbxcceVOF34GfID5yHI9Y/QCB/IIDEgEw+OyQm\njgSubJrIqg0CAwEAAaOCATEwggEtMA8GA1UdEwEB/wQFMAMBAf8wDgYDVR0PAQH/\nBAQDAgGGMB0GA1UdDgQWBBSEGMyFNOy8DJSULghZnMeyEE4KCDAfBgNVHSMEGDAW\ngBScXwDfqgHXMCs4iKK4bUqc8hGRgzB4BggrBgEFBQcBAQRsMGowLgYIKwYBBQUH\nMAGGImh0dHA6Ly9vY3NwLnJvb3RnMi5hbWF6b250cnVzdC5jb20wOAYIKwYBBQUH\nMAKGLGh0dHA6Ly9jcnQucm9vdGcyLmFtYXpvbnRydXN0LmNvbS9yb290ZzIuY2Vy\nMD0GA1UdHwQ2MDQwMqAwoC6GLGh0dHA6Ly9jcmwucm9vdGcyLmFtYXpvbnRydXN0\nLmNvbS9yb290ZzIuY3JsMBEGA1UdIAQKMAgwBgYEVR0gADANBgkqhkiG9w0BAQsF\nAAOCAQEAYjdCXLwQtT6LLOkMm2xF4gcAevnFWAu5CIw+7bMlPLVvUOTNNWqnkzSW\nMiGpSESrnO09tKpzbeR/FoCJbM8oAxiDR3mjEH4wW6w7sGDgd9QIpuEdfF7Au/ma\neyKdpwAJfqxGF4PcnCZXmTA5YpaP7dreqsXMGz7KQ2hsVxa81Q4gLv7/wmpdLqBK\nbRRYh5TmOTFffHPLkIhqhBGWJ6bt2YFGpn6jcgAKUj6DiAdjd4lpFw85hdKrCEVN\n0FE6/V1dN2RMfjCyVSRCnTawXZwXgWHxyvkQAiSr6w10kY17RSlQOYiypok1JR4U\nakcjMS9cmvqtmg5iUaQqqcT5NJ0hGA==\n-----END CERTIFICATE-----\n",
                "is_ca": true,
                "issuer": "CN=Starfield Services Root Certificate Authority - G2,O=Starfield Technologies\\, Inc.,L=Scottsdale,ST=Arizona,C=US",
                "max_path_length": -1,
                "not_after": "2037-12-31T01:00:00Z",
                "not_before": "2015-05-25T12:00:00Z",
                "public_key_algorithm": "RSA",
                "serial_number": "144918191876577076464031512351042010504348870",
                "sha1_fingerprint": "06b25927c42a721631c1efd9431e648fa62e1e39",
                "signature_algorithm": "SHA256-RSA",
                "subject": "CN=Amazon Root CA 1,O=Amazon,C=US",
                "version": 3
              },
              {
                "cert_pem": "-----BEGIN CERTIFICATE-----\nMIIEXjCCA0agAwIBAgITB3MSOAudZoijOx7Zv5zNpo4ODzANBgkqhkiG9w0BAQsF\nADA5MQswCQYDVQQGEwJVUzEPMA0GA1UEChMGQW1hem9uMRkwFwYDVQQDExBBbWF6\nb24gUm9vdCBDQSAxMB4XDTIyMDgyMzIyMjEyOFoXDTMwMDgyMzIyMjEyOFowPDEL\nMAkGA1UEBhMCVVMxDzANBgNVBAoTBkFtYXpvbjEcMBoGA1UEAxMTQW1hem9uIFJT\nQSAyMDQ4IE0wMTCCASIwDQYJKoZIhvcNAQEBBQADggEPADCCAQoCggEBAOtxLKnL\nH4gokjIwr4pXD3i3NyWVVYesZ1yX0yLI2qIUZ2t88Gfa4gMqs1YSXca1R/lnCKeT\nepWSGA+0+fkQNpp/L4C2T7oTTsddUx7g3ZYzByDTlrwS5HRQQqEFE3O1T5tEJP4t\nf+28IoXsNiEzl3UGzicYgtzj2cWCB41eJgEmJmcf2T8TzzK6a614ZPyq/w4CPAff\nnAV4coz96nW3AyiE2uhuB4zQUIXvgVSycW7sbWLvj5TDXunEpNCRwC4kkZjK7rol\njtT2cbb7W2s4Bkg3R42G3PLqBvt2N32e/0JOTViCk8/iccJ4sXqrS1uUN4iB5Nmv\nJK74csVl+0u0UecCAwEAAaOCAVowggFWMBIGA1UdEwEB/wQIMAYBAf8CAQAwDgYD\nVR0PAQH/BAQDAgGGMB0GA1UdJQQWMBQGCCsGAQUFBwMBBggrBgEFBQcDAjAdBgNV\nHQ4EFgQUgbgOY4qJEhjl+js7UJWf5uWQE4UwHwYDVR0jBBgwFoAUhBjMhTTsvAyU\nlC4IWZzHshBOCggwewYIKwYBBQUHAQEEbzBtMC8GCCsGAQUFBzABhiNodHRwOi8v\nb2NzcC5yb290Y2ExLmFtYXpvbnRydXN0LmNvbTA6BggrBgEFBQcwAoYuaHR0cDov\nL2NydC5yb290Y2ExLmFtYXpvbnRydXN0LmNvbS9yb290Y2ExLmNlcjA/BgNVHR8E\nODA2MDSgMqAwhi5odHRwOi8vY3JsLnJvb3RjYTEuYW1hem9udHJ1c3QuY29tL3Jv\nb3RjYTEuY3JsMBMGA1UdIAQMMAowCAYGZ4EMAQIBMA0GCSqGSIb3DQEBCwUAA4IB\nAQCtAN4CBSMuBjJitGuxlBbkEUDeK/pZwTXv4KqPK0G50fOHOQAd8j21p0cMBgbG\nkfMHVwLU7b0XwZCav0h1ogdPMN1KakK1DT0VwA/+hFvGPJnMV1Kx2G4S1ZaSk0uU\n5QfoiYIIano01J5k4T2HapKQmmOhS/iPtuo00wW+IMLeBuKMn3OLn005hcrOGTad\nhcmeyfhQP7Z+iKHvyoQGi1C0ClymHETx/chhQGDyYSWqB/THwnN15AwLQo0E5V9E\nSJlbe4mBlqeInUsNYugExNf+tOiybcrswBy8OFsd34XOW3rjSUtsuafd9AWySa3h\nxRRrwszrzX/WWGm6wyB+f7C4\n-----END CERTIFICATE-----\n",
                "is_ca": true,
                "issuer": "CN=Amazon Root CA 1,O=Amazon,C=US",
                "max_path_length": 0,
                "not_after": "2030-08-23T22:21:28Z",
                "not_before": "2022-08-23T22:21:28Z",
                "public_key_algorithm": "RSA",
                "serial_number": "166129328851546858514271303855646110030630415",
                "sha1_fingerprint": "2ad974a775f73cbdbbd8f5ac3a49255fa8fb1f8c",
                "signature_algorithm": "SHA256-RSA",
                "subject": "CN=Amazon RSA 2048 M01,O=Amazon,C=US",
                "version": 3
              },
              {
                "cert_pem": "-----BEGIN CERTIFICATE-----\nMIIF3DCCBMSgAwIBAgIQDWSUrLO5Y9qkm2y4CpQ/CTANBgkqhkiG9w0BAQsFADA8\nMQswCQYDVQQGEwJVUzEPMA0GA1UEChMGQW1hem9uMRwwGgYDVQQDExNBbWF6b24g\nUlNBIDIwNDggTTAxMB4XDTI2MDEyNzAwMDAwMFoXDTI3MDIyNTIzNTk1OVowKDEm\nMCQGA1UEAwwdKi5la3MudXMtZWFzdC0xLmFtYXpvbmF3cy5jb20wggEiMA0GCSqG\nSIb3DQEBAQUAA4IBDwAwggEKAoIBAQDjfWC3ScmP3Yt3ENQgpvZzbXg3ZqdR+F5k\n/SIXqF2RRdrDIu3B0CivVPkNbZxS4dUjum7WHRV3+cjhne679pLBzKp/aCqycyVr\nqiGvPsCOywSNgCQ7KGZ7fR9L0o4eQ5vsotNTjF1HDkoVGdjDt8qjFedVngnnLZ2f\n9E/tACJHoCXLbg1BLI/0xXQKZqLiLGUgcLhnZjYn6AW8QgXgGyJMwHo6n13wf8uY\n3RAaOWMsTglOfMrPMKclQBwh4OaWzHD3SLXnjAvdtuErZGWSz01pRY89FfxZWtSf\nxGG+ERvHMAoM2lIbV74Bs0B+qVVAxP658rpMbPevtRrlj+fYkFzvAgMBAAGjggLs\nMIIC6DAfBgNVHSMEGDAWgBSBuA5jiokSGOX6OztQlZ/m5ZAThTAdBgNVHQ4EFgQU\npzXKZp4CIP0/n8bNGf3YAZVaFtIwKAYDVR0RBCEwH4IdKi5la3MudXMtZWFzdC0x\nLmFtYXpvbmF3cy5jb20wEwYDVR0gBAwwCjAIBgZngQwBAgEwDgYDVR0PAQH/BAQD\nAgWgMBMGA1UdJQQMMAoGCCsGAQUFBwMBMDsGA1UdHwQ0MDIwMKAuoCyGKmh0dHA6\nLy9jcmwucjJtMDEuYW1hem9udHJ1c3QuY29tL3IybTAxLmNybDB1BggrBgEFBQcB\nAQRpMGcwLQYIKwYBBQUHMAGGIWh0dHA6Ly9vY3NwLnIybTAxLmFtYXpvbnRydXN0\nLmNvbTA2BggrBgEFBQcwAoYqaHR0cDovL2NydC5yMm0wMS5hbWF6b250cnVzdC5j\nb20vcjJtMDEuY2VyMAwGA1UdEwEB/wQCMAAwggF+BgorBgEEAdZ5AgQCBIIBbgSC\nAWoBaAB1AExj3JjlnB2riPYeij3ero+rRKM3e1+blMP7oZz8wb4mAAABm/3p2vcA\nAAQDAEYwRAIgOCwhiOx8FXqVNu1L+Mv2q8pJCKzIqLFwCE6VAugMkb0CIBu7W9o8\nRWfC1A9XjVWFxJ0uIquBPcEycQMNc8pRKAJFAHcAHJ9oLOn68EVpUPgbloqH3dsy\nENhM5siy44JSSsTPWZ8AAAGb/ena3wAABAMASDBGAiEAjAu69L5N17FqPfmXSt1v\ngM+df4yz50M/fb2LDfmx+xECIQC3B3aoHVNsjqYMmqwQgR4ViKIREwNzCYKBm+W0\nGnlwnwB2AGBMmq96f3dfAdQG/JINyJnrCxx9+MlSG/r6F3c7l4vJAAABm/3p28gA\nAAQDAEcwRQIgMiBVCk6C4EylG885QJIv8X2wpplMtdWJxyt3JVQ56NUCIQC6uZDM\nw0VrwTXkW4eLg73D5Z89Z8tadQwizoXyjBAaYjANBgkqhkiG9w0BAQsFAAOCAQEA\nHMEZInJfTjgc0JTF+C7ZR/8rk1c511SMI9RcmNjnrkoP3pBPQTSEU92bGaCYvOYO\nRMB1bAOk/Ql9kDBSRDcKiOz8wPWZBgyJZRMSVyO5WbLM//8jsP83vmvFNbSo7Tuk\n5R6KAtzOMOymwITZeM6k4saoyB847rmlPDIkD/RRM0Col+Ik8+V3HSdHsnrA/3Ep\n1ICdUJvE0M9oEnbO2DWrCz6yOuz0AcfcmMGTBLqlsFdoJpcXj7c1QcCJaK1B7qaQ\nuQXdywqElVO6BrBxHQROLxjLHXMNblOzvrXYWGkhiQ+0cYYCMBtbhpphhebxnUBV\nuCxvp9/yY1GmsG6lwzLYEw==\n-----END CERTIFICATE-----\n",
                "is_ca": false,
                "issuer": "CN=Amazon RSA 2048 M01,O=Amazon,C=US",
                "max_path_length": -1,
                "not_after": "2027-02-25T23:59:59Z",
                "not_before": "2026-01-27T00:00:00Z",
                "public_key_algorithm": "RSA",
                "serial_number": "17802209110544621593474031143248740105",
                "sha1_fingerprint": "37647fee5fc063960139521aa2400c75db27825b",
                "signature_algorithm": "SHA256-RSA",
                "subject": "CN=*.eks.us-east-1.amazonaws.com",
                "version": 3
              }
            ],
            "content": null,
            "id": "b1b539daa206035ae3c3e28288b0681fa1b462f3",
            "url": "https://oidc.eks.us-east-1.amazonaws.com/id/2C35D6C58512E15B0F2910E4A16FF4C0",
            "verify_chain": true
          },
          "sensitive_attributes": [],
          "identity_schema_version": 0
        }
      ]
    },
    {
      "module": "module.eks_cluster",
      "mode": "managed",
      "type": "aws_eks_cluster",
      "name": "this",
      "provider": "provider[\"registry.terraform.io/hashicorp/aws\"]",
      "instances": [
        {
          "schema_version": 1,
          "attributes": {
            "access_config": [
              {
                "authentication_mode": "CONFIG_MAP",
                "bootstrap_cluster_creator_admin_permissions": true
              }
            ],
            "arn": "arn:aws:eks:us-east-1:789288816621:cluster/ztap-bridge",
            "bootstrap_self_managed_addons": true,
            "certificate_authority": [
              {
                "data": "LS0tLS1CRUdJTiBDRVJUSUZJQ0FURS0tLS0tCk1JSURNakNDQWhxZ0F3SUJBZ0lSQVBieHRlSlorTUwyc1BwQVZTNlhhYk13RFFZSktvWklodmNOQVFFTEJRQXcKSnpFUU1BNEdBMVVFQ2hNSFFWZFRJRVZMVXpFVE1CRUdBMVVFQXhNS2EzVmlaWEp1WlhSbGN6QWVGdzB5TmpBNQpNVFV5TVRNNU5UaGFGdzB6TVRBNU1UUXlNVE01TlRoYU1DY3hFREFPQmdOVkJBb1RCMEZYVXlCRlMxTXhFekFSCkJnTlZCQU1UQ210MVltVnlibVYwWlhNd2dnRWlNQTBHQ1NxR1NJYjNEUUVCQVFVQUE0SUJEd0F3Z2dFS0FvSUIKQVFEVHpNaWFBT3pBR1B2M2V4YVZWTzU1Q01aMVljbEFXTnVwWUFSQTlKZzJKVGJabGIwQWFsWlprc3lJVUxiTgp6czV6QUdia29jRXhka3NaeHhUbU5RMFpCa1pWVDV6SHBzbVVPSSs4clptZ0V5VDhBQlBYQUtxTmJVcC8zZVp4Ckd1dDJQdFpVcG1ZeGRYUEZRSC9OSlU4VFFzTjI2N3o0WHczbGJDNjBaakZlM2Fadk96ZnlBNEZ0N3RrYmFSKzQKaTVtR1Y3Tllqb1M2dE03WWJpY0pRaGRSM04yaVRIUHMrUGFSMjNUZ3RkZ1ZxWXMvT25Zby96R01aZjVMbUZRdApybkFEcWVaL0JjOG1TWEJxSnpQVy9LMEticTJvMDZocnFTZURIOUtkeTlVbnBtZWU1RTh2R3VMZ0VNelpUVFdTCjdqQ1ppZkZVVVlPbGNLVjZoYldRdnJQdkFnTUJBQUdqV1RCWE1BNEdBMVVkRHdFQi93UUVBd0lDcERBUEJnTlYKSFJNQkFmOEVCVEFEQVFIL01CMEdBMVVkRGdRV0JCVDZyWlBIZk9qRDh2L05RMXdualJKdWdqK2pvekFWQmdOVgpIUkVFRGpBTWdncHJkV0psY201bGRHVnpNQTBHQ1NxR1NJYjNEUUVCQ3dVQUE0SUJBUUNzUlRjTitqTkJpeDk5CjNNbi9rdXltZ25XaWdhSEllMlRLZk1jUXZvQ1N1NzYvWTJlcWdWMUNjL2dRMVJlVzhCOEdocTExd2p3RmFHSE4KaEhNWHBQcXY5QU9YWURRZ3RLcDY1dkxadUtsZjNuUEVzQTk3TmZWQXljbXRkYTIzMXo3WkY3WHoxTXhlajZOZgppNmQ3S2ZESDB3REJWdmNwSGtPZy95Nlpsd2FxWWIrVzNnOFgzbm4xbEJMSnJsWnpBRDNiTEJPMHB0ZCt4MXBiCnVUbXQvSzE5THBsVHZxenMveHowRDFSZVIwbVpTejYzYUxkMmY1b0F5SU9VcE5ENWNib29kdks1L2pFN2hLR3MKdWk4NE52NVcrV3FNaS9LY3lyUmJBbVBWUUdEcDQyNTlPSVhZVll0Qkp3TEFNUVBPekI3QTRONXVWZlErSXU5dgpBMm93YzJLRgotLS0tLUVORCBDRVJUSUZJQ0FURS0tLS0tCg=="
              }
            ],
            "cluster_id": null,
            "compute_config": [
              {
                "enabled": false,
                "node_pools": [],
                "node_role_arn": ""
              }
            ],
            "control_plane_scaling_config": [
              {
                "tier": "standard"
              }
            ],
            "created_at": "2026-09-15T21:39:42Z",
            "deletion_protection": false,
            "enabled_cluster_log_types": [],
            "encryption_config": [],
            "endpoint": "https://2C35D6C58512E15B0F2910E4A16FF4C0.yl4.us-east-1.eks.amazonaws.com",
            "force_update_version": null,
            "id": "ztap-bridge",
            "identity": [
              {
                "oidc": [
                  {
                    "issuer": "https://oidc.eks.us-east-1.amazonaws.com/id/2C35D6C58512E15B0F2910E4A16FF4C0"
                  }
                ]
              }
            ],
            "kube_api_server_config": [
              {
                "event_ttl": "60m",
                "service_node_port_range": [
                  {
                    "max_port": 32767,
                    "min_port": 30000
                  }
                ]
              }
            ],
            "kube_controller_manager_config": [
              {
                "horizontal_pod_autoscaler_controller_config": [
                  {
                    "horizontal_pod_autoscaler_sync_period": "15s"
                  }
                ],
                "pod_gc_controller_config": [
                  {
                    "terminated_pod_gc_threshold": 12500
                  }
                ]
              }
            ],
            "kube_scheduler_config": [
              {
                "node_resources_fit": [
                  {
                    "scoring_strategy": [
                      {
                        "resource": [
                          {
                            "name": "cpu",
                            "weight": 1
                          },
                          {
                            "name": "memory",
                            "weight": 1
                          }
                        ],
                        "type": "LeastAllocated"
                      }
                    ]
                  }
                ]
              }
            ],
            "kubernetes_network_config": [
              {
                "elastic_load_balancing": [
                  {
                    "enabled": false
                  }
                ],
                "ip_family": "ipv4",
                "service_ipv4_cidr": "172.20.0.0/16",
                "service_ipv6_cidr": ""
              }
            ],
            "name": "ztap-bridge",
            "outpost_config": [],
            "platform_version": "eks.70",
            "region": "us-east-1",
            "remote_network_config": [],
            "role_arn": "arn:aws:iam::789288816621:role/ztap-bridge-cluster-role",
            "status": "ACTIVE",
            "storage_config": [
              {
                "block_storage": [
                  {
                    "enabled": false
                  }
                ]
              }
            ],
            "tags": {},
            "tags_all": {},
            "timeouts": null,
            "upgrade_policy": [
              {
                "support_type": "EXTENDED"
              }
            ],
            "version": "1.31",
            "vpc_config": [
              {
                "cluster_security_group_id": "sg-09e5606702b6a9120",
                "control_plane_egress_mode": "AWS_MANAGED",
                "endpoint_private_access": false,
                "endpoint_public_access": true,
                "public_access_cidrs": [
                  "0.0.0.0/0"
                ],
                "security_group_ids": [],
                "subnet_ids": [
                  "subnet-0372bcb3974a249e0",
                  "subnet-0760a1ccfccfbd12e"
                ],
                "vpc_id": "vpc-058b10507160622b9"
              }
            ],
            "zonal_shift_config": []
          },
          "sensitive_attributes": [],
          "identity_schema_version": 0,
          "identity": {
            "account_id": "789288816621",
            "name": "ztap-bridge",
            "region": "us-east-1"
          },
          "private": "eyJlMmJmYjczMC1lY2FhLTExZTYtOGY4OC0zNDM2M2JjN2M0YzAiOnsiY3JlYXRlIjoxODAwMDAwMDAwMDAwLCJkZWxldGUiOjkwMDAwMDAwMDAwMCwidXBkYXRlIjozNjAwMDAwMDAwMDAwfSwic2NoZW1hX3ZlcnNpb24iOiIxIn0=",
          "dependencies": [
            "module.eks_cluster.aws_iam_role.cluster",
            "module.eks_cluster.aws_iam_role_policy_attachment.cluster_policy",
            "module.vpc.aws_subnet.this",
            "module.vpc.aws_vpc.this"
          ]
        }
      ]
    },
    {
      "module": "module.eks_cluster",
      "mode": "managed",
      "type": "aws_iam_openid_connect_provider",
      "name": "this",
      "provider": "provider[\"registry.terraform.io/hashicorp/aws\"]",
      "instances": [
        {
          "schema_version": 0,
          "attributes": {
            "arn": "arn:aws:iam::789288816621:oidc-provider/oidc.eks.us-east-1.amazonaws.com/id/2C35D6C58512E15B0F2910E4A16FF4C0",
            "client_id_list": [
              "sts.amazonaws.com"
            ],
            "id": "arn:aws:iam::789288816621:oidc-provider/oidc.eks.us-east-1.amazonaws.com/id/2C35D6C58512E15B0F2910E4A16FF4C0",
            "tags": {},
            "tags_all": {},
            "thumbprint_list": [
              "06b25927c42a721631c1efd9431e648fa62e1e39"
            ],
            "url": "oidc.eks.us-east-1.amazonaws.com/id/2C35D6C58512E15B0F2910E4A16FF4C0"
          },
          "sensitive_attributes": [],
          "identity_schema_version": 0,
          "identity": {
            "arn": "arn:aws:iam::789288816621:oidc-provider/oidc.eks.us-east-1.amazonaws.com/id/2C35D6C58512E15B0F2910E4A16FF4C0"
          },
          "private": "bnVsbA==",
          "dependencies": [
            "module.eks_cluster.aws_eks_cluster.this",
            "module.eks_cluster.aws_iam_role.cluster",
            "module.eks_cluster.aws_iam_role_policy_attachment.cluster_policy",
            "module.eks_cluster.data.tls_certificate.oidc",
            "module.vpc.aws_subnet.this",
            "module.vpc.aws_vpc.this"
          ]
        }
      ]
    },
    {
      "module": "module.eks_cluster",
      "mode": "managed",
      "type": "aws_iam_role",
      "name": "cluster",
      "provider": "provider[\"registry.terraform.io/hashicorp/aws\"]",
      "instances": [
        {
          "schema_version": 0,
          "attributes": {
            "arn": "arn:aws:iam::789288816621:role/ztap-bridge-cluster-role",
            "assume_role_policy": "{\"Statement\":[{\"Action\":\"sts:AssumeRole\",\"Effect\":\"Allow\",\"Principal\":{\"Service\":\"eks.amazonaws.com\"}}],\"Version\":\"2012-10-17\"}",
            "create_date": "2026-09-15T21:07:40Z",
            "description": "",
            "force_detach_policies": false,
            "id": "ztap-bridge-cluster-role",
            "inline_policy": [],
            "managed_policy_arns": [
              "arn:aws:iam::aws:policy/AmazonEKSClusterPolicy"
            ],
            "max_session_duration": 3600,
            "name": "ztap-bridge-cluster-role",
            "name_prefix": "",
            "path": "/",
            "permissions_boundary": "",
            "tags": {},
            "tags_all": {},
            "unique_id": "AROA3PRKHR7WTV5KMHJJ6"
          },
          "sensitive_attributes": [],
          "identity_schema_version": 0,
          "identity": {
            "account_id": "789288816621",
            "name": "ztap-bridge-cluster-role"
          },
          "private": "bnVsbA=="
        }
      ]
    },
    {
      "module": "module.eks_cluster",
      "mode": "managed",
      "type": "aws_iam_role_policy_attachment",
      "name": "cluster_policy",
      "provider": "provider[\"registry.terraform.io/hashicorp/aws\"]",
      "instances": [
        {
          "schema_version": 0,
          "attributes": {
            "id": "ztap-bridge-cluster-role/arn:aws:iam::aws:policy/AmazonEKSClusterPolicy",
            "policy_arn": "arn:aws:iam::aws:policy/AmazonEKSClusterPolicy",
            "role": "ztap-bridge-cluster-role"
          },
          "sensitive_attributes": [],
          "identity_schema_version": 0,
          "identity": {
            "account_id": "789288816621",
            "policy_arn": "arn:aws:iam::aws:policy/AmazonEKSClusterPolicy",
            "role": "ztap-bridge-cluster-role"
          },
          "private": "bnVsbA==",
          "dependencies": [
            "module.eks_cluster.aws_iam_role.cluster"
          ]
        }
      ]
    },
    {
      "module": "module.gateway",
      "mode": "managed",
      "type": "kubernetes_deployment_v1",
      "name": "gateway",
      "provider": "provider[\"registry.terraform.io/hashicorp/kubernetes\"]",
      "instances": [
        {
          "schema_version": 1,
          "attributes": {
            "id": "gateway-ingress/ztap-gateway",
            "metadata": [
              {
                "annotations": {},
                "generate_name": "",
                "generation": 1,
                "labels": {},
                "name": "ztap-gateway",
                "namespace": "gateway-ingress",
                "resource_version": "711361",
                "uid": "fcd7fc12-7709-4560-bc24-d6a54b7a3d1f"
              }
            ],
            "spec": [
              {
                "min_ready_seconds": 0,
                "paused": false,
                "progress_deadline_seconds": 600,
                "replicas": "1",
                "revision_history_limit": 10,
                "selector": [
                  {
                    "match_expressions": [],
                    "match_labels": {
                      "app": "ztap-gateway"
                    }
                  }
                ],
                "strategy": [
                  {
                    "rolling_update": [
                      {
                        "max_surge": "25%",
                        "max_unavailable": "25%"
                      }
                    ],
                    "type": "RollingUpdate"
                  }
                ],
                "template": [
                  {
                    "metadata": [
                      {
                        "annotations": {},
                        "generate_name": "",
                        "generation": 0,
                        "labels": {
                          "app": "ztap-gateway"
                        },
                        "name": "",
                        "namespace": "",
                        "resource_version": "",
                        "uid": ""
                      }
                    ],
                    "spec": [
                      {
                        "active_deadline_seconds": 0,
                        "affinity": [],
                        "automount_service_account_token": true,
                        "container": [
                          {
                            "args": [],
                            "command": [
                              "uvicorn",
                              "gateway.main:app",
                              "--host",
                              "0.0.0.0",
                              "--port",
                              "8001"
                            ],
                            "env": [
                              {
                                "name": "ZTAP_KEYCLOAK_ISSUER",
                                "value": "http://keycloak.authorizer.svc.cluster.local:8080/realms/ztap",
                                "value_from": []
                              },
                              {
                                "name": "ZTAP_CLIENT_ID",
                                "value": "ztap-gateway",
                                "value_from": []
                              },
                              {
                                "name": "ZTAP_AGENT_ID",
                                "value": "invoice-agent-v2",
                                "value_from": []
                              }
                            ],
                            "env_from": [],
                            "image": "789288816621.dkr.ecr.us-east-1.amazonaws.com/ztap-app:latest",
                            "image_pull_policy": "IfNotPresent",
                            "lifecycle": [],
                            "liveness_probe": [],
                            "name": "ztap-gateway",
                            "port": [
                              {
                                "container_port": 8001,
                                "host_ip": "",
                                "host_port": 0,
                                "name": "",
                                "protocol": "TCP"
                              }
                            ],
                            "readiness_probe": [],
                            "resources": [
                              {
                                "limits": {},
                                "requests": {}
                              }
                            ],
                            "restart_policy": "",
                            "security_context": [],
                            "startup_probe": [],
                            "stdin": false,
                            "stdin_once": false,
                            "termination_message_path": "/dev/termination-log",
                            "termination_message_policy": "File",
                            "tty": false,
                            "volume_device": [],
                            "volume_mount": [],
                            "working_dir": ""
                          }
                        ],
                        "dns_config": [],
                        "dns_policy": "ClusterFirst",
                        "enable_service_links": true,
                        "host_aliases": [],
                        "host_ipc": false,
                        "host_network": false,
                        "host_pid": false,
                        "hostname": "",
                        "image_pull_secrets": [],
                        "init_container": [],
                        "node_name": "",
                        "node_selector": {
                          "ztap.io/node-pool": "security-control"
                        },
                        "os": [],
                        "priority_class_name": "",
                        "readiness_gate": [],
                        "restart_policy": "Always",
                        "runtime_class_name": "",
                        "scheduler_name": "default-scheduler",
                        "security_context": [],
                        "service_account_name": "",
                        "share_process_namespace": false,
                        "subdomain": "",
                        "termination_grace_period_seconds": 30,
                        "toleration": [],
                        "topology_spread_constraint": [],
                        "volume": []
                      }
                    ]
                  }
                ]
              }
            ],
            "timeouts": null,
            "wait_for_rollout": true
          },
          "sensitive_attributes": [],
          "identity_schema_version": 1,
          "identity": {
            "api_version": "apps/v1",
            "kind": "Deployment",
            "name": "ztap-gateway",
            "namespace": "gateway-ingress"
          },
          "private": "eyJlMmJmYjczMC1lY2FhLTExZTYtOGY4OC0zNDM2M2JjN2M0YzAiOnsiY3JlYXRlIjo2MDAwMDAwMDAwMDAsImRlbGV0ZSI6NjAwMDAwMDAwMDAwLCJ1cGRhdGUiOjYwMDAwMDAwMDAwMH0sInNjaGVtYV92ZXJzaW9uIjoiMSJ9",
          "dependencies": [
            "data.aws_eks_cluster_auth.this",
            "module.ecr.aws_ecr_repository.this",
            "module.eks_cluster.aws_eks_cluster.this",
            "module.eks_cluster.aws_iam_role.cluster",
            "module.eks_cluster.aws_iam_role_policy_attachment.cluster_policy",
            "module.keycloak.kubernetes_config_map_v1.realm",
            "module.keycloak.kubernetes_deployment_v1.keycloak",
            "module.keycloak.kubernetes_service_v1.keycloak",
            "module.namespaces.kubernetes_namespace_v1.this",
            "module.node_group.aws_eks_node_group.this",
            "module.node_group.aws_iam_role.node",
            "module.node_group.aws_iam_role_policy_attachment.cni",
            "module.node_group.aws_iam_role_policy_attachment.ecr_read",
            "module.node_group.aws_iam_role_policy_attachment.worker_node",
            "module.vpc.aws_subnet.this",
            "module.vpc.aws_vpc.this"
          ]
        }
      ]
    },
    {
      "module": "module.gateway",
      "mode": "managed",
      "type": "kubernetes_service_v1",
      "name": "gateway",
      "provider": "provider[\"registry.terraform.io/hashicorp/kubernetes\"]",
      "instances": [
        {
          "schema_version": 1,
          "attributes": {
            "id": "gateway-ingress/ztap-gateway",
            "metadata": [
              {
                "annotations": {},
                "generate_name": "",
                "generation": 0,
                "labels": {},
                "name": "ztap-gateway",
                "namespace": "gateway-ingress",
                "resource_version": "545923",
                "uid": "47d27309-1162-440d-8a5b-5b2d68abe954"
              }
            ],
            "spec": [
              {
                "allocate_load_balancer_node_ports": true,
                "cluster_ip": "172.20.78.237",
                "cluster_ips": [
                  "172.20.78.237"
                ],
                "external_ips": [],
                "external_name": "",
                "external_traffic_policy": "",
                "health_check_node_port": 0,
                "internal_traffic_policy": "Cluster",
                "ip_families": [
                  "IPv4"
                ],
                "ip_family_policy": "SingleStack",
                "load_balancer_class": "",
                "load_balancer_ip": "",
                "load_balancer_source_ranges": [],
                "port": [
                  {
                    "app_protocol": "",
                    "name": "",
                    "node_port": 0,
                    "port": 8001,
                    "protocol": "TCP",
                    "target_port": "8001"
                  }
                ],
                "publish_not_ready_addresses": false,
                "selector": {
                  "app": "ztap-gateway"
                },
                "session_affinity": "None",
                "session_affinity_config": [],
                "type": "ClusterIP"
              }
            ],
            "status": [
              {
                "load_balancer": [
                  {
                    "ingress": []
                  }
                ]
              }
            ],
            "timeouts": null,
            "wait_for_load_balancer": true
          },
          "sensitive_attributes": [],
          "identity_schema_version": 1,
          "identity": {
            "api_version": "v1",
            "kind": "Service",
            "name": "ztap-gateway",
            "namespace": "gateway-ingress"
          },
          "private": "eyJlMmJmYjczMC1lY2FhLTExZTYtOGY4OC0zNDM2M2JjN2M0YzAiOnsiY3JlYXRlIjo2MDAwMDAwMDAwMDB9LCJzY2hlbWFfdmVyc2lvbiI6IjEifQ==",
          "dependencies": [
            "data.aws_eks_cluster_auth.this",
            "module.eks_cluster.aws_eks_cluster.this",
            "module.eks_cluster.aws_iam_role.cluster",
            "module.eks_cluster.aws_iam_role_policy_attachment.cluster_policy",
            "module.keycloak.kubernetes_config_map_v1.realm",
            "module.keycloak.kubernetes_deployment_v1.keycloak",
            "module.keycloak.kubernetes_service_v1.keycloak",
            "module.namespaces.kubernetes_namespace_v1.this",
            "module.node_group.aws_eks_node_group.this",
            "module.node_group.aws_iam_role.node",
            "module.node_group.aws_iam_role_policy_attachment.cni",
            "module.node_group.aws_iam_role_policy_attachment.ecr_read",
            "module.node_group.aws_iam_role_policy_attachment.worker_node",
            "module.vpc.aws_subnet.this",
            "module.vpc.aws_vpc.this"
          ]
        }
      ]
    },
    {
      "module": "module.gvisor",
      "mode": "managed",
      "type": "kubernetes_daemon_set_v1",
      "name": "gvisor_installer",
      "provider": "provider[\"registry.terraform.io/hashicorp/kubernetes\"]",
      "instances": [
        {
          "schema_version": 1,
          "attributes": {
            "id": "kube-system/gvisor-installer",
            "metadata": [
              {
                "annotations": {},
                "generate_name": "",
                "generation": 4,
                "labels": {},
                "name": "gvisor-installer",
                "namespace": "kube-system",
                "resource_version": "839479",
                "uid": "73440478-cf5b-47b3-9bf2-73031ed1c3a5"
              }
            ],
            "spec": [
              {
                "min_ready_seconds": 0,
                "revision_history_limit": 10,
                "selector": [
                  {
                    "match_expressions": [],
                    "match_labels": {
                      "app": "gvisor-installer"
                    }
                  }
                ],
                "strategy": [
                  {
                    "rolling_update": [
                      {
                        "max_surge": "0",
                        "max_unavailable": "1"
                      }
                    ],
                    "type": "RollingUpdate"
                  }
                ],
                "template": [
                  {
                    "metadata": [
                      {
                        "annotations": {},
                        "generate_name": "",
                        "generation": 0,
                        "labels": {
                          "app": "gvisor-installer"
                        },
                        "name": "",
                        "namespace": "",
                        "resource_version": "",
                        "uid": ""
                      }
                    ],
                    "spec": [
                      {
                        "active_deadline_seconds": 0,
                        "affinity": [],
                        "automount_service_account_token": true,
                        "container": [
                          {
                            "args": [
                              "mkdir -p /etc/containerd/conf.d; grep -q runtimes.runsc /etc/containerd/conf.d/runsc.toml 2\u003e/dev/null || { wget -q https://storage.googleapis.com/gvisor/releases/release/latest/x86_64/runsc -O /usr/local/bin/runsc; chmod 0755 /usr/local/bin/runsc; wget -q https://storage.googleapis.com/gvisor/releases/release/latest/x86_64/containerd-shim-runsc-v1 -O /usr/local/bin/containerd-shim-runsc-v1; chmod 0755 /usr/local/bin/containerd-shim-runsc-v1; printf '%s\\n' \"[plugins.'io.containerd.cri.v1.runtime'.containerd.runtimes.runsc]\" \"runtime_type = 'io.containerd.runsc.v1'\" \u003e /etc/containerd/conf.d/runsc.toml; systemctl restart containerd || echo SYSTEMCTL_RESTART_FAILED; }; sleep infinity"
                            ],
                            "command": [
                              "chroot",
                              "/host",
                              "sh",
                              "-c"
                            ],
                            "env": [],
                            "env_from": [],
                            "image": "busybox:1.36",
                            "image_pull_policy": "IfNotPresent",
                            "lifecycle": [],
                            "liveness_probe": [],
                            "name": "installer",
                            "port": [],
                            "readiness_probe": [],
                            "resources": [
                              {
                                "limits": {},
                                "requests": {}
                              }
                            ],
                            "restart_policy": "",
                            "security_context": [
                              {
                                "allow_privilege_escalation": true,
                                "capabilities": [],
                                "privileged": true,
                                "read_only_root_filesystem": false,
                                "run_as_group": "",
                                "run_as_non_root": false,
                                "run_as_user": "",
                                "se_linux_options": [],
                                "seccomp_profile": []
                              }
                            ],
                            "startup_probe": [],
                            "stdin": false,
                            "stdin_once": false,
                            "termination_message_path": "/dev/termination-log",
                            "termination_message_policy": "File",
                            "tty": false,
                            "volume_device": [],
                            "volume_mount": [
                              {
                                "mount_path": "/host",
                                "mount_propagation": "HostToContainer",
                                "name": "host-root",
                                "read_only": false,
                                "sub_path": "",
                                "sub_path_expr": ""
                              }
                            ],
                            "working_dir": ""
                          }
                        ],
                        "dns_config": [],
                        "dns_policy": "ClusterFirst",
                        "enable_service_links": true,
                        "host_aliases": [],
                        "host_ipc": false,
                        "host_network": false,
                        "host_pid": true,
                        "hostname": "",
                        "image_pull_secrets": [],
                        "init_container": [],
                        "node_name": "",
                        "node_selector": {
                          "ztap.io/gvisor": "true"
                        },
                        "os": [],
                        "priority_class_name": "",
                        "readiness_gate": [],
                        "restart_policy": "Always",
                        "runtime_class_name": "",
                        "scheduler_name": "default-scheduler",
                        "security_context": [],
                        "service_account_name": "",
                        "share_process_namespace": false,
                        "subdomain": "",
                        "termination_grace_period_seconds": 30,
                        "toleration": [],
                        "topology_spread_constraint": [],
                        "volume": [
                          {
                            "aws_elastic_block_store": [],
                            "azure_disk": [],
                            "azure_file": [],
                            "ceph_fs": [],
                            "cinder": [],
                            "config_map": [],
                            "csi": [],
                            "downward_api": [],
                            "empty_dir": [],
                            "ephemeral": [],
                            "fc": [],
                            "flex_volume": [],
                            "flocker": [],
                            "gce_persistent_disk": [],
                            "git_repo": [],
                            "glusterfs": [],
                            "host_path": [
                              {
                                "path": "/",
                                "type": ""
                              }
                            ],
                            "iscsi": [],
                            "local": [],
                            "name": "host-root",
                            "nfs": [],
                            "persistent_volume_claim": [],
                            "photon_persistent_disk": [],
                            "projected": [],
                            "quobyte": [],
                            "rbd": [],
                            "secret": [],
                            "vsphere_volume": []
                          }
                        ]
                      }
                    ]
                  }
                ]
              }
            ],
            "timeouts": null,
            "wait_for_rollout": true
          },
          "sensitive_attributes": [],
          "identity_schema_version": 1,
          "identity": {
            "api_version": "apps/v1",
            "kind": "DaemonSet",
            "name": "gvisor-installer",
            "namespace": "kube-system"
          },
          "private": "eyJlMmJmYjczMC1lY2FhLTExZTYtOGY4OC0zNDM2M2JjN2M0YzAiOnsiY3JlYXRlIjo2MDAwMDAwMDAwMDAsImRlbGV0ZSI6NjAwMDAwMDAwMDAwLCJ1cGRhdGUiOjYwMDAwMDAwMDAwMH0sInNjaGVtYV92ZXJzaW9uIjoiMSJ9",
          "dependencies": [
            "data.aws_eks_cluster_auth.this",
            "module.eks_cluster.aws_eks_cluster.this",
            "module.eks_cluster.aws_iam_role.cluster",
            "module.eks_cluster.aws_iam_role_policy_attachment.cluster_policy",
            "module.gvisor.kubernetes_runtime_class_v1.gvisor",
            "module.node_group.aws_eks_node_group.this",
            "module.node_group.aws_iam_role.node",
            "module.node_group.aws_iam_role_policy_attachment.cni",
            "module.node_group.aws_iam_role_policy_attachment.ecr_read",
            "module.node_group.aws_iam_role_policy_attachment.worker_node",
            "module.vpc.aws_subnet.this",
            "module.vpc.aws_vpc.this"
          ]
        }
      ]
    },
    {
      "module": "module.gvisor",
      "mode": "managed",
      "type": "kubernetes_runtime_class_v1",
      "name": "gvisor",
      "provider": "provider[\"registry.terraform.io/hashicorp/kubernetes\"]",
      "instances": [
        {
          "schema_version": 0,
          "attributes": {
            "handler": "runsc",
            "id": "gvisor",
            "metadata": [
              {
                "annotations": {},
                "generate_name": "",
                "generation": 0,
                "labels": {},
                "name": "gvisor",
                "resource_version": "818864",
                "uid": "69f5fdcf-0ea2-4f20-9122-815285bf5233"
              }
            ]
          },
          "sensitive_attributes": [],
          "identity_schema_version": 0,
          "private": "bnVsbA==",
          "dependencies": [
            "data.aws_eks_cluster_auth.this",
            "module.eks_cluster.aws_eks_cluster.this",
            "module.eks_cluster.aws_iam_role.cluster",
            "module.eks_cluster.aws_iam_role_policy_attachment.cluster_policy",
            "module.node_group.aws_eks_node_group.this",
            "module.node_group.aws_iam_role.node",
            "module.node_group.aws_iam_role_policy_attachment.cni",
            "module.node_group.aws_iam_role_policy_attachment.ecr_read",
            "module.node_group.aws_iam_role_policy_attachment.worker_node",
            "module.vpc.aws_subnet.this",
            "module.vpc.aws_vpc.this"
          ]
        }
      ]
    },
    {
      "module": "module.keycloak",
      "mode": "managed",
      "type": "kubernetes_config_map_v1",
      "name": "realm",
      "provider": "provider[\"registry.terraform.io/hashicorp/kubernetes\"]",
      "instances": [
        {
          "schema_version": 0,
          "attributes": {
            "binary_data": {},
            "data": {
              "ztap-realm.json": "{\n  \"realm\": \"ztap\",\n  \"enabled\": true,\n  \"sslRequired\": \"none\",\n  \"registrationAllowed\": false,\n  \"accessTokenLifespan\": 300,\n  \"clients\": [\n    {\n      \"clientId\": \"ztap-gateway\",\n      \"enabled\": true,\n      \"publicClient\": true,\n      \"protocol\": \"openid-connect\",\n      \"directAccessGrantsEnabled\": true,\n      \"standardFlowEnabled\": false,\n      \"implicitFlowEnabled\": false,\n      \"serviceAccountsEnabled\": false,\n      \"redirectUris\": [\"http://localhost:8001/*\"],\n      \"webOrigins\": [\"*\"],\n      \"attributes\": {\n        \"dpop.bound.access.tokens\": \"true\"\n      },\n      \"protocolMappers\": [\n        {\n          \"name\": \"tenant\",\n          \"protocol\": \"openid-connect\",\n          \"protocolMapper\": \"oidc-usermodel-attribute-mapper\",\n          \"consentRequired\": false,\n          \"config\": {\n            \"user.attribute\": \"tenant\",\n            \"claim.name\": \"tenant\",\n            \"jsonType.label\": \"String\",\n            \"id.token.claim\": \"true\",\n            \"access.token.claim\": \"true\",\n            \"userinfo.token.claim\": \"true\"\n          }\n        }\n      ]\n    }\n  ],\n  \"users\": [\n    {\n      \"username\": \"alice\",\n      \"enabled\": true,\n      \"email\": \"alice@example.com\",\n      \"emailVerified\": true,\n      \"firstName\": \"Alice\",\n      \"lastName\": \"Tenant-A\",\n      \"requiredActions\": [],\n      \"attributes\": { \"tenant\": [\"tenant-a\"] },\n      \"credentials\": [\n        { \"type\": \"password\", \"value\": \"alice-pass\", \"temporary\": false }\n      ]\n    },\n    {\n      \"username\": \"bob\",\n      \"enabled\": true,\n      \"email\": \"bob@example.com\",\n      \"emailVerified\": true,\n      \"firstName\": \"Bob\",\n      \"lastName\": \"Tenant-B\",\n      \"requiredActions\": [],\n      \"attributes\": { \"tenant\": [\"tenant-b\"] },\n      \"credentials\": [\n        { \"type\": \"password\", \"value\": \"bob-pass\", \"temporary\": false }\n      ]\n    }\n  ]\n}"
            },
            "id": "authorizer/ztap-realm",
            "immutable": false,
            "metadata": [
              {
                "annotations": {},
                "generate_name": "",
                "generation": 0,
                "labels": {},
                "name": "ztap-realm",
                "namespace": "authorizer",
                "resource_version": "275629",
                "uid": "6b2be0db-41d1-4f5d-a496-cfc6be26a5e4"
              }
            ]
          },
          "sensitive_attributes": [],
          "identity_schema_version": 1,
          "identity": {
            "api_version": "v1",
            "kind": "ConfigMap",
            "name": "ztap-realm",
            "namespace": "authorizer"
          },
          "private": "bnVsbA==",
          "dependencies": [
            "data.aws_eks_cluster_auth.this",
            "module.eks_cluster.aws_eks_cluster.this",
            "module.eks_cluster.aws_iam_role.cluster",
            "module.eks_cluster.aws_iam_role_policy_attachment.cluster_policy",
            "module.namespaces.kubernetes_namespace_v1.this",
            "module.node_group.aws_eks_node_group.this",
            "module.node_group.aws_iam_role.node",
            "module.node_group.aws_iam_role_policy_attachment.cni",
            "module.node_group.aws_iam_role_policy_attachment.ecr_read",
            "module.node_group.aws_iam_role_policy_attachment.worker_node",
            "module.vpc.aws_subnet.this",
            "module.vpc.aws_vpc.this"
          ]
        }
      ]
    },
    {
      "module": "module.keycloak",
      "mode": "managed",
      "type": "kubernetes_deployment_v1",
      "name": "keycloak",
      "provider": "provider[\"registry.terraform.io/hashicorp/kubernetes\"]",
      "instances": [
        {
          "schema_version": 1,
          "attributes": {
            "id": "authorizer/keycloak",
            "metadata": [
              {
                "annotations": {},
                "generate_name": "",
                "generation": 1,
                "labels": {},
                "name": "keycloak",
                "namespace": "authorizer",
                "resource_version": "402538",
                "uid": "de6162e6-8a92-494d-aff4-e6b15dc5d2af"
              }
            ],
            "spec": [
              {
                "min_ready_seconds": 0,
                "paused": false,
                "progress_deadline_seconds": 600,
                "replicas": "1",
                "revision_history_limit": 10,
                "selector": [
                  {
                    "match_expressions": [],
                    "match_labels": {
                      "app": "keycloak"
                    }
                  }
                ],
                "strategy": [
                  {
                    "rolling_update": [
                      {
                        "max_surge": "25%",
                        "max_unavailable": "25%"
                      }
                    ],
                    "type": "RollingUpdate"
                  }
                ],
                "template": [
                  {
                    "metadata": [
                      {
                        "annotations": {},
                        "generate_name": "",
                        "generation": 0,
                        "labels": {
                          "app": "keycloak"
                        },
                        "name": "",
                        "namespace": "",
                        "resource_version": "",
                        "uid": ""
                      }
                    ],
                    "spec": [
                      {
                        "active_deadline_seconds": 0,
                        "affinity": [],
                        "automount_service_account_token": true,
                        "container": [
                          {
                            "args": [
                              "start-dev",
                              "--import-realm"
                            ],
                            "command": [],
                            "env": [
                              {
                                "name": "KC_BOOTSTRAP_ADMIN_USERNAME",
                                "value": "admin",
                                "value_from": []
                              },
                              {
                                "name": "KC_BOOTSTRAP_ADMIN_PASSWORD",
                                "value": "admin",
                                "value_from": []
                              }
                            ],
                            "env_from": [],
                            "image": "quay.io/keycloak/keycloak:latest",
                            "image_pull_policy": "Always",
                            "lifecycle": [],
                            "liveness_probe": [],
                            "name": "keycloak",
                            "port": [
                              {
                                "container_port": 8080,
                                "host_ip": "",
                                "host_port": 0,
                                "name": "",
                                "protocol": "TCP"
                              }
                            ],
                            "readiness_probe": [],
                            "resources": [
                              {
                                "limits": {},
                                "requests": {}
                              }
                            ],
                            "restart_policy": "",
                            "security_context": [],
                            "startup_probe": [],
                            "stdin": false,
                            "stdin_once": false,
                            "termination_message_path": "/dev/termination-log",
                            "termination_message_policy": "File",
                            "tty": false,
                            "volume_device": [],
                            "volume_mount": [
                              {
                                "mount_path": "/opt/keycloak/data/import",
                                "mount_propagation": "None",
                                "name": "realm-import",
                                "read_only": true,
                                "sub_path": "",
                                "sub_path_expr": ""
                              }
                            ],
                            "working_dir": ""
                          }
                        ],
                        "dns_config": [],
                        "dns_policy": "ClusterFirst",
                        "enable_service_links": true,
                        "host_aliases": [],
                        "host_ipc": false,
                        "host_network": false,
                        "host_pid": false,
                        "hostname": "",
                        "image_pull_secrets": [],
                        "init_container": [],
                        "node_name": "",
                        "node_selector": {
                          "ztap.io/node-pool": "shared-services"
                        },
                        "os": [],
                        "priority_class_name": "",
                        "readiness_gate": [],
                        "restart_policy": "Always",
                        "runtime_class_name": "",
                        "scheduler_name": "default-scheduler",
                        "security_context": [],
                        "service_account_name": "",
                        "share_process_namespace": false,
                        "subdomain": "",
                        "termination_grace_period_seconds": 30,
                        "toleration": [],
                        "topology_spread_constraint": [],
                        "volume": [
                          {
                            "aws_elastic_block_store": [],
                            "azure_disk": [],
                            "azure_file": [],
                            "ceph_fs": [],
                            "cinder": [],
                            "config_map": [
                              {
                                "default_mode": "0644",
                                "items": [],
                                "name": "ztap-realm",
                                "optional": false
                              }
                            ],
                            "csi": [],
                            "downward_api": [],
                            "empty_dir": [],
                            "ephemeral": [],
                            "fc": [],
                            "flex_volume": [],
                            "flocker": [],
                            "gce_persistent_disk": [],
                            "git_repo": [],
                            "glusterfs": [],
                            "host_path": [],
                            "iscsi": [],
                            "local": [],
                            "name": "realm-import",
                            "nfs": [],
                            "persistent_volume_claim": [],
                            "photon_persistent_disk": [],
                            "projected": [],
                            "quobyte": [],
                            "rbd": [],
                            "secret": [],
                            "vsphere_volume": []
                          }
                        ]
                      }
                    ]
                  }
                ]
              }
            ],
            "timeouts": null,
            "wait_for_rollout": true
          },
          "sensitive_attributes": [],
          "identity_schema_version": 1,
          "identity": {
            "api_version": "apps/v1",
            "kind": "Deployment",
            "name": "keycloak",
            "namespace": "authorizer"
          },
          "private": "eyJlMmJmYjczMC1lY2FhLTExZTYtOGY4OC0zNDM2M2JjN2M0YzAiOnsiY3JlYXRlIjo2MDAwMDAwMDAwMDAsImRlbGV0ZSI6NjAwMDAwMDAwMDAwLCJ1cGRhdGUiOjYwMDAwMDAwMDAwMH0sInNjaGVtYV92ZXJzaW9uIjoiMSJ9",
          "dependencies": [
            "data.aws_eks_cluster_auth.this",
            "module.eks_cluster.aws_eks_cluster.this",
            "module.eks_cluster.aws_iam_role.cluster",
            "module.eks_cluster.aws_iam_role_policy_attachment.cluster_policy",
            "module.keycloak.kubernetes_config_map_v1.realm",
            "module.namespaces.kubernetes_namespace_v1.this",
            "module.node_group.aws_eks_node_group.this",
            "module.node_group.aws_iam_role.node",
            "module.node_group.aws_iam_role_policy_attachment.cni",
            "module.node_group.aws_iam_role_policy_attachment.ecr_read",
            "module.node_group.aws_iam_role_policy_attachment.worker_node",
            "module.vpc.aws_subnet.this",
            "module.vpc.aws_vpc.this"
          ]
        }
      ]
    },
    {
      "module": "module.keycloak",
      "mode": "managed",
      "type": "kubernetes_service_v1",
      "name": "keycloak",
      "provider": "provider[\"registry.terraform.io/hashicorp/kubernetes\"]",
      "instances": [
        {
          "schema_version": 1,
          "attributes": {
            "id": "authorizer/keycloak",
            "metadata": [
              {
                "annotations": {},
                "generate_name": "",
                "generation": 0,
                "labels": {},
                "name": "keycloak",
                "namespace": "authorizer",
                "resource_version": "275631",
                "uid": "6528e45d-4433-4986-97da-2735ddd94a69"
              }
            ],
            "spec": [
              {
                "allocate_load_balancer_node_ports": true,
                "cluster_ip": "172.20.250.110",
                "cluster_ips": [
                  "172.20.250.110"
                ],
                "external_ips": [],
                "external_name": "",
                "external_traffic_policy": "",
                "health_check_node_port": 0,
                "internal_traffic_policy": "Cluster",
                "ip_families": [
                  "IPv4"
                ],
                "ip_family_policy": "SingleStack",
                "load_balancer_class": "",
                "load_balancer_ip": "",
                "load_balancer_source_ranges": [],
                "port": [
                  {
                    "app_protocol": "",
                    "name": "",
                    "node_port": 0,
                    "port": 8080,
                    "protocol": "TCP",
                    "target_port": "8080"
                  }
                ],
                "publish_not_ready_addresses": false,
                "selector": {
                  "app": "keycloak"
                },
                "session_affinity": "None",
                "session_affinity_config": [],
                "type": "ClusterIP"
              }
            ],
            "status": [
              {
                "load_balancer": [
                  {
                    "ingress": []
                  }
                ]
              }
            ],
            "timeouts": null,
            "wait_for_load_balancer": true
          },
          "sensitive_attributes": [],
          "identity_schema_version": 1,
          "identity": {
            "api_version": "v1",
            "kind": "Service",
            "name": "keycloak",
            "namespace": "authorizer"
          },
          "private": "eyJlMmJmYjczMC1lY2FhLTExZTYtOGY4OC0zNDM2M2JjN2M0YzAiOnsiY3JlYXRlIjo2MDAwMDAwMDAwMDB9LCJzY2hlbWFfdmVyc2lvbiI6IjEifQ==",
          "dependencies": [
            "data.aws_eks_cluster_auth.this",
            "module.eks_cluster.aws_eks_cluster.this",
            "module.eks_cluster.aws_iam_role.cluster",
            "module.eks_cluster.aws_iam_role_policy_attachment.cluster_policy",
            "module.namespaces.kubernetes_namespace_v1.this",
            "module.node_group.aws_eks_node_group.this",
            "module.node_group.aws_iam_role.node",
            "module.node_group.aws_iam_role_policy_attachment.cni",
            "module.node_group.aws_iam_role_policy_attachment.ecr_read",
            "module.node_group.aws_iam_role_policy_attachment.worker_node",
            "module.vpc.aws_subnet.this",
            "module.vpc.aws_vpc.this"
          ]
        }
      ]
    },
    {
      "module": "module.namespaces",
      "mode": "managed",
      "type": "kubernetes_namespace_v1",
      "name": "this",
      "provider": "provider[\"registry.terraform.io/hashicorp/kubernetes\"]",
      "instances": [
        {
          "index_key": "authorizer",
          "schema_version": 0,
          "attributes": {
            "id": "authorizer",
            "metadata": [
              {
                "annotations": {},
                "generate_name": "",
                "generation": 0,
                "labels": {
                  "ztap.io/topology": "bridge"
                },
                "name": "authorizer",
                "resource_version": "268318",
                "uid": "c48a34a1-cc74-4d27-80e9-1a6c097eb671"
              }
            ],
            "timeouts": null,
            "wait_for_default_service_account": false
          },
          "sensitive_attributes": [],
          "identity_schema_version": 1,
          "identity": {
            "api_version": "v1",
            "kind": "Namespace",
            "name": "authorizer"
          },
          "private": "eyJlMmJmYjczMC1lY2FhLTExZTYtOGY4OC0zNDM2M2JjN2M0YzAiOnsiZGVsZXRlIjozMDAwMDAwMDAwMDB9fQ==",
          "dependencies": [
            "data.aws_eks_cluster_auth.this",
            "module.eks_cluster.aws_eks_cluster.this",
            "module.eks_cluster.aws_iam_role.cluster",
            "module.eks_cluster.aws_iam_role_policy_attachment.cluster_policy",
            "module.vpc.aws_subnet.this",
            "module.vpc.aws_vpc.this"
          ]
        },
        {
          "index_key": "gateway-ingress",
          "schema_version": 0,
          "attributes": {
            "id": "gateway-ingress",
            "metadata": [
              {
                "annotations": {},
                "generate_name": "",
                "generation": 0,
                "labels": {
                  "ztap.io/topology": "bridge"
                },
                "name": "gateway-ingress",
                "resource_version": "268316",
                "uid": "156c89da-d95d-4d5e-9d1b-b406c80b0743"
              }
            ],
            "timeouts": null,
            "wait_for_default_service_account": false
          },
          "sensitive_attributes": [],
          "identity_schema_version": 1,
          "identity": {
            "api_version": "v1",
            "kind": "Namespace",
            "name": "gateway-ingress"
          },
          "private": "eyJlMmJmYjczMC1lY2FhLTExZTYtOGY4OC0zNDM2M2JjN2M0YzAiOnsiZGVsZXRlIjozMDAwMDAwMDAwMDB9fQ==",
          "dependencies": [
            "data.aws_eks_cluster_auth.this",
            "module.eks_cluster.aws_eks_cluster.this",
            "module.eks_cluster.aws_iam_role.cluster",
            "module.eks_cluster.aws_iam_role_policy_attachment.cluster_policy",
            "module.vpc.aws_subnet.this",
            "module.vpc.aws_vpc.this"
          ]
        },
        {
          "index_key": "inference",
          "schema_version": 0,
          "attributes": {
            "id": "inference",
            "metadata": [
              {
                "annotations": {},
                "generate_name": "",
                "generation": 0,
                "labels": {
                  "ztap.io/topology": "bridge"
                },
                "name": "inference",
                "resource_version": "268319",
                "uid": "7ea87ff1-70bc-4595-a808-fc2b4b3f0e7f"
              }
            ],
            "timeouts": null,
            "wait_for_default_service_account": false
          },
          "sensitive_attributes": [],
          "identity_schema_version": 1,
          "identity": {
            "api_version": "v1",
            "kind": "Namespace",
            "name": "inference"
          },
          "private": "eyJlMmJmYjczMC1lY2FhLTExZTYtOGY4OC0zNDM2M2JjN2M0YzAiOnsiZGVsZXRlIjozMDAwMDAwMDAwMDB9fQ==",
          "dependencies": [
            "data.aws_eks_cluster_auth.this",
            "module.eks_cluster.aws_eks_cluster.this",
            "module.eks_cluster.aws_iam_role.cluster",
            "module.eks_cluster.aws_iam_role_policy_attachment.cluster_policy",
            "module.vpc.aws_subnet.this",
            "module.vpc.aws_vpc.this"
          ]
        },
        {
          "index_key": "monitoring",
          "schema_version": 0,
          "attributes": {
            "id": "monitoring",
            "metadata": [
              {
                "annotations": {},
                "generate_name": "",
                "generation": 0,
                "labels": {
                  "ztap.io/topology": "bridge"
                },
                "name": "monitoring",
                "resource_version": "268317",
                "uid": "b63ac94f-07ec-476d-9083-cc7523e12f79"
              }
            ],
            "timeouts": null,
            "wait_for_default_service_account": false
          },
          "sensitive_attributes": [],
          "identity_schema_version": 1,
          "identity": {
            "api_version": "v1",
            "kind": "Namespace",
            "name": "monitoring"
          },
          "private": "eyJlMmJmYjczMC1lY2FhLTExZTYtOGY4OC0zNDM2M2JjN2M0YzAiOnsiZGVsZXRlIjozMDAwMDAwMDAwMDB9fQ==",
          "dependencies": [
            "data.aws_eks_cluster_auth.this",
            "module.eks_cluster.aws_eks_cluster.this",
            "module.eks_cluster.aws_iam_role.cluster",
            "module.eks_cluster.aws_iam_role_policy_attachment.cluster_policy",
            "module.vpc.aws_subnet.this",
            "module.vpc.aws_vpc.this"
          ]
        },
        {
          "index_key": "tenant-a",
          "schema_version": 0,
          "attributes": {
            "id": "tenant-a",
            "metadata": [
              {
                "annotations": {},
                "generate_name": "",
                "generation": 0,
                "labels": {
                  "ztap.io/tenant": "tenant-a",
                  "ztap.io/topology": "bridge"
                },
                "name": "tenant-a",
                "resource_version": "270168",
                "uid": "b45b2dc5-0089-4480-a89a-241d922848a8"
              }
            ],
            "timeouts": null,
            "wait_for_default_service_account": false
          },
          "sensitive_attributes": [],
          "identity_schema_version": 1,
          "identity": {
            "api_version": "v1",
            "kind": "Namespace",
            "name": "tenant-a"
          },
          "private": "eyJlMmJmYjczMC1lY2FhLTExZTYtOGY4OC0zNDM2M2JjN2M0YzAiOnsiZGVsZXRlIjozMDAwMDAwMDAwMDB9fQ==",
          "dependencies": [
            "data.aws_eks_cluster_auth.this",
            "module.eks_cluster.aws_eks_cluster.this",
            "module.eks_cluster.aws_iam_role.cluster",
            "module.eks_cluster.aws_iam_role_policy_attachment.cluster_policy",
            "module.vpc.aws_subnet.this",
            "module.vpc.aws_vpc.this"
          ]
        },
        {
          "index_key": "tenant-b",
          "schema_version": 0,
          "attributes": {
            "id": "tenant-b",
            "metadata": [
              {
                "annotations": {},
                "generate_name": "",
                "generation": 0,
                "labels": {
                  "ztap.io/tenant": "tenant-b",
                  "ztap.io/topology": "bridge"
                },
                "name": "tenant-b",
                "resource_version": "270169",
                "uid": "a18b085c-7f0d-4f17-8369-5d46342a161a"
              }
            ],
            "timeouts": null,
            "wait_for_default_service_account": false
          },
          "sensitive_attributes": [],
          "identity_schema_version": 1,
          "identity": {
            "api_version": "v1",
            "kind": "Namespace",
            "name": "tenant-b"
          },
          "private": "eyJlMmJmYjczMC1lY2FhLTExZTYtOGY4OC0zNDM2M2JjN2M0YzAiOnsiZGVsZXRlIjozMDAwMDAwMDAwMDB9fQ==",
          "dependencies": [
            "data.aws_eks_cluster_auth.this",
            "module.eks_cluster.aws_eks_cluster.this",
            "module.eks_cluster.aws_iam_role.cluster",
            "module.eks_cluster.aws_iam_role_policy_attachment.cluster_policy",
            "module.vpc.aws_subnet.this",
            "module.vpc.aws_vpc.this"
          ]
        },
        {
          "index_key": "traffic-gen",
          "schema_version": 0,
          "attributes": {
            "id": "traffic-gen",
            "metadata": [
              {
                "annotations": {},
                "generate_name": "",
                "generation": 0,
                "labels": {
                  "ztap.io/topology": "bridge"
                },
                "name": "traffic-gen",
                "resource_version": "268315",
                "uid": "0d9cb030-aa12-43be-9b1f-4cf1083a875e"
              }
            ],
            "timeouts": null,
            "wait_for_default_service_account": false
          },
          "sensitive_attributes": [],
          "identity_schema_version": 1,
          "identity": {
            "api_version": "v1",
            "kind": "Namespace",
            "name": "traffic-gen"
          },
          "private": "eyJlMmJmYjczMC1lY2FhLTExZTYtOGY4OC0zNDM2M2JjN2M0YzAiOnsiZGVsZXRlIjozMDAwMDAwMDAwMDB9fQ==",
          "dependencies": [
            "data.aws_eks_cluster_auth.this",
            "module.eks_cluster.aws_eks_cluster.this",
            "module.eks_cluster.aws_iam_role.cluster",
            "module.eks_cluster.aws_iam_role_policy_attachment.cluster_policy",
            "module.vpc.aws_subnet.this",
            "module.vpc.aws_vpc.this"
          ]
        }
      ]
    },
    {
      "module": "module.network_policy",
      "mode": "managed",
      "type": "kubernetes_network_policy_v1",
      "name": "allow_agent_egress_to_authorizer",
      "provider": "provider[\"registry.terraform.io/hashicorp/kubernetes\"]",
      "instances": [
        {
          "index_key": "tenant-a",
          "schema_version": 0,
          "attributes": {
            "id": "tenant-a/allow-agent-egress-to-authorizer",
            "metadata": [
              {
                "annotations": {},
                "generate_name": "",
                "generation": 1,
                "labels": {},
                "name": "allow-agent-egress-to-authorizer",
                "namespace": "tenant-a",
                "resource_version": "818874",
                "uid": "dcc7a001-314e-4bd8-90ea-744f6a0d7e8e"
              }
            ],
            "spec": [
              {
                "egress": [
                  {
                    "ports": [
                      {
                        "end_port": 0,
                        "port": "8080",
                        "protocol": "TCP"
                      }
                    ],
                    "to": [
                      {
                        "ip_block": [],
                        "namespace_selector": [
                          {
                            "match_expressions": [],
                            "match_labels": {
                              "kubernetes.io/metadata.name": "authorizer"
                            }
                          }
                        ],
                        "pod_selector": []
                      }
                    ]
                  }
                ],
                "ingress": [],
                "pod_selector": [
                  {
                    "match_expressions": [],
                    "match_labels": null
                  }
                ],
                "policy_types": [
                  "Egress"
                ]
              }
            ]
          },
          "sensitive_attributes": [],
          "identity_schema_version": 1,
          "identity": {
            "api_version": "networking.k8s.io/v1",
            "kind": "NetworkPolicy",
            "name": "allow-agent-egress-to-authorizer",
            "namespace": "tenant-a"
          },
          "private": "bnVsbA==",
          "dependencies": [
            "data.aws_eks_cluster_auth.this",
            "module.cilium.helm_release.cilium",
            "module.cilium.kubernetes_manifest.tenant_default_deny",
            "module.eks_cluster.aws_eks_cluster.this",
            "module.eks_cluster.aws_iam_role.cluster",
            "module.eks_cluster.aws_iam_role_policy_attachment.cluster_policy",
            "module.namespaces.kubernetes_namespace_v1.this",
            "module.node_group.aws_eks_node_group.this",
            "module.node_group.aws_iam_role.node",
            "module.node_group.aws_iam_role_policy_attachment.cni",
            "module.node_group.aws_iam_role_policy_attachment.ecr_read",
            "module.node_group.aws_iam_role_policy_attachment.worker_node",
            "module.vpc.aws_subnet.this",
            "module.vpc.aws_vpc.this"
          ]
        },
        {
          "index_key": "tenant-b",
          "schema_version": 0,
          "attributes": {
            "id": "tenant-b/allow-agent-egress-to-authorizer",
            "metadata": [
              {
                "annotations": {},
                "generate_name": "",
                "generation": 1,
                "labels": {},
                "name": "allow-agent-egress-to-authorizer",
                "namespace": "tenant-b",
                "resource_version": "818873",
                "uid": "2ae883bd-26b3-43bf-89cd-21bc1906570b"
              }
            ],
            "spec": [
              {
                "egress": [
                  {
                    "ports": [
                      {
                        "end_port": 0,
                        "port": "8080",
                        "protocol": "TCP"
                      }
                    ],
                    "to": [
                      {
                        "ip_block": [],
                        "namespace_selector": [
                          {
                            "match_expressions": [],
                            "match_labels": {
                              "kubernetes.io/metadata.name": "authorizer"
                            }
                          }
                        ],
                        "pod_selector": []
                      }
                    ]
                  }
                ],
                "ingress": [],
                "pod_selector": [
                  {
                    "match_expressions": [],
                    "match_labels": null
                  }
                ],
                "policy_types": [
                  "Egress"
                ]
              }
            ]
          },
          "sensitive_attributes": [],
          "identity_schema_version": 1,
          "identity": {
            "api_version": "networking.k8s.io/v1",
            "kind": "NetworkPolicy",
            "name": "allow-agent-egress-to-authorizer",
            "namespace": "tenant-b"
          },
          "private": "bnVsbA==",
          "dependencies": [
            "data.aws_eks_cluster_auth.this",
            "module.cilium.helm_release.cilium",
            "module.cilium.kubernetes_manifest.tenant_default_deny",
            "module.eks_cluster.aws_eks_cluster.this",
            "module.eks_cluster.aws_iam_role.cluster",
            "module.eks_cluster.aws_iam_role_policy_attachment.cluster_policy",
            "module.namespaces.kubernetes_namespace_v1.this",
            "module.node_group.aws_eks_node_group.this",
            "module.node_group.aws_iam_role.node",
            "module.node_group.aws_iam_role_policy_attachment.cni",
            "module.node_group.aws_iam_role_policy_attachment.ecr_read",
            "module.node_group.aws_iam_role_policy_attachment.worker_node",
            "module.vpc.aws_subnet.this",
            "module.vpc.aws_vpc.this"
          ]
        }
      ]
    },
    {
      "module": "module.network_policy",
      "mode": "managed",
      "type": "kubernetes_network_policy_v1",
      "name": "allow_agent_egress_to_gateway",
      "provider": "provider[\"registry.terraform.io/hashicorp/kubernetes\"]",
      "instances": [
        {
          "index_key": "tenant-a",
          "schema_version": 0,
          "attributes": {
            "id": "tenant-a/allow-agent-egress-to-gateway",
            "metadata": [
              {
                "annotations": {},
                "generate_name": "",
                "generation": 1,
                "labels": {},
                "name": "allow-agent-egress-to-gateway",
                "namespace": "tenant-a",
                "resource_version": "818865",
                "uid": "c7105802-1d94-444a-a9e2-468087950f9e"
              }
            ],
            "spec": [
              {
                "egress": [
                  {
                    "ports": [
                      {
                        "end_port": 0,
                        "port": "8001",
                        "protocol": "TCP"
                      }
                    ],
                    "to": [
                      {
                        "ip_block": [],
                        "namespace_selector": [
                          {
                            "match_expressions": [],
                            "match_labels": {
                              "kubernetes.io/metadata.name": "gateway-ingress"
                            }
                          }
                        ],
                        "pod_selector": []
                      }
                    ]
                  }
                ],
                "ingress": [],
                "pod_selector": [
                  {
                    "match_expressions": [],
                    "match_labels": null
                  }
                ],
                "policy_types": [
                  "Egress"
                ]
              }
            ]
          },
          "sensitive_attributes": [],
          "identity_schema_version": 1,
          "identity": {
            "api_version": "networking.k8s.io/v1",
            "kind": "NetworkPolicy",
            "name": "allow-agent-egress-to-gateway",
            "namespace": "tenant-a"
          },
          "private": "bnVsbA==",
          "dependencies": [
            "data.aws_eks_cluster_auth.this",
            "module.cilium.helm_release.cilium",
            "module.cilium.kubernetes_manifest.tenant_default_deny",
            "module.eks_cluster.aws_eks_cluster.this",
            "module.eks_cluster.aws_iam_role.cluster",
            "module.eks_cluster.aws_iam_role_policy_attachment.cluster_policy",
            "module.namespaces.kubernetes_namespace_v1.this",
            "module.node_group.aws_eks_node_group.this",
            "module.node_group.aws_iam_role.node",
            "module.node_group.aws_iam_role_policy_attachment.cni",
            "module.node_group.aws_iam_role_policy_attachment.ecr_read",
            "module.node_group.aws_iam_role_policy_attachment.worker_node",
            "module.vpc.aws_subnet.this",
            "module.vpc.aws_vpc.this"
          ]
        },
        {
          "index_key": "tenant-b",
          "schema_version": 0,
          "attributes": {
            "id": "tenant-b/allow-agent-egress-to-gateway",
            "metadata": [
              {
                "annotations": {},
                "generate_name": "",
                "generation": 1,
                "labels": {},
                "name": "allow-agent-egress-to-gateway",
                "namespace": "tenant-b",
                "resource_version": "818862",
                "uid": "482008a7-70b9-452d-94bd-6e95d118f692"
              }
            ],
            "spec": [
              {
                "egress": [
                  {
                    "ports": [
                      {
                        "end_port": 0,
                        "port": "8001",
                        "protocol": "TCP"
                      }
                    ],
                    "to": [
                      {
                        "ip_block": [],
                        "namespace_selector": [
                          {
                            "match_expressions": [],
                            "match_labels": {
                              "kubernetes.io/metadata.name": "gateway-ingress"
                            }
                          }
                        ],
                        "pod_selector": []
                      }
                    ]
                  }
                ],
                "ingress": [],
                "pod_selector": [
                  {
                    "match_expressions": [],
                    "match_labels": null
                  }
                ],
                "policy_types": [
                  "Egress"
                ]
              }
            ]
          },
          "sensitive_attributes": [],
          "identity_schema_version": 1,
          "identity": {
            "api_version": "networking.k8s.io/v1",
            "kind": "NetworkPolicy",
            "name": "allow-agent-egress-to-gateway",
            "namespace": "tenant-b"
          },
          "private": "bnVsbA==",
          "dependencies": [
            "data.aws_eks_cluster_auth.this",
            "module.cilium.helm_release.cilium",
            "module.cilium.kubernetes_manifest.tenant_default_deny",
            "module.eks_cluster.aws_eks_cluster.this",
            "module.eks_cluster.aws_iam_role.cluster",
            "module.eks_cluster.aws_iam_role_policy_attachment.cluster_policy",
            "module.namespaces.kubernetes_namespace_v1.this",
            "module.node_group.aws_eks_node_group.this",
            "module.node_group.aws_iam_role.node",
            "module.node_group.aws_iam_role_policy_attachment.cni",
            "module.node_group.aws_iam_role_policy_attachment.ecr_read",
            "module.node_group.aws_iam_role_policy_attachment.worker_node",
            "module.vpc.aws_subnet.this",
            "module.vpc.aws_vpc.this"
          ]
        }
      ]
    },
    {
      "module": "module.network_policy",
      "mode": "managed",
      "type": "kubernetes_network_policy_v1",
      "name": "allow_agent_egress_to_inference",
      "provider": "provider[\"registry.terraform.io/hashicorp/kubernetes\"]",
      "instances": [
        {
          "index_key": "tenant-a",
          "schema_version": 0,
          "attributes": {
            "id": "tenant-a/allow-agent-egress-to-inference",
            "metadata": [
              {
                "annotations": {},
                "generate_name": "",
                "generation": 1,
                "labels": {},
                "name": "allow-agent-egress-to-inference",
                "namespace": "tenant-a",
                "resource_version": "818870",
                "uid": "8a376cf7-130e-4935-887c-24c175f946d5"
              }
            ],
            "spec": [
              {
                "egress": [
                  {
                    "ports": [
                      {
                        "end_port": 0,
                        "port": "11434",
                        "protocol": "TCP"
                      }
                    ],
                    "to": [
                      {
                        "ip_block": [],
                        "namespace_selector": [
                          {
                            "match_expressions": [],
                            "match_labels": {
                              "kubernetes.io/metadata.name": "inference"
                            }
                          }
                        ],
                        "pod_selector": []
                      }
                    ]
                  }
                ],
                "ingress": [],
                "pod_selector": [
                  {
                    "match_expressions": [],
                    "match_labels": null
                  }
                ],
                "policy_types": [
                  "Egress"
                ]
              }
            ]
          },
          "sensitive_attributes": [],
          "identity_schema_version": 1,
          "identity": {
            "api_version": "networking.k8s.io/v1",
            "kind": "NetworkPolicy",
            "name": "allow-agent-egress-to-inference",
            "namespace": "tenant-a"
          },
          "private": "bnVsbA==",
          "dependencies": [
            "data.aws_eks_cluster_auth.this",
            "module.cilium.helm_release.cilium",
            "module.cilium.kubernetes_manifest.tenant_default_deny",
            "module.eks_cluster.aws_eks_cluster.this",
            "module.eks_cluster.aws_iam_role.cluster",
            "module.eks_cluster.aws_iam_role_policy_attachment.cluster_policy",
            "module.namespaces.kubernetes_namespace_v1.this",
            "module.node_group.aws_eks_node_group.this",
            "module.node_group.aws_iam_role.node",
            "module.node_group.aws_iam_role_policy_attachment.cni",
            "module.node_group.aws_iam_role_policy_attachment.ecr_read",
            "module.node_group.aws_iam_role_policy_attachment.worker_node",
            "module.vpc.aws_subnet.this",
            "module.vpc.aws_vpc.this"
          ]
        },
        {
          "index_key": "tenant-b",
          "schema_version": 0,
          "attributes": {
            "id": "tenant-b/allow-agent-egress-to-inference",
            "metadata": [
              {
                "annotations": {},
                "generate_name": "",
                "generation": 1,
                "labels": {},
                "name": "allow-agent-egress-to-inference",
                "namespace": "tenant-b",
                "resource_version": "818863",
                "uid": "b164218f-d021-486e-bfd5-42889179c05b"
              }
            ],
            "spec": [
              {
                "egress": [
                  {
                    "ports": [
                      {
                        "end_port": 0,
                        "port": "11434",
                        "protocol": "TCP"
                      }
                    ],
                    "to": [
                      {
                        "ip_block": [],
                        "namespace_selector": [
                          {
                            "match_expressions": [],
                            "match_labels": {
                              "kubernetes.io/metadata.name": "inference"
                            }
                          }
                        ],
                        "pod_selector": []
                      }
                    ]
                  }
                ],
                "ingress": [],
                "pod_selector": [
                  {
                    "match_expressions": [],
                    "match_labels": null
                  }
                ],
                "policy_types": [
                  "Egress"
                ]
              }
            ]
          },
          "sensitive_attributes": [],
          "identity_schema_version": 1,
          "identity": {
            "api_version": "networking.k8s.io/v1",
            "kind": "NetworkPolicy",
            "name": "allow-agent-egress-to-inference",
            "namespace": "tenant-b"
          },
          "private": "bnVsbA==",
          "dependencies": [
            "data.aws_eks_cluster_auth.this",
            "module.cilium.helm_release.cilium",
            "module.cilium.kubernetes_manifest.tenant_default_deny",
            "module.eks_cluster.aws_eks_cluster.this",
            "module.eks_cluster.aws_iam_role.cluster",
            "module.eks_cluster.aws_iam_role_policy_attachment.cluster_policy",
            "module.namespaces.kubernetes_namespace_v1.this",
            "module.node_group.aws_eks_node_group.this",
            "module.node_group.aws_iam_role.node",
            "module.node_group.aws_iam_role_policy_attachment.cni",
            "module.node_group.aws_iam_role_policy_attachment.ecr_read",
            "module.node_group.aws_iam_role_policy_attachment.worker_node",
            "module.vpc.aws_subnet.this",
            "module.vpc.aws_vpc.this"
          ]
        }
      ]
    },
    {
      "module": "module.network_policy",
      "mode": "managed",
      "type": "kubernetes_network_policy_v1",
      "name": "allow_dns",
      "provider": "provider[\"registry.terraform.io/hashicorp/kubernetes\"]",
      "instances": [
        {
          "index_key": "authorizer",
          "schema_version": 0,
          "attributes": {
            "id": "authorizer/allow-dns",
            "metadata": [
              {
                "annotations": {},
                "generate_name": "",
                "generation": 1,
                "labels": {},
                "name": "allow-dns",
                "namespace": "authorizer",
                "resource_version": "818888",
                "uid": "c29c7691-14c6-4752-a638-f12d03952f67"
              }
            ],
            "spec": [
              {
                "egress": [
                  {
                    "ports": [
                      {
                        "end_port": 0,
                        "port": "53",
                        "protocol": "UDP"
                      },
                      {
                        "end_port": 0,
                        "port": "53",
                        "protocol": "TCP"
                      }
                    ],
                    "to": [
                      {
                        "ip_block": [],
                        "namespace_selector": [
                          {
                            "match_expressions": [],
                            "match_labels": {
                              "kubernetes.io/metadata.name": "kube-system"
                            }
                          }
                        ],
                        "pod_selector": []
                      }
                    ]
                  }
                ],
                "ingress": [],
                "pod_selector": [
                  {
                    "match_expressions": [],
                    "match_labels": null
                  }
                ],
                "policy_types": [
                  "Egress"
                ]
              }
            ]
          },
          "sensitive_attributes": [],
          "identity_schema_version": 1,
          "identity": {
            "api_version": "networking.k8s.io/v1",
            "kind": "NetworkPolicy",
            "name": "allow-dns",
            "namespace": "authorizer"
          },
          "private": "bnVsbA==",
          "dependencies": [
            "data.aws_eks_cluster_auth.this",
            "module.cilium.helm_release.cilium",
            "module.cilium.kubernetes_manifest.tenant_default_deny",
            "module.eks_cluster.aws_eks_cluster.this",
            "module.eks_cluster.aws_iam_role.cluster",
            "module.eks_cluster.aws_iam_role_policy_attachment.cluster_policy",
            "module.namespaces.kubernetes_namespace_v1.this",
            "module.node_group.aws_eks_node_group.this",
            "module.node_group.aws_iam_role.node",
            "module.node_group.aws_iam_role_policy_attachment.cni",
            "module.node_group.aws_iam_role_policy_attachment.ecr_read",
            "module.node_group.aws_iam_role_policy_attachment.worker_node",
            "module.vpc.aws_subnet.this",
            "module.vpc.aws_vpc.this"
          ]
        },
        {
          "index_key": "gateway-ingress",
          "schema_version": 0,
          "attributes": {
            "id": "gateway-ingress/allow-dns",
            "metadata": [
              {
                "annotations": {},
                "generate_name": "",
                "generation": 1,
                "labels": {},
                "name": "allow-dns",
                "namespace": "gateway-ingress",
                "resource_version": "818890",
                "uid": "8ebfcf60-0c66-4b2f-8ab8-d17616ab79ed"
              }
            ],
            "spec": [
              {
                "egress": [
                  {
                    "ports": [
                      {
                        "end_port": 0,
                        "port": "53",
                        "protocol": "UDP"
                      },
                      {
                        "end_port": 0,
                        "port": "53",
                        "protocol": "TCP"
                      }
                    ],
                    "to": [
                      {
                        "ip_block": [],
                        "namespace_selector": [
                          {
                            "match_expressions": [],
                            "match_labels": {
                              "kubernetes.io/metadata.name": "kube-system"
                            }
                          }
                        ],
                        "pod_selector": []
                      }
                    ]
                  }
                ],
                "ingress": [],
                "pod_selector": [
                  {
                    "match_expressions": [],
                    "match_labels": null
                  }
                ],
                "policy_types": [
                  "Egress"
                ]
              }
            ]
          },
          "sensitive_attributes": [],
          "identity_schema_version": 1,
          "identity": {
            "api_version": "networking.k8s.io/v1",
            "kind": "NetworkPolicy",
            "name": "allow-dns",
            "namespace": "gateway-ingress"
          },
          "private": "bnVsbA==",
          "dependencies": [
            "data.aws_eks_cluster_auth.this",
            "module.cilium.helm_release.cilium",
            "module.cilium.kubernetes_manifest.tenant_default_deny",
            "module.eks_cluster.aws_eks_cluster.this",
            "module.eks_cluster.aws_iam_role.cluster",
            "module.eks_cluster.aws_iam_role_policy_attachment.cluster_policy",
            "module.namespaces.kubernetes_namespace_v1.this",
            "module.node_group.aws_eks_node_group.this",
            "module.node_group.aws_iam_role.node",
            "module.node_group.aws_iam_role_policy_attachment.cni",
            "module.node_group.aws_iam_role_policy_attachment.ecr_read",
            "module.node_group.aws_iam_role_policy_attachment.worker_node",
            "module.vpc.aws_subnet.this",
            "module.vpc.aws_vpc.this"
          ]
        },
        {
          "index_key": "inference",
          "schema_version": 0,
          "attributes": {
            "id": "inference/allow-dns",
            "metadata": [
              {
                "annotations": {},
                "generate_name": "",
                "generation": 1,
                "labels": {},
                "name": "allow-dns",
                "namespace": "inference",
                "resource_version": "818889",
                "uid": "747ff23a-37be-4ae3-bbe5-f343e36c72e1"
              }
            ],
            "spec": [
              {
                "egress": [
                  {
                    "ports": [
                      {
                        "end_port": 0,
                        "port": "53",
                        "protocol": "UDP"
                      },
                      {
                        "end_port": 0,
                        "port": "53",
                        "protocol": "TCP"
                      }
                    ],
                    "to": [
                      {
                        "ip_block": [],
                        "namespace_selector": [
                          {
                            "match_expressions": [],
                            "match_labels": {
                              "kubernetes.io/metadata.name": "kube-system"
                            }
                          }
                        ],
                        "pod_selector": []
                      }
                    ]
                  }
                ],
                "ingress": [],
                "pod_selector": [
                  {
                    "match_expressions": [],
                    "match_labels": null
                  }
                ],
                "policy_types": [
                  "Egress"
                ]
              }
            ]
          },
          "sensitive_attributes": [],
          "identity_schema_version": 1,
          "identity": {
            "api_version": "networking.k8s.io/v1",
            "kind": "NetworkPolicy",
            "name": "allow-dns",
            "namespace": "inference"
          },
          "private": "bnVsbA==",
          "dependencies": [
            "data.aws_eks_cluster_auth.this",
            "module.cilium.helm_release.cilium",
            "module.cilium.kubernetes_manifest.tenant_default_deny",
            "module.eks_cluster.aws_eks_cluster.this",
            "module.eks_cluster.aws_iam_role.cluster",
            "module.eks_cluster.aws_iam_role_policy_attachment.cluster_policy",
            "module.namespaces.kubernetes_namespace_v1.this",
            "module.node_group.aws_eks_node_group.this",
            "module.node_group.aws_iam_role.node",
            "module.node_group.aws_iam_role_policy_attachment.cni",
            "module.node_group.aws_iam_role_policy_attachment.ecr_read",
            "module.node_group.aws_iam_role_policy_attachment.worker_node",
            "module.vpc.aws_subnet.this",
            "module.vpc.aws_vpc.this"
          ]
        },
        {
          "index_key": "monitoring",
          "schema_version": 0,
          "attributes": {
            "id": "monitoring/allow-dns",
            "metadata": [
              {
                "annotations": {},
                "generate_name": "",
                "generation": 1,
                "labels": {},
                "name": "allow-dns",
                "namespace": "monitoring",
                "resource_version": "818886",
                "uid": "01288beb-f710-462c-aa43-b4881aa80de2"
              }
            ],
            "spec": [
              {
                "egress": [
                  {
                    "ports": [
                      {
                        "end_port": 0,
                        "port": "53",
                        "protocol": "UDP"
                      },
                      {
                        "end_port": 0,
                        "port": "53",
                        "protocol": "TCP"
                      }
                    ],
                    "to": [
                      {
                        "ip_block": [],
                        "namespace_selector": [
                          {
                            "match_expressions": [],
                            "match_labels": {
                              "kubernetes.io/metadata.name": "kube-system"
                            }
                          }
                        ],
                        "pod_selector": []
                      }
                    ]
                  }
                ],
                "ingress": [],
                "pod_selector": [
                  {
                    "match_expressions": [],
                    "match_labels": null
                  }
                ],
                "policy_types": [
                  "Egress"
                ]
              }
            ]
          },
          "sensitive_attributes": [],
          "identity_schema_version": 1,
          "identity": {
            "api_version": "networking.k8s.io/v1",
            "kind": "NetworkPolicy",
            "name": "allow-dns",
            "namespace": "monitoring"
          },
          "private": "bnVsbA==",
          "dependencies": [
            "data.aws_eks_cluster_auth.this",
            "module.cilium.helm_release.cilium",
            "module.cilium.kubernetes_manifest.tenant_default_deny",
            "module.eks_cluster.aws_eks_cluster.this",
            "module.eks_cluster.aws_iam_role.cluster",
            "module.eks_cluster.aws_iam_role_policy_attachment.cluster_policy",
            "module.namespaces.kubernetes_namespace_v1.this",
            "module.node_group.aws_eks_node_group.this",
            "module.node_group.aws_iam_role.node",
            "module.node_group.aws_iam_role_policy_attachment.cni",
            "module.node_group.aws_iam_role_policy_attachment.ecr_read",
            "module.node_group.aws_iam_role_policy_attachment.worker_node",
            "module.vpc.aws_subnet.this",
            "module.vpc.aws_vpc.this"
          ]
        },
        {
          "index_key": "tenant-a",
          "schema_version": 0,
          "attributes": {
            "id": "tenant-a/allow-dns",
            "metadata": [
              {
                "annotations": {},
                "generate_name": "",
                "generation": 1,
                "labels": {},
                "name": "allow-dns",
                "namespace": "tenant-a",
                "resource_version": "818884",
                "uid": "5b1b01b3-b356-444e-a2e3-c22856659580"
              }
            ],
            "spec": [
              {
                "egress": [
                  {
                    "ports": [
                      {
                        "end_port": 0,
                        "port": "53",
                        "protocol": "UDP"
                      },
                      {
                        "end_port": 0,
                        "port": "53",
                        "protocol": "TCP"
                      }
                    ],
                    "to": [
                      {
                        "ip_block": [],
                        "namespace_selector": [
                          {
                            "match_expressions": [],
                            "match_labels": {
                              "kubernetes.io/metadata.name": "kube-system"
                            }
                          }
                        ],
                        "pod_selector": []
                      }
                    ]
                  }
                ],
                "ingress": [],
                "pod_selector": [
                  {
                    "match_expressions": [],
                    "match_labels": null
                  }
                ],
                "policy_types": [
                  "Egress"
                ]
              }
            ]
          },
          "sensitive_attributes": [],
          "identity_schema_version": 1,
          "identity": {
            "api_version": "networking.k8s.io/v1",
            "kind": "NetworkPolicy",
            "name": "allow-dns",
            "namespace": "tenant-a"
          },
          "private": "bnVsbA==",
          "dependencies": [
            "data.aws_eks_cluster_auth.this",
            "module.cilium.helm_release.cilium",
            "module.cilium.kubernetes_manifest.tenant_default_deny",
            "module.eks_cluster.aws_eks_cluster.this",
            "module.eks_cluster.aws_iam_role.cluster",
            "module.eks_cluster.aws_iam_role_policy_attachment.cluster_policy",
            "module.namespaces.kubernetes_namespace_v1.this",
            "module.node_group.aws_eks_node_group.this",
            "module.node_group.aws_iam_role.node",
            "module.node_group.aws_iam_role_policy_attachment.cni",
            "module.node_group.aws_iam_role_policy_attachment.ecr_read",
            "module.node_group.aws_iam_role_policy_attachment.worker_node",
            "module.vpc.aws_subnet.this",
            "module.vpc.aws_vpc.this"
          ]
        },
        {
          "index_key": "tenant-b",
          "schema_version": 0,
          "attributes": {
            "id": "tenant-b/allow-dns",
            "metadata": [
              {
                "annotations": {},
                "generate_name": "",
                "generation": 1,
                "labels": {},
                "name": "allow-dns",
                "namespace": "tenant-b",
                "resource_version": "818887",
                "uid": "6313ef7f-bff8-4167-86df-8f9cf53f40ff"
              }
            ],
            "spec": [
              {
                "egress": [
                  {
                    "ports": [
                      {
                        "end_port": 0,
                        "port": "53",
                        "protocol": "UDP"
                      },
                      {
                        "end_port": 0,
                        "port": "53",
                        "protocol": "TCP"
                      }
                    ],
                    "to": [
                      {
                        "ip_block": [],
                        "namespace_selector": [
                          {
                            "match_expressions": [],
                            "match_labels": {
                              "kubernetes.io/metadata.name": "kube-system"
                            }
                          }
                        ],
                        "pod_selector": []
                      }
                    ]
                  }
                ],
                "ingress": [],
                "pod_selector": [
                  {
                    "match_expressions": [],
                    "match_labels": null
                  }
                ],
                "policy_types": [
                  "Egress"
                ]
              }
            ]
          },
          "sensitive_attributes": [],
          "identity_schema_version": 1,
          "identity": {
            "api_version": "networking.k8s.io/v1",
            "kind": "NetworkPolicy",
            "name": "allow-dns",
            "namespace": "tenant-b"
          },
          "private": "bnVsbA==",
          "dependencies": [
            "data.aws_eks_cluster_auth.this",
            "module.cilium.helm_release.cilium",
            "module.cilium.kubernetes_manifest.tenant_default_deny",
            "module.eks_cluster.aws_eks_cluster.this",
            "module.eks_cluster.aws_iam_role.cluster",
            "module.eks_cluster.aws_iam_role_policy_attachment.cluster_policy",
            "module.namespaces.kubernetes_namespace_v1.this",
            "module.node_group.aws_eks_node_group.this",
            "module.node_group.aws_iam_role.node",
            "module.node_group.aws_iam_role_policy_attachment.cni",
            "module.node_group.aws_iam_role_policy_attachment.ecr_read",
            "module.node_group.aws_iam_role_policy_attachment.worker_node",
            "module.vpc.aws_subnet.this",
            "module.vpc.aws_vpc.this"
          ]
        },
        {
          "index_key": "traffic-gen",
          "schema_version": 0,
          "attributes": {
            "id": "traffic-gen/allow-dns",
            "metadata": [
              {
                "annotations": {},
                "generate_name": "",
                "generation": 1,
                "labels": {},
                "name": "allow-dns",
                "namespace": "traffic-gen",
                "resource_version": "818885",
                "uid": "f4dde8b4-8683-4f71-a07d-256ad3da9633"
              }
            ],
            "spec": [
              {
                "egress": [
                  {
                    "ports": [
                      {
                        "end_port": 0,
                        "port": "53",
                        "protocol": "UDP"
                      },
                      {
                        "end_port": 0,
                        "port": "53",
                        "protocol": "TCP"
                      }
                    ],
                    "to": [
                      {
                        "ip_block": [],
                        "namespace_selector": [
                          {
                            "match_expressions": [],
                            "match_labels": {
                              "kubernetes.io/metadata.name": "kube-system"
                            }
                          }
                        ],
                        "pod_selector": []
                      }
                    ]
                  }
                ],
                "ingress": [],
                "pod_selector": [
                  {
                    "match_expressions": [],
                    "match_labels": null
                  }
                ],
                "policy_types": [
                  "Egress"
                ]
              }
            ]
          },
          "sensitive_attributes": [],
          "identity_schema_version": 1,
          "identity": {
            "api_version": "networking.k8s.io/v1",
            "kind": "NetworkPolicy",
            "name": "allow-dns",
            "namespace": "traffic-gen"
          },
          "private": "bnVsbA==",
          "dependencies": [
            "data.aws_eks_cluster_auth.this",
            "module.cilium.helm_release.cilium",
            "module.cilium.kubernetes_manifest.tenant_default_deny",
            "module.eks_cluster.aws_eks_cluster.this",
            "module.eks_cluster.aws_iam_role.cluster",
            "module.eks_cluster.aws_iam_role_policy_attachment.cluster_policy",
            "module.namespaces.kubernetes_namespace_v1.this",
            "module.node_group.aws_eks_node_group.this",
            "module.node_group.aws_iam_role.node",
            "module.node_group.aws_iam_role_policy_attachment.cni",
            "module.node_group.aws_iam_role_policy_attachment.ecr_read",
            "module.node_group.aws_iam_role_policy_attachment.worker_node",
            "module.vpc.aws_subnet.this",
            "module.vpc.aws_vpc.this"
          ]
        }
      ]
    },
    {
      "module": "module.network_policy",
      "mode": "managed",
      "type": "kubernetes_network_policy_v1",
      "name": "allow_gateway_egress_to_authorizer",
      "provider": "provider[\"registry.terraform.io/hashicorp/kubernetes\"]",
      "instances": [
        {
          "schema_version": 0,
          "attributes": {
            "id": "gateway-ingress/allow-gateway-egress-to-authorizer",
            "metadata": [
              {
                "annotations": {},
                "generate_name": "",
                "generation": 1,
                "labels": {},
                "name": "allow-gateway-egress-to-authorizer",
                "namespace": "gateway-ingress",
                "resource_version": "818869",
                "uid": "b30b1b8e-70be-4017-aed2-a4ddb2a7b9fe"
              }
            ],
            "spec": [
              {
                "egress": [
                  {
                    "ports": [
                      {
                        "end_port": 0,
                        "port": "8080",
                        "protocol": "TCP"
                      }
                    ],
                    "to": [
                      {
                        "ip_block": [],
                        "namespace_selector": [
                          {
                            "match_expressions": [],
                            "match_labels": {
                              "kubernetes.io/metadata.name": "authorizer"
                            }
                          }
                        ],
                        "pod_selector": []
                      }
                    ]
                  }
                ],
                "ingress": [],
                "pod_selector": [
                  {
                    "match_expressions": [],
                    "match_labels": null
                  }
                ],
                "policy_types": [
                  "Egress"
                ]
              }
            ]
          },
          "sensitive_attributes": [],
          "identity_schema_version": 1,
          "identity": {
            "api_version": "networking.k8s.io/v1",
            "kind": "NetworkPolicy",
            "name": "allow-gateway-egress-to-authorizer",
            "namespace": "gateway-ingress"
          },
          "private": "bnVsbA==",
          "dependencies": [
            "data.aws_eks_cluster_auth.this",
            "module.cilium.helm_release.cilium",
            "module.cilium.kubernetes_manifest.tenant_default_deny",
            "module.eks_cluster.aws_eks_cluster.this",
            "module.eks_cluster.aws_iam_role.cluster",
            "module.eks_cluster.aws_iam_role_policy_attachment.cluster_policy",
            "module.namespaces.kubernetes_namespace_v1.this",
            "module.node_group.aws_eks_node_group.this",
            "module.node_group.aws_iam_role.node",
            "module.node_group.aws_iam_role_policy_attachment.cni",
            "module.node_group.aws_iam_role_policy_attachment.ecr_read",
            "module.node_group.aws_iam_role_policy_attachment.worker_node",
            "module.vpc.aws_subnet.this",
            "module.vpc.aws_vpc.this"
          ]
        }
      ]
    },
    {
      "module": "module.network_policy",
      "mode": "managed",
      "type": "kubernetes_network_policy_v1",
      "name": "allow_inference_egress_internet",
      "provider": "provider[\"registry.terraform.io/hashicorp/kubernetes\"]",
      "instances": [
        {
          "schema_version": 0,
          "attributes": {
            "id": "inference/allow-inference-egress-internet",
            "metadata": [
              {
                "annotations": {},
                "generate_name": "",
                "generation": 1,
                "labels": {},
                "name": "allow-inference-egress-internet",
                "namespace": "inference",
                "resource_version": "818866",
                "uid": "d5a7f7c5-37a6-4f5f-800b-9f4d732a3d14"
              }
            ],
            "spec": [
              {
                "egress": [
                  {
                    "ports": [
                      {
                        "end_port": 0,
                        "port": "443",
                        "protocol": "TCP"
                      }
                    ],
                    "to": []
                  }
                ],
                "ingress": [],
                "pod_selector": [
                  {
                    "match_expressions": [],
                    "match_labels": null
                  }
                ],
                "policy_types": [
                  "Egress"
                ]
              }
            ]
          },
          "sensitive_attributes": [],
          "identity_schema_version": 1,
          "identity": {
            "api_version": "networking.k8s.io/v1",
            "kind": "NetworkPolicy",
            "name": "allow-inference-egress-internet",
            "namespace": "inference"
          },
          "private": "bnVsbA==",
          "dependencies": [
            "data.aws_eks_cluster_auth.this",
            "module.cilium.helm_release.cilium",
            "module.cilium.kubernetes_manifest.tenant_default_deny",
            "module.eks_cluster.aws_eks_cluster.this",
            "module.eks_cluster.aws_iam_role.cluster",
            "module.eks_cluster.aws_iam_role_policy_attachment.cluster_policy",
            "module.namespaces.kubernetes_namespace_v1.this",
            "module.node_group.aws_eks_node_group.this",
            "module.node_group.aws_iam_role.node",
            "module.node_group.aws_iam_role_policy_attachment.cni",
            "module.node_group.aws_iam_role_policy_attachment.ecr_read",
            "module.node_group.aws_iam_role_policy_attachment.worker_node",
            "module.vpc.aws_subnet.this",
            "module.vpc.aws_vpc.this"
          ]
        }
      ]
    },
    {
      "module": "module.network_policy",
      "mode": "managed",
      "type": "kubernetes_network_policy_v1",
      "name": "allow_ingress_from_tenants_and_gateway",
      "provider": "provider[\"registry.terraform.io/hashicorp/kubernetes\"]",
      "instances": [
        {
          "schema_version": 0,
          "attributes": {
            "id": "authorizer/allow-ingress-from-tenants-and-gateway",
            "metadata": [
              {
                "annotations": {},
                "generate_name": "",
                "generation": 1,
                "labels": {},
                "name": "allow-ingress-from-tenants-and-gateway",
                "namespace": "authorizer",
                "resource_version": "818871",
                "uid": "53a80585-2d16-458e-bd1a-0ce0c71bcdcb"
              }
            ],
            "spec": [
              {
                "egress": [],
                "ingress": [
                  {
                    "from": [
                      {
                        "ip_block": [],
                        "namespace_selector": [
                          {
                            "match_expressions": [],
                            "match_labels": {
                              "kubernetes.io/metadata.name": "tenant-a"
                            }
                          }
                        ],
                        "pod_selector": []
                      },
                      {
                        "ip_block": [],
                        "namespace_selector": [
                          {
                            "match_expressions": [],
                            "match_labels": {
                              "kubernetes.io/metadata.name": "tenant-b"
                            }
                          }
                        ],
                        "pod_selector": []
                      },
                      {
                        "ip_block": [],
                        "namespace_selector": [
                          {
                            "match_expressions": [],
                            "match_labels": {
                              "kubernetes.io/metadata.name": "gateway-ingress"
                            }
                          }
                        ],
                        "pod_selector": []
                      }
                    ],
                    "ports": [
                      {
                        "end_port": 0,
                        "port": "8080",
                        "protocol": "TCP"
                      }
                    ]
                  }
                ],
                "pod_selector": [
                  {
                    "match_expressions": [],
                    "match_labels": null
                  }
                ],
                "policy_types": [
                  "Ingress"
                ]
              }
            ]
          },
          "sensitive_attributes": [],
          "identity_schema_version": 1,
          "identity": {
            "api_version": "networking.k8s.io/v1",
            "kind": "NetworkPolicy",
            "name": "allow-ingress-from-tenants-and-gateway",
            "namespace": "authorizer"
          },
          "private": "bnVsbA==",
          "dependencies": [
            "data.aws_eks_cluster_auth.this",
            "module.cilium.helm_release.cilium",
            "module.cilium.kubernetes_manifest.tenant_default_deny",
            "module.eks_cluster.aws_eks_cluster.this",
            "module.eks_cluster.aws_iam_role.cluster",
            "module.eks_cluster.aws_iam_role_policy_attachment.cluster_policy",
            "module.namespaces.kubernetes_namespace_v1.this",
            "module.node_group.aws_eks_node_group.this",
            "module.node_group.aws_iam_role.node",
            "module.node_group.aws_iam_role_policy_attachment.cni",
            "module.node_group.aws_iam_role_policy_attachment.ecr_read",
            "module.node_group.aws_iam_role_policy_attachment.worker_node",
            "module.vpc.aws_subnet.this",
            "module.vpc.aws_vpc.this"
          ]
        }
      ]
    },
    {
      "module": "module.network_policy",
      "mode": "managed",
      "type": "kubernetes_network_policy_v1",
      "name": "allow_ingress_from_tenants_gateway",
      "provider": "provider[\"registry.terraform.io/hashicorp/kubernetes\"]",
      "instances": [
        {
          "schema_version": 0,
          "attributes": {
            "id": "gateway-ingress/allow-ingress-from-tenants",
            "metadata": [
              {
                "annotations": {},
                "generate_name": "",
                "generation": 1,
                "labels": {},
                "name": "allow-ingress-from-tenants",
                "namespace": "gateway-ingress",
                "resource_version": "818868",
                "uid": "ca65eb75-7193-45df-b383-66026090ba0b"
              }
            ],
            "spec": [
              {
                "egress": [],
                "ingress": [
                  {
                    "from": [
                      {
                        "ip_block": [],
                        "namespace_selector": [
                          {
                            "match_expressions": [],
                            "match_labels": {
                              "kubernetes.io/metadata.name": "tenant-a"
                            }
                          }
                        ],
                        "pod_selector": []
                      },
                      {
                        "ip_block": [],
                        "namespace_selector": [
                          {
                            "match_expressions": [],
                            "match_labels": {
                              "kubernetes.io/metadata.name": "tenant-b"
                            }
                          }
                        ],
                        "pod_selector": []
                      }
                    ],
                    "ports": [
                      {
                        "end_port": 0,
                        "port": "8001",
                        "protocol": "TCP"
                      }
                    ]
                  }
                ],
                "pod_selector": [
                  {
                    "match_expressions": [],
                    "match_labels": null
                  }
                ],
                "policy_types": [
                  "Ingress"
                ]
              }
            ]
          },
          "sensitive_attributes": [],
          "identity_schema_version": 1,
          "identity": {
            "api_version": "networking.k8s.io/v1",
            "kind": "NetworkPolicy",
            "name": "allow-ingress-from-tenants",
            "namespace": "gateway-ingress"
          },
          "private": "bnVsbA==",
          "dependencies": [
            "data.aws_eks_cluster_auth.this",
            "module.cilium.helm_release.cilium",
            "module.cilium.kubernetes_manifest.tenant_default_deny",
            "module.eks_cluster.aws_eks_cluster.this",
            "module.eks_cluster.aws_iam_role.cluster",
            "module.eks_cluster.aws_iam_role_policy_attachment.cluster_policy",
            "module.namespaces.kubernetes_namespace_v1.this",
            "module.node_group.aws_eks_node_group.this",
            "module.node_group.aws_iam_role.node",
            "module.node_group.aws_iam_role_policy_attachment.cni",
            "module.node_group.aws_iam_role_policy_attachment.ecr_read",
            "module.node_group.aws_iam_role_policy_attachment.worker_node",
            "module.vpc.aws_subnet.this",
            "module.vpc.aws_vpc.this"
          ]
        }
      ]
    },
    {
      "module": "module.network_policy",
      "mode": "managed",
      "type": "kubernetes_network_policy_v1",
      "name": "allow_ingress_from_tenants_inference",
      "provider": "provider[\"registry.terraform.io/hashicorp/kubernetes\"]",
      "instances": [
        {
          "schema_version": 0,
          "attributes": {
            "id": "inference/allow-ingress-from-tenants",
            "metadata": [
              {
                "annotations": {},
                "generate_name": "",
                "generation": 1,
                "labels": {},
                "name": "allow-ingress-from-tenants",
                "namespace": "inference",
                "resource_version": "818867",
                "uid": "2bcdcb3e-781b-4d17-b6ee-424c76d2fbe1"
              }
            ],
            "spec": [
              {
                "egress": [],
                "ingress": [
                  {
                    "from": [
                      {
                        "ip_block": [],
                        "namespace_selector": [
                          {
                            "match_expressions": [],
                            "match_labels": {
                              "kubernetes.io/metadata.name": "tenant-a"
                            }
                          }
                        ],
                        "pod_selector": []
                      },
                      {
                        "ip_block": [],
                        "namespace_selector": [
                          {
                            "match_expressions": [],
                            "match_labels": {
                              "kubernetes.io/metadata.name": "tenant-b"
                            }
                          }
                        ],
                        "pod_selector": []
                      }
                    ],
                    "ports": [
                      {
                        "end_port": 0,
                        "port": "11434",
                        "protocol": "TCP"
                      }
                    ]
                  }
                ],
                "pod_selector": [
                  {
                    "match_expressions": [],
                    "match_labels": null
                  }
                ],
                "policy_types": [
                  "Ingress"
                ]
              }
            ]
          },
          "sensitive_attributes": [],
          "identity_schema_version": 1,
          "identity": {
            "api_version": "networking.k8s.io/v1",
            "kind": "NetworkPolicy",
            "name": "allow-ingress-from-tenants",
            "namespace": "inference"
          },
          "private": "bnVsbA==",
          "dependencies": [
            "data.aws_eks_cluster_auth.this",
            "module.cilium.helm_release.cilium",
            "module.cilium.kubernetes_manifest.tenant_default_deny",
            "module.eks_cluster.aws_eks_cluster.this",
            "module.eks_cluster.aws_iam_role.cluster",
            "module.eks_cluster.aws_iam_role_policy_attachment.cluster_policy",
            "module.namespaces.kubernetes_namespace_v1.this",
            "module.node_group.aws_eks_node_group.this",
            "module.node_group.aws_iam_role.node",
            "module.node_group.aws_iam_role_policy_attachment.cni",
            "module.node_group.aws_iam_role_policy_attachment.ecr_read",
            "module.node_group.aws_iam_role_policy_attachment.worker_node",
            "module.vpc.aws_subnet.this",
            "module.vpc.aws_vpc.this"
          ]
        }
      ]
    },
    {
      "module": "module.network_policy",
      "mode": "managed",
      "type": "kubernetes_network_policy_v1",
      "name": "default_deny_all",
      "provider": "provider[\"registry.terraform.io/hashicorp/kubernetes\"]",
      "instances": [
        {
          "index_key": "authorizer",
          "schema_version": 0,
          "attributes": {
            "id": "authorizer/default-deny-all",
            "metadata": [
              {
                "annotations": {},
                "generate_name": "",
                "generation": 1,
                "labels": {},
                "name": "default-deny-all",
                "namespace": "authorizer",
                "resource_version": "818881",
                "uid": "e33440cb-a79c-48dd-93e5-698bc09ad8ce"
              }
            ],
            "spec": [
              {
                "egress": [],
                "ingress": [],
                "pod_selector": [
                  {
                    "match_expressions": [],
                    "match_labels": null
                  }
                ],
                "policy_types": [
                  "Ingress",
                  "Egress"
                ]
              }
            ]
          },
          "sensitive_attributes": [],
          "identity_schema_version": 1,
          "identity": {
            "api_version": "networking.k8s.io/v1",
            "kind": "NetworkPolicy",
            "name": "default-deny-all",
            "namespace": "authorizer"
          },
          "private": "bnVsbA==",
          "dependencies": [
            "data.aws_eks_cluster_auth.this",
            "module.cilium.helm_release.cilium",
            "module.cilium.kubernetes_manifest.tenant_default_deny",
            "module.eks_cluster.aws_eks_cluster.this",
            "module.eks_cluster.aws_iam_role.cluster",
            "module.eks_cluster.aws_iam_role_policy_attachment.cluster_policy",
            "module.namespaces.kubernetes_namespace_v1.this",
            "module.node_group.aws_eks_node_group.this",
            "module.node_group.aws_iam_role.node",
            "module.node_group.aws_iam_role_policy_attachment.cni",
            "module.node_group.aws_iam_role_policy_attachment.ecr_read",
            "module.node_group.aws_iam_role_policy_attachment.worker_node",
            "module.vpc.aws_subnet.this",
            "module.vpc.aws_vpc.this"
          ]
        },
        {
          "index_key": "gateway-ingress",
          "schema_version": 0,
          "attributes": {
            "id": "gateway-ingress/default-deny-all",
            "metadata": [
              {
                "annotations": {},
                "generate_name": "",
                "generation": 1,
                "labels": {},
                "name": "default-deny-all",
                "namespace": "gateway-ingress",
                "resource_version": "818883",
                "uid": "e6523c0f-a76c-46e3-bcc5-657f7648a646"
              }
            ],
            "spec": [
              {
                "egress": [],
                "ingress": [],
                "pod_selector": [
                  {
                    "match_expressions": [],
                    "match_labels": null
                  }
                ],
                "policy_types": [
                  "Ingress",
                  "Egress"
                ]
              }
            ]
          },
          "sensitive_attributes": [],
          "identity_schema_version": 1,
          "identity": {
            "api_version": "networking.k8s.io/v1",
            "kind": "NetworkPolicy",
            "name": "default-deny-all",
            "namespace": "gateway-ingress"
          },
          "private": "bnVsbA==",
          "dependencies": [
            "data.aws_eks_cluster_auth.this",
            "module.cilium.helm_release.cilium",
            "module.cilium.kubernetes_manifest.tenant_default_deny",
            "module.eks_cluster.aws_eks_cluster.this",
            "module.eks_cluster.aws_iam_role.cluster",
            "module.eks_cluster.aws_iam_role_policy_attachment.cluster_policy",
            "module.namespaces.kubernetes_namespace_v1.this",
            "module.node_group.aws_eks_node_group.this",
            "module.node_group.aws_iam_role.node",
            "module.node_group.aws_iam_role_policy_attachment.cni",
            "module.node_group.aws_iam_role_policy_attachment.ecr_read",
            "module.node_group.aws_iam_role_policy_attachment.worker_node",
            "module.vpc.aws_subnet.this",
            "module.vpc.aws_vpc.this"
          ]
        },
        {
          "index_key": "inference",
          "schema_version": 0,
          "attributes": {
            "id": "inference/default-deny-all",
            "metadata": [
              {
                "annotations": {},
                "generate_name": "",
                "generation": 1,
                "labels": {},
                "name": "default-deny-all",
                "namespace": "inference",
                "resource_version": "818879",
                "uid": "cf9fc1ac-fcb5-4fb7-bbc9-ac3d7032e18a"
              }
            ],
            "spec": [
              {
                "egress": [],
                "ingress": [],
                "pod_selector": [
                  {
                    "match_expressions": [],
                    "match_labels": null
                  }
                ],
                "policy_types": [
                  "Ingress",
                  "Egress"
                ]
              }
            ]
          },
          "sensitive_attributes": [],
          "identity_schema_version": 1,
          "identity": {
            "api_version": "networking.k8s.io/v1",
            "kind": "NetworkPolicy",
            "name": "default-deny-all",
            "namespace": "inference"
          },
          "private": "bnVsbA==",
          "dependencies": [
            "data.aws_eks_cluster_auth.this",
            "module.cilium.helm_release.cilium",
            "module.cilium.kubernetes_manifest.tenant_default_deny",
            "module.eks_cluster.aws_eks_cluster.this",
            "module.eks_cluster.aws_iam_role.cluster",
            "module.eks_cluster.aws_iam_role_policy_attachment.cluster_policy",
            "module.namespaces.kubernetes_namespace_v1.this",
            "module.node_group.aws_eks_node_group.this",
            "module.node_group.aws_iam_role.node",
            "module.node_group.aws_iam_role_policy_attachment.cni",
            "module.node_group.aws_iam_role_policy_attachment.ecr_read",
            "module.node_group.aws_iam_role_policy_attachment.worker_node",
            "module.vpc.aws_subnet.this",
            "module.vpc.aws_vpc.this"
          ]
        },
        {
          "index_key": "monitoring",
          "schema_version": 0,
          "attributes": {
            "id": "monitoring/default-deny-all",
            "metadata": [
              {
                "annotations": {},
                "generate_name": "",
                "generation": 1,
                "labels": {},
                "name": "default-deny-all",
                "namespace": "monitoring",
                "resource_version": "818882",
                "uid": "26b19282-3efc-49cd-8c83-bfbbabc78e1c"
              }
            ],
            "spec": [
              {
                "egress": [],
                "ingress": [],
                "pod_selector": [
                  {
                    "match_expressions": [],
                    "match_labels": null
                  }
                ],
                "policy_types": [
                  "Ingress",
                  "Egress"
                ]
              }
            ]
          },
          "sensitive_attributes": [],
          "identity_schema_version": 1,
          "identity": {
            "api_version": "networking.k8s.io/v1",
            "kind": "NetworkPolicy",
            "name": "default-deny-all",
            "namespace": "monitoring"
          },
          "private": "bnVsbA==",
          "dependencies": [
            "data.aws_eks_cluster_auth.this",
            "module.cilium.helm_release.cilium",
            "module.cilium.kubernetes_manifest.tenant_default_deny",
            "module.eks_cluster.aws_eks_cluster.this",
            "module.eks_cluster.aws_iam_role.cluster",
            "module.eks_cluster.aws_iam_role_policy_attachment.cluster_policy",
            "module.namespaces.kubernetes_namespace_v1.this",
            "module.node_group.aws_eks_node_group.this",
            "module.node_group.aws_iam_role.node",
            "module.node_group.aws_iam_role_policy_attachment.cni",
            "module.node_group.aws_iam_role_policy_attachment.ecr_read",
            "module.node_group.aws_iam_role_policy_attachment.worker_node",
            "module.vpc.aws_subnet.this",
            "module.vpc.aws_vpc.this"
          ]
        },
        {
          "index_key": "tenant-a",
          "schema_version": 0,
          "attributes": {
            "id": "tenant-a/default-deny-all",
            "metadata": [
              {
                "annotations": {},
                "generate_name": "",
                "generation": 1,
                "labels": {},
                "name": "default-deny-all",
                "namespace": "tenant-a",
                "resource_version": "818876",
                "uid": "b36931b2-f497-4d2e-8551-5f65a3a4afbc"
              }
            ],
            "spec": [
              {
                "egress": [],
                "ingress": [],
                "pod_selector": [
                  {
                    "match_expressions": [],
                    "match_labels": null
                  }
                ],
                "policy_types": [
                  "Ingress",
                  "Egress"
                ]
              }
            ]
          },
          "sensitive_attributes": [],
          "identity_schema_version": 1,
          "identity": {
            "api_version": "networking.k8s.io/v1",
            "kind": "NetworkPolicy",
            "name": "default-deny-all",
            "namespace": "tenant-a"
          },
          "private": "bnVsbA==",
          "dependencies": [
            "data.aws_eks_cluster_auth.this",
            "module.cilium.helm_release.cilium",
            "module.cilium.kubernetes_manifest.tenant_default_deny",
            "module.eks_cluster.aws_eks_cluster.this",
            "module.eks_cluster.aws_iam_role.cluster",
            "module.eks_cluster.aws_iam_role_policy_attachment.cluster_policy",
            "module.namespaces.kubernetes_namespace_v1.this",
            "module.node_group.aws_eks_node_group.this",
            "module.node_group.aws_iam_role.node",
            "module.node_group.aws_iam_role_policy_attachment.cni",
            "module.node_group.aws_iam_role_policy_attachment.ecr_read",
            "module.node_group.aws_iam_role_policy_attachment.worker_node",
            "module.vpc.aws_subnet.this",
            "module.vpc.aws_vpc.this"
          ]
        },
        {
          "index_key": "tenant-b",
          "schema_version": 0,
          "attributes": {
            "id": "tenant-b/default-deny-all",
            "metadata": [
              {
                "annotations": {},
                "generate_name": "",
                "generation": 1,
                "labels": {},
                "name": "default-deny-all",
                "namespace": "tenant-b",
                "resource_version": "818878",
                "uid": "b233a50c-a342-44e8-995f-75f2cacb63ed"
              }
            ],
            "spec": [
              {
                "egress": [],
                "ingress": [],
                "pod_selector": [
                  {
                    "match_expressions": [],
                    "match_labels": null
                  }
                ],
                "policy_types": [
                  "Ingress",
                  "Egress"
                ]
              }
            ]
          },
          "sensitive_attributes": [],
          "identity_schema_version": 1,
          "identity": {
            "api_version": "networking.k8s.io/v1",
            "kind": "NetworkPolicy",
            "name": "default-deny-all",
            "namespace": "tenant-b"
          },
          "private": "bnVsbA==",
          "dependencies": [
            "data.aws_eks_cluster_auth.this",
            "module.cilium.helm_release.cilium",
            "module.cilium.kubernetes_manifest.tenant_default_deny",
            "module.eks_cluster.aws_eks_cluster.this",
            "module.eks_cluster.aws_iam_role.cluster",
            "module.eks_cluster.aws_iam_role_policy_attachment.cluster_policy",
            "module.namespaces.kubernetes_namespace_v1.this",
            "module.node_group.aws_eks_node_group.this",
            "module.node_group.aws_iam_role.node",
            "module.node_group.aws_iam_role_policy_attachment.cni",
            "module.node_group.aws_iam_role_policy_attachment.ecr_read",
            "module.node_group.aws_iam_role_policy_attachment.worker_node",
            "module.vpc.aws_subnet.this",
            "module.vpc.aws_vpc.this"
          ]
        },
        {
          "index_key": "traffic-gen",
          "schema_version": 0,
          "attributes": {
            "id": "traffic-gen/default-deny-all",
            "metadata": [
              {
                "annotations": {},
                "generate_name": "",
                "generation": 1,
                "labels": {},
                "name": "default-deny-all",
                "namespace": "traffic-gen",
                "resource_version": "818875",
                "uid": "ebc87e14-2e22-457f-9293-3aedd77f0ad6"
              }
            ],
            "spec": [
              {
                "egress": [],
                "ingress": [],
                "pod_selector": [
                  {
                    "match_expressions": [],
                    "match_labels": null
                  }
                ],
                "policy_types": [
                  "Ingress",
                  "Egress"
                ]
              }
            ]
          },
          "sensitive_attributes": [],
          "identity_schema_version": 1,
          "identity": {
            "api_version": "networking.k8s.io/v1",
            "kind": "NetworkPolicy",
            "name": "default-deny-all",
            "namespace": "traffic-gen"
          },
          "private": "bnVsbA==",
          "dependencies": [
            "data.aws_eks_cluster_auth.this",
            "module.cilium.helm_release.cilium",
            "module.cilium.kubernetes_manifest.tenant_default_deny",
            "module.eks_cluster.aws_eks_cluster.this",
            "module.eks_cluster.aws_iam_role.cluster",
            "module.eks_cluster.aws_iam_role_policy_attachment.cluster_policy",
            "module.namespaces.kubernetes_namespace_v1.this",
            "module.node_group.aws_eks_node_group.this",
            "module.node_group.aws_iam_role.node",
            "module.node_group.aws_iam_role_policy_attachment.cni",
            "module.node_group.aws_iam_role_policy_attachment.ecr_read",
            "module.node_group.aws_iam_role_policy_attachment.worker_node",
            "module.vpc.aws_subnet.this",
            "module.vpc.aws_vpc.this"
          ]
        }
      ]
    },
    {
      "module": "module.node_group[\"inference\"]",
      "mode": "managed",
      "type": "aws_eks_node_group",
      "name": "this",
      "provider": "provider[\"registry.terraform.io/hashicorp/aws\"]",
      "instances": [
        {
          "schema_version": 0,
          "attributes": {
            "ami_type": "AL2023_x86_64_STANDARD",
            "arn": "arn:aws:eks:us-east-1:789288816621:nodegroup/ztap-bridge/ztap-bridge-inference/e4d05671-88fb-8fb9-6d86-15d410aa1310",
            "capacity_type": "SPOT",
            "cluster_name": "ztap-bridge",
            "disk_size": 20,
            "force_update_version": null,
            "id": "ztap-bridge:ztap-bridge-inference",
            "instance_types": [
              "t3.xlarge"
            ],
            "labels": {
              "ztap.io/node-pool": "inference"
            },
            "launch_template": [],
            "node_group_name": "ztap-bridge-inference",
            "node_group_name_prefix": "",
            "node_repair_config": [],
            "node_role_arn": "arn:aws:iam::789288816621:role/ztap-bridge-inference-node-role",
            "region": "us-east-1",
            "release_version": "1.31.14-20260911",
            "remote_access": [],
            "resources": [
              {
                "autoscaling_groups": [
                  {
                    "name": "eks-ztap-bridge-inference-e4d05671-88fb-8fb9-6d86-15d410aa1310"
                  }
                ],
                "remote_access_security_group_id": ""
              }
            ],
            "scaling_config": [
              {
                "desired_size": 1,
                "max_size": 1,
                "min_size": 1
              }
            ],
            "status": "ACTIVE",
            "subnet_ids": [
              "subnet-0372bcb3974a249e0",
              "subnet-0760a1ccfccfbd12e"
            ],
            "tags": {},
            "tags_all": {},
            "taint": [],
            "timeouts": null,
            "update_config": [
              {
                "max_unavailable": 1,
                "max_unavailable_percentage": 0,
                "update_strategy": ""
              }
            ],
            "version": "1.31",
            "warm_pool_config": []
          },
          "sensitive_attributes": [],
          "identity_schema_version": 0,
          "identity": {
            "account_id": "789288816621",
            "cluster_name": "ztap-bridge",
            "node_group_name": "ztap-bridge-inference",
            "region": "us-east-1"
          },
          "private": "eyJlMmJmYjczMC1lY2FhLTExZTYtOGY4OC0zNDM2M2JjN2M0YzAiOnsiY3JlYXRlIjozNjAwMDAwMDAwMDAwLCJkZWxldGUiOjM2MDAwMDAwMDAwMDAsInVwZGF0ZSI6MzYwMDAwMDAwMDAwMH19",
          "dependencies": [
            "module.eks_cluster.aws_eks_cluster.this",
            "module.eks_cluster.aws_iam_role.cluster",
            "module.eks_cluster.aws_iam_role_policy_attachment.cluster_policy",
            "module.node_group.aws_iam_role.node",
            "module.node_group.aws_iam_role_policy_attachment.cni",
            "module.node_group.aws_iam_role_policy_attachment.ecr_read",
            "module.node_group.aws_iam_role_policy_attachment.worker_node",
            "module.vpc.aws_subnet.this",
            "module.vpc.aws_vpc.this"
          ]
        }
      ]
    },
    {
      "module": "module.node_group[\"inference\"]",
      "mode": "managed",
      "type": "aws_iam_role",
      "name": "node",
      "provider": "provider[\"registry.terraform.io/hashicorp/aws\"]",
      "instances": [
        {
          "schema_version": 0,
          "attributes": {
            "arn": "arn:aws:iam::789288816621:role/ztap-bridge-inference-node-role",
            "assume_role_policy": "{\"Statement\":[{\"Action\":\"sts:AssumeRole\",\"Effect\":\"Allow\",\"Principal\":{\"Service\":\"ec2.amazonaws.com\"}}],\"Version\":\"2012-10-17\"}",
            "create_date": "2026-09-17T01:02:36Z",
            "description": "",
            "force_detach_policies": false,
            "id": "ztap-bridge-inference-node-role",
            "inline_policy": [],
            "managed_policy_arns": [
              "arn:aws:iam::aws:policy/AmazonEC2ContainerRegistryReadOnly",
              "arn:aws:iam::aws:policy/AmazonEKSWorkerNodePolicy",
              "arn:aws:iam::aws:policy/AmazonEKS_CNI_Policy"
            ],
            "max_session_duration": 3600,
            "name": "ztap-bridge-inference-node-role",
            "name_prefix": "",
            "path": "/",
            "permissions_boundary": "",
            "tags": {},
            "tags_all": {},
            "unique_id": "AROA3PRKHR7W7LXX3MRLQ"
          },
          "sensitive_attributes": [],
          "identity_schema_version": 0,
          "identity": {
            "account_id": "789288816621",
            "name": "ztap-bridge-inference-node-role"
          },
          "private": "bnVsbA==",
          "dependencies": [
            "module.eks_cluster.aws_eks_cluster.this",
            "module.eks_cluster.aws_iam_role.cluster",
            "module.eks_cluster.aws_iam_role_policy_attachment.cluster_policy",
            "module.vpc.aws_subnet.this",
            "module.vpc.aws_vpc.this"
          ]
        }
      ]
    },
    {
      "module": "module.node_group[\"inference\"]",
      "mode": "managed",
      "type": "aws_iam_role_policy_attachment",
      "name": "cni",
      "provider": "provider[\"registry.terraform.io/hashicorp/aws\"]",
      "instances": [
        {
          "schema_version": 0,
          "attributes": {
            "id": "ztap-bridge-inference-node-role/arn:aws:iam::aws:policy/AmazonEKS_CNI_Policy",
            "policy_arn": "arn:aws:iam::aws:policy/AmazonEKS_CNI_Policy",
            "role": "ztap-bridge-inference-node-role"
          },
          "sensitive_attributes": [],
          "identity_schema_version": 0,
          "identity": {
            "account_id": "789288816621",
            "policy_arn": "arn:aws:iam::aws:policy/AmazonEKS_CNI_Policy",
            "role": "ztap-bridge-inference-node-role"
          },
          "private": "bnVsbA==",
          "dependencies": [
            "module.eks_cluster.aws_eks_cluster.this",
            "module.eks_cluster.aws_iam_role.cluster",
            "module.eks_cluster.aws_iam_role_policy_attachment.cluster_policy",
            "module.node_group.aws_iam_role.node",
            "module.vpc.aws_subnet.this",
            "module.vpc.aws_vpc.this"
          ]
        }
      ]
    },
    {
      "module": "module.node_group[\"inference\"]",
      "mode": "managed",
      "type": "aws_iam_role_policy_attachment",
      "name": "ecr_read",
      "provider": "provider[\"registry.terraform.io/hashicorp/aws\"]",
      "instances": [
        {
          "schema_version": 0,
          "attributes": {
            "id": "ztap-bridge-inference-node-role/arn:aws:iam::aws:policy/AmazonEC2ContainerRegistryReadOnly",
            "policy_arn": "arn:aws:iam::aws:policy/AmazonEC2ContainerRegistryReadOnly",
            "role": "ztap-bridge-inference-node-role"
          },
          "sensitive_attributes": [],
          "identity_schema_version": 0,
          "identity": {
            "account_id": "789288816621",
            "policy_arn": "arn:aws:iam::aws:policy/AmazonEC2ContainerRegistryReadOnly",
            "role": "ztap-bridge-inference-node-role"
          },
          "private": "bnVsbA==",
          "dependencies": [
            "module.eks_cluster.aws_eks_cluster.this",
            "module.eks_cluster.aws_iam_role.cluster",
            "module.eks_cluster.aws_iam_role_policy_attachment.cluster_policy",
            "module.node_group.aws_iam_role.node",
            "module.vpc.aws_subnet.this",
            "module.vpc.aws_vpc.this"
          ]
        }
      ]
    },
    {
      "module": "module.node_group[\"inference\"]",
      "mode": "managed",
      "type": "aws_iam_role_policy_attachment",
      "name": "worker_node",
      "provider": "provider[\"registry.terraform.io/hashicorp/aws\"]",
      "instances": [
        {
          "schema_version": 0,
          "attributes": {
            "id": "ztap-bridge-inference-node-role/arn:aws:iam::aws:policy/AmazonEKSWorkerNodePolicy",
            "policy_arn": "arn:aws:iam::aws:policy/AmazonEKSWorkerNodePolicy",
            "role": "ztap-bridge-inference-node-role"
          },
          "sensitive_attributes": [],
          "identity_schema_version": 0,
          "identity": {
            "account_id": "789288816621",
            "policy_arn": "arn:aws:iam::aws:policy/AmazonEKSWorkerNodePolicy",
            "role": "ztap-bridge-inference-node-role"
          },
          "private": "bnVsbA==",
          "dependencies": [
            "module.eks_cluster.aws_eks_cluster.this",
            "module.eks_cluster.aws_iam_role.cluster",
            "module.eks_cluster.aws_iam_role_policy_attachment.cluster_policy",
            "module.node_group.aws_iam_role.node",
            "module.vpc.aws_subnet.this",
            "module.vpc.aws_vpc.this"
          ]
        }
      ]
    },
    {
      "module": "module.node_group[\"security-control\"]",
      "mode": "managed",
      "type": "aws_eks_node_group",
      "name": "this",
      "provider": "provider[\"registry.terraform.io/hashicorp/aws\"]",
      "instances": [
        {
          "schema_version": 0,
          "attributes": {
            "ami_type": "AL2023_x86_64_STANDARD",
            "arn": "arn:aws:eks:us-east-1:789288816621:nodegroup/ztap-bridge/ztap-bridge-security-control/34d05665-374b-1c0f-0866-f01e535e72cd",
            "capacity_type": "SPOT",
            "cluster_name": "ztap-bridge",
            "disk_size": 20,
            "force_update_version": null,
            "id": "ztap-bridge:ztap-bridge-security-control",
            "instance_types": [
              "t3.xlarge"
            ],
            "labels": {
              "ztap.io/node-pool": "security-control"
            },
            "launch_template": [],
            "node_group_name": "ztap-bridge-security-control",
            "node_group_name_prefix": "",
            "node_repair_config": [],
            "node_role_arn": "arn:aws:iam::789288816621:role/ztap-bridge-security-control-node-role",
            "region": "us-east-1",
            "release_version": "1.31.14-20260911",
            "remote_access": [],
            "resources": [
              {
                "autoscaling_groups": [
                  {
                    "name": "eks-ztap-bridge-security-control-34d05665-374b-1c0f-0866-f01e535e72cd"
                  }
                ],
                "remote_access_security_group_id": ""
              }
            ],
            "scaling_config": [
              {
                "desired_size": 1,
                "max_size": 2,
                "min_size": 1
              }
            ],
            "status": "ACTIVE",
            "subnet_ids": [
              "subnet-0372bcb3974a249e0",
              "subnet-0760a1ccfccfbd12e"
            ],
            "tags": {},
            "tags_all": {},
            "taint": [],
            "timeouts": null,
            "update_config": [
              {
                "max_unavailable": 1,
                "max_unavailable_percentage": 0,
                "update_strategy": ""
              }
            ],
            "version": "1.31",
            "warm_pool_config": []
          },
          "sensitive_attributes": [],
          "identity_schema_version": 0,
          "identity": {
            "account_id": "789288816621",
            "cluster_name": "ztap-bridge",
            "node_group_name": "ztap-bridge-security-control",
            "region": "us-east-1"
          },
          "private": "eyJlMmJmYjczMC1lY2FhLTExZTYtOGY4OC0zNDM2M2JjN2M0YzAiOnsiY3JlYXRlIjozNjAwMDAwMDAwMDAwLCJkZWxldGUiOjM2MDAwMDAwMDAwMDAsInVwZGF0ZSI6MzYwMDAwMDAwMDAwMH19",
          "dependencies": [
            "module.eks_cluster.aws_eks_cluster.this",
            "module.eks_cluster.aws_iam_role.cluster",
            "module.eks_cluster.aws_iam_role_policy_attachment.cluster_policy",
            "module.node_group.aws_iam_role.node",
            "module.node_group.aws_iam_role_policy_attachment.cni",
            "module.node_group.aws_iam_role_policy_attachment.ecr_read",
            "module.node_group.aws_iam_role_policy_attachment.worker_node",
            "module.vpc.aws_subnet.this",
            "module.vpc.aws_vpc.this"
          ]
        }
      ]
    },
    {
      "module": "module.node_group[\"security-control\"]",
      "mode": "managed",
      "type": "aws_iam_role",
      "name": "node",
      "provider": "provider[\"registry.terraform.io/hashicorp/aws\"]",
      "instances": [
        {
          "schema_version": 0,
          "attributes": {
            "arn": "arn:aws:iam::789288816621:role/ztap-bridge-security-control-node-role",
            "assume_role_policy": "{\"Statement\":[{\"Action\":\"sts:AssumeRole\",\"Effect\":\"Allow\",\"Principal\":{\"Service\":\"ec2.amazonaws.com\"}}],\"Version\":\"2012-10-17\"}",
            "create_date": "2026-09-17T00:35:41Z",
            "description": "",
            "force_detach_policies": false,
            "id": "ztap-bridge-security-control-node-role",
            "inline_policy": [],
            "managed_policy_arns": [
              "arn:aws:iam::aws:policy/AmazonEC2ContainerRegistryReadOnly",
              "arn:aws:iam::aws:policy/AmazonEKSWorkerNodePolicy",
              "arn:aws:iam::aws:policy/AmazonEKS_CNI_Policy"
            ],
            "max_session_duration": 3600,
            "name": "ztap-bridge-security-control-node-role",
            "name_prefix": "",
            "path": "/",
            "permissions_boundary": "",
            "tags": {},
            "tags_all": {},
            "unique_id": "AROA3PRKHR7WYQK2C35C5"
          },
          "sensitive_attributes": [],
          "identity_schema_version": 0,
          "identity": {
            "account_id": "789288816621",
            "name": "ztap-bridge-security-control-node-role"
          },
          "private": "bnVsbA==",
          "dependencies": [
            "module.eks_cluster.aws_eks_cluster.this",
            "module.eks_cluster.aws_iam_role.cluster",
            "module.eks_cluster.aws_iam_role_policy_attachment.cluster_policy",
            "module.vpc.aws_subnet.this",
            "module.vpc.aws_vpc.this"
          ]
        }
      ]
    },
    {
      "module": "module.node_group[\"security-control\"]",
      "mode": "managed",
      "type": "aws_iam_role_policy_attachment",
      "name": "cni",
      "provider": "provider[\"registry.terraform.io/hashicorp/aws\"]",
      "instances": [
        {
          "schema_version": 0,
          "attributes": {
            "id": "ztap-bridge-security-control-node-role/arn:aws:iam::aws:policy/AmazonEKS_CNI_Policy",
            "policy_arn": "arn:aws:iam::aws:policy/AmazonEKS_CNI_Policy",
            "role": "ztap-bridge-security-control-node-role"
          },
          "sensitive_attributes": [],
          "identity_schema_version": 0,
          "identity": {
            "account_id": "789288816621",
            "policy_arn": "arn:aws:iam::aws:policy/AmazonEKS_CNI_Policy",
            "role": "ztap-bridge-security-control-node-role"
          },
          "private": "bnVsbA==",
          "dependencies": [
            "module.eks_cluster.aws_eks_cluster.this",
            "module.eks_cluster.aws_iam_role.cluster",
            "module.eks_cluster.aws_iam_role_policy_attachment.cluster_policy",
            "module.node_group.aws_iam_role.node",
            "module.vpc.aws_subnet.this",
            "module.vpc.aws_vpc.this"
          ]
        }
      ]
    },
    {
      "module": "module.node_group[\"security-control\"]",
      "mode": "managed",
      "type": "aws_iam_role_policy_attachment",
      "name": "ecr_read",
      "provider": "provider[\"registry.terraform.io/hashicorp/aws\"]",
      "instances": [
        {
          "schema_version": 0,
          "attributes": {
            "id": "ztap-bridge-security-control-node-role/arn:aws:iam::aws:policy/AmazonEC2ContainerRegistryReadOnly",
            "policy_arn": "arn:aws:iam::aws:policy/AmazonEC2ContainerRegistryReadOnly",
            "role": "ztap-bridge-security-control-node-role"
          },
          "sensitive_attributes": [],
          "identity_schema_version": 0,
          "identity": {
            "account_id": "789288816621",
            "policy_arn": "arn:aws:iam::aws:policy/AmazonEC2ContainerRegistryReadOnly",
            "role": "ztap-bridge-security-control-node-role"
          },
          "private": "bnVsbA==",
          "dependencies": [
            "module.eks_cluster.aws_eks_cluster.this",
            "module.eks_cluster.aws_iam_role.cluster",
            "module.eks_cluster.aws_iam_role_policy_attachment.cluster_policy",
            "module.node_group.aws_iam_role.node",
            "module.vpc.aws_subnet.this",
            "module.vpc.aws_vpc.this"
          ]
        }
      ]
    },
    {
      "module": "module.node_group[\"security-control\"]",
      "mode": "managed",
      "type": "aws_iam_role_policy_attachment",
      "name": "worker_node",
      "provider": "provider[\"registry.terraform.io/hashicorp/aws\"]",
      "instances": [
        {
          "schema_version": 0,
          "attributes": {
            "id": "ztap-bridge-security-control-node-role/arn:aws:iam::aws:policy/AmazonEKSWorkerNodePolicy",
            "policy_arn": "arn:aws:iam::aws:policy/AmazonEKSWorkerNodePolicy",
            "role": "ztap-bridge-security-control-node-role"
          },
          "sensitive_attributes": [],
          "identity_schema_version": 0,
          "identity": {
            "account_id": "789288816621",
            "policy_arn": "arn:aws:iam::aws:policy/AmazonEKSWorkerNodePolicy",
            "role": "ztap-bridge-security-control-node-role"
          },
          "private": "bnVsbA==",
          "dependencies": [
            "module.eks_cluster.aws_eks_cluster.this",
            "module.eks_cluster.aws_iam_role.cluster",
            "module.eks_cluster.aws_iam_role_policy_attachment.cluster_policy",
            "module.node_group.aws_iam_role.node",
            "module.vpc.aws_subnet.this",
            "module.vpc.aws_vpc.this"
          ]
        }
      ]
    },
    {
      "module": "module.node_group[\"shared-services\"]",
      "mode": "managed",
      "type": "aws_eks_node_group",
      "name": "this",
      "provider": "provider[\"registry.terraform.io/hashicorp/aws\"]",
      "instances": [
        {
          "schema_version": 0,
          "attributes": {
            "ami_type": "AL2023_x86_64_STANDARD",
            "arn": "arn:aws:eks:us-east-1:789288816621:nodegroup/ztap-bridge/ztap-bridge-shared-services/acd05665-374c-d965-f9aa-a28518fde7c8",
            "capacity_type": "SPOT",
            "cluster_name": "ztap-bridge",
            "disk_size": 20,
            "force_update_version": null,
            "id": "ztap-bridge:ztap-bridge-shared-services",
            "instance_types": [
              "t3.xlarge"
            ],
            "labels": {
              "ztap.io/node-pool": "shared-services"
            },
            "launch_template": [],
            "node_group_name": "ztap-bridge-shared-services",
            "node_group_name_prefix": "",
            "node_repair_config": [],
            "node_role_arn": "arn:aws:iam::789288816621:role/ztap-bridge-shared-services-node-role",
            "region": "us-east-1",
            "release_version": "1.31.14-20260911",
            "remote_access": [],
            "resources": [
              {
                "autoscaling_groups": [
                  {
                    "name": "eks-ztap-bridge-shared-services-acd05665-374c-d965-f9aa-a28518fde7c8"
                  }
                ],
                "remote_access_security_group_id": ""
              }
            ],
            "scaling_config": [
              {
                "desired_size": 1,
                "max_size": 2,
                "min_size": 1
              }
            ],
            "status": "ACTIVE",
            "subnet_ids": [
              "subnet-0372bcb3974a249e0",
              "subnet-0760a1ccfccfbd12e"
            ],
            "tags": {},
            "tags_all": {},
            "taint": [],
            "timeouts": null,
            "update_config": [
              {
                "max_unavailable": 1,
                "max_unavailable_percentage": 0,
                "update_strategy": ""
              }
            ],
            "version": "1.31",
            "warm_pool_config": []
          },
          "sensitive_attributes": [],
          "identity_schema_version": 0,
          "identity": {
            "account_id": "789288816621",
            "cluster_name": "ztap-bridge",
            "node_group_name": "ztap-bridge-shared-services",
            "region": "us-east-1"
          },
          "private": "eyJlMmJmYjczMC1lY2FhLTExZTYtOGY4OC0zNDM2M2JjN2M0YzAiOnsiY3JlYXRlIjozNjAwMDAwMDAwMDAwLCJkZWxldGUiOjM2MDAwMDAwMDAwMDAsInVwZGF0ZSI6MzYwMDAwMDAwMDAwMH19",
          "dependencies": [
            "module.eks_cluster.aws_eks_cluster.this",
            "module.eks_cluster.aws_iam_role.cluster",
            "module.eks_cluster.aws_iam_role_policy_attachment.cluster_policy",
            "module.node_group.aws_iam_role.node",
            "module.node_group.aws_iam_role_policy_attachment.cni",
            "module.node_group.aws_iam_role_policy_attachment.ecr_read",
            "module.node_group.aws_iam_role_policy_attachment.worker_node",
            "module.vpc.aws_subnet.this",
            "module.vpc.aws_vpc.this"
          ]
        }
      ]
    },
    {
      "module": "module.node_group[\"shared-services\"]",
      "mode": "managed",
      "type": "aws_iam_role",
      "name": "node",
      "provider": "provider[\"registry.terraform.io/hashicorp/aws\"]",
      "instances": [
        {
          "schema_version": 0,
          "attributes": {
            "arn": "arn:aws:iam::789288816621:role/ztap-bridge-shared-services-node-role",
            "assume_role_policy": "{\"Statement\":[{\"Action\":\"sts:AssumeRole\",\"Effect\":\"Allow\",\"Principal\":{\"Service\":\"ec2.amazonaws.com\"}}],\"Version\":\"2012-10-17\"}",
            "create_date": "2026-09-17T00:35:41Z",
            "description": "",
            "force_detach_policies": false,
            "id": "ztap-bridge-shared-services-node-role",
            "inline_policy": [],
            "managed_policy_arns": [
              "arn:aws:iam::aws:policy/AmazonEC2ContainerRegistryReadOnly",
              "arn:aws:iam::aws:policy/AmazonEKSWorkerNodePolicy",
              "arn:aws:iam::aws:policy/AmazonEKS_CNI_Policy"
            ],
            "max_session_duration": 3600,
            "name": "ztap-bridge-shared-services-node-role",
            "name_prefix": "",
            "path": "/",
            "permissions_boundary": "",
            "tags": {},
            "tags_all": {},
            "unique_id": "AROA3PRKHR7W7YZICEUAQ"
          },
          "sensitive_attributes": [],
          "identity_schema_version": 0,
          "identity": {
            "account_id": "789288816621",
            "name": "ztap-bridge-shared-services-node-role"
          },
          "private": "bnVsbA==",
          "dependencies": [
            "module.eks_cluster.aws_eks_cluster.this",
            "module.eks_cluster.aws_iam_role.cluster",
            "module.eks_cluster.aws_iam_role_policy_attachment.cluster_policy",
            "module.vpc.aws_subnet.this",
            "module.vpc.aws_vpc.this"
          ]
        }
      ]
    },
    {
      "module": "module.node_group[\"shared-services\"]",
      "mode": "managed",
      "type": "aws_iam_role_policy_attachment",
      "name": "cni",
      "provider": "provider[\"registry.terraform.io/hashicorp/aws\"]",
      "instances": [
        {
          "schema_version": 0,
          "attributes": {
            "id": "ztap-bridge-shared-services-node-role/arn:aws:iam::aws:policy/AmazonEKS_CNI_Policy",
            "policy_arn": "arn:aws:iam::aws:policy/AmazonEKS_CNI_Policy",
            "role": "ztap-bridge-shared-services-node-role"
          },
          "sensitive_attributes": [],
          "identity_schema_version": 0,
          "identity": {
            "account_id": "789288816621",
            "policy_arn": "arn:aws:iam::aws:policy/AmazonEKS_CNI_Policy",
            "role": "ztap-bridge-shared-services-node-role"
          },
          "private": "bnVsbA==",
          "dependencies": [
            "module.eks_cluster.aws_eks_cluster.this",
            "module.eks_cluster.aws_iam_role.cluster",
            "module.eks_cluster.aws_iam_role_policy_attachment.cluster_policy",
            "module.node_group.aws_iam_role.node",
            "module.vpc.aws_subnet.this",
            "module.vpc.aws_vpc.this"
          ]
        }
      ]
    },
    {
      "module": "module.node_group[\"shared-services\"]",
      "mode": "managed",
      "type": "aws_iam_role_policy_attachment",
      "name": "ecr_read",
      "provider": "provider[\"registry.terraform.io/hashicorp/aws\"]",
      "instances": [
        {
          "schema_version": 0,
          "attributes": {
            "id": "ztap-bridge-shared-services-node-role/arn:aws:iam::aws:policy/AmazonEC2ContainerRegistryReadOnly",
            "policy_arn": "arn:aws:iam::aws:policy/AmazonEC2ContainerRegistryReadOnly",
            "role": "ztap-bridge-shared-services-node-role"
          },
          "sensitive_attributes": [],
          "identity_schema_version": 0,
          "identity": {
            "account_id": "789288816621",
            "policy_arn": "arn:aws:iam::aws:policy/AmazonEC2ContainerRegistryReadOnly",
            "role": "ztap-bridge-shared-services-node-role"
          },
          "private": "bnVsbA==",
          "dependencies": [
            "module.eks_cluster.aws_eks_cluster.this",
            "module.eks_cluster.aws_iam_role.cluster",
            "module.eks_cluster.aws_iam_role_policy_attachment.cluster_policy",
            "module.node_group.aws_iam_role.node",
            "module.vpc.aws_subnet.this",
            "module.vpc.aws_vpc.this"
          ]
        }
      ]
    },
    {
      "module": "module.node_group[\"shared-services\"]",
      "mode": "managed",
      "type": "aws_iam_role_policy_attachment",
      "name": "worker_node",
      "provider": "provider[\"registry.terraform.io/hashicorp/aws\"]",
      "instances": [
        {
          "schema_version": 0,
          "attributes": {
            "id": "ztap-bridge-shared-services-node-role/arn:aws:iam::aws:policy/AmazonEKSWorkerNodePolicy",
            "policy_arn": "arn:aws:iam::aws:policy/AmazonEKSWorkerNodePolicy",
            "role": "ztap-bridge-shared-services-node-role"
          },
          "sensitive_attributes": [],
          "identity_schema_version": 0,
          "identity": {
            "account_id": "789288816621",
            "policy_arn": "arn:aws:iam::aws:policy/AmazonEKSWorkerNodePolicy",
            "role": "ztap-bridge-shared-services-node-role"
          },
          "private": "bnVsbA==",
          "dependencies": [
            "module.eks_cluster.aws_eks_cluster.this",
            "module.eks_cluster.aws_iam_role.cluster",
            "module.eks_cluster.aws_iam_role_policy_attachment.cluster_policy",
            "module.node_group.aws_iam_role.node",
            "module.vpc.aws_subnet.this",
            "module.vpc.aws_vpc.this"
          ]
        }
      ]
    },
    {
      "module": "module.node_group[\"tenant-a\"]",
      "mode": "managed",
      "type": "aws_eks_node_group",
      "name": "this",
      "provider": "provider[\"registry.terraform.io/hashicorp/aws\"]",
      "instances": [
        {
          "schema_version": 0,
          "attributes": {
            "ami_type": "AL2023_x86_64_STANDARD",
            "arn": "arn:aws:eks:us-east-1:789288816621:nodegroup/ztap-bridge/ztap-bridge-tenant-a/c0d05665-375a-1194-ec42-b901b6f33fb5",
            "capacity_type": "SPOT",
            "cluster_name": "ztap-bridge",
            "disk_size": 20,
            "force_update_version": null,
            "id": "ztap-bridge:ztap-bridge-tenant-a",
            "instance_types": [
              "t3.xlarge"
            ],
            "labels": {
              "ztap.io/gvisor": "true",
              "ztap.io/node-pool": "tenant-a"
            },
            "launch_template": [],
            "node_group_name": "ztap-bridge-tenant-a",
            "node_group_name_prefix": "",
            "node_repair_config": [],
            "node_role_arn": "arn:aws:iam::789288816621:role/ztap-bridge-tenant-a-node-role",
            "region": "us-east-1",
            "release_version": "1.31.14-20260911",
            "remote_access": [],
            "resources": [
              {
                "autoscaling_groups": [
                  {
                    "name": "eks-ztap-bridge-tenant-a-c0d05665-375a-1194-ec42-b901b6f33fb5"
                  }
                ],
                "remote_access_security_group_id": ""
              }
            ],
            "scaling_config": [
              {
                "desired_size": 1,
                "max_size": 2,
                "min_size": 1
              }
            ],
            "status": "ACTIVE",
            "subnet_ids": [
              "subnet-0372bcb3974a249e0",
              "subnet-0760a1ccfccfbd12e"
            ],
            "tags": {},
            "tags_all": {},
            "taint": [],
            "timeouts": null,
            "update_config": [
              {
                "max_unavailable": 1,
                "max_unavailable_percentage": 0,
                "update_strategy": ""
              }
            ],
            "version": "1.31",
            "warm_pool_config": []
          },
          "sensitive_attributes": [],
          "identity_schema_version": 0,
          "identity": {
            "account_id": "789288816621",
            "cluster_name": "ztap-bridge",
            "node_group_name": "ztap-bridge-tenant-a",
            "region": "us-east-1"
          },
          "private": "eyJlMmJmYjczMC1lY2FhLTExZTYtOGY4OC0zNDM2M2JjN2M0YzAiOnsiY3JlYXRlIjozNjAwMDAwMDAwMDAwLCJkZWxldGUiOjM2MDAwMDAwMDAwMDAsInVwZGF0ZSI6MzYwMDAwMDAwMDAwMH19",
          "dependencies": [
            "module.eks_cluster.aws_eks_cluster.this",
            "module.eks_cluster.aws_iam_role.cluster",
            "module.eks_cluster.aws_iam_role_policy_attachment.cluster_policy",
            "module.node_group.aws_iam_role.node",
            "module.node_group.aws_iam_role_policy_attachment.cni",
            "module.node_group.aws_iam_role_policy_attachment.ecr_read",
            "module.node_group.aws_iam_role_policy_attachment.worker_node",
            "module.vpc.aws_subnet.this",
            "module.vpc.aws_vpc.this"
          ]
        }
      ]
    },
    {
      "module": "module.node_group[\"tenant-a\"]",
      "mode": "managed",
      "type": "aws_iam_role",
      "name": "node",
      "provider": "provider[\"registry.terraform.io/hashicorp/aws\"]",
      "instances": [
        {
          "schema_version": 0,
          "attributes": {
            "arn": "arn:aws:iam::789288816621:role/ztap-bridge-tenant-a-node-role",
            "assume_role_policy": "{\"Statement\":[{\"Action\":\"sts:AssumeRole\",\"Effect\":\"Allow\",\"Principal\":{\"Service\":\"ec2.amazonaws.com\"}}],\"Version\":\"2012-10-17\"}",
            "create_date": "2026-09-17T00:35:41Z",
            "description": "",
            "force_detach_policies": false,
            "id": "ztap-bridge-tenant-a-node-role",
            "inline_policy": [],
            "managed_policy_arns": [
              "arn:aws:iam::aws:policy/AmazonEC2ContainerRegistryReadOnly",
              "arn:aws:iam::aws:policy/AmazonEKSWorkerNodePolicy",
              "arn:aws:iam::aws:policy/AmazonEKS_CNI_Policy"
            ],
            "max_session_duration": 3600,
            "name": "ztap-bridge-tenant-a-node-role",
            "name_prefix": "",
            "path": "/",
            "permissions_boundary": "",
            "tags": {},
            "tags_all": {},
            "unique_id": "AROA3PRKHR7W4PRD4TJUL"
          },
          "sensitive_attributes": [],
          "identity_schema_version": 0,
          "identity": {
            "account_id": "789288816621",
            "name": "ztap-bridge-tenant-a-node-role"
          },
          "private": "bnVsbA==",
          "dependencies": [
            "module.eks_cluster.aws_eks_cluster.this",
            "module.eks_cluster.aws_iam_role.cluster",
            "module.eks_cluster.aws_iam_role_policy_attachment.cluster_policy",
            "module.vpc.aws_subnet.this",
            "module.vpc.aws_vpc.this"
          ]
        }
      ]
    },
    {
      "module": "module.node_group[\"tenant-a\"]",
      "mode": "managed",
      "type": "aws_iam_role_policy_attachment",
      "name": "cni",
      "provider": "provider[\"registry.terraform.io/hashicorp/aws\"]",
      "instances": [
        {
          "schema_version": 0,
          "attributes": {
            "id": "ztap-bridge-tenant-a-node-role/arn:aws:iam::aws:policy/AmazonEKS_CNI_Policy",
            "policy_arn": "arn:aws:iam::aws:policy/AmazonEKS_CNI_Policy",
            "role": "ztap-bridge-tenant-a-node-role"
          },
          "sensitive_attributes": [],
          "identity_schema_version": 0,
          "identity": {
            "account_id": "789288816621",
            "policy_arn": "arn:aws:iam::aws:policy/AmazonEKS_CNI_Policy",
            "role": "ztap-bridge-tenant-a-node-role"
          },
          "private": "bnVsbA==",
          "dependencies": [
            "module.eks_cluster.aws_eks_cluster.this",
            "module.eks_cluster.aws_iam_role.cluster",
            "module.eks_cluster.aws_iam_role_policy_attachment.cluster_policy",
            "module.node_group.aws_iam_role.node",
            "module.vpc.aws_subnet.this",
            "module.vpc.aws_vpc.this"
          ]
        }
      ]
    },
    {
      "module": "module.node_group[\"tenant-a\"]",
      "mode": "managed",
      "type": "aws_iam_role_policy_attachment",
      "name": "ecr_read",
      "provider": "provider[\"registry.terraform.io/hashicorp/aws\"]",
      "instances": [
        {
          "schema_version": 0,
          "attributes": {
            "id": "ztap-bridge-tenant-a-node-role/arn:aws:iam::aws:policy/AmazonEC2ContainerRegistryReadOnly",
            "policy_arn": "arn:aws:iam::aws:policy/AmazonEC2ContainerRegistryReadOnly",
            "role": "ztap-bridge-tenant-a-node-role"
          },
          "sensitive_attributes": [],
          "identity_schema_version": 0,
          "identity": {
            "account_id": "789288816621",
            "policy_arn": "arn:aws:iam::aws:policy/AmazonEC2ContainerRegistryReadOnly",
            "role": "ztap-bridge-tenant-a-node-role"
          },
          "private": "bnVsbA==",
          "dependencies": [
            "module.eks_cluster.aws_eks_cluster.this",
            "module.eks_cluster.aws_iam_role.cluster",
            "module.eks_cluster.aws_iam_role_policy_attachment.cluster_policy",
            "module.node_group.aws_iam_role.node",
            "module.vpc.aws_subnet.this",
            "module.vpc.aws_vpc.this"
          ]
        }
      ]
    },
    {
      "module": "module.node_group[\"tenant-a\"]",
      "mode": "managed",
      "type": "aws_iam_role_policy_attachment",
      "name": "worker_node",
      "provider": "provider[\"registry.terraform.io/hashicorp/aws\"]",
      "instances": [
        {
          "schema_version": 0,
          "attributes": {
            "id": "ztap-bridge-tenant-a-node-role/arn:aws:iam::aws:policy/AmazonEKSWorkerNodePolicy",
            "policy_arn": "arn:aws:iam::aws:policy/AmazonEKSWorkerNodePolicy",
            "role": "ztap-bridge-tenant-a-node-role"
          },
          "sensitive_attributes": [],
          "identity_schema_version": 0,
          "identity": {
            "account_id": "789288816621",
            "policy_arn": "arn:aws:iam::aws:policy/AmazonEKSWorkerNodePolicy",
            "role": "ztap-bridge-tenant-a-node-role"
          },
          "private": "bnVsbA==",
          "dependencies": [
            "module.eks_cluster.aws_eks_cluster.this",
            "module.eks_cluster.aws_iam_role.cluster",
            "module.eks_cluster.aws_iam_role_policy_attachment.cluster_policy",
            "module.node_group.aws_iam_role.node",
            "module.vpc.aws_subnet.this",
            "module.vpc.aws_vpc.this"
          ]
        }
      ]
    },
    {
      "module": "module.node_group[\"tenant-b\"]",
      "mode": "managed",
      "type": "aws_eks_node_group",
      "name": "this",
      "provider": "provider[\"registry.terraform.io/hashicorp/aws\"]",
      "instances": [
        {
          "schema_version": 0,
          "attributes": {
            "ami_type": "AL2023_x86_64_STANDARD",
            "arn": "arn:aws:eks:us-east-1:789288816621:nodegroup/ztap-bridge/ztap-bridge-tenant-b/5cd05665-3748-bec7-0cbe-0b61815d7d1a",
            "capacity_type": "SPOT",
            "cluster_name": "ztap-bridge",
            "disk_size": 20,
            "force_update_version": null,
            "id": "ztap-bridge:ztap-bridge-tenant-b",
            "instance_types": [
              "t3.xlarge"
            ],
            "labels": {
              "ztap.io/gvisor": "true",
              "ztap.io/node-pool": "tenant-b"
            },
            "launch_template": [],
            "node_group_name": "ztap-bridge-tenant-b",
            "node_group_name_prefix": "",
            "node_repair_config": [],
            "node_role_arn": "arn:aws:iam::789288816621:role/ztap-bridge-tenant-b-node-role",
            "region": "us-east-1",
            "release_version": "1.31.14-20260911",
            "remote_access": [],
            "resources": [
              {
                "autoscaling_groups": [
                  {
                    "name": "eks-ztap-bridge-tenant-b-5cd05665-3748-bec7-0cbe-0b61815d7d1a"
                  }
                ],
                "remote_access_security_group_id": ""
              }
            ],
            "scaling_config": [
              {
                "desired_size": 1,
                "max_size": 2,
                "min_size": 1
              }
            ],
            "status": "ACTIVE",
            "subnet_ids": [
              "subnet-0372bcb3974a249e0",
              "subnet-0760a1ccfccfbd12e"
            ],
            "tags": {},
            "tags_all": {},
            "taint": [],
            "timeouts": null,
            "update_config": [
              {
                "max_unavailable": 1,
                "max_unavailable_percentage": 0,
                "update_strategy": ""
              }
            ],
            "version": "1.31",
            "warm_pool_config": []
          },
          "sensitive_attributes": [],
          "identity_schema_version": 0,
          "identity": {
            "account_id": "789288816621",
            "cluster_name": "ztap-bridge",
            "node_group_name": "ztap-bridge-tenant-b",
            "region": "us-east-1"
          },
          "private": "eyJlMmJmYjczMC1lY2FhLTExZTYtOGY4OC0zNDM2M2JjN2M0YzAiOnsiY3JlYXRlIjozNjAwMDAwMDAwMDAwLCJkZWxldGUiOjM2MDAwMDAwMDAwMDAsInVwZGF0ZSI6MzYwMDAwMDAwMDAwMH19",
          "dependencies": [
            "module.eks_cluster.aws_eks_cluster.this",
            "module.eks_cluster.aws_iam_role.cluster",
            "module.eks_cluster.aws_iam_role_policy_attachment.cluster_policy",
            "module.node_group.aws_iam_role.node",
            "module.node_group.aws_iam_role_policy_attachment.cni",
            "module.node_group.aws_iam_role_policy_attachment.ecr_read",
            "module.node_group.aws_iam_role_policy_attachment.worker_node",
            "module.vpc.aws_subnet.this",
            "module.vpc.aws_vpc.this"
          ]
        }
      ]
    },
    {
      "module": "module.node_group[\"tenant-b\"]",
      "mode": "managed",
      "type": "aws_iam_role",
      "name": "node",
      "provider": "provider[\"registry.terraform.io/hashicorp/aws\"]",
      "instances": [
        {
          "schema_version": 0,
          "attributes": {
            "arn": "arn:aws:iam::789288816621:role/ztap-bridge-tenant-b-node-role",
            "assume_role_policy": "{\"Statement\":[{\"Action\":\"sts:AssumeRole\",\"Effect\":\"Allow\",\"Principal\":{\"Service\":\"ec2.amazonaws.com\"}}],\"Version\":\"2012-10-17\"}",
            "create_date": "2026-09-17T00:35:41Z",
            "description": "",
            "force_detach_policies": false,
            "id": "ztap-bridge-tenant-b-node-role",
            "inline_policy": [],
            "managed_policy_arns": [
              "arn:aws:iam::aws:policy/AmazonEC2ContainerRegistryReadOnly",
              "arn:aws:iam::aws:policy/AmazonEKSWorkerNodePolicy",
              "arn:aws:iam::aws:policy/AmazonEKS_CNI_Policy"
            ],
            "max_session_duration": 3600,
            "name": "ztap-bridge-tenant-b-node-role",
            "name_prefix": "",
            "path": "/",
            "permissions_boundary": "",
            "tags": {},
            "tags_all": {},
            "unique_id": "AROA3PRKHR7W3ZBBMFOQW"
          },
          "sensitive_attributes": [],
          "identity_schema_version": 0,
          "identity": {
            "account_id": "789288816621",
            "name": "ztap-bridge-tenant-b-node-role"
          },
          "private": "bnVsbA==",
          "dependencies": [
            "module.eks_cluster.aws_eks_cluster.this",
            "module.eks_cluster.aws_iam_role.cluster",
            "module.eks_cluster.aws_iam_role_policy_attachment.cluster_policy",
            "module.vpc.aws_subnet.this",
            "module.vpc.aws_vpc.this"
          ]
        }
      ]
    },
    {
      "module": "module.node_group[\"tenant-b\"]",
      "mode": "managed",
      "type": "aws_iam_role_policy_attachment",
      "name": "cni",
      "provider": "provider[\"registry.terraform.io/hashicorp/aws\"]",
      "instances": [
        {
          "schema_version": 0,
          "attributes": {
            "id": "ztap-bridge-tenant-b-node-role/arn:aws:iam::aws:policy/AmazonEKS_CNI_Policy",
            "policy_arn": "arn:aws:iam::aws:policy/AmazonEKS_CNI_Policy",
            "role": "ztap-bridge-tenant-b-node-role"
          },
          "sensitive_attributes": [],
          "identity_schema_version": 0,
          "identity": {
            "account_id": "789288816621",
            "policy_arn": "arn:aws:iam::aws:policy/AmazonEKS_CNI_Policy",
            "role": "ztap-bridge-tenant-b-node-role"
          },
          "private": "bnVsbA==",
          "dependencies": [
            "module.eks_cluster.aws_eks_cluster.this",
            "module.eks_cluster.aws_iam_role.cluster",
            "module.eks_cluster.aws_iam_role_policy_attachment.cluster_policy",
            "module.node_group.aws_iam_role.node",
            "module.vpc.aws_subnet.this",
            "module.vpc.aws_vpc.this"
          ]
        }
      ]
    },
    {
      "module": "module.node_group[\"tenant-b\"]",
      "mode": "managed",
      "type": "aws_iam_role_policy_attachment",
      "name": "ecr_read",
      "provider": "provider[\"registry.terraform.io/hashicorp/aws\"]",
      "instances": [
        {
          "schema_version": 0,
          "attributes": {
            "id": "ztap-bridge-tenant-b-node-role/arn:aws:iam::aws:policy/AmazonEC2ContainerRegistryReadOnly",
            "policy_arn": "arn:aws:iam::aws:policy/AmazonEC2ContainerRegistryReadOnly",
            "role": "ztap-bridge-tenant-b-node-role"
          },
          "sensitive_attributes": [],
          "identity_schema_version": 0,
          "identity": {
            "account_id": "789288816621",
            "policy_arn": "arn:aws:iam::aws:policy/AmazonEC2ContainerRegistryReadOnly",
            "role": "ztap-bridge-tenant-b-node-role"
          },
          "private": "bnVsbA==",
          "dependencies": [
            "module.eks_cluster.aws_eks_cluster.this",
            "module.eks_cluster.aws_iam_role.cluster",
            "module.eks_cluster.aws_iam_role_policy_attachment.cluster_policy",
            "module.node_group.aws_iam_role.node",
            "module.vpc.aws_subnet.this",
            "module.vpc.aws_vpc.this"
          ]
        }
      ]
    },
    {
      "module": "module.node_group[\"tenant-b\"]",
      "mode": "managed",
      "type": "aws_iam_role_policy_attachment",
      "name": "worker_node",
      "provider": "provider[\"registry.terraform.io/hashicorp/aws\"]",
      "instances": [
        {
          "schema_version": 0,
          "attributes": {
            "id": "ztap-bridge-tenant-b-node-role/arn:aws:iam::aws:policy/AmazonEKSWorkerNodePolicy",
            "policy_arn": "arn:aws:iam::aws:policy/AmazonEKSWorkerNodePolicy",
            "role": "ztap-bridge-tenant-b-node-role"
          },
          "sensitive_attributes": [],
          "identity_schema_version": 0,
          "identity": {
            "account_id": "789288816621",
            "policy_arn": "arn:aws:iam::aws:policy/AmazonEKSWorkerNodePolicy",
            "role": "ztap-bridge-tenant-b-node-role"
          },
          "private": "bnVsbA==",
          "dependencies": [
            "module.eks_cluster.aws_eks_cluster.this",
            "module.eks_cluster.aws_iam_role.cluster",
            "module.eks_cluster.aws_iam_role_policy_attachment.cluster_policy",
            "module.node_group.aws_iam_role.node",
            "module.vpc.aws_subnet.this",
            "module.vpc.aws_vpc.this"
          ]
        }
      ]
    },
    {
      "module": "module.observability",
      "mode": "managed",
      "type": "helm_release",
      "name": "kube_prometheus_stack",
      "provider": "provider[\"registry.terraform.io/hashicorp/helm\"]",
      "instances": [
        {
          "schema_version": 2,
          "attributes": {
            "atomic": false,
            "chart": "kube-prometheus-stack",
            "cleanup_on_fail": false,
            "create_namespace": false,
            "dependency_update": false,
            "description": null,
            "devel": null,
            "disable_crd_hooks": false,
            "disable_openapi_validation": false,
            "disable_webhooks": false,
            "force_update": false,
            "id": "kube-prometheus-stack",
            "keyring": null,
            "lint": false,
            "manifest": null,
            "max_history": 0,
            "metadata": {
              "app_version": "v0.92.1",
              "chart": "kube-prometheus-stack",
              "first_deployed": 1789711797,
              "last_deployed": 1789711797,
              "name": "kube-prometheus-stack",
              "namespace": "monitoring",
              "notes": "kube-state-metrics is a simple service that listens to the Kubernetes API server and generates metrics about the state of the objects.\nThe exposed metrics can be found here:\nhttps://github.com/kubernetes/kube-state-metrics/blob/master/docs/README.md#exposed-metrics\n\nThe metrics are exported on the HTTP endpoint /metrics on the listening port.\nIn your case, kube-prometheus-stack-kube-state-metrics.monitoring.svc.cluster.local:8080/metrics\n\nThey are served either as plaintext or protobuf depending on the Accept header.\nThey are designed to be consumed either by Prometheus itself or by a scraper that is compatible with scraping a Prometheus client endpoint.\n\nkube-prometheus-stack has been installed. Check its status by running:\n  kubectl --namespace monitoring get pods -l \"release=kube-prometheus-stack\"\n\nGet Grafana 'admin' user password by running:\n\n  kubectl --namespace monitoring get secrets kube-prometheus-stack-grafana -o jsonpath=\"{.data.admin-password}\" | base64 -d ; echo\n\nAccess Grafana local instance:\n\n  export POD_NAME=$(kubectl --namespace monitoring get pod -l \"app.kubernetes.io/name=grafana,app.kubernetes.io/instance=kube-prometheus-stack\" -oname)\n  kubectl --namespace monitoring port-forward $POD_NAME 3000\n\nGet your grafana admin user password by running:\n\n  kubectl get secret --namespace monitoring -l app.kubernetes.io/component=admin-secret -o jsonpath=\"{.items[0].data.admin-password}\" | base64 --decode ; echo\n\n\nVisit https://github.com/prometheus-operator/kube-prometheus for instructions on how to create \u0026 configure Alertmanager and Prometheus instances using the Operator.\n\n1. Get the application URL by running these commands:\n  export POD_NAME=$(kubectl get pods --namespace monitoring -l \"app.kubernetes.io/name=prometheus-node-exporter,app.kubernetes.io/instance=kube-prometheus-stack\" -o jsonpath=\"{.items[0].metadata.name}\")\n  echo \"Visit http://127.0.0.1:9100 to use your application\"\n  kubectl port-forward --namespace monitoring $POD_NAME 9100\n1. Get your 'admin' user password by running:\n\n   kubectl get secret --namespace monitoring kube-prometheus-stack-grafana -o jsonpath=\"{.data.admin-password}\" | base64 --decode ; echo\n\n\n2. The Grafana server can be accessed via port 80 on the following DNS name from within your cluster:\n\n   kube-prometheus-stack-grafana.monitoring.svc.cluster.local\n\n   Get the Grafana URL to visit by running these commands in the same shell:\n     export POD_NAME=$(kubectl get pods --namespace monitoring -l \"app.kubernetes.io/name=grafana,app.kubernetes.io/instance=kube-prometheus-stack\" -o jsonpath=\"{.items[0].metadata.name}\")\n     kubectl --namespace monitoring port-forward $POD_NAME 3000\n\n3. Login with the password from step 1 and the username: admin\n#################################################################################\n######   WARNING: Persistence is disabled!!! You will lose your data when   #####\n######            the Grafana pod is terminated.                            #####\n#################################################################################\n",
              "revision": 1,
              "values": "{\"alertmanager\":{\"alertmanagerSpec\":{\"nodeSelector\":{\"ztap.io/node-pool\":\"shared-services\"}}},\"grafana\":{\"nodeSelector\":{\"ztap.io/node-pool\":\"shared-services\"}},\"kube-state-metrics\":{\"nodeSelector\":{\"ztap.io/node-pool\":\"shared-services\"}},\"prometheus\":{\"prometheusSpec\":{\"nodeSelector\":{\"ztap.io/node-pool\":\"shared-services\"}}},\"prometheusOperator\":{\"nodeSelector\":{\"ztap.io/node-pool\":\"shared-services\"}}}",
              "version": "87.21.0"
            },
            "name": "kube-prometheus-stack",
            "namespace": "monitoring",
            "pass_credentials": false,
            "postrender": null,
            "recreate_pods": false,
            "render_subchart_notes": true,
            "replace": false,
            "repository": "https://prometheus-community.github.io/helm-charts",
            "repository_ca_file": null,
            "repository_cert_file": null,
            "repository_key_file": null,
            "repository_password": null,
            "repository_username": null,
            "reset_values": false,
            "resources": null,
            "reuse_values": false,
            "set": [
              {
                "name": "prometheus.prometheusSpec.nodeSelector.ztap\\.io/node-pool",
                "type": "",
                "value": "shared-services"
              },
              {
                "name": "grafana.nodeSelector.ztap\\.io/node-pool",
                "type": "",
                "value": "shared-services"
              },
              {
                "name": "alertmanager.alertmanagerSpec.nodeSelector.ztap\\.io/node-pool",
                "type": "",
                "value": "shared-services"
              },
              {
                "name": "prometheusOperator.nodeSelector.ztap\\.io/node-pool",
                "type": "",
                "value": "shared-services"
              },
              {
                "name": "kube-state-metrics.nodeSelector.ztap\\.io/node-pool",
                "type": "",
                "value": "shared-services"
              }
            ],
            "set_list": null,
            "set_sensitive": null,
            "set_wo": null,
            "set_wo_revision": null,
            "skip_crds": false,
            "status": "deployed",
            "take_ownership": false,
            "timeout": 300,
            "timeouts": null,
            "upgrade_install": false,
            "values": null,
            "verify": false,
            "version": "87.21.0",
            "wait": true,
            "wait_for_jobs": false
          },
          "sensitive_attributes": [
            [
              {
                "type": "get_attr",
                "value": "repository_password"
              }
            ]
          ],
          "identity_schema_version": 0,
          "identity": {
            "namespace": "monitoring",
            "release_name": "kube-prometheus-stack"
          },
          "dependencies": [
            "data.aws_eks_cluster_auth.this",
            "module.eks_cluster.aws_eks_cluster.this",
            "module.eks_cluster.aws_iam_role.cluster",
            "module.eks_cluster.aws_iam_role_policy_attachment.cluster_policy",
            "module.namespaces.kubernetes_namespace_v1.this",
            "module.node_group.aws_eks_node_group.this",
            "module.node_group.aws_iam_role.node",
            "module.node_group.aws_iam_role_policy_attachment.cni",
            "module.node_group.aws_iam_role_policy_attachment.ecr_read",
            "module.node_group.aws_iam_role_policy_attachment.worker_node",
            "module.vpc.aws_subnet.this",
            "module.vpc.aws_vpc.this"
          ]
        }
      ]
    },
    {
      "module": "module.observability",
      "mode": "managed",
      "type": "helm_release",
      "name": "otel_collector",
      "provider": "provider[\"registry.terraform.io/hashicorp/helm\"]",
      "instances": [
        {
          "schema_version": 2,
          "attributes": {
            "atomic": false,
            "chart": "opentelemetry-collector",
            "cleanup_on_fail": false,
            "create_namespace": false,
            "dependency_update": false,
            "description": null,
            "devel": null,
            "disable_crd_hooks": false,
            "disable_openapi_validation": false,
            "disable_webhooks": false,
            "force_update": false,
            "id": "otel-collector",
            "keyring": null,
            "lint": false,
            "manifest": null,
            "max_history": 0,
            "metadata": {
              "app_version": "0.160.0",
              "chart": "opentelemetry-collector",
              "first_deployed": 1789712063,
              "last_deployed": 1789712063,
              "name": "otel-collector",
              "namespace": "monitoring",
              "notes": "\n\n\n[WARNING] No resource limits or requests were set. Consider setting resource requests and limits for your collector(s) via the `resources` field.\n\n[WARNING] \"useGOMEMLIMIT\" is enabled but memory limits have not been supplied so the GOMEMLIMIT env var could not be added. Solve this problem by setting resources.limits.memory or disabling useGOMEMLIMIT\n\n",
              "revision": 1,
              "values": "{\"config\":{\"exporters\":{\"debug\":{\"verbosity\":\"detailed\"}},\"receivers\":{\"otlp\":{\"protocols\":{\"grpc\":{\"endpoint\":\"0.0.0.0:4317\"},\"http\":{\"endpoint\":\"0.0.0.0:4318\"}}}},\"service\":{\"pipelines\":{\"metrics\":{\"exporters\":[\"debug\"],\"receivers\":[\"otlp\"]},\"traces\":{\"exporters\":[\"debug\"],\"receivers\":[\"otlp\"]}}}},\"image\":{\"repository\":\"otel/opentelemetry-collector\"},\"mode\":\"deployment\",\"nodeSelector\":{\"ztap.io/node-pool\":\"shared-services\"}}",
              "version": "0.173.1"
            },
            "name": "otel-collector",
            "namespace": "monitoring",
            "pass_credentials": false,
            "postrender": null,
            "recreate_pods": false,
            "render_subchart_notes": true,
            "replace": false,
            "repository": "https://open-telemetry.github.io/opentelemetry-helm-charts",
            "repository_ca_file": null,
            "repository_cert_file": null,
            "repository_key_file": null,
            "repository_password": null,
            "repository_username": null,
            "reset_values": false,
            "resources": null,
            "reuse_values": false,
            "set": [
              {
                "name": "image.repository",
                "type": "",
                "value": "otel/opentelemetry-collector"
              },
              {
                "name": "nodeSelector.ztap\\.io/node-pool",
                "type": "",
                "value": "shared-services"
              },
              {
                "name": "mode",
                "type": "",
                "value": "deployment"
              },
              {
                "name": "config.receivers.otlp.protocols.grpc.endpoint",
                "type": "",
                "value": "0.0.0.0:4317"
              },
              {
                "name": "config.receivers.otlp.protocols.http.endpoint",
                "type": "",
                "value": "0.0.0.0:4318"
              },
              {
                "name": "config.exporters.debug.verbosity",
                "type": "",
                "value": "detailed"
              },
              {
                "name": "config.service.pipelines.traces.receivers[0]",
                "type": "",
                "value": "otlp"
              },
              {
                "name": "config.service.pipelines.traces.exporters[0]",
                "type": "",
                "value": "debug"
              },
              {
                "name": "config.service.pipelines.metrics.receivers[0]",
                "type": "",
                "value": "otlp"
              },
              {
                "name": "config.service.pipelines.metrics.exporters[0]",
                "type": "",
                "value": "debug"
              }
            ],
            "set_list": null,
            "set_sensitive": null,
            "set_wo": null,
            "set_wo_revision": null,
            "skip_crds": false,
            "status": "deployed",
            "take_ownership": false,
            "timeout": 300,
            "timeouts": null,
            "upgrade_install": false,
            "values": null,
            "verify": false,
            "version": "0.173.1",
            "wait": true,
            "wait_for_jobs": false
          },
          "sensitive_attributes": [
            [
              {
                "type": "get_attr",
                "value": "repository_password"
              }
            ]
          ],
          "identity_schema_version": 0,
          "identity": {
            "namespace": "monitoring",
            "release_name": "otel-collector"
          },
          "dependencies": [
            "data.aws_eks_cluster_auth.this",
            "module.eks_cluster.aws_eks_cluster.this",
            "module.eks_cluster.aws_iam_role.cluster",
            "module.eks_cluster.aws_iam_role_policy_attachment.cluster_policy",
            "module.namespaces.kubernetes_namespace_v1.this",
            "module.node_group.aws_eks_node_group.this",
            "module.node_group.aws_iam_role.node",
            "module.node_group.aws_iam_role_policy_attachment.cni",
            "module.node_group.aws_iam_role_policy_attachment.ecr_read",
            "module.node_group.aws_iam_role_policy_attachment.worker_node",
            "module.observability.helm_release.kube_prometheus_stack",
            "module.vpc.aws_subnet.this",
            "module.vpc.aws_vpc.this"
          ]
        }
      ]
    },
    {
      "module": "module.ollama",
      "mode": "managed",
      "type": "kubernetes_deployment_v1",
      "name": "ollama",
      "provider": "provider[\"registry.terraform.io/hashicorp/kubernetes\"]",
      "instances": [
        {
          "schema_version": 1,
          "attributes": {
            "id": "inference/ollama",
            "metadata": [
              {
                "annotations": {},
                "generate_name": "",
                "generation": 1,
                "labels": {},
                "name": "ollama",
                "namespace": "inference",
                "resource_version": "570751",
                "uid": "4e0d3c40-4290-412e-b1c7-77cf2575ec52"
              }
            ],
            "spec": [
              {
                "min_ready_seconds": 0,
                "paused": false,
                "progress_deadline_seconds": 600,
                "replicas": "1",
                "revision_history_limit": 10,
                "selector": [
                  {
                    "match_expressions": [],
                    "match_labels": {
                      "app": "ollama"
                    }
                  }
                ],
                "strategy": [
                  {
                    "rolling_update": [
                      {
                        "max_surge": "25%",
                        "max_unavailable": "25%"
                      }
                    ],
                    "type": "RollingUpdate"
                  }
                ],
                "template": [
                  {
                    "metadata": [
                      {
                        "annotations": {},
                        "generate_name": "",
                        "generation": 0,
                        "labels": {
                          "app": "ollama"
                        },
                        "name": "",
                        "namespace": "",
                        "resource_version": "",
                        "uid": ""
                      }
                    ],
                    "spec": [
                      {
                        "active_deadline_seconds": 0,
                        "affinity": [],
                        "automount_service_account_token": true,
                        "container": [
                          {
                            "args": [],
                            "command": [],
                            "env": [],
                            "env_from": [],
                            "image": "ollama/ollama:latest",
                            "image_pull_policy": "Always",
                            "lifecycle": [],
                            "liveness_probe": [],
                            "name": "ollama",
                            "port": [
                              {
                                "container_port": 11434,
                                "host_ip": "",
                                "host_port": 0,
                                "name": "",
                                "protocol": "TCP"
                              }
                            ],
                            "readiness_probe": [
                              {
                                "exec": [],
                                "failure_threshold": 3,
                                "grpc": [],
                                "http_get": [],
                                "initial_delay_seconds": 5,
                                "period_seconds": 5,
                                "success_threshold": 1,
                                "tcp_socket": [
                                  {
                                    "port": "11434"
                                  }
                                ],
                                "timeout_seconds": 1
                              }
                            ],
                            "resources": [
                              {
                                "limits": {},
                                "requests": {}
                              }
                            ],
                            "restart_policy": "",
                            "security_context": [],
                            "startup_probe": [],
                            "stdin": false,
                            "stdin_once": false,
                            "termination_message_path": "/dev/termination-log",
                            "termination_message_policy": "File",
                            "tty": false,
                            "volume_device": [],
                            "volume_mount": [
                              {
                                "mount_path": "/root/.ollama",
                                "mount_propagation": "None",
                                "name": "ollama-data",
                                "read_only": false,
                                "sub_path": "",
                                "sub_path_expr": ""
                              }
                            ],
                            "working_dir": ""
                          }
                        ],
                        "dns_config": [],
                        "dns_policy": "ClusterFirst",
                        "enable_service_links": true,
                        "host_aliases": [],
                        "host_ipc": false,
                        "host_network": false,
                        "host_pid": false,
                        "hostname": "",
                        "image_pull_secrets": [],
                        "init_container": [],
                        "node_name": "",
                        "node_selector": {
                          "ztap.io/node-pool": "inference"
                        },
                        "os": [],
                        "priority_class_name": "",
                        "readiness_gate": [],
                        "restart_policy": "Always",
                        "runtime_class_name": "",
                        "scheduler_name": "default-scheduler",
                        "security_context": [],
                        "service_account_name": "",
                        "share_process_namespace": false,
                        "subdomain": "",
                        "termination_grace_period_seconds": 30,
                        "toleration": [],
                        "topology_spread_constraint": [],
                        "volume": [
                          {
                            "aws_elastic_block_store": [],
                            "azure_disk": [],
                            "azure_file": [],
                            "ceph_fs": [],
                            "cinder": [],
                            "config_map": [],
                            "csi": [],
                            "downward_api": [],
                            "empty_dir": [
                              {
                                "medium": "",
                                "size_limit": ""
                              }
                            ],
                            "ephemeral": [],
                            "fc": [],
                            "flex_volume": [],
                            "flocker": [],
                            "gce_persistent_disk": [],
                            "git_repo": [],
                            "glusterfs": [],
                            "host_path": [],
                            "iscsi": [],
                            "local": [],
                            "name": "ollama-data",
                            "nfs": [],
                            "persistent_volume_claim": [],
                            "photon_persistent_disk": [],
                            "projected": [],
                            "quobyte": [],
                            "rbd": [],
                            "secret": [],
                            "vsphere_volume": []
                          }
                        ]
                      }
                    ]
                  }
                ]
              }
            ],
            "timeouts": null,
            "wait_for_rollout": true
          },
          "sensitive_attributes": [],
          "identity_schema_version": 1,
          "identity": {
            "api_version": "apps/v1",
            "kind": "Deployment",
            "name": "ollama",
            "namespace": "inference"
          },
          "private": "eyJlMmJmYjczMC1lY2FhLTExZTYtOGY4OC0zNDM2M2JjN2M0YzAiOnsiY3JlYXRlIjo2MDAwMDAwMDAwMDAsImRlbGV0ZSI6NjAwMDAwMDAwMDAwLCJ1cGRhdGUiOjYwMDAwMDAwMDAwMH0sInNjaGVtYV92ZXJzaW9uIjoiMSJ9",
          "dependencies": [
            "data.aws_eks_cluster_auth.this",
            "module.eks_cluster.aws_eks_cluster.this",
            "module.eks_cluster.aws_iam_role.cluster",
            "module.eks_cluster.aws_iam_role_policy_attachment.cluster_policy",
            "module.namespaces.kubernetes_namespace_v1.this",
            "module.node_group.aws_eks_node_group.this",
            "module.node_group.aws_iam_role.node",
            "module.node_group.aws_iam_role_policy_attachment.cni",
            "module.node_group.aws_iam_role_policy_attachment.ecr_read",
            "module.node_group.aws_iam_role_policy_attachment.worker_node",
            "module.vpc.aws_subnet.this",
            "module.vpc.aws_vpc.this"
          ]
        }
      ]
    },
    {
      "module": "module.ollama",
      "mode": "managed",
      "type": "kubernetes_service_v1",
      "name": "ollama",
      "provider": "provider[\"registry.terraform.io/hashicorp/kubernetes\"]",
      "instances": [
        {
          "schema_version": 1,
          "attributes": {
            "id": "inference/ollama",
            "metadata": [
              {
                "annotations": {},
                "generate_name": "",
                "generation": 0,
                "labels": {},
                "name": "ollama",
                "namespace": "inference",
                "resource_version": "570419",
                "uid": "e276cc08-6859-4d9c-863d-9f02d080853e"
              }
            ],
            "spec": [
              {
                "allocate_load_balancer_node_ports": true,
                "cluster_ip": "172.20.164.206",
                "cluster_ips": [
                  "172.20.164.206"
                ],
                "external_ips": [],
                "external_name": "",
                "external_traffic_policy": "",
                "health_check_node_port": 0,
                "internal_traffic_policy": "Cluster",
                "ip_families": [
                  "IPv4"
                ],
                "ip_family_policy": "SingleStack",
                "load_balancer_class": "",
                "load_balancer_ip": "",
                "load_balancer_source_ranges": [],
                "port": [
                  {
                    "app_protocol": "",
                    "name": "",
                    "node_port": 0,
                    "port": 11434,
                    "protocol": "TCP",
                    "target_port": "11434"
                  }
                ],
                "publish_not_ready_addresses": false,
                "selector": {
                  "app": "ollama"
                },
                "session_affinity": "None",
                "session_affinity_config": [],
                "type": "ClusterIP"
              }
            ],
            "status": [
              {
                "load_balancer": [
                  {
                    "ingress": []
                  }
                ]
              }
            ],
            "timeouts": null,
            "wait_for_load_balancer": true
          },
          "sensitive_attributes": [],
          "identity_schema_version": 1,
          "identity": {
            "api_version": "v1",
            "kind": "Service",
            "name": "ollama",
            "namespace": "inference"
          },
          "private": "eyJlMmJmYjczMC1lY2FhLTExZTYtOGY4OC0zNDM2M2JjN2M0YzAiOnsiY3JlYXRlIjo2MDAwMDAwMDAwMDB9LCJzY2hlbWFfdmVyc2lvbiI6IjEifQ==",
          "dependencies": [
            "data.aws_eks_cluster_auth.this",
            "module.eks_cluster.aws_eks_cluster.this",
            "module.eks_cluster.aws_iam_role.cluster",
            "module.eks_cluster.aws_iam_role_policy_attachment.cluster_policy",
            "module.namespaces.kubernetes_namespace_v1.this",
            "module.node_group.aws_eks_node_group.this",
            "module.node_group.aws_iam_role.node",
            "module.node_group.aws_iam_role_policy_attachment.cni",
            "module.node_group.aws_iam_role_policy_attachment.ecr_read",
            "module.node_group.aws_iam_role_policy_attachment.worker_node",
            "module.vpc.aws_subnet.this",
            "module.vpc.aws_vpc.this"
          ]
        }
      ]
    },
    {
      "module": "module.vpc",
      "mode": "managed",
      "type": "aws_internet_gateway",
      "name": "this",
      "provider": "provider[\"registry.terraform.io/hashicorp/aws\"]",
      "instances": [
        {
          "schema_version": 0,
          "attributes": {
            "arn": "arn:aws:ec2:us-east-1:789288816621:internet-gateway/igw-0c7f10befa461fb0e",
            "id": "igw-0c7f10befa461fb0e",
            "owner_id": "789288816621",
            "region": "us-east-1",
            "tags": {
              "Name": "ztap-bridge-igw"
            },
            "tags_all": {
              "Name": "ztap-bridge-igw"
            },
            "timeouts": null,
            "vpc_id": "vpc-058b10507160622b9"
          },
          "sensitive_attributes": [],
          "identity_schema_version": 0,
          "identity": {
            "account_id": "789288816621",
            "id": "igw-0c7f10befa461fb0e",
            "region": "us-east-1"
          },
          "private": "eyJlMmJmYjczMC1lY2FhLTExZTYtOGY4OC0zNDM2M2JjN2M0YzAiOnsiY3JlYXRlIjoxMjAwMDAwMDAwMDAwLCJkZWxldGUiOjEyMDAwMDAwMDAwMDAsInVwZGF0ZSI6MTIwMDAwMDAwMDAwMH19",
          "dependencies": [
            "module.vpc.aws_vpc.this"
          ]
        }
      ]
    },
    {
      "module": "module.vpc",
      "mode": "managed",
      "type": "aws_route_table",
      "name": "this",
      "provider": "provider[\"registry.terraform.io/hashicorp/aws\"]",
      "instances": [
        {
          "schema_version": 0,
          "attributes": {
            "arn": "arn:aws:ec2:us-east-1:789288816621:route-table/rtb-04d99e245f552983f",
            "id": "rtb-04d99e245f552983f",
            "owner_id": "789288816621",
            "propagating_vgws": [],
            "region": "us-east-1",
            "route": [
              {
                "carrier_gateway_id": "",
                "cidr_block": "0.0.0.0/0",
                "core_network_arn": "",
                "destination_prefix_list_id": "",
                "egress_only_gateway_id": "",
                "gateway_id": "igw-0c7f10befa461fb0e",
                "ipv6_cidr_block": "",
                "local_gateway_id": "",
                "nat_gateway_id": "",
                "network_interface_id": "",
                "odb_network_arn": "",
                "transit_gateway_id": "",
                "vpc_endpoint_id": "",
                "vpc_peering_connection_id": ""
              }
            ],
            "tags": {
              "Name": "ztap-bridge-rt"
            },
            "tags_all": {
              "Name": "ztap-bridge-rt"
            },
            "timeouts": null,
            "vpc_id": "vpc-058b10507160622b9"
          },
          "sensitive_attributes": [],
          "identity_schema_version": 0,
          "identity": {
            "account_id": "789288816621",
            "id": "rtb-04d99e245f552983f",
            "region": "us-east-1"
          },
          "private": "eyJlMmJmYjczMC1lY2FhLTExZTYtOGY4OC0zNDM2M2JjN2M0YzAiOnsiY3JlYXRlIjozMDAwMDAwMDAwMDAsImRlbGV0ZSI6MzAwMDAwMDAwMDAwLCJ1cGRhdGUiOjEyMDAwMDAwMDAwMH19",
          "dependencies": [
            "module.vpc.aws_internet_gateway.this",
            "module.vpc.aws_vpc.this"
          ]
        }
      ]
    },
    {
      "module": "module.vpc",
      "mode": "managed",
      "type": "aws_route_table_association",
      "name": "this",
      "provider": "provider[\"registry.terraform.io/hashicorp/aws\"]",
      "instances": [
        {
          "index_key": "0",
          "schema_version": 0,
          "attributes": {
            "gateway_id": "",
            "id": "rtbassoc-051fa18976ad88be2",
            "region": "us-east-1",
            "route_table_id": "rtb-04d99e245f552983f",
            "subnet_id": "subnet-0760a1ccfccfbd12e",
            "timeouts": null
          },
          "sensitive_attributes": [],
          "identity_schema_version": 0,
          "identity": {
            "account_id": "789288816621",
            "id": "rtbassoc-051fa18976ad88be2",
            "region": "us-east-1"
          },
          "private": "eyJlMmJmYjczMC1lY2FhLTExZTYtOGY4OC0zNDM2M2JjN2M0YzAiOnsiY3JlYXRlIjozMDAwMDAwMDAwMDAsImRlbGV0ZSI6MzAwMDAwMDAwMDAwLCJ1cGRhdGUiOjEyMDAwMDAwMDAwMH19",
          "dependencies": [
            "module.vpc.aws_internet_gateway.this",
            "module.vpc.aws_route_table.this",
            "module.vpc.aws_subnet.this",
            "module.vpc.aws_vpc.this"
          ]
        },
        {
          "index_key": "1",
          "schema_version": 0,
          "attributes": {
            "gateway_id": "",
            "id": "rtbassoc-09e7957bd7f81cc76",
            "region": "us-east-1",
            "route_table_id": "rtb-04d99e245f552983f",
            "subnet_id": "subnet-0372bcb3974a249e0",
            "timeouts": null
          },
          "sensitive_attributes": [],
          "identity_schema_version": 0,
          "identity": {
            "account_id": "789288816621",
            "id": "rtbassoc-09e7957bd7f81cc76",
            "region": "us-east-1"
          },
          "private": "eyJlMmJmYjczMC1lY2FhLTExZTYtOGY4OC0zNDM2M2JjN2M0YzAiOnsiY3JlYXRlIjozMDAwMDAwMDAwMDAsImRlbGV0ZSI6MzAwMDAwMDAwMDAwLCJ1cGRhdGUiOjEyMDAwMDAwMDAwMH19",
          "dependencies": [
            "module.vpc.aws_internet_gateway.this",
            "module.vpc.aws_route_table.this",
            "module.vpc.aws_subnet.this",
            "module.vpc.aws_vpc.this"
          ]
        }
      ]
    },
    {
      "module": "module.vpc",
      "mode": "managed",
      "type": "aws_security_group",
      "name": "shared",
      "provider": "provider[\"registry.terraform.io/hashicorp/aws\"]",
      "instances": [
        {
          "index_key": 0,
          "schema_version": 1,
          "attributes": {
            "arn": "arn:aws:ec2:us-east-1:789288816621:security-group/sg-03ab3d7c167f68a69",
            "description": "Managed by Terraform",
            "egress": [
              {
                "cidr_blocks": [
                  "0.0.0.0/0"
                ],
                "description": "",
                "from_port": 0,
                "ipv6_cidr_blocks": [],
                "prefix_list_ids": [],
                "protocol": "-1",
                "security_groups": [],
                "self": false,
                "to_port": 0
              }
            ],
            "id": "sg-03ab3d7c167f68a69",
            "ingress": [
              {
                "cidr_blocks": [],
                "description": "",
                "from_port": 0,
                "ipv6_cidr_blocks": [],
                "prefix_list_ids": [],
                "protocol": "-1",
                "security_groups": [],
                "self": true,
                "to_port": 0
              }
            ],
            "name": "ztap-bridge-sg-shared",
            "name_prefix": "",
            "owner_id": "789288816621",
            "region": "us-east-1",
            "revoke_rules_on_delete": false,
            "tags": {
              "Name": "ztap-bridge-sg-shared"
            },
            "tags_all": {
              "Name": "ztap-bridge-sg-shared"
            },
            "timeouts": null,
            "vpc_id": "vpc-058b10507160622b9"
          },
          "sensitive_attributes": [],
          "identity_schema_version": 0,
          "identity": {
            "account_id": "789288816621",
            "id": "sg-03ab3d7c167f68a69",
            "region": "us-east-1"
          },
          "private": "eyJlMmJmYjczMC1lY2FhLTExZTYtOGY4OC0zNDM2M2JjN2M0YzAiOnsiY3JlYXRlIjo2MDAwMDAwMDAwMDAsImRlbGV0ZSI6OTAwMDAwMDAwMDAwfSwic2NoZW1hX3ZlcnNpb24iOiIxIn0=",
          "dependencies": [
            "module.vpc.aws_vpc.this"
          ]
        }
      ]
    },
    {
      "module": "module.vpc",
      "mode": "managed",
      "type": "aws_subnet",
      "name": "this",
      "provider": "provider[\"registry.terraform.io/hashicorp/aws\"]",
      "instances": [
        {
          "index_key": "0",
          "schema_version": 1,
          "attributes": {
            "arn": "arn:aws:ec2:us-east-1:789288816621:subnet/subnet-0760a1ccfccfbd12e",
            "assign_ipv6_address_on_creation": false,
            "availability_zone": "us-east-1a",
            "availability_zone_id": "use1-az1",
            "cidr_block": "10.0.0.0/24",
            "customer_owned_ipv4_pool": "",
            "enable_dns64": false,
            "enable_lni_at_device_index": 0,
            "enable_resource_name_dns_a_record_on_launch": false,
            "enable_resource_name_dns_aaaa_record_on_launch": false,
            "id": "subnet-0760a1ccfccfbd12e",
            "ipv4_ipam_pool_id": null,
            "ipv4_netmask_length": null,
            "ipv6_cidr_block": "",
            "ipv6_cidr_block_association_id": "",
            "ipv6_ipam_pool_id": null,
            "ipv6_native": false,
            "ipv6_netmask_length": null,
            "map_customer_owned_ip_on_launch": false,
            "map_public_ip_on_launch": true,
            "outpost_arn": "",
            "owner_id": "789288816621",
            "private_dns_hostname_type_on_launch": "ip-name",
            "region": "us-east-1",
            "tags": {
              "Name": "ztap-bridge-subnet-0",
              "kubernetes.io/role/elb": "1"
            },
            "tags_all": {
              "Name": "ztap-bridge-subnet-0",
              "kubernetes.io/role/elb": "1"
            },
            "timeouts": null,
            "vpc_id": "vpc-058b10507160622b9"
          },
          "sensitive_attributes": [],
          "identity_schema_version": 0,
          "identity": {
            "account_id": "789288816621",
            "id": "subnet-0760a1ccfccfbd12e",
            "region": "us-east-1"
          },
          "private": "eyJlMmJmYjczMC1lY2FhLTExZTYtOGY4OC0zNDM2M2JjN2M0YzAiOnsiY3JlYXRlIjo2MDAwMDAwMDAwMDAsImRlbGV0ZSI6MTIwMDAwMDAwMDAwMH0sInNjaGVtYV92ZXJzaW9uIjoiMSJ9",
          "dependencies": [
            "module.vpc.aws_vpc.this"
          ]
        },
        {
          "index_key": "1",
          "schema_version": 1,
          "attributes": {
            "arn": "arn:aws:ec2:us-east-1:789288816621:subnet/subnet-0372bcb3974a249e0",
            "assign_ipv6_address_on_creation": false,
            "availability_zone": "us-east-1b",
            "availability_zone_id": "use1-az2",
            "cidr_block": "10.0.1.0/24",
            "customer_owned_ipv4_pool": "",
            "enable_dns64": false,
            "enable_lni_at_device_index": 0,
            "enable_resource_name_dns_a_record_on_launch": false,
            "enable_resource_name_dns_aaaa_record_on_launch": false,
            "id": "subnet-0372bcb3974a249e0",
            "ipv4_ipam_pool_id": null,
            "ipv4_netmask_length": null,
            "ipv6_cidr_block": "",
            "ipv6_cidr_block_association_id": "",
            "ipv6_ipam_pool_id": null,
            "ipv6_native": false,
            "ipv6_netmask_length": null,
            "map_customer_owned_ip_on_launch": false,
            "map_public_ip_on_launch": true,
            "outpost_arn": "",
            "owner_id": "789288816621",
            "private_dns_hostname_type_on_launch": "ip-name",
            "region": "us-east-1",
            "tags": {
              "Name": "ztap-bridge-subnet-1",
              "kubernetes.io/role/elb": "1"
            },
            "tags_all": {
              "Name": "ztap-bridge-subnet-1",
              "kubernetes.io/role/elb": "1"
            },
            "timeouts": null,
            "vpc_id": "vpc-058b10507160622b9"
          },
          "sensitive_attributes": [],
          "identity_schema_version": 0,
          "identity": {
            "account_id": "789288816621",
            "id": "subnet-0372bcb3974a249e0",
            "region": "us-east-1"
          },
          "private": "eyJlMmJmYjczMC1lY2FhLTExZTYtOGY4OC0zNDM2M2JjN2M0YzAiOnsiY3JlYXRlIjo2MDAwMDAwMDAwMDAsImRlbGV0ZSI6MTIwMDAwMDAwMDAwMH0sInNjaGVtYV92ZXJzaW9uIjoiMSJ9",
          "dependencies": [
            "module.vpc.aws_vpc.this"
          ]
        }
      ]
    },
    {
      "module": "module.vpc",
      "mode": "managed",
      "type": "aws_vpc",
      "name": "this",
      "provider": "provider[\"registry.terraform.io/hashicorp/aws\"]",
      "instances": [
        {
          "schema_version": 1,
          "attributes": {
            "arn": "arn:aws:ec2:us-east-1:789288816621:vpc/vpc-058b10507160622b9",
            "assign_generated_ipv6_cidr_block": false,
            "cidr_block": "10.0.0.0/16",
            "default_network_acl_id": "acl-0e0965262576a3657",
            "default_route_table_id": "rtb-09aed0821808b8c44",
            "default_security_group_id": "sg-010cb71e185d09bb1",
            "dhcp_options_id": "dopt-0748554270d72ed62",
            "enable_dns_hostnames": true,
            "enable_dns_support": true,
            "enable_network_address_usage_metrics": false,
            "id": "vpc-058b10507160622b9",
            "instance_tenancy": "default",
            "ipv4_ipam_pool_id": null,
            "ipv4_netmask_length": null,
            "ipv6_association_id": "",
            "ipv6_cidr_block": "",
            "ipv6_cidr_block_network_border_group": "",
            "ipv6_ipam_pool_id": "",
            "ipv6_netmask_length": 0,
            "main_route_table_id": "rtb-09aed0821808b8c44",
            "owner_id": "789288816621",
            "region": "us-east-1",
            "tags": {
              "Name": "ztap-bridge-vpc"
            },
            "tags_all": {
              "Name": "ztap-bridge-vpc"
            }
          },
          "sensitive_attributes": [],
          "identity_schema_version": 0,
          "identity": {
            "account_id": "789288816621",
            "id": "vpc-058b10507160622b9",
            "region": "us-east-1"
          },
          "private": "eyJzY2hlbWFfdmVyc2lvbiI6IjEifQ=="
        }
      ]
    }
  ],
  "check_results": null
}
